{
  "version": 4,
  "terraform_version": "1.0.6",
  "serial": 128,
  "lineage": "46e5b211-e8d9-f51f-ed7e-89eedcbed074",
  "outputs": {
    "cluster-name": {
      "value": [
        "gke-anthos-west",
        "gke-anthos-north",
        "gke-ingress"
      ],
      "type": [
        "tuple",
        [
          "string",
          "string",
          "string"
        ]
      ]
    },
    "project": {
      "value": "anthos-lab-310709",
      "type": "string"
    }
  },
  "resources": [
    {
      "mode": "data",
      "type": "google_client_config",
      "name": "current",
      "provider": "provider[\"registry.terraform.io/hashicorp/google\"]",
      "instances": [
        {
          "schema_version": 0,
          "attributes": {
            "access_token": "ya29.c.b0AXv0zTP-Y8fYkg0KLKMjOXwZLdEIySmgrBpNmW3g19g4MJWWiP0w36JXQzNLfClpgKu3cln4Yr1_6XHJsldUJJXkC3N2MP0YrQVCDYVjSU8wjcbl9xQy1vC5osAGq-DNaz9eX4M59krn4cTNCZzxrNNkDQdf0tpUdhxytH5dj-qwIcSOnGb10JP0Xf4iUOaHGdPnrhJGqxZpvyCLVqfkGs4w-p97ItIIQtDNVXPxRx4",
            "id": "projects/anthos-lab-310709/regions/europe-west3/zones/europe-west3-c",
            "project": "anthos-lab-310709",
            "region": "europe-west3",
            "zone": "europe-west3-c"
          },
          "sensitive_attributes": []
        }
      ]
    },
    {
      "mode": "data",
      "type": "google_project",
      "name": "project",
      "provider": "provider[\"registry.terraform.io/hashicorp/google\"]",
      "instances": [
        {
          "schema_version": 0,
          "attributes": {
            "auto_create_network": null,
            "billing_account": "012367-3DB5FD-6C3D7D",
            "folder_id": "971134663124",
            "id": "projects/anthos-lab-310709",
            "labels": {
              "ambiente": "test9",
              "descrizione_applicazione": "test7",
              "destinazione_duso": "test8",
              "nome_applicazione": "test6",
              "service_line": "opensource",
              "tipo_progetto": "test10"
            },
            "name": "Anthos-Lab",
            "number": "963943038361",
            "org_id": "",
            "project_id": "anthos-lab-310709",
            "skip_delete": null
          },
          "sensitive_attributes": []
        }
      ]
    },
    {
      "module": "module.acm[\"0\"].module.acm_operator",
      "mode": "data",
      "type": "template_file",
      "name": "k8sop_config",
      "provider": "provider[\"registry.terraform.io/hashicorp/template\"]",
      "instances": [
        {
          "schema_version": 0,
          "attributes": {
            "filename": null,
            "id": "2b1fe173ee04991d3f405c2651c196b8666cfa0afb555adc84214813bf368e98",
            "rendered": "apiVersion: configmanagement.gke.io/v1\nkind: ConfigManagement\nmetadata:\n  name: config-management\nspec:\n  # clusterName is required and must be unique among all managed clusters\n  clusterName: gke-anthos-west\n  policyController:\n    enabled: true\n    templateLibraryInstalled: true\n    logDeniesEnabled: false\n  git:\n    syncRepo: git@github.com:Francesco-cloud24/anthos-lab.git\n    secretType: ssh\n    \n    syncBranch: master\n    \n  \n  \n",
            "template": "apiVersion: configmanagement.gke.io/v1\nkind: ConfigManagement\nmetadata:\n  name: config-management\nspec:\n  # clusterName is required and must be unique among all managed clusters\n  clusterName: ${cluster_name}\n  policyController:\n    enabled: ${enable_policy_controller}\n    templateLibraryInstalled: ${install_template_library}\n    logDeniesEnabled: ${enable_log_denies}\n%{ if enable_multi_repo ~}\n  enableMultiRepo: true\n%{ else ~}\n  git:\n    syncRepo: ${sync_repo}\n    secretType: ${secret_type}\n    ${policy_dir_node}\n    ${sync_branch_node}\n    ${sync_revision_node}\n  ${source_format_node}\n%{ endif ~}\n  ${hierarchy_controller_map_node}\n",
            "vars": {
              "cluster_name": "gke-anthos-west",
              "enable_log_denies": "false",
              "enable_multi_repo": "false",
              "enable_policy_controller": "true",
              "hierarchy_controller_map_node": "",
              "install_template_library": "true",
              "policy_dir_node": "",
              "secret_type": "ssh",
              "source_format_node": "",
              "sync_branch_node": "syncBranch: master",
              "sync_repo": "git@github.com:Francesco-cloud24/anthos-lab.git",
              "sync_revision_node": ""
            }
          },
          "sensitive_attributes": []
        }
      ]
    },
    {
      "module": "module.acm[\"0\"].module.acm_operator",
      "mode": "data",
      "type": "template_file",
      "name": "rootsync_config",
      "provider": "provider[\"registry.terraform.io/hashicorp/template\"]",
      "instances": [
        {
          "schema_version": 0,
          "attributes": {
            "filename": null,
            "id": "125697d74346cb79d6080d0d806ec1c9898563fff44ef38b74cafd9404563658",
            "rendered": "apiVersion: configsync.gke.io/v1beta1\nkind: RootSync\nmetadata:\n  name: root-sync\n  namespace: config-management-system\nspec:\n  \n  git:\n    repo: git@github.com:Francesco-cloud24/anthos-lab.git\n    auth: ssh\n    \n    syncBranch: master\n    \n    secretRef:\n      name: git-creds\n",
            "template": "apiVersion: configsync.gke.io/v1beta1\nkind: RootSync\nmetadata:\n  name: root-sync\n  namespace: config-management-system\nspec:\n  ${source_format_node}\n  git:\n    repo: ${sync_repo}\n    auth: ${secret_type}\n    ${policy_dir_node}\n    ${sync_branch_node}\n    ${sync_revision_node}\n    ${secret_ref_node}\n",
            "vars": {
              "policy_dir_node": "",
              "secret_ref_node": "secretRef:\n      name: git-creds",
              "secret_type": "ssh",
              "source_format_node": "",
              "sync_branch_node": "syncBranch: master",
              "sync_repo": "git@github.com:Francesco-cloud24/anthos-lab.git",
              "sync_revision_node": ""
            }
          },
          "sensitive_attributes": []
        }
      ]
    },
    {
      "module": "module.acm[\"0\"].module.acm_operator",
      "mode": "managed",
      "type": "tls_private_key",
      "name": "k8sop_creds",
      "provider": "provider[\"registry.terraform.io/hashicorp/tls\"]",
      "instances": [
        {
          "index_key": 0,
          "schema_version": 0,
          "attributes": {
            "algorithm": "RSA",
            "ecdsa_curve": "P224",
            "id": "cd48e5baf0790478d814d1fe3d8f679b2be627ad",
            "private_key_pem": "-----BEGIN RSA PRIVATE KEY-----\nMIIJKAIBAAKCAgEArNERTSVm+nbuJfz0pAwZnIORaOtqaWZ9cYnjh7C0Lble1ej0\nwEaNkB+cAC3oXfHsymdabmZd7OAi7HQNjHzf39kWE3ItzPBVve76wlST1u12wgUu\nIvxNbRkRxbXKNjyWlcbK6LF0eZ8IgLDitOrZEvpRrAIZ7NZsUdmBToHUA2Sewk2d\nRrAOl7CvA0i9bOgtKAlCcaGpAvq0cnKcmbEoT4WO5CLTiUV2w0fRIXxWjl2wJ1X3\nJKWO1xURIuTbeAZ8M8VZyyMXKpppaApNt9ZRAG71SJ/6C1YVauABGUb1wyXsGZbv\nnaWBvGvnovCK73o6VIVDQViO2+nV5WFRXqWKMYSFkZDfY/iGdf7XYFKowVhK18sH\nVhT4b/yfoC3cxbkcnFPybonTN7CZj77ct8ZTKCBs01W91C3bem8AtHTS6kLQWyfy\nSKQ+MMKD4grGrmKUiR7hzqmtIrJcK1lZ6PXypDPm2OKKEXFChapsZYXuAW7WR6wP\nOZXU/pruIDzfq9pw+BTz2uR15IVMsNnQjTXW09ODL5mxqwh7C3NMjfwIH4cq5fmX\naaTpb9vx9et6R8RBCAbkmJ9Wj5sh2yBAeHo0wxXt/YEQDXsxGhYkrRY2UYY/GDlE\nw6vxqXvsmnPRxTJsiT5EVFXog1RAymF/tdhwBFDWGkj6vtIZyHec4aHld2MCAwEA\nAQKCAgBcOV4AS3t/IkTI5QsxGHv6eIP699bb1KQRGULhQL2GwSwI/77NdVlKlnPL\n7LPanqZ9BVbPH7X0GVDJ2sz4MhPPA6yyR/aFLaS0LXqIhlY3FpaPx+/tH7O6Cuzf\nE7qL4x2BZIsYTssXtHT3KG5zmfiqFgfLwXtQVsWLkIVe/g3EmcfXbVAHTyEadmGP\nYRwlqGmgugBJX7owKtZtVRiZNF+MwHuW57b3xKgyYnsKYa5XX0wIUeoIFon54fY5\nJuSwUtWpUyIuM9XDGJAzw3viJW8oyg3/6c+oiRH47P3pHWM991jd9xx8hryLbxI4\ndCHQ1uuV+1/+2WGznkBVnu+rkLAEB7UzIcgMXzJZV3SxnZZq7zvcOwcC+/cPbOcD\nzo4wJnxY30FHoL+TXSpHWj7vjiKrzwrLp8M8o9LgTVBQLZyTnVdUiiOkdRSEaNRZ\nWgTjpsxLo9GKaQQ76mzLmiuTKcjxzvBmam9Pdprf/Hr2RRZf8s8f7qoLAUU3MVFf\nzbNbDAe5nig7RHrCA2pZ22XjK4SMTqGwSCV19wLHb8zXaOhoGiAFqPZXskfetAY7\nc2lUI8L2Sw38J3fCI4SOybVrbz6kgs/J6Tk9MmiLQrVD0LqD15fyxJlma624wVhZ\nQOfSbslWKRazPlZ0bwjQ2srSYUHzfmSbVy6SFO/5iaZYtIlhYQKCAQEA5C2AKsi2\n6TiGInjqKF3NuXmaIEEpQ/Fx/AGqNsFLctesTkVd0eKFHkydF2378gb/lHKnFfQ3\npVPkAsph33ILxoVsBFy43S3/Y9vkAngnTcnM95V0EILtYnlJfmcq3P+Cd17Uj7Sy\nIAhdtGSrLsw29yaQPczPUSrXNfzZYTjiGm47QRjKZwMfqO0NjD6tkCjND6n/Ixga\ni56r5aoYYQ3BtvFXeV8v6ddpJjq/YmAjc2S35eFck+XNHVW9G6z/gbZ0DJ4Rwk16\nLTJ0s5wv+793S+A/fXD1N8btaMVRwSsl6wJhR8VawwK2V4L6Nc0ZX8OSZz2CTb4m\nPgjbCNIlRG23CwKCAQEAweN851ij5qj5yayVn5GzRJav4Kcf7Tj5yVmTIzON6mry\nQBJZY3Y5HgHm+4i4XdVcFGmWrIIYRdX7HIZysDi7vyimQMng7vLYMOcDiMBhjEeM\nNV9ta6knms5FC4rlLMGQysnibVj3kXKst13NZorov3SrkwTujicvniY4LnGY9hVJ\n0iidIEDfyBDlzBX2EIVBwNyqtDCdB8Ej/umgpa5HIgs1sNZTo1QSexAuSBFnx/WF\nkBSAEEWqAUEki4zcndSrKpmgDUNThe8WM7Kd/432xi3CBh8Pdax7HJ356e+pyR8x\n+R/ypEqhsAHI8RGvk0VkdNEEHCHXKmXvbS60u0MYCQKCAQEA0Ys7jY7f8xO2kwfJ\nuiJS4AbdVMuicsPTcqOwxjIC8MdBdGvdefb1Wtru1OprGlv08EXOTaoGRCzjUvC6\nqvHYAIrcpLDmEDDCvdjc7qubJKOzOJcmjFdAW1OY+50Qzv1Suf77Y7GEd0hXjWd5\nkTN3MsdWZXql1Rtroie/FbqgYbdjcSesEKfctkxkSavxxlbB4qWyKW9kSV4A7Jul\nYdO5VyERvON+Y9gvtyzyPwyc4cbX3yNz2lqKYGsxjK31wxBkSIYNNwvhrIoOhDdm\nFWJC0wpwI+nNOFjWA4ZZyvSuEMERx1BlRntCKuGcmDXvHHPFCkyBUpXSFtwZEmOy\nV8IN+wKCAQA2k+LE/J6mf0pRCtPTZyAfXouDoYfLLw6hLyXL8ucv5Yrrnj6rUMwj\nNkXe6E19nGGfHVnclYJfpixZiz8de9rdpIOoGSvIF3Pj0COeiwjqg/ljzMjwVV1g\npk+pQB/iyVoIu2uRfEm0F6OmujDnfJKn0h+58tl0CnPNANUvvaphGvz8u5H/UkOr\n/ZWyLTxmyhwIPhWPQ1/wnt2TFBC0kqpTWvRyIuLIRxIsshFVGBEuqF5AgITMD9Ab\nKksvPSedBhBonXYARcNtIDAPvWfcWAnvH1JOhs/DQBonpBCFWYFhq/ZVOjkDJj79\nXIND2MajnhT5DR0rDhuTQ75x7YPScsCBAoIBABtMxdUxco03c10Mb/QxCEiV4H+C\nuU43lgKR5g8YwxBsCJL2HI4irgisqVDp3UloMt7RDmFzzCHbSxv/yDa+MEuOZbkc\nSAhvXRBU+j63tNjAZWw9x7cOSxj4cc9onur5DSL1BCt1mqyPW/PzddV6lPuASlbG\nmqkkc0oGWJfYY4z/RmG2StCEaa9tXjNWUcdTftebgnXcZB3K2Eh15bqgRUdG+MuW\nth5uUNhX9LfCHCBOIYXkSwc4vhKl288jpSF9vxNH4wBWQcWK8LiQW98nq79Fs3eN\nCQrY+uUTrDNrFEy3GYGbQzVgpaxbISkrvOcVmqHjtepsqCvNYlyJmXAF788=\n-----END RSA PRIVATE KEY-----\n",
            "public_key_fingerprint_md5": "fb:75:2c:40:b4:65:33:5f:4a:e3:79:98:93:46:08:32",
            "public_key_openssh": "ssh-rsa AAAAB3NzaC1yc2EAAAADAQABAAACAQCs0RFNJWb6du4l/PSkDBmcg5Fo62ppZn1xieOHsLQtuV7V6PTARo2QH5wALehd8ezKZ1puZl3s4CLsdA2MfN/f2RYTci3M8FW97vrCVJPW7XbCBS4i/E1tGRHFtco2PJaVxsrosXR5nwiAsOK06tkS+lGsAhns1mxR2YFOgdQDZJ7CTZ1GsA6XsK8DSL1s6C0oCUJxoakC+rRycpyZsShPhY7kItOJRXbDR9EhfFaOXbAnVfckpY7XFREi5Nt4BnwzxVnLIxcqmmloCk231lEAbvVIn/oLVhVq4AEZRvXDJewZlu+dpYG8a+ei8IrvejpUhUNBWI7b6dXlYVFepYoxhIWRkN9j+IZ1/tdgUqjBWErXywdWFPhv/J+gLdzFuRycU/JuidM3sJmPvty3xlMoIGzTVb3ULdt6bwC0dNLqQtBbJ/JIpD4wwoPiCsauYpSJHuHOqa0islwrWVno9fKkM+bY4ooRcUKFqmxlhe4BbtZHrA85ldT+mu4gPN+r2nD4FPPa5HXkhUyw2dCNNdbT04MvmbGrCHsLc0yN/Agfhyrl+ZdppOlv2/H163pHxEEIBuSYn1aPmyHbIEB4ejTDFe39gRANezEaFiStFjZRhj8YOUTDq/Gpe+yac9HFMmyJPkRUVeiDVEDKYX+12HAEUNYaSPq+0hnId5zhoeV3Yw==\n",
            "public_key_pem": "-----BEGIN PUBLIC KEY-----\nMIICIjANBgkqhkiG9w0BAQEFAAOCAg8AMIICCgKCAgEArNERTSVm+nbuJfz0pAwZ\nnIORaOtqaWZ9cYnjh7C0Lble1ej0wEaNkB+cAC3oXfHsymdabmZd7OAi7HQNjHzf\n39kWE3ItzPBVve76wlST1u12wgUuIvxNbRkRxbXKNjyWlcbK6LF0eZ8IgLDitOrZ\nEvpRrAIZ7NZsUdmBToHUA2Sewk2dRrAOl7CvA0i9bOgtKAlCcaGpAvq0cnKcmbEo\nT4WO5CLTiUV2w0fRIXxWjl2wJ1X3JKWO1xURIuTbeAZ8M8VZyyMXKpppaApNt9ZR\nAG71SJ/6C1YVauABGUb1wyXsGZbvnaWBvGvnovCK73o6VIVDQViO2+nV5WFRXqWK\nMYSFkZDfY/iGdf7XYFKowVhK18sHVhT4b/yfoC3cxbkcnFPybonTN7CZj77ct8ZT\nKCBs01W91C3bem8AtHTS6kLQWyfySKQ+MMKD4grGrmKUiR7hzqmtIrJcK1lZ6PXy\npDPm2OKKEXFChapsZYXuAW7WR6wPOZXU/pruIDzfq9pw+BTz2uR15IVMsNnQjTXW\n09ODL5mxqwh7C3NMjfwIH4cq5fmXaaTpb9vx9et6R8RBCAbkmJ9Wj5sh2yBAeHo0\nwxXt/YEQDXsxGhYkrRY2UYY/GDlEw6vxqXvsmnPRxTJsiT5EVFXog1RAymF/tdhw\nBFDWGkj6vtIZyHec4aHld2MCAwEAAQ==\n-----END PUBLIC KEY-----\n",
            "rsa_bits": 4096
          },
          "sensitive_attributes": [],
          "private": "bnVsbA==",
          "dependencies": [
            "data.google_project.project",
            "module.cluster.data.google_compute_subnetwork.gke_subnetwork",
            "module.cluster.data.google_compute_zones.available",
            "module.cluster.data.google_container_engine_versions.region",
            "module.cluster.data.google_container_engine_versions.zone",
            "module.cluster.google_compute_firewall.intra_egress",
            "module.cluster.google_compute_firewall.master_webhooks",
            "module.cluster.google_compute_firewall.shadow_allow_master",
            "module.cluster.google_compute_firewall.shadow_allow_nodes",
            "module.cluster.google_compute_firewall.shadow_allow_pods",
            "module.cluster.google_container_cluster.primary",
            "module.cluster.google_container_node_pool.pools",
            "module.cluster.google_project_iam_member.cluster_service_account-artifact-registry",
            "module.cluster.google_project_iam_member.cluster_service_account-gcr",
            "module.cluster.google_project_iam_member.cluster_service_account-log_writer",
            "module.cluster.google_project_iam_member.cluster_service_account-metric_writer",
            "module.cluster.google_project_iam_member.cluster_service_account-monitoring_viewer",
            "module.cluster.google_project_iam_member.cluster_service_account-resourceMetadata-writer",
            "module.cluster.google_service_account.cluster_service_account",
            "module.cluster.kubernetes_config_map.kube-dns",
            "module.cluster.kubernetes_config_map.kube-dns-upstream-nameservers-and-stub-domains",
            "module.cluster.kubernetes_config_map.kube-dns-upstream-namservers",
            "module.cluster.kubernetes_config_map.ip-masq-agent",
            "module.cluster.module.gcloud_delete_default_kube_dns_configmap.module.gcloud_kubectl.data.external.env_override",
            "module.cluster.module.gcloud_delete_default_kube_dns_configmap.module.gcloud_kubectl.null_resource.additional_components",
            "module.cluster.module.gcloud_delete_default_kube_dns_configmap.module.gcloud_kubectl.null_resource.additional_components_destroy",
            "module.cluster.module.gcloud_delete_default_kube_dns_configmap.module.gcloud_kubectl.null_resource.decompress",
            "module.cluster.module.gcloud_delete_default_kube_dns_configmap.module.gcloud_kubectl.null_resource.decompress_destroy",
            "module.cluster.module.gcloud_delete_default_kube_dns_configmap.module.gcloud_kubectl.null_resource.download_gcloud",
            "module.cluster.module.gcloud_delete_default_kube_dns_configmap.module.gcloud_kubectl.null_resource.download_jq",
            "module.cluster.module.gcloud_delete_default_kube_dns_configmap.module.gcloud_kubectl.null_resource.gcloud_auth_google_credentials",
            "module.cluster.module.gcloud_delete_default_kube_dns_configmap.module.gcloud_kubectl.null_resource.gcloud_auth_google_credentials_destroy",
            "module.cluster.module.gcloud_delete_default_kube_dns_configmap.module.gcloud_kubectl.null_resource.gcloud_auth_service_account_key_file",
            "module.cluster.module.gcloud_delete_default_kube_dns_configmap.module.gcloud_kubectl.null_resource.gcloud_auth_service_account_key_file_destroy",
            "module.cluster.module.gcloud_delete_default_kube_dns_configmap.module.gcloud_kubectl.null_resource.module_depends_on",
            "module.cluster.module.gcloud_delete_default_kube_dns_configmap.module.gcloud_kubectl.null_resource.prepare_cache",
            "module.cluster.module.gcloud_delete_default_kube_dns_configmap.module.gcloud_kubectl.null_resource.run_command",
            "module.cluster.module.gcloud_delete_default_kube_dns_configmap.module.gcloud_kubectl.null_resource.run_destroy_command",
            "module.cluster.module.gcloud_delete_default_kube_dns_configmap.module.gcloud_kubectl.null_resource.upgrade",
            "module.cluster.module.gcloud_delete_default_kube_dns_configmap.module.gcloud_kubectl.null_resource.upgrade_destroy",
            "module.cluster.module.gcloud_delete_default_kube_dns_configmap.module.gcloud_kubectl.random_id.cache",
            "module.cluster.random_shuffle.available_zones",
            "module.cluster.random_string.cluster_service_account_suffix",
            "module.project-services.google_project_service.project_services"
          ]
        }
      ]
    },
    {
      "module": "module.acm[\"0\"].module.acm_operator.module.k8s_operator.module.gcloud_kubectl",
      "mode": "data",
      "type": "external",
      "name": "env_override",
      "provider": "provider[\"registry.terraform.io/hashicorp/external\"]",
      "instances": [
        {
          "index_key": 0,
          "schema_version": 0,
          "attributes": {
            "id": "-",
            "program": [
              ".terraform/modules/acm.acm_operator.k8s_operator/scripts/check_env.sh"
            ],
            "query": null,
            "result": {
              "download": ""
            },
            "working_dir": null
          },
          "sensitive_attributes": []
        }
      ]
    },
    {
      "module": "module.acm[\"0\"].module.acm_operator.module.k8s_operator.module.gcloud_kubectl",
      "mode": "managed",
      "type": "null_resource",
      "name": "additional_components",
      "provider": "provider[\"registry.terraform.io/hashicorp/null\"]",
      "instances": [
        {
          "index_key": 0,
          "schema_version": 0,
          "attributes": {
            "id": "1701245392861484830",
            "triggers": {
              "additional_components_command": ".terraform/modules/acm.acm_operator.k8s_operator/scripts/check_components.sh gcloud kubectl",
              "arguments": "46dca64322c17e43ce94ba7c73346dff",
              "md5": "b9e6ac4c0c60b9da4b93cfa39468acf5"
            }
          },
          "sensitive_attributes": [],
          "private": "bnVsbA==",
          "dependencies": [
            "module.acm.module.acm_operator.module.k8s_operator.module.gcloud_kubectl.data.external.env_override",
            "module.acm.module.acm_operator.module.k8s_operator.module.gcloud_kubectl.null_resource.download_gcloud",
            "module.acm.module.acm_operator.module.k8s_operator.module.gcloud_kubectl.null_resource.download_jq",
            "module.acm.module.acm_operator.module.k8s_operator.module.gcloud_kubectl.null_resource.module_depends_on",
            "module.acm.module.acm_operator.module.k8s_operator.module.gcloud_kubectl.random_id.cache",
            "data.google_project.project",
            "module.acm.module.acm_operator.module.k8s_operator.module.gcloud_kubectl.null_resource.decompress",
            "module.acm.module.acm_operator.module.k8s_operator.module.gcloud_kubectl.null_resource.prepare_cache",
            "module.acm.module.acm_operator.module.k8s_operator.module.gcloud_kubectl.null_resource.upgrade",
            "module.acm.module.acm_operator.module.k8sop_manifest.data.external.env_override",
            "module.acm.module.acm_operator.module.k8sop_manifest.null_resource.additional_components",
            "module.acm.module.acm_operator.module.k8sop_manifest.null_resource.decompress",
            "module.acm.module.acm_operator.module.k8sop_manifest.null_resource.download_jq",
            "module.acm.module.acm_operator.module.k8sop_manifest.null_resource.gcloud_auth_google_credentials",
            "module.acm.module.acm_operator.module.k8sop_manifest.null_resource.gcloud_auth_service_account_key_file",
            "module.acm.module.acm_operator.module.k8sop_manifest.null_resource.download_gcloud",
            "module.acm.module.acm_operator.module.k8sop_manifest.null_resource.module_depends_on",
            "module.acm.module.acm_operator.module.k8sop_manifest.null_resource.prepare_cache",
            "module.acm.module.acm_operator.module.k8sop_manifest.null_resource.run_command",
            "module.acm.module.acm_operator.module.k8sop_manifest.null_resource.run_destroy_command",
            "module.acm.module.acm_operator.module.k8sop_manifest.null_resource.upgrade",
            "module.acm.module.acm_operator.module.k8sop_manifest.random_id.cache",
            "module.cluster.data.google_compute_subnetwork.gke_subnetwork",
            "module.cluster.data.google_compute_zones.available",
            "module.cluster.data.google_container_engine_versions.region",
            "module.cluster.data.google_container_engine_versions.zone",
            "module.cluster.google_compute_firewall.intra_egress",
            "module.cluster.google_compute_firewall.master_webhooks",
            "module.cluster.google_compute_firewall.shadow_allow_master",
            "module.cluster.google_compute_firewall.shadow_allow_nodes",
            "module.cluster.google_compute_firewall.shadow_allow_pods",
            "module.cluster.google_container_cluster.primary",
            "module.cluster.kubernetes_config_map.kube-dns",
            "module.cluster.google_project_iam_member.cluster_service_account-artifact-registry",
            "module.cluster.google_project_iam_member.cluster_service_account-log_writer",
            "module.cluster.google_project_iam_member.cluster_service_account-metric_writer",
            "module.cluster.google_project_iam_member.cluster_service_account-monitoring_viewer",
            "module.cluster.google_project_iam_member.cluster_service_account-resourceMetadata-writer",
            "module.cluster.google_service_account.cluster_service_account",
            "module.cluster.kubernetes_config_map.ip-masq-agent",
            "module.cluster.google_container_node_pool.pools",
            "module.cluster.google_project_iam_member.cluster_service_account-gcr",
            "module.cluster.kubernetes_config_map.kube-dns-upstream-nameservers-and-stub-domains",
            "module.cluster.kubernetes_config_map.kube-dns-upstream-namservers",
            "module.cluster.module.gcloud_delete_default_kube_dns_configmap.module.gcloud_kubectl.data.external.env_override",
            "module.cluster.module.gcloud_delete_default_kube_dns_configmap.module.gcloud_kubectl.null_resource.additional_components",
            "module.cluster.module.gcloud_delete_default_kube_dns_configmap.module.gcloud_kubectl.null_resource.additional_components_destroy",
            "module.cluster.module.gcloud_delete_default_kube_dns_configmap.module.gcloud_kubectl.null_resource.decompress",
            "module.cluster.module.gcloud_delete_default_kube_dns_configmap.module.gcloud_kubectl.null_resource.decompress_destroy",
            "module.cluster.module.gcloud_delete_default_kube_dns_configmap.module.gcloud_kubectl.null_resource.download_gcloud",
            "module.cluster.module.gcloud_delete_default_kube_dns_configmap.module.gcloud_kubectl.null_resource.download_jq",
            "module.cluster.module.gcloud_delete_default_kube_dns_configmap.module.gcloud_kubectl.null_resource.gcloud_auth_google_credentials",
            "module.cluster.module.gcloud_delete_default_kube_dns_configmap.module.gcloud_kubectl.null_resource.gcloud_auth_google_credentials_destroy",
            "module.cluster.module.gcloud_delete_default_kube_dns_configmap.module.gcloud_kubectl.null_resource.gcloud_auth_service_account_key_file",
            "module.cluster.module.gcloud_delete_default_kube_dns_configmap.module.gcloud_kubectl.null_resource.gcloud_auth_service_account_key_file_destroy",
            "module.cluster.module.gcloud_delete_default_kube_dns_configmap.module.gcloud_kubectl.null_resource.module_depends_on",
            "module.cluster.module.gcloud_delete_default_kube_dns_configmap.module.gcloud_kubectl.null_resource.prepare_cache",
            "module.cluster.module.gcloud_delete_default_kube_dns_configmap.module.gcloud_kubectl.null_resource.run_command",
            "module.cluster.module.gcloud_delete_default_kube_dns_configmap.module.gcloud_kubectl.null_resource.run_destroy_command",
            "module.cluster.module.gcloud_delete_default_kube_dns_configmap.module.gcloud_kubectl.null_resource.upgrade",
            "module.cluster.module.gcloud_delete_default_kube_dns_configmap.module.gcloud_kubectl.null_resource.upgrade_destroy",
            "module.cluster.module.gcloud_delete_default_kube_dns_configmap.module.gcloud_kubectl.random_id.cache",
            "module.cluster.random_shuffle.available_zones",
            "module.cluster.random_string.cluster_service_account_suffix",
            "module.project-services.google_project_service.project_services"
          ]
        }
      ]
    },
    {
      "module": "module.acm[\"0\"].module.acm_operator.module.k8s_operator.module.gcloud_kubectl",
      "mode": "managed",
      "type": "null_resource",
      "name": "additional_components_destroy",
      "provider": "provider[\"registry.terraform.io/hashicorp/null\"]",
      "instances": [
        {
          "index_key": 0,
          "schema_version": 0,
          "attributes": {
            "id": "3676089418941028048",
            "triggers": {
              "additional_components_command": ".terraform/modules/acm.acm_operator.k8s_operator/scripts/check_components.sh gcloud kubectl"
            }
          },
          "sensitive_attributes": [],
          "private": "bnVsbA==",
          "dependencies": [
            "module.acm.module.acm_operator.module.k8s_operator.module.gcloud_kubectl.data.external.env_override",
            "module.acm.module.acm_operator.module.k8s_operator.module.gcloud_kubectl.null_resource.additional_components",
            "module.acm.module.acm_operator.module.k8s_operator.module.gcloud_kubectl.null_resource.decompress",
            "module.acm.module.acm_operator.module.k8s_operator.module.gcloud_kubectl.null_resource.download_gcloud",
            "module.acm.module.acm_operator.module.k8s_operator.module.gcloud_kubectl.null_resource.download_jq",
            "module.acm.module.acm_operator.module.k8s_operator.module.gcloud_kubectl.null_resource.gcloud_auth_google_credentials",
            "module.acm.module.acm_operator.module.k8s_operator.module.gcloud_kubectl.null_resource.gcloud_auth_service_account_key_file",
            "module.acm.module.acm_operator.module.k8s_operator.module.gcloud_kubectl.random_id.cache",
            "module.acm.module.acm_operator.module.k8s_operator.module.gcloud_kubectl.null_resource.prepare_cache",
            "module.acm.module.acm_operator.module.k8s_operator.module.gcloud_kubectl.null_resource.run_destroy_command",
            "module.acm.module.acm_operator.module.k8s_operator.module.gcloud_kubectl.null_resource.upgrade",
            "module.acm.module.acm_operator.module.k8sop_manifest.data.external.env_override",
            "module.acm.module.acm_operator.module.k8sop_manifest.null_resource.additional_components",
            "module.acm.module.acm_operator.module.k8sop_manifest.null_resource.decompress",
            "module.acm.module.acm_operator.module.k8sop_manifest.null_resource.download_gcloud",
            "data.google_project.project",
            "module.acm.module.acm_operator.module.k8sop_manifest.null_resource.download_jq",
            "module.acm.module.acm_operator.module.k8sop_manifest.null_resource.gcloud_auth_google_credentials",
            "module.acm.module.acm_operator.module.k8sop_manifest.null_resource.gcloud_auth_service_account_key_file",
            "module.acm.module.acm_operator.module.k8sop_manifest.null_resource.module_depends_on",
            "module.acm.module.acm_operator.module.k8sop_manifest.null_resource.prepare_cache",
            "module.acm.module.acm_operator.module.k8sop_manifest.null_resource.run_command",
            "module.acm.module.acm_operator.module.k8sop_manifest.null_resource.run_destroy_command",
            "module.acm.module.acm_operator.module.k8sop_manifest.null_resource.upgrade",
            "module.acm.module.acm_operator.module.k8sop_manifest.random_id.cache",
            "module.cluster.data.google_compute_subnetwork.gke_subnetwork",
            "module.cluster.data.google_compute_zones.available",
            "module.cluster.data.google_container_engine_versions.region",
            "module.cluster.data.google_container_engine_versions.zone",
            "module.cluster.google_compute_firewall.intra_egress",
            "module.cluster.google_compute_firewall.master_webhooks",
            "module.cluster.google_compute_firewall.shadow_allow_master",
            "module.cluster.google_compute_firewall.shadow_allow_nodes",
            "module.cluster.google_compute_firewall.shadow_allow_pods",
            "module.acm.module.acm_operator.module.k8s_operator.module.gcloud_kubectl.null_resource.module_depends_on",
            "module.cluster.google_container_cluster.primary",
            "module.cluster.google_container_node_pool.pools",
            "module.cluster.google_project_iam_member.cluster_service_account-artifact-registry",
            "module.cluster.google_project_iam_member.cluster_service_account-gcr",
            "module.cluster.google_project_iam_member.cluster_service_account-log_writer",
            "module.cluster.google_project_iam_member.cluster_service_account-metric_writer",
            "module.cluster.google_project_iam_member.cluster_service_account-monitoring_viewer",
            "module.cluster.google_project_iam_member.cluster_service_account-resourceMetadata-writer",
            "module.cluster.google_service_account.cluster_service_account",
            "module.cluster.kubernetes_config_map.ip-masq-agent",
            "module.cluster.kubernetes_config_map.kube-dns",
            "module.cluster.kubernetes_config_map.kube-dns-upstream-nameservers-and-stub-domains",
            "module.cluster.kubernetes_config_map.kube-dns-upstream-namservers",
            "module.cluster.module.gcloud_delete_default_kube_dns_configmap.module.gcloud_kubectl.data.external.env_override",
            "module.cluster.module.gcloud_delete_default_kube_dns_configmap.module.gcloud_kubectl.null_resource.additional_components",
            "module.cluster.module.gcloud_delete_default_kube_dns_configmap.module.gcloud_kubectl.null_resource.additional_components_destroy",
            "module.cluster.module.gcloud_delete_default_kube_dns_configmap.module.gcloud_kubectl.null_resource.decompress",
            "module.project-services.google_project_service.project_services",
            "module.cluster.module.gcloud_delete_default_kube_dns_configmap.module.gcloud_kubectl.null_resource.download_gcloud",
            "module.cluster.module.gcloud_delete_default_kube_dns_configmap.module.gcloud_kubectl.null_resource.download_jq",
            "module.cluster.module.gcloud_delete_default_kube_dns_configmap.module.gcloud_kubectl.null_resource.gcloud_auth_google_credentials",
            "module.cluster.module.gcloud_delete_default_kube_dns_configmap.module.gcloud_kubectl.null_resource.gcloud_auth_google_credentials_destroy",
            "module.cluster.module.gcloud_delete_default_kube_dns_configmap.module.gcloud_kubectl.null_resource.gcloud_auth_service_account_key_file",
            "module.cluster.module.gcloud_delete_default_kube_dns_configmap.module.gcloud_kubectl.null_resource.gcloud_auth_service_account_key_file_destroy",
            "module.cluster.module.gcloud_delete_default_kube_dns_configmap.module.gcloud_kubectl.null_resource.module_depends_on",
            "module.cluster.module.gcloud_delete_default_kube_dns_configmap.module.gcloud_kubectl.null_resource.decompress_destroy",
            "module.cluster.module.gcloud_delete_default_kube_dns_configmap.module.gcloud_kubectl.null_resource.run_command",
            "module.cluster.module.gcloud_delete_default_kube_dns_configmap.module.gcloud_kubectl.null_resource.run_destroy_command",
            "module.cluster.module.gcloud_delete_default_kube_dns_configmap.module.gcloud_kubectl.null_resource.upgrade",
            "module.cluster.module.gcloud_delete_default_kube_dns_configmap.module.gcloud_kubectl.null_resource.upgrade_destroy",
            "module.cluster.module.gcloud_delete_default_kube_dns_configmap.module.gcloud_kubectl.random_id.cache",
            "module.cluster.random_shuffle.available_zones",
            "module.cluster.random_string.cluster_service_account_suffix",
            "module.cluster.module.gcloud_delete_default_kube_dns_configmap.module.gcloud_kubectl.null_resource.prepare_cache"
          ]
        }
      ]
    },
    {
      "module": "module.acm[\"0\"].module.acm_operator.module.k8s_operator.module.gcloud_kubectl",
      "mode": "managed",
      "type": "null_resource",
      "name": "decompress",
      "provider": "provider[\"registry.terraform.io/hashicorp/null\"]",
      "instances": []
    },
    {
      "module": "module.acm[\"0\"].module.acm_operator.module.k8s_operator.module.gcloud_kubectl",
      "mode": "managed",
      "type": "null_resource",
      "name": "gcloud_auth_google_credentials",
      "provider": "provider[\"registry.terraform.io/hashicorp/null\"]",
      "instances": []
    },
    {
      "module": "module.acm[\"0\"].module.acm_operator.module.k8s_operator.module.gcloud_kubectl",
      "mode": "managed",
      "type": "null_resource",
      "name": "gcloud_auth_service_account_key_file",
      "provider": "provider[\"registry.terraform.io/hashicorp/null\"]",
      "instances": []
    },
    {
      "module": "module.acm[\"0\"].module.acm_operator.module.k8s_operator.module.gcloud_kubectl",
      "mode": "managed",
      "type": "null_resource",
      "name": "module_depends_on",
      "provider": "provider[\"registry.terraform.io/hashicorp/null\"]",
      "instances": [
        {
          "index_key": 0,
          "schema_version": 0,
          "attributes": {
            "id": "687947547302751735",
            "triggers": {
              "value": "2"
            }
          },
          "sensitive_attributes": [],
          "private": "bnVsbA==",
          "dependencies": [
            "module.cluster.google_service_account.cluster_service_account",
            "module.cluster.kubernetes_config_map.kube-dns-upstream-nameservers-and-stub-domains",
            "module.cluster.data.google_compute_zones.available",
            "module.cluster.google_compute_firewall.intra_egress",
            "module.cluster.module.gcloud_delete_default_kube_dns_configmap.module.gcloud_kubectl.null_resource.additional_components_destroy",
            "module.acm.module.acm_operator.module.k8sop_manifest.null_resource.additional_components",
            "module.acm.module.acm_operator.module.k8sop_manifest.null_resource.prepare_cache",
            "module.cluster.module.gcloud_delete_default_kube_dns_configmap.module.gcloud_kubectl.null_resource.download_jq",
            "module.cluster.data.google_compute_subnetwork.gke_subnetwork",
            "module.cluster.data.google_container_engine_versions.zone",
            "module.cluster.google_project_iam_member.cluster_service_account-metric_writer",
            "module.cluster.module.gcloud_delete_default_kube_dns_configmap.module.gcloud_kubectl.null_resource.upgrade_destroy",
            "module.cluster.random_string.cluster_service_account_suffix",
            "module.acm.module.acm_operator.module.k8sop_manifest.null_resource.download_jq",
            "module.acm.module.acm_operator.module.k8sop_manifest.null_resource.run_destroy_command",
            "module.cluster.google_project_iam_member.cluster_service_account-gcr",
            "module.cluster.module.gcloud_delete_default_kube_dns_configmap.module.gcloud_kubectl.random_id.cache",
            "module.acm.module.acm_operator.module.k8sop_manifest.null_resource.upgrade",
            "module.cluster.module.gcloud_delete_default_kube_dns_configmap.module.gcloud_kubectl.null_resource.gcloud_auth_google_credentials_destroy",
            "module.cluster.module.gcloud_delete_default_kube_dns_configmap.module.gcloud_kubectl.null_resource.additional_components",
            "module.cluster.module.gcloud_delete_default_kube_dns_configmap.module.gcloud_kubectl.null_resource.gcloud_auth_google_credentials",
            "module.cluster.module.gcloud_delete_default_kube_dns_configmap.module.gcloud_kubectl.null_resource.run_command",
            "module.cluster.random_shuffle.available_zones",
            "module.acm.module.acm_operator.module.k8sop_manifest.null_resource.module_depends_on",
            "module.cluster.google_compute_firewall.shadow_allow_pods",
            "module.project-services.google_project_service.project_services",
            "module.cluster.google_project_iam_member.cluster_service_account-artifact-registry",
            "module.cluster.module.gcloud_delete_default_kube_dns_configmap.module.gcloud_kubectl.data.external.env_override",
            "module.cluster.module.gcloud_delete_default_kube_dns_configmap.module.gcloud_kubectl.null_resource.prepare_cache",
            "module.cluster.google_project_iam_member.cluster_service_account-monitoring_viewer",
            "module.cluster.kubernetes_config_map.kube-dns",
            "module.cluster.google_container_cluster.primary",
            "module.cluster.google_container_node_pool.pools",
            "module.cluster.module.gcloud_delete_default_kube_dns_configmap.module.gcloud_kubectl.null_resource.run_destroy_command",
            "data.google_project.project",
            "module.acm.module.acm_operator.module.k8sop_manifest.null_resource.gcloud_auth_google_credentials",
            "module.acm.module.acm_operator.module.k8sop_manifest.null_resource.gcloud_auth_service_account_key_file",
            "module.cluster.google_project_iam_member.cluster_service_account-log_writer",
            "module.cluster.module.gcloud_delete_default_kube_dns_configmap.module.gcloud_kubectl.null_resource.decompress",
            "module.cluster.module.gcloud_delete_default_kube_dns_configmap.module.gcloud_kubectl.null_resource.decompress_destroy",
            "module.cluster.module.gcloud_delete_default_kube_dns_configmap.module.gcloud_kubectl.null_resource.download_gcloud",
            "module.cluster.google_compute_firewall.shadow_allow_master",
            "module.cluster.google_project_iam_member.cluster_service_account-resourceMetadata-writer",
            "module.cluster.google_compute_firewall.master_webhooks",
            "module.acm.module.acm_operator.module.k8sop_manifest.null_resource.decompress",
            "module.cluster.data.google_container_engine_versions.region",
            "module.cluster.kubernetes_config_map.kube-dns-upstream-namservers",
            "module.acm.module.acm_operator.module.k8sop_manifest.null_resource.download_gcloud",
            "module.cluster.google_compute_firewall.shadow_allow_nodes",
            "module.acm.module.acm_operator.module.k8sop_manifest.random_id.cache",
            "module.cluster.kubernetes_config_map.ip-masq-agent",
            "module.cluster.module.gcloud_delete_default_kube_dns_configmap.module.gcloud_kubectl.null_resource.gcloud_auth_service_account_key_file",
            "module.cluster.module.gcloud_delete_default_kube_dns_configmap.module.gcloud_kubectl.null_resource.gcloud_auth_service_account_key_file_destroy",
            "module.cluster.module.gcloud_delete_default_kube_dns_configmap.module.gcloud_kubectl.null_resource.module_depends_on",
            "module.cluster.module.gcloud_delete_default_kube_dns_configmap.module.gcloud_kubectl.null_resource.upgrade",
            "module.acm.module.acm_operator.module.k8sop_manifest.data.external.env_override",
            "module.acm.module.acm_operator.module.k8sop_manifest.null_resource.run_command"
          ]
        }
      ]
    },
    {
      "module": "module.acm[\"0\"].module.acm_operator.module.k8s_operator.module.gcloud_kubectl",
      "mode": "managed",
      "type": "null_resource",
      "name": "run_command",
      "provider": "provider[\"registry.terraform.io/hashicorp/null\"]",
      "instances": [
        {
          "index_key": 0,
          "status": "tainted",
          "schema_version": 0,
          "attributes": {
            "id": "3411538696816995927",
            "triggers": {
              "arguments": "46dca64322c17e43ce94ba7c73346dff",
              "create_cmd_body": "gke-anthos-west europe-west3 anthos-lab-310709 false false kubectl apply -f ./.terraform/tmp/anthos-lab-310709-gke-anthos-west/config-management-operator.yaml",
              "create_cmd_entrypoint": ".terraform/modules/acm.acm_operator.k8s_operator/modules/kubectl-wrapper/scripts/kubectl_wrapper.sh",
              "gcloud_bin_abs_path": "/google-cloud-sdk/bin",
              "md5": "b9e6ac4c0c60b9da4b93cfa39468acf5"
            }
          },
          "sensitive_attributes": [],
          "private": "bnVsbA==",
          "dependencies": [
            "data.google_project.project",
            "module.acm.module.acm_operator.module.k8s_operator.module.gcloud_kubectl.data.external.env_override",
            "module.acm.module.acm_operator.module.k8s_operator.module.gcloud_kubectl.null_resource.additional_components",
            "module.acm.module.acm_operator.module.k8s_operator.module.gcloud_kubectl.null_resource.decompress",
            "module.acm.module.acm_operator.module.k8s_operator.module.gcloud_kubectl.null_resource.gcloud_auth_google_credentials",
            "module.acm.module.acm_operator.module.k8s_operator.module.gcloud_kubectl.null_resource.gcloud_auth_service_account_key_file",
            "module.acm.module.acm_operator.module.k8s_operator.module.gcloud_kubectl.null_resource.module_depends_on",
            "module.acm.module.acm_operator.module.k8s_operator.module.gcloud_kubectl.random_id.cache",
            "module.acm.module.acm_operator.module.k8sop_manifest.null_resource.additional_components",
            "module.acm.module.acm_operator.module.k8sop_manifest.null_resource.gcloud_auth_google_credentials",
            "module.acm.module.acm_operator.module.k8sop_manifest.null_resource.gcloud_auth_service_account_key_file",
            "module.acm.module.acm_operator.module.k8sop_manifest.null_resource.run_command",
            "module.acm.module.acm_operator.module.k8sop_manifest.null_resource.run_destroy_command",
            "module.cluster.data.google_compute_subnetwork.gke_subnetwork",
            "module.cluster.data.google_compute_zones.available",
            "module.cluster.data.google_container_engine_versions.region",
            "module.cluster.data.google_container_engine_versions.zone",
            "module.cluster.google_compute_firewall.intra_egress",
            "module.cluster.google_compute_firewall.master_webhooks",
            "module.cluster.google_compute_firewall.shadow_allow_master",
            "module.cluster.google_compute_firewall.shadow_allow_nodes",
            "module.cluster.google_compute_firewall.shadow_allow_pods",
            "module.cluster.google_container_cluster.primary",
            "module.cluster.google_container_node_pool.pools",
            "module.cluster.google_project_iam_member.cluster_service_account-artifact-registry",
            "module.cluster.google_project_iam_member.cluster_service_account-gcr",
            "module.cluster.google_project_iam_member.cluster_service_account-log_writer",
            "module.cluster.google_project_iam_member.cluster_service_account-metric_writer",
            "module.cluster.google_project_iam_member.cluster_service_account-monitoring_viewer",
            "module.cluster.google_project_iam_member.cluster_service_account-resourceMetadata-writer",
            "module.cluster.google_service_account.cluster_service_account",
            "module.cluster.kubernetes_config_map.ip-masq-agent",
            "module.cluster.kubernetes_config_map.kube-dns",
            "module.cluster.kubernetes_config_map.kube-dns-upstream-nameservers-and-stub-domains",
            "module.cluster.kubernetes_config_map.kube-dns-upstream-namservers",
            "module.cluster.module.gcloud_delete_default_kube_dns_configmap.module.gcloud_kubectl.data.external.env_override",
            "module.cluster.module.gcloud_delete_default_kube_dns_configmap.module.gcloud_kubectl.null_resource.additional_components",
            "module.cluster.module.gcloud_delete_default_kube_dns_configmap.module.gcloud_kubectl.null_resource.additional_components_destroy",
            "module.cluster.module.gcloud_delete_default_kube_dns_configmap.module.gcloud_kubectl.null_resource.decompress",
            "module.cluster.module.gcloud_delete_default_kube_dns_configmap.module.gcloud_kubectl.null_resource.decompress_destroy",
            "module.cluster.module.gcloud_delete_default_kube_dns_configmap.module.gcloud_kubectl.null_resource.download_gcloud",
            "module.cluster.module.gcloud_delete_default_kube_dns_configmap.module.gcloud_kubectl.null_resource.download_jq",
            "module.cluster.module.gcloud_delete_default_kube_dns_configmap.module.gcloud_kubectl.null_resource.gcloud_auth_google_credentials",
            "module.cluster.module.gcloud_delete_default_kube_dns_configmap.module.gcloud_kubectl.null_resource.gcloud_auth_google_credentials_destroy",
            "module.cluster.module.gcloud_delete_default_kube_dns_configmap.module.gcloud_kubectl.null_resource.gcloud_auth_service_account_key_file",
            "module.cluster.module.gcloud_delete_default_kube_dns_configmap.module.gcloud_kubectl.null_resource.gcloud_auth_service_account_key_file_destroy",
            "module.cluster.module.gcloud_delete_default_kube_dns_configmap.module.gcloud_kubectl.null_resource.module_depends_on",
            "module.cluster.module.gcloud_delete_default_kube_dns_configmap.module.gcloud_kubectl.null_resource.prepare_cache",
            "module.cluster.module.gcloud_delete_default_kube_dns_configmap.module.gcloud_kubectl.null_resource.run_command",
            "module.cluster.module.gcloud_delete_default_kube_dns_configmap.module.gcloud_kubectl.null_resource.run_destroy_command",
            "module.cluster.module.gcloud_delete_default_kube_dns_configmap.module.gcloud_kubectl.null_resource.upgrade",
            "module.cluster.module.gcloud_delete_default_kube_dns_configmap.module.gcloud_kubectl.null_resource.upgrade_destroy",
            "module.cluster.module.gcloud_delete_default_kube_dns_configmap.module.gcloud_kubectl.random_id.cache",
            "module.cluster.random_shuffle.available_zones",
            "module.cluster.random_string.cluster_service_account_suffix",
            "module.project-services.google_project_service.project_services"
          ]
        }
      ]
    },
    {
      "module": "module.acm[\"0\"].module.acm_operator.module.k8s_operator.module.gcloud_kubectl",
      "mode": "managed",
      "type": "null_resource",
      "name": "run_destroy_command",
      "provider": "provider[\"registry.terraform.io/hashicorp/null\"]",
      "instances": [
        {
          "index_key": 0,
          "schema_version": 0,
          "attributes": {
            "id": "7608772791039514828",
            "triggers": {
              "destroy_cmd_body": "gke-anthos-west europe-west3 anthos-lab-310709 false false kubectl delete -f ./.terraform/tmp/anthos-lab-310709-gke-anthos-west/config-management-operator.yaml",
              "destroy_cmd_entrypoint": ".terraform/modules/acm.acm_operator.k8s_operator/modules/kubectl-wrapper/scripts/kubectl_wrapper.sh",
              "gcloud_bin_abs_path": "/google-cloud-sdk/bin"
            }
          },
          "sensitive_attributes": [],
          "private": "bnVsbA==",
          "dependencies": [
            "module.acm.module.acm_operator.module.k8s_operator.module.gcloud_kubectl.data.external.env_override",
            "module.acm.module.acm_operator.module.k8s_operator.module.gcloud_kubectl.null_resource.additional_components",
            "module.acm.module.acm_operator.module.k8s_operator.module.gcloud_kubectl.null_resource.decompress",
            "module.acm.module.acm_operator.module.k8s_operator.module.gcloud_kubectl.null_resource.download_gcloud",
            "module.acm.module.acm_operator.module.k8s_operator.module.gcloud_kubectl.null_resource.download_jq",
            "data.google_project.project",
            "module.acm.module.acm_operator.module.k8s_operator.module.gcloud_kubectl.null_resource.gcloud_auth_google_credentials",
            "module.acm.module.acm_operator.module.k8s_operator.module.gcloud_kubectl.null_resource.gcloud_auth_service_account_key_file",
            "module.acm.module.acm_operator.module.k8s_operator.module.gcloud_kubectl.null_resource.module_depends_on",
            "module.acm.module.acm_operator.module.k8s_operator.module.gcloud_kubectl.null_resource.prepare_cache",
            "module.acm.module.acm_operator.module.k8s_operator.module.gcloud_kubectl.null_resource.upgrade",
            "module.acm.module.acm_operator.module.k8s_operator.module.gcloud_kubectl.random_id.cache",
            "module.acm.module.acm_operator.module.k8sop_manifest.data.external.env_override",
            "module.acm.module.acm_operator.module.k8sop_manifest.null_resource.gcloud_auth_google_credentials",
            "module.acm.module.acm_operator.module.k8sop_manifest.null_resource.additional_components",
            "module.acm.module.acm_operator.module.k8sop_manifest.null_resource.decompress",
            "module.acm.module.acm_operator.module.k8sop_manifest.null_resource.download_gcloud",
            "module.acm.module.acm_operator.module.k8sop_manifest.null_resource.download_jq",
            "module.acm.module.acm_operator.module.k8sop_manifest.null_resource.gcloud_auth_service_account_key_file",
            "module.acm.module.acm_operator.module.k8sop_manifest.null_resource.module_depends_on",
            "module.acm.module.acm_operator.module.k8sop_manifest.null_resource.prepare_cache",
            "module.acm.module.acm_operator.module.k8sop_manifest.null_resource.run_command",
            "module.acm.module.acm_operator.module.k8sop_manifest.null_resource.run_destroy_command",
            "module.acm.module.acm_operator.module.k8sop_manifest.null_resource.upgrade",
            "module.acm.module.acm_operator.module.k8sop_manifest.random_id.cache",
            "module.cluster.data.google_compute_subnetwork.gke_subnetwork",
            "module.cluster.data.google_compute_zones.available",
            "module.cluster.data.google_container_engine_versions.region",
            "module.cluster.data.google_container_engine_versions.zone",
            "module.cluster.google_compute_firewall.intra_egress",
            "module.cluster.google_compute_firewall.master_webhooks",
            "module.cluster.google_compute_firewall.shadow_allow_master",
            "module.cluster.google_compute_firewall.shadow_allow_nodes",
            "module.cluster.google_compute_firewall.shadow_allow_pods",
            "module.cluster.google_container_cluster.primary",
            "module.cluster.google_container_node_pool.pools",
            "module.cluster.google_project_iam_member.cluster_service_account-artifact-registry",
            "module.cluster.google_project_iam_member.cluster_service_account-gcr",
            "module.cluster.google_project_iam_member.cluster_service_account-log_writer",
            "module.cluster.google_project_iam_member.cluster_service_account-metric_writer",
            "module.cluster.google_project_iam_member.cluster_service_account-monitoring_viewer",
            "module.cluster.google_project_iam_member.cluster_service_account-resourceMetadata-writer",
            "module.cluster.google_service_account.cluster_service_account",
            "module.cluster.kubernetes_config_map.ip-masq-agent",
            "module.cluster.kubernetes_config_map.kube-dns",
            "module.cluster.kubernetes_config_map.kube-dns-upstream-nameservers-and-stub-domains",
            "module.cluster.kubernetes_config_map.kube-dns-upstream-namservers",
            "module.cluster.module.gcloud_delete_default_kube_dns_configmap.module.gcloud_kubectl.data.external.env_override",
            "module.cluster.module.gcloud_delete_default_kube_dns_configmap.module.gcloud_kubectl.null_resource.additional_components",
            "module.cluster.module.gcloud_delete_default_kube_dns_configmap.module.gcloud_kubectl.null_resource.additional_components_destroy",
            "module.cluster.module.gcloud_delete_default_kube_dns_configmap.module.gcloud_kubectl.null_resource.decompress",
            "module.cluster.module.gcloud_delete_default_kube_dns_configmap.module.gcloud_kubectl.null_resource.decompress_destroy",
            "module.cluster.module.gcloud_delete_default_kube_dns_configmap.module.gcloud_kubectl.null_resource.download_gcloud",
            "module.cluster.module.gcloud_delete_default_kube_dns_configmap.module.gcloud_kubectl.null_resource.download_jq",
            "module.cluster.module.gcloud_delete_default_kube_dns_configmap.module.gcloud_kubectl.null_resource.gcloud_auth_google_credentials",
            "module.cluster.module.gcloud_delete_default_kube_dns_configmap.module.gcloud_kubectl.null_resource.gcloud_auth_google_credentials_destroy",
            "module.cluster.module.gcloud_delete_default_kube_dns_configmap.module.gcloud_kubectl.null_resource.gcloud_auth_service_account_key_file",
            "module.cluster.module.gcloud_delete_default_kube_dns_configmap.module.gcloud_kubectl.null_resource.gcloud_auth_service_account_key_file_destroy",
            "module.cluster.module.gcloud_delete_default_kube_dns_configmap.module.gcloud_kubectl.null_resource.module_depends_on",
            "module.cluster.module.gcloud_delete_default_kube_dns_configmap.module.gcloud_kubectl.null_resource.prepare_cache",
            "module.cluster.module.gcloud_delete_default_kube_dns_configmap.module.gcloud_kubectl.null_resource.run_command",
            "module.cluster.module.gcloud_delete_default_kube_dns_configmap.module.gcloud_kubectl.null_resource.run_destroy_command",
            "module.cluster.module.gcloud_delete_default_kube_dns_configmap.module.gcloud_kubectl.null_resource.upgrade",
            "module.cluster.module.gcloud_delete_default_kube_dns_configmap.module.gcloud_kubectl.null_resource.upgrade_destroy",
            "module.cluster.module.gcloud_delete_default_kube_dns_configmap.module.gcloud_kubectl.random_id.cache",
            "module.cluster.random_shuffle.available_zones",
            "module.cluster.random_string.cluster_service_account_suffix",
            "module.project-services.google_project_service.project_services"
          ]
        }
      ]
    },
    {
      "module": "module.acm[\"0\"].module.acm_operator.module.k8s_operator.module.gcloud_kubectl",
      "mode": "managed",
      "type": "null_resource",
      "name": "upgrade",
      "provider": "provider[\"registry.terraform.io/hashicorp/null\"]",
      "instances": []
    },
    {
      "module": "module.acm[\"0\"].module.acm_operator.module.k8s_operator.module.gcloud_kubectl",
      "mode": "managed",
      "type": "random_id",
      "name": "cache",
      "provider": "provider[\"registry.terraform.io/hashicorp/random\"]",
      "instances": []
    },
    {
      "module": "module.acm[\"0\"].module.acm_operator.module.k8sop_config.module.gcloud_kubectl",
      "mode": "data",
      "type": "external",
      "name": "env_override",
      "provider": "provider[\"registry.terraform.io/hashicorp/external\"]",
      "instances": [
        {
          "index_key": 0,
          "schema_version": 0,
          "attributes": {
            "id": "-",
            "program": [
              ".terraform/modules/acm.acm_operator.k8sop_config/scripts/check_env.sh"
            ],
            "query": null,
            "result": {
              "download": ""
            },
            "working_dir": null
          },
          "sensitive_attributes": []
        }
      ]
    },
    {
      "module": "module.acm[\"0\"].module.acm_operator.module.k8sop_config.module.gcloud_kubectl",
      "mode": "managed",
      "type": "null_resource",
      "name": "additional_components",
      "provider": "provider[\"registry.terraform.io/hashicorp/null\"]",
      "instances": [
        {
          "index_key": 0,
          "schema_version": 0,
          "attributes": {
            "id": "2685533245784234424",
            "triggers": {
              "additional_components_command": ".terraform/modules/acm.acm_operator.k8sop_config/scripts/check_components.sh gcloud kubectl",
              "arguments": "23f22618f56df53e8336329fddba58dc",
              "configmanagement": "apiVersion: configmanagement.gke.io/v1\nkind: ConfigManagement\nmetadata:\n  name: config-management\nspec:\n  # clusterName is required and must be unique among all managed clusters\n  clusterName: gke-anthos-west\n  policyController:\n    enabled: true\n    templateLibraryInstalled: true\n    logDeniesEnabled: false\n  git:\n    syncRepo: git@github.com:Francesco-cloud24/anthos-lab.git\n    secretType: ssh\n    \n    syncBranch: master\n    \n  \n  \n",
              "md5": "147aeb32f77caec118fc73dd6c77a279"
            }
          },
          "sensitive_attributes": [],
          "private": "bnVsbA==",
          "dependencies": [
            "module.acm.module.acm_operator.module.k8sop_manifest.null_resource.module_depends_on",
            "data.google_project.project",
            "module.acm.module.acm_operator.module.k8s_operator.module.gcloud_kubectl.data.external.env_override",
            "module.acm.module.acm_operator.module.k8s_operator.module.gcloud_kubectl.null_resource.additional_components",
            "module.acm.module.acm_operator.module.k8s_operator.module.gcloud_kubectl.null_resource.decompress",
            "module.acm.module.acm_operator.module.k8s_operator.module.gcloud_kubectl.null_resource.download_gcloud",
            "module.acm.module.acm_operator.data.template_file.k8sop_config",
            "module.acm.module.acm_operator.module.k8s_operator.module.gcloud_kubectl.null_resource.download_jq",
            "module.acm.module.acm_operator.module.k8s_operator.module.gcloud_kubectl.null_resource.gcloud_auth_service_account_key_file",
            "module.acm.module.acm_operator.module.k8s_operator.module.gcloud_kubectl.null_resource.module_depends_on",
            "module.acm.module.acm_operator.module.k8s_operator.module.gcloud_kubectl.null_resource.run_destroy_command",
            "module.acm.module.acm_operator.module.k8s_operator.module.gcloud_kubectl.null_resource.gcloud_auth_google_credentials",
            "module.acm.module.acm_operator.module.k8s_operator.module.gcloud_kubectl.null_resource.run_command",
            "module.acm.module.acm_operator.module.k8s_operator.module.gcloud_kubectl.random_id.cache",
            "module.acm.module.acm_operator.module.k8sop_config.module.gcloud_kubectl.data.external.env_override",
            "module.acm.module.acm_operator.module.k8sop_config.module.gcloud_kubectl.null_resource.decompress",
            "module.acm.module.acm_operator.module.k8sop_config.module.gcloud_kubectl.null_resource.download_gcloud",
            "module.acm.module.acm_operator.module.k8sop_config.module.gcloud_kubectl.null_resource.download_jq",
            "module.acm.module.acm_operator.module.k8sop_config.module.gcloud_kubectl.null_resource.module_depends_on",
            "module.acm.module.acm_operator.module.k8sop_config.module.gcloud_kubectl.null_resource.prepare_cache",
            "module.acm.module.acm_operator.module.k8sop_config.module.gcloud_kubectl.null_resource.upgrade",
            "module.acm.module.acm_operator.module.k8sop_creds_secret.module.gcloud_kubectl.data.external.env_override",
            "module.cluster.data.google_container_engine_versions.region",
            "module.acm.module.acm_operator.module.k8s_operator.module.gcloud_kubectl.null_resource.upgrade",
            "module.cluster.google_compute_firewall.shadow_allow_master",
            "module.acm.module.acm_operator.module.k8sop_creds_secret.module.gcloud_kubectl.null_resource.download_gcloud",
            "module.acm.module.acm_operator.module.k8sop_creds_secret.module.gcloud_kubectl.null_resource.download_jq",
            "module.acm.module.acm_operator.module.k8sop_creds_secret.module.gcloud_kubectl.null_resource.gcloud_auth_google_credentials",
            "module.acm.module.acm_operator.module.k8sop_creds_secret.module.gcloud_kubectl.null_resource.gcloud_auth_service_account_key_file",
            "module.acm.module.acm_operator.module.k8sop_creds_secret.module.gcloud_kubectl.null_resource.module_depends_on",
            "module.acm.module.acm_operator.module.k8sop_creds_secret.module.gcloud_kubectl.null_resource.prepare_cache",
            "module.acm.module.acm_operator.module.k8sop_creds_secret.module.gcloud_kubectl.null_resource.run_command",
            "module.acm.module.acm_operator.module.k8sop_creds_secret.module.gcloud_kubectl.null_resource.decompress",
            "module.acm.module.acm_operator.module.k8sop_creds_secret.module.gcloud_kubectl.null_resource.upgrade",
            "module.acm.module.acm_operator.module.k8sop_creds_secret.module.gcloud_kubectl.random_id.cache",
            "module.acm.module.acm_operator.module.k8sop_manifest.data.external.env_override",
            "module.acm.module.acm_operator.module.k8sop_manifest.null_resource.additional_components",
            "module.acm.module.acm_operator.module.k8sop_manifest.null_resource.decompress",
            "module.acm.module.acm_operator.module.k8sop_manifest.null_resource.download_gcloud",
            "module.acm.module.acm_operator.module.k8sop_manifest.null_resource.download_jq",
            "module.acm.module.acm_operator.module.k8sop_manifest.null_resource.gcloud_auth_google_credentials",
            "module.acm.module.acm_operator.module.k8sop_manifest.null_resource.gcloud_auth_service_account_key_file",
            "module.acm.module.acm_operator.module.k8sop_manifest.null_resource.run_destroy_command",
            "module.acm.module.acm_operator.module.k8sop_config.module.gcloud_kubectl.random_id.cache",
            "module.acm.module.acm_operator.module.k8sop_creds_secret.module.gcloud_kubectl.null_resource.additional_components",
            "module.acm.module.acm_operator.module.k8sop_creds_secret.module.gcloud_kubectl.null_resource.run_destroy_command",
            "module.acm.module.acm_operator.module.k8s_operator.module.gcloud_kubectl.null_resource.prepare_cache",
            "module.acm.module.acm_operator.module.k8sop_manifest.null_resource.prepare_cache",
            "module.acm.module.acm_operator.module.k8sop_manifest.null_resource.run_command",
            "module.acm.module.acm_operator.module.k8sop_manifest.null_resource.upgrade",
            "module.acm.module.acm_operator.module.k8sop_manifest.random_id.cache",
            "module.acm.module.acm_operator.tls_private_key.k8sop_creds",
            "module.cluster.data.google_compute_subnetwork.gke_subnetwork",
            "module.cluster.data.google_compute_zones.available",
            "module.cluster.data.google_container_engine_versions.zone",
            "module.cluster.google_compute_firewall.intra_egress",
            "module.cluster.google_compute_firewall.master_webhooks",
            "module.cluster.google_compute_firewall.shadow_allow_nodes",
            "module.cluster.google_compute_firewall.shadow_allow_pods",
            "module.cluster.google_container_cluster.primary",
            "module.cluster.google_container_node_pool.pools",
            "module.cluster.google_project_iam_member.cluster_service_account-artifact-registry",
            "module.cluster.google_project_iam_member.cluster_service_account-gcr",
            "module.cluster.google_project_iam_member.cluster_service_account-log_writer",
            "module.cluster.google_project_iam_member.cluster_service_account-metric_writer",
            "module.cluster.google_project_iam_member.cluster_service_account-monitoring_viewer",
            "module.cluster.google_project_iam_member.cluster_service_account-resourceMetadata-writer",
            "module.cluster.google_service_account.cluster_service_account",
            "module.cluster.kubernetes_config_map.ip-masq-agent",
            "module.cluster.kubernetes_config_map.kube-dns",
            "module.project-services.google_project_service.project_services",
            "module.cluster.kubernetes_config_map.kube-dns-upstream-namservers",
            "module.cluster.module.gcloud_delete_default_kube_dns_configmap.module.gcloud_kubectl.data.external.env_override",
            "module.cluster.module.gcloud_delete_default_kube_dns_configmap.module.gcloud_kubectl.null_resource.additional_components",
            "module.cluster.module.gcloud_delete_default_kube_dns_configmap.module.gcloud_kubectl.null_resource.additional_components_destroy",
            "module.cluster.module.gcloud_delete_default_kube_dns_configmap.module.gcloud_kubectl.null_resource.decompress",
            "module.cluster.module.gcloud_delete_default_kube_dns_configmap.module.gcloud_kubectl.null_resource.decompress_destroy",
            "module.cluster.module.gcloud_delete_default_kube_dns_configmap.module.gcloud_kubectl.null_resource.download_gcloud",
            "module.cluster.module.gcloud_delete_default_kube_dns_configmap.module.gcloud_kubectl.null_resource.download_jq",
            "module.cluster.module.gcloud_delete_default_kube_dns_configmap.module.gcloud_kubectl.null_resource.gcloud_auth_google_credentials",
            "module.cluster.module.gcloud_delete_default_kube_dns_configmap.module.gcloud_kubectl.null_resource.gcloud_auth_google_credentials_destroy",
            "module.cluster.kubernetes_config_map.kube-dns-upstream-nameservers-and-stub-domains",
            "module.cluster.module.gcloud_delete_default_kube_dns_configmap.module.gcloud_kubectl.null_resource.gcloud_auth_service_account_key_file_destroy",
            "module.cluster.module.gcloud_delete_default_kube_dns_configmap.module.gcloud_kubectl.null_resource.module_depends_on",
            "module.cluster.module.gcloud_delete_default_kube_dns_configmap.module.gcloud_kubectl.null_resource.prepare_cache",
            "module.cluster.module.gcloud_delete_default_kube_dns_configmap.module.gcloud_kubectl.null_resource.run_command",
            "module.cluster.module.gcloud_delete_default_kube_dns_configmap.module.gcloud_kubectl.null_resource.run_destroy_command",
            "module.cluster.module.gcloud_delete_default_kube_dns_configmap.module.gcloud_kubectl.null_resource.upgrade",
            "module.cluster.module.gcloud_delete_default_kube_dns_configmap.module.gcloud_kubectl.null_resource.upgrade_destroy",
            "module.cluster.module.gcloud_delete_default_kube_dns_configmap.module.gcloud_kubectl.random_id.cache",
            "module.cluster.random_shuffle.available_zones",
            "module.cluster.random_string.cluster_service_account_suffix",
            "module.cluster.module.gcloud_delete_default_kube_dns_configmap.module.gcloud_kubectl.null_resource.gcloud_auth_service_account_key_file"
          ]
        }
      ]
    },
    {
      "module": "module.acm[\"0\"].module.acm_operator.module.k8sop_config.module.gcloud_kubectl",
      "mode": "managed",
      "type": "null_resource",
      "name": "decompress",
      "provider": "provider[\"registry.terraform.io/hashicorp/null\"]",
      "instances": []
    },
    {
      "module": "module.acm[\"0\"].module.acm_operator.module.k8sop_config.module.gcloud_kubectl",
      "mode": "managed",
      "type": "null_resource",
      "name": "gcloud_auth_google_credentials",
      "provider": "provider[\"registry.terraform.io/hashicorp/null\"]",
      "instances": []
    },
    {
      "module": "module.acm[\"0\"].module.acm_operator.module.k8sop_config.module.gcloud_kubectl",
      "mode": "managed",
      "type": "null_resource",
      "name": "gcloud_auth_service_account_key_file",
      "provider": "provider[\"registry.terraform.io/hashicorp/null\"]",
      "instances": []
    },
    {
      "module": "module.acm[\"0\"].module.acm_operator.module.k8sop_config.module.gcloud_kubectl",
      "mode": "managed",
      "type": "null_resource",
      "name": "run_command",
      "provider": "provider[\"registry.terraform.io/hashicorp/null\"]",
      "instances": []
    },
    {
      "module": "module.acm[\"0\"].module.acm_operator.module.k8sop_config.module.gcloud_kubectl",
      "mode": "managed",
      "type": "null_resource",
      "name": "run_destroy_command",
      "provider": "provider[\"registry.terraform.io/hashicorp/null\"]",
      "instances": []
    },
    {
      "module": "module.acm[\"0\"].module.acm_operator.module.k8sop_config.module.gcloud_kubectl",
      "mode": "managed",
      "type": "null_resource",
      "name": "upgrade",
      "provider": "provider[\"registry.terraform.io/hashicorp/null\"]",
      "instances": []
    },
    {
      "module": "module.acm[\"0\"].module.acm_operator.module.k8sop_config.module.gcloud_kubectl",
      "mode": "managed",
      "type": "random_id",
      "name": "cache",
      "provider": "provider[\"registry.terraform.io/hashicorp/random\"]",
      "instances": []
    },
    {
      "module": "module.acm[\"0\"].module.acm_operator.module.k8sop_creds_secret.module.gcloud_kubectl",
      "mode": "data",
      "type": "external",
      "name": "env_override",
      "provider": "provider[\"registry.terraform.io/hashicorp/external\"]",
      "instances": [
        {
          "index_key": 0,
          "schema_version": 0,
          "attributes": {
            "id": "-",
            "program": [
              ".terraform/modules/acm.acm_operator.k8sop_creds_secret/scripts/check_env.sh"
            ],
            "query": null,
            "result": {
              "download": ""
            },
            "working_dir": null
          },
          "sensitive_attributes": []
        }
      ]
    },
    {
      "module": "module.acm[\"0\"].module.acm_operator.module.k8sop_creds_secret.module.gcloud_kubectl",
      "mode": "managed",
      "type": "null_resource",
      "name": "additional_components",
      "provider": "provider[\"registry.terraform.io/hashicorp/null\"]",
      "instances": [
        {
          "index_key": 0,
          "schema_version": 0,
          "attributes": {
            "id": "172465422125970136",
            "triggers": {
              "additional_components_command": ".terraform/modules/acm.acm_operator.k8sop_creds_secret/scripts/check_components.sh gcloud kubectl",
              "arguments": "d810e271d76a2f44cc34668fdeb86766",
              "md5": "8ee7ba6f7389035061871bd35efb2ee4"
            }
          },
          "sensitive_attributes": [
            [
              {
                "type": "get_attr",
                "value": "triggers"
              },
              {
                "type": "index",
                "value": {
                  "value": "arguments",
                  "type": "string"
                }
              }
            ]
          ],
          "private": "bnVsbA==",
          "dependencies": [
            "module.acm.module.acm_operator.module.k8s_operator.module.gcloud_kubectl.data.external.env_override",
            "module.acm.module.acm_operator.module.k8s_operator.module.gcloud_kubectl.null_resource.additional_components",
            "module.acm.module.acm_operator.module.k8s_operator.module.gcloud_kubectl.null_resource.download_gcloud",
            "module.acm.module.acm_operator.module.k8s_operator.module.gcloud_kubectl.null_resource.download_jq",
            "module.acm.module.acm_operator.module.k8s_operator.module.gcloud_kubectl.null_resource.gcloud_auth_google_credentials",
            "data.google_project.project",
            "module.acm.module.acm_operator.module.k8s_operator.module.gcloud_kubectl.null_resource.decompress",
            "module.acm.module.acm_operator.module.k8s_operator.module.gcloud_kubectl.null_resource.gcloud_auth_service_account_key_file",
            "module.acm.module.acm_operator.module.k8s_operator.module.gcloud_kubectl.null_resource.module_depends_on",
            "module.acm.module.acm_operator.module.k8s_operator.module.gcloud_kubectl.null_resource.prepare_cache",
            "module.acm.module.acm_operator.module.k8s_operator.module.gcloud_kubectl.null_resource.run_destroy_command",
            "module.acm.module.acm_operator.module.k8s_operator.module.gcloud_kubectl.null_resource.upgrade",
            "module.acm.module.acm_operator.module.k8s_operator.module.gcloud_kubectl.random_id.cache",
            "module.acm.module.acm_operator.module.k8s_operator.module.gcloud_kubectl.null_resource.run_command",
            "module.acm.module.acm_operator.module.k8sop_creds_secret.module.gcloud_kubectl.data.external.env_override",
            "module.acm.module.acm_operator.module.k8sop_creds_secret.module.gcloud_kubectl.null_resource.decompress",
            "module.acm.module.acm_operator.module.k8sop_creds_secret.module.gcloud_kubectl.null_resource.download_gcloud",
            "module.acm.module.acm_operator.module.k8sop_creds_secret.module.gcloud_kubectl.null_resource.download_jq",
            "module.acm.module.acm_operator.module.k8sop_creds_secret.module.gcloud_kubectl.null_resource.module_depends_on",
            "module.acm.module.acm_operator.module.k8sop_creds_secret.module.gcloud_kubectl.null_resource.upgrade",
            "module.acm.module.acm_operator.module.k8sop_manifest.null_resource.download_jq",
            "module.acm.module.acm_operator.module.k8sop_creds_secret.module.gcloud_kubectl.random_id.cache",
            "module.acm.module.acm_operator.module.k8sop_manifest.data.external.env_override",
            "module.acm.module.acm_operator.module.k8sop_manifest.null_resource.additional_components",
            "module.acm.module.acm_operator.module.k8sop_manifest.null_resource.decompress",
            "module.acm.module.acm_operator.module.k8sop_manifest.null_resource.download_gcloud",
            "module.cluster.google_project_iam_member.cluster_service_account-log_writer",
            "module.acm.module.acm_operator.module.k8sop_manifest.null_resource.gcloud_auth_google_credentials",
            "module.acm.module.acm_operator.module.k8sop_manifest.null_resource.gcloud_auth_service_account_key_file",
            "module.acm.module.acm_operator.module.k8sop_manifest.null_resource.module_depends_on",
            "module.acm.module.acm_operator.module.k8sop_manifest.null_resource.run_command",
            "module.acm.module.acm_operator.module.k8sop_manifest.null_resource.run_destroy_command",
            "module.acm.module.acm_operator.module.k8sop_manifest.null_resource.upgrade",
            "module.acm.module.acm_operator.module.k8sop_manifest.random_id.cache",
            "module.acm.module.acm_operator.tls_private_key.k8sop_creds",
            "module.cluster.data.google_compute_subnetwork.gke_subnetwork",
            "module.cluster.data.google_compute_zones.available",
            "module.cluster.data.google_container_engine_versions.region",
            "module.cluster.data.google_container_engine_versions.zone",
            "module.acm.module.acm_operator.module.k8sop_manifest.null_resource.prepare_cache",
            "module.cluster.google_compute_firewall.intra_egress",
            "module.cluster.google_compute_firewall.master_webhooks",
            "module.cluster.google_compute_firewall.shadow_allow_master",
            "module.cluster.google_compute_firewall.shadow_allow_nodes",
            "module.cluster.google_compute_firewall.shadow_allow_pods",
            "module.cluster.google_container_cluster.primary",
            "module.cluster.google_container_node_pool.pools",
            "module.cluster.google_project_iam_member.cluster_service_account-artifact-registry",
            "module.cluster.google_project_iam_member.cluster_service_account-gcr",
            "module.acm.module.acm_operator.module.k8sop_creds_secret.module.gcloud_kubectl.null_resource.prepare_cache",
            "module.cluster.module.gcloud_delete_default_kube_dns_configmap.module.gcloud_kubectl.null_resource.download_jq",
            "module.cluster.google_project_iam_member.cluster_service_account-monitoring_viewer",
            "module.cluster.google_project_iam_member.cluster_service_account-resourceMetadata-writer",
            "module.cluster.google_service_account.cluster_service_account",
            "module.cluster.kubernetes_config_map.ip-masq-agent",
            "module.cluster.kubernetes_config_map.kube-dns",
            "module.cluster.kubernetes_config_map.kube-dns-upstream-nameservers-and-stub-domains",
            "module.cluster.kubernetes_config_map.kube-dns-upstream-namservers",
            "module.cluster.module.gcloud_delete_default_kube_dns_configmap.module.gcloud_kubectl.data.external.env_override",
            "module.cluster.module.gcloud_delete_default_kube_dns_configmap.module.gcloud_kubectl.null_resource.additional_components",
            "module.cluster.module.gcloud_delete_default_kube_dns_configmap.module.gcloud_kubectl.null_resource.additional_components_destroy",
            "module.cluster.module.gcloud_delete_default_kube_dns_configmap.module.gcloud_kubectl.null_resource.decompress",
            "module.cluster.module.gcloud_delete_default_kube_dns_configmap.module.gcloud_kubectl.null_resource.decompress_destroy",
            "module.cluster.module.gcloud_delete_default_kube_dns_configmap.module.gcloud_kubectl.null_resource.download_gcloud",
            "module.cluster.google_project_iam_member.cluster_service_account-metric_writer",
            "module.cluster.module.gcloud_delete_default_kube_dns_configmap.module.gcloud_kubectl.null_resource.gcloud_auth_google_credentials",
            "module.cluster.module.gcloud_delete_default_kube_dns_configmap.module.gcloud_kubectl.null_resource.gcloud_auth_google_credentials_destroy",
            "module.cluster.module.gcloud_delete_default_kube_dns_configmap.module.gcloud_kubectl.null_resource.gcloud_auth_service_account_key_file",
            "module.cluster.module.gcloud_delete_default_kube_dns_configmap.module.gcloud_kubectl.null_resource.gcloud_auth_service_account_key_file_destroy",
            "module.cluster.module.gcloud_delete_default_kube_dns_configmap.module.gcloud_kubectl.null_resource.module_depends_on",
            "module.cluster.module.gcloud_delete_default_kube_dns_configmap.module.gcloud_kubectl.null_resource.prepare_cache",
            "module.cluster.module.gcloud_delete_default_kube_dns_configmap.module.gcloud_kubectl.null_resource.run_command",
            "module.cluster.module.gcloud_delete_default_kube_dns_configmap.module.gcloud_kubectl.null_resource.run_destroy_command",
            "module.cluster.module.gcloud_delete_default_kube_dns_configmap.module.gcloud_kubectl.null_resource.upgrade",
            "module.cluster.module.gcloud_delete_default_kube_dns_configmap.module.gcloud_kubectl.null_resource.upgrade_destroy",
            "module.cluster.module.gcloud_delete_default_kube_dns_configmap.module.gcloud_kubectl.random_id.cache",
            "module.cluster.random_shuffle.available_zones",
            "module.cluster.random_string.cluster_service_account_suffix",
            "module.project-services.google_project_service.project_services"
          ]
        }
      ]
    },
    {
      "module": "module.acm[\"0\"].module.acm_operator.module.k8sop_creds_secret.module.gcloud_kubectl",
      "mode": "managed",
      "type": "null_resource",
      "name": "decompress",
      "provider": "provider[\"registry.terraform.io/hashicorp/null\"]",
      "instances": []
    },
    {
      "module": "module.acm[\"0\"].module.acm_operator.module.k8sop_creds_secret.module.gcloud_kubectl",
      "mode": "managed",
      "type": "null_resource",
      "name": "gcloud_auth_google_credentials",
      "provider": "provider[\"registry.terraform.io/hashicorp/null\"]",
      "instances": []
    },
    {
      "module": "module.acm[\"0\"].module.acm_operator.module.k8sop_creds_secret.module.gcloud_kubectl",
      "mode": "managed",
      "type": "null_resource",
      "name": "gcloud_auth_service_account_key_file",
      "provider": "provider[\"registry.terraform.io/hashicorp/null\"]",
      "instances": []
    },
    {
      "module": "module.acm[\"0\"].module.acm_operator.module.k8sop_creds_secret.module.gcloud_kubectl",
      "mode": "managed",
      "type": "null_resource",
      "name": "run_command",
      "provider": "provider[\"registry.terraform.io/hashicorp/null\"]",
      "instances": []
    },
    {
      "module": "module.acm[\"0\"].module.acm_operator.module.k8sop_creds_secret.module.gcloud_kubectl",
      "mode": "managed",
      "type": "null_resource",
      "name": "run_destroy_command",
      "provider": "provider[\"registry.terraform.io/hashicorp/null\"]",
      "instances": []
    },
    {
      "module": "module.acm[\"0\"].module.acm_operator.module.k8sop_creds_secret.module.gcloud_kubectl",
      "mode": "managed",
      "type": "null_resource",
      "name": "upgrade",
      "provider": "provider[\"registry.terraform.io/hashicorp/null\"]",
      "instances": []
    },
    {
      "module": "module.acm[\"0\"].module.acm_operator.module.k8sop_creds_secret.module.gcloud_kubectl",
      "mode": "managed",
      "type": "random_id",
      "name": "cache",
      "provider": "provider[\"registry.terraform.io/hashicorp/random\"]",
      "instances": []
    },
    {
      "module": "module.acm[\"0\"].module.acm_operator.module.k8sop_manifest",
      "mode": "data",
      "type": "external",
      "name": "env_override",
      "provider": "provider[\"registry.terraform.io/hashicorp/external\"]",
      "instances": [
        {
          "index_key": 0,
          "schema_version": 0,
          "attributes": {
            "id": "-",
            "program": [
              ".terraform/modules/acm.acm_operator.k8sop_manifest/scripts/check_env.sh"
            ],
            "query": null,
            "result": {
              "download": ""
            },
            "working_dir": null
          },
          "sensitive_attributes": []
        }
      ]
    },
    {
      "module": "module.acm[\"0\"].module.acm_operator.module.k8sop_manifest",
      "mode": "managed",
      "type": "null_resource",
      "name": "run_command",
      "provider": "provider[\"registry.terraform.io/hashicorp/null\"]",
      "instances": [
        {
          "index_key": 0,
          "schema_version": 0,
          "attributes": {
            "id": "3251291133061843491",
            "triggers": {
              "arguments": "0a780a120319332e41f681bdce99b172",
              "create_cmd_body": "cp gs://config-management-release/released/latest/config-management-operator.yaml ./.terraform/tmp/anthos-lab-310709-gke-anthos-west/config-management-operator.yaml",
              "create_cmd_entrypoint": "gsutil",
              "gcloud_bin_abs_path": "/google-cloud-sdk/bin",
              "md5": "e1b4a75ce3382cf47c61b6f3983a4822"
            }
          },
          "sensitive_attributes": [],
          "private": "bnVsbA==",
          "dependencies": [
            "module.cluster.google_container_node_pool.pools",
            "module.cluster.google_project_iam_member.cluster_service_account-monitoring_viewer",
            "module.cluster.module.gcloud_delete_default_kube_dns_configmap.module.gcloud_kubectl.null_resource.download_gcloud",
            "module.cluster.module.gcloud_delete_default_kube_dns_configmap.module.gcloud_kubectl.null_resource.gcloud_auth_google_credentials_destroy",
            "module.acm.module.acm_operator.module.k8sop_manifest.null_resource.additional_components",
            "module.cluster.module.gcloud_delete_default_kube_dns_configmap.module.gcloud_kubectl.data.external.env_override",
            "module.cluster.module.gcloud_delete_default_kube_dns_configmap.module.gcloud_kubectl.null_resource.upgrade_destroy",
            "module.cluster.data.google_compute_subnetwork.gke_subnetwork",
            "module.cluster.google_project_iam_member.cluster_service_account-metric_writer",
            "module.cluster.kubernetes_config_map.kube-dns",
            "module.cluster.module.gcloud_delete_default_kube_dns_configmap.module.gcloud_kubectl.null_resource.gcloud_auth_service_account_key_file",
            "module.acm.module.acm_operator.module.k8sop_manifest.null_resource.gcloud_auth_service_account_key_file",
            "module.cluster.google_compute_firewall.shadow_allow_nodes",
            "module.cluster.google_project_iam_member.cluster_service_account-artifact-registry",
            "module.cluster.module.gcloud_delete_default_kube_dns_configmap.module.gcloud_kubectl.null_resource.module_depends_on",
            "module.acm.module.acm_operator.module.k8sop_manifest.null_resource.download_jq",
            "module.acm.module.acm_operator.module.k8sop_manifest.null_resource.upgrade",
            "module.cluster.google_compute_firewall.shadow_allow_pods",
            "module.cluster.google_compute_firewall.shadow_allow_master",
            "module.cluster.module.gcloud_delete_default_kube_dns_configmap.module.gcloud_kubectl.null_resource.download_jq",
            "module.cluster.module.gcloud_delete_default_kube_dns_configmap.module.gcloud_kubectl.null_resource.gcloud_auth_service_account_key_file_destroy",
            "module.acm.module.acm_operator.module.k8sop_manifest.null_resource.decompress",
            "module.acm.module.acm_operator.module.k8sop_manifest.null_resource.download_gcloud",
            "module.cluster.google_compute_firewall.master_webhooks",
            "module.cluster.google_project_iam_member.cluster_service_account-log_writer",
            "module.cluster.module.gcloud_delete_default_kube_dns_configmap.module.gcloud_kubectl.null_resource.additional_components",
            "module.cluster.module.gcloud_delete_default_kube_dns_configmap.module.gcloud_kubectl.null_resource.additional_components_destroy",
            "module.project-services.google_project_service.project_services",
            "module.acm.module.acm_operator.module.k8sop_manifest.null_resource.gcloud_auth_google_credentials",
            "module.cluster.google_project_iam_member.cluster_service_account-resourceMetadata-writer",
            "data.google_project.project",
            "module.acm.module.acm_operator.module.k8sop_manifest.null_resource.module_depends_on",
            "module.cluster.data.google_compute_zones.available",
            "module.cluster.google_container_cluster.primary",
            "module.cluster.google_project_iam_member.cluster_service_account-gcr",
            "module.cluster.kubernetes_config_map.ip-masq-agent",
            "module.cluster.data.google_container_engine_versions.region",
            "module.cluster.google_service_account.cluster_service_account",
            "module.cluster.module.gcloud_delete_default_kube_dns_configmap.module.gcloud_kubectl.null_resource.prepare_cache",
            "module.cluster.random_shuffle.available_zones",
            "module.cluster.google_compute_firewall.intra_egress",
            "module.cluster.module.gcloud_delete_default_kube_dns_configmap.module.gcloud_kubectl.null_resource.run_destroy_command",
            "module.acm.module.acm_operator.module.k8sop_manifest.null_resource.prepare_cache",
            "module.cluster.module.gcloud_delete_default_kube_dns_configmap.module.gcloud_kubectl.null_resource.gcloud_auth_google_credentials",
            "module.cluster.random_string.cluster_service_account_suffix",
            "module.acm.module.acm_operator.module.k8sop_manifest.random_id.cache",
            "module.cluster.kubernetes_config_map.kube-dns-upstream-namservers",
            "module.cluster.module.gcloud_delete_default_kube_dns_configmap.module.gcloud_kubectl.random_id.cache",
            "module.acm.module.acm_operator.module.k8sop_manifest.data.external.env_override",
            "module.cluster.data.google_container_engine_versions.zone",
            "module.cluster.kubernetes_config_map.kube-dns-upstream-nameservers-and-stub-domains",
            "module.cluster.module.gcloud_delete_default_kube_dns_configmap.module.gcloud_kubectl.null_resource.run_command",
            "module.cluster.module.gcloud_delete_default_kube_dns_configmap.module.gcloud_kubectl.null_resource.upgrade",
            "module.cluster.module.gcloud_delete_default_kube_dns_configmap.module.gcloud_kubectl.null_resource.decompress",
            "module.cluster.module.gcloud_delete_default_kube_dns_configmap.module.gcloud_kubectl.null_resource.decompress_destroy"
          ]
        }
      ]
    },
    {
      "module": "module.acm[\"0\"].module.acm_operator.module.k8sop_manifest",
      "mode": "managed",
      "type": "null_resource",
      "name": "run_destroy_command",
      "provider": "provider[\"registry.terraform.io/hashicorp/null\"]",
      "instances": [
        {
          "index_key": 0,
          "schema_version": 0,
          "attributes": {
            "id": "6039060025145712150",
            "triggers": {
              "destroy_cmd_body": "-f ./.terraform/tmp/anthos-lab-310709-gke-anthos-west/config-management-operator.yaml",
              "destroy_cmd_entrypoint": "rm",
              "gcloud_bin_abs_path": "/google-cloud-sdk/bin"
            }
          },
          "sensitive_attributes": [],
          "private": "bnVsbA==",
          "dependencies": [
            "module.cluster.module.gcloud_delete_default_kube_dns_configmap.module.gcloud_kubectl.null_resource.decompress",
            "module.acm.module.acm_operator.module.k8sop_manifest.data.external.env_override",
            "module.cluster.data.google_container_engine_versions.region",
            "module.cluster.random_shuffle.available_zones",
            "module.cluster.google_compute_firewall.shadow_allow_pods",
            "module.cluster.module.gcloud_delete_default_kube_dns_configmap.module.gcloud_kubectl.null_resource.gcloud_auth_google_credentials",
            "module.cluster.data.google_compute_zones.available",
            "module.acm.module.acm_operator.module.k8sop_manifest.null_resource.download_gcloud",
            "module.acm.module.acm_operator.module.k8sop_manifest.null_resource.decompress",
            "module.cluster.google_service_account.cluster_service_account",
            "module.cluster.kubernetes_config_map.kube-dns",
            "module.cluster.kubernetes_config_map.kube-dns-upstream-namservers",
            "module.cluster.module.gcloud_delete_default_kube_dns_configmap.module.gcloud_kubectl.data.external.env_override",
            "module.cluster.module.gcloud_delete_default_kube_dns_configmap.module.gcloud_kubectl.null_resource.download_jq",
            "module.cluster.module.gcloud_delete_default_kube_dns_configmap.module.gcloud_kubectl.null_resource.upgrade",
            "module.acm.module.acm_operator.module.k8sop_manifest.null_resource.prepare_cache",
            "module.cluster.data.google_compute_subnetwork.gke_subnetwork",
            "module.cluster.google_project_iam_member.cluster_service_account-log_writer",
            "module.cluster.google_project_iam_member.cluster_service_account-resourceMetadata-writer",
            "module.cluster.module.gcloud_delete_default_kube_dns_configmap.module.gcloud_kubectl.null_resource.prepare_cache",
            "module.acm.module.acm_operator.module.k8sop_manifest.null_resource.upgrade",
            "module.cluster.data.google_container_engine_versions.zone",
            "module.cluster.module.gcloud_delete_default_kube_dns_configmap.module.gcloud_kubectl.null_resource.gcloud_auth_service_account_key_file",
            "module.cluster.random_string.cluster_service_account_suffix",
            "module.acm.module.acm_operator.module.k8sop_manifest.null_resource.module_depends_on",
            "module.cluster.module.gcloud_delete_default_kube_dns_configmap.module.gcloud_kubectl.null_resource.additional_components",
            "module.acm.module.acm_operator.module.k8sop_manifest.null_resource.additional_components",
            "module.cluster.google_container_cluster.primary",
            "module.cluster.google_project_iam_member.cluster_service_account-monitoring_viewer",
            "data.google_project.project",
            "module.cluster.module.gcloud_delete_default_kube_dns_configmap.module.gcloud_kubectl.null_resource.decompress_destroy",
            "module.cluster.module.gcloud_delete_default_kube_dns_configmap.module.gcloud_kubectl.null_resource.gcloud_auth_service_account_key_file_destroy",
            "module.cluster.module.gcloud_delete_default_kube_dns_configmap.module.gcloud_kubectl.null_resource.upgrade_destroy",
            "module.cluster.google_project_iam_member.cluster_service_account-artifact-registry",
            "module.cluster.google_project_iam_member.cluster_service_account-metric_writer",
            "module.cluster.module.gcloud_delete_default_kube_dns_configmap.module.gcloud_kubectl.null_resource.additional_components_destroy",
            "module.cluster.module.gcloud_delete_default_kube_dns_configmap.module.gcloud_kubectl.null_resource.gcloud_auth_google_credentials_destroy",
            "module.project-services.google_project_service.project_services",
            "module.cluster.google_container_node_pool.pools",
            "module.cluster.kubernetes_config_map.kube-dns-upstream-nameservers-and-stub-domains",
            "module.acm.module.acm_operator.module.k8sop_manifest.random_id.cache",
            "module.cluster.google_compute_firewall.shadow_allow_nodes",
            "module.cluster.google_project_iam_member.cluster_service_account-gcr",
            "module.cluster.module.gcloud_delete_default_kube_dns_configmap.module.gcloud_kubectl.null_resource.download_gcloud",
            "module.acm.module.acm_operator.module.k8sop_manifest.null_resource.gcloud_auth_service_account_key_file",
            "module.cluster.google_compute_firewall.intra_egress",
            "module.cluster.google_compute_firewall.master_webhooks",
            "module.cluster.google_compute_firewall.shadow_allow_master",
            "module.cluster.module.gcloud_delete_default_kube_dns_configmap.module.gcloud_kubectl.null_resource.module_depends_on",
            "module.cluster.module.gcloud_delete_default_kube_dns_configmap.module.gcloud_kubectl.null_resource.run_command",
            "module.cluster.module.gcloud_delete_default_kube_dns_configmap.module.gcloud_kubectl.random_id.cache",
            "module.acm.module.acm_operator.module.k8sop_manifest.null_resource.download_jq",
            "module.cluster.kubernetes_config_map.ip-masq-agent",
            "module.cluster.module.gcloud_delete_default_kube_dns_configmap.module.gcloud_kubectl.null_resource.run_destroy_command",
            "module.acm.module.acm_operator.module.k8sop_manifest.null_resource.gcloud_auth_google_credentials"
          ]
        }
      ]
    },
    {
      "module": "module.acm[\"0\"].module.acm_operator.module.rootsync_config.module.gcloud_kubectl",
      "mode": "managed",
      "type": "null_resource",
      "name": "module_depends_on",
      "provider": "provider[\"registry.terraform.io/hashicorp/null\"]",
      "instances": [
        {
          "index_key": 0,
          "schema_version": 0,
          "attributes": {
            "id": "2211178096494282703",
            "triggers": {
              "value": "1"
            }
          },
          "sensitive_attributes": [],
          "private": "bnVsbA==",
          "dependencies": [
            "module.acm.module.acm_operator.data.template_file.k8sop_config",
            "module.acm.module.acm_operator.module.k8s_operator.module.gcloud_kubectl.null_resource.additional_components",
            "module.acm.module.acm_operator.module.k8s_operator.module.gcloud_kubectl.null_resource.decompress",
            "module.acm.module.acm_operator.module.k8s_operator.module.gcloud_kubectl.null_resource.download_gcloud",
            "module.acm.module.acm_operator.module.k8s_operator.module.gcloud_kubectl.null_resource.gcloud_auth_google_credentials",
            "module.acm.module.acm_operator.module.k8s_operator.module.gcloud_kubectl.data.external.env_override",
            "module.acm.module.acm_operator.data.template_file.rootsync_config",
            "module.acm.module.acm_operator.module.k8s_operator.module.gcloud_kubectl.null_resource.download_jq",
            "data.google_project.project",
            "module.acm.module.acm_operator.module.k8s_operator.module.gcloud_kubectl.null_resource.gcloud_auth_service_account_key_file",
            "module.acm.module.acm_operator.module.k8s_operator.module.gcloud_kubectl.null_resource.prepare_cache",
            "module.acm.module.acm_operator.module.k8s_operator.module.gcloud_kubectl.null_resource.run_command",
            "module.acm.module.acm_operator.module.k8s_operator.module.gcloud_kubectl.null_resource.run_destroy_command",
            "module.acm.module.acm_operator.module.k8s_operator.module.gcloud_kubectl.null_resource.upgrade",
            "module.acm.module.acm_operator.module.k8s_operator.module.gcloud_kubectl.random_id.cache",
            "module.acm.module.acm_operator.module.k8sop_config.module.gcloud_kubectl.data.external.env_override",
            "module.acm.module.acm_operator.module.k8sop_config.module.gcloud_kubectl.null_resource.additional_components",
            "module.acm.module.acm_operator.module.k8sop_config.module.gcloud_kubectl.null_resource.decompress",
            "module.acm.module.acm_operator.module.k8sop_config.module.gcloud_kubectl.null_resource.download_gcloud",
            "module.acm.module.acm_operator.module.k8sop_config.module.gcloud_kubectl.null_resource.gcloud_auth_google_credentials",
            "module.acm.module.acm_operator.module.k8sop_config.module.gcloud_kubectl.null_resource.module_depends_on",
            "module.acm.module.acm_operator.module.k8sop_config.module.gcloud_kubectl.null_resource.download_jq",
            "module.acm.module.acm_operator.module.k8sop_config.module.gcloud_kubectl.null_resource.prepare_cache",
            "module.acm.module.acm_operator.module.k8sop_config.module.gcloud_kubectl.null_resource.run_command",
            "module.acm.module.acm_operator.module.k8sop_config.module.gcloud_kubectl.null_resource.run_destroy_command",
            "module.acm.module.acm_operator.module.k8sop_config.module.gcloud_kubectl.null_resource.upgrade",
            "module.acm.module.acm_operator.module.k8sop_config.module.gcloud_kubectl.random_id.cache",
            "module.acm.module.acm_operator.module.k8sop_creds_secret.module.gcloud_kubectl.null_resource.download_gcloud",
            "module.acm.module.acm_operator.module.k8s_operator.module.gcloud_kubectl.null_resource.module_depends_on",
            "module.acm.module.acm_operator.module.k8sop_config.module.gcloud_kubectl.null_resource.gcloud_auth_service_account_key_file",
            "module.acm.module.acm_operator.module.k8sop_creds_secret.module.gcloud_kubectl.null_resource.additional_components",
            "module.acm.module.acm_operator.module.k8sop_creds_secret.module.gcloud_kubectl.null_resource.decompress",
            "module.acm.module.acm_operator.module.k8sop_creds_secret.module.gcloud_kubectl.null_resource.download_jq",
            "module.acm.module.acm_operator.module.k8sop_creds_secret.module.gcloud_kubectl.null_resource.gcloud_auth_google_credentials",
            "module.acm.module.acm_operator.module.k8sop_creds_secret.module.gcloud_kubectl.null_resource.gcloud_auth_service_account_key_file",
            "module.acm.module.acm_operator.module.k8sop_creds_secret.module.gcloud_kubectl.null_resource.module_depends_on",
            "module.acm.module.acm_operator.module.k8sop_creds_secret.module.gcloud_kubectl.null_resource.prepare_cache",
            "module.acm.module.acm_operator.module.k8sop_creds_secret.module.gcloud_kubectl.null_resource.run_command",
            "module.acm.module.acm_operator.module.k8sop_creds_secret.module.gcloud_kubectl.null_resource.run_destroy_command",
            "module.acm.module.acm_operator.module.k8sop_creds_secret.module.gcloud_kubectl.null_resource.upgrade",
            "module.acm.module.acm_operator.module.k8sop_creds_secret.module.gcloud_kubectl.random_id.cache",
            "module.acm.module.acm_operator.module.k8sop_manifest.data.external.env_override",
            "module.acm.module.acm_operator.module.k8sop_manifest.null_resource.additional_components",
            "module.acm.module.acm_operator.module.k8sop_manifest.null_resource.decompress",
            "module.acm.module.acm_operator.module.k8sop_manifest.null_resource.download_gcloud",
            "module.acm.module.acm_operator.module.k8sop_manifest.null_resource.download_jq",
            "module.acm.module.acm_operator.module.k8sop_manifest.null_resource.gcloud_auth_google_credentials",
            "module.acm.module.acm_operator.module.k8sop_manifest.null_resource.gcloud_auth_service_account_key_file",
            "module.acm.module.acm_operator.module.k8sop_manifest.null_resource.module_depends_on",
            "module.acm.module.acm_operator.module.k8sop_manifest.null_resource.prepare_cache",
            "module.acm.module.acm_operator.module.k8sop_manifest.null_resource.run_command",
            "module.acm.module.acm_operator.module.k8sop_manifest.null_resource.run_destroy_command",
            "module.acm.module.acm_operator.module.k8sop_manifest.null_resource.upgrade",
            "module.acm.module.acm_operator.module.k8sop_manifest.random_id.cache",
            "module.acm.module.acm_operator.module.wait_for_configsync_api.module.gcloud_kubectl.data.external.env_override",
            "module.acm.module.acm_operator.module.wait_for_configsync_api.module.gcloud_kubectl.null_resource.additional_components",
            "module.acm.module.acm_operator.module.wait_for_configsync_api.module.gcloud_kubectl.null_resource.decompress",
            "module.acm.module.acm_operator.module.wait_for_configsync_api.module.gcloud_kubectl.null_resource.download_gcloud",
            "module.acm.module.acm_operator.module.wait_for_configsync_api.module.gcloud_kubectl.null_resource.download_jq",
            "module.acm.module.acm_operator.module.wait_for_configsync_api.module.gcloud_kubectl.null_resource.gcloud_auth_google_credentials",
            "module.acm.module.acm_operator.module.wait_for_configsync_api.module.gcloud_kubectl.null_resource.gcloud_auth_service_account_key_file",
            "module.acm.module.acm_operator.module.wait_for_configsync_api.module.gcloud_kubectl.null_resource.module_depends_on",
            "module.acm.module.acm_operator.module.wait_for_configsync_api.module.gcloud_kubectl.null_resource.prepare_cache",
            "module.acm.module.acm_operator.module.wait_for_configsync_api.module.gcloud_kubectl.null_resource.run_command",
            "module.acm.module.acm_operator.module.wait_for_configsync_api.module.gcloud_kubectl.null_resource.run_destroy_command",
            "module.acm.module.acm_operator.module.wait_for_configsync_api.module.gcloud_kubectl.null_resource.upgrade",
            "module.acm.module.acm_operator.module.wait_for_configsync_api.module.gcloud_kubectl.random_id.cache",
            "module.acm.module.acm_operator.tls_private_key.k8sop_creds",
            "module.cluster.data.google_compute_subnetwork.gke_subnetwork",
            "module.cluster.data.google_compute_zones.available",
            "module.acm.module.acm_operator.module.k8sop_creds_secret.module.gcloud_kubectl.data.external.env_override",
            "module.cluster.data.google_container_engine_versions.region",
            "module.cluster.data.google_container_engine_versions.zone",
            "module.cluster.google_compute_firewall.intra_egress",
            "module.cluster.google_compute_firewall.master_webhooks",
            "module.cluster.google_compute_firewall.shadow_allow_master",
            "module.cluster.google_compute_firewall.shadow_allow_nodes",
            "module.cluster.google_compute_firewall.shadow_allow_pods",
            "module.cluster.google_container_cluster.primary",
            "module.cluster.google_container_node_pool.pools",
            "module.cluster.google_project_iam_member.cluster_service_account-artifact-registry",
            "module.cluster.google_project_iam_member.cluster_service_account-gcr",
            "module.cluster.google_project_iam_member.cluster_service_account-log_writer",
            "module.cluster.google_project_iam_member.cluster_service_account-metric_writer",
            "module.cluster.google_project_iam_member.cluster_service_account-monitoring_viewer",
            "module.cluster.google_project_iam_member.cluster_service_account-resourceMetadata-writer",
            "module.cluster.google_service_account.cluster_service_account",
            "module.cluster.kubernetes_config_map.ip-masq-agent",
            "module.cluster.kubernetes_config_map.kube-dns",
            "module.cluster.kubernetes_config_map.kube-dns-upstream-nameservers-and-stub-domains",
            "module.cluster.kubernetes_config_map.kube-dns-upstream-namservers",
            "module.cluster.module.gcloud_delete_default_kube_dns_configmap.module.gcloud_kubectl.data.external.env_override",
            "module.cluster.module.gcloud_delete_default_kube_dns_configmap.module.gcloud_kubectl.null_resource.additional_components",
            "module.cluster.module.gcloud_delete_default_kube_dns_configmap.module.gcloud_kubectl.null_resource.additional_components_destroy",
            "module.cluster.module.gcloud_delete_default_kube_dns_configmap.module.gcloud_kubectl.null_resource.decompress",
            "module.cluster.module.gcloud_delete_default_kube_dns_configmap.module.gcloud_kubectl.null_resource.decompress_destroy",
            "module.cluster.module.gcloud_delete_default_kube_dns_configmap.module.gcloud_kubectl.null_resource.download_gcloud",
            "module.cluster.module.gcloud_delete_default_kube_dns_configmap.module.gcloud_kubectl.null_resource.download_jq",
            "module.cluster.module.gcloud_delete_default_kube_dns_configmap.module.gcloud_kubectl.null_resource.gcloud_auth_google_credentials",
            "module.cluster.module.gcloud_delete_default_kube_dns_configmap.module.gcloud_kubectl.null_resource.gcloud_auth_google_credentials_destroy",
            "module.cluster.module.gcloud_delete_default_kube_dns_configmap.module.gcloud_kubectl.null_resource.gcloud_auth_service_account_key_file",
            "module.cluster.module.gcloud_delete_default_kube_dns_configmap.module.gcloud_kubectl.null_resource.gcloud_auth_service_account_key_file_destroy",
            "module.cluster.module.gcloud_delete_default_kube_dns_configmap.module.gcloud_kubectl.null_resource.module_depends_on",
            "module.cluster.module.gcloud_delete_default_kube_dns_configmap.module.gcloud_kubectl.null_resource.prepare_cache",
            "module.cluster.module.gcloud_delete_default_kube_dns_configmap.module.gcloud_kubectl.null_resource.run_command",
            "module.cluster.module.gcloud_delete_default_kube_dns_configmap.module.gcloud_kubectl.null_resource.run_destroy_command",
            "module.cluster.module.gcloud_delete_default_kube_dns_configmap.module.gcloud_kubectl.null_resource.upgrade",
            "module.cluster.module.gcloud_delete_default_kube_dns_configmap.module.gcloud_kubectl.null_resource.upgrade_destroy",
            "module.cluster.module.gcloud_delete_default_kube_dns_configmap.module.gcloud_kubectl.random_id.cache",
            "module.cluster.random_shuffle.available_zones",
            "module.cluster.random_string.cluster_service_account_suffix",
            "module.project-services.google_project_service.project_services"
          ]
        }
      ]
    },
    {
      "module": "module.acm[\"0\"].module.acm_operator.module.wait_for_configsync_api.module.gcloud_kubectl",
      "mode": "managed",
      "type": "null_resource",
      "name": "additional_components",
      "provider": "provider[\"registry.terraform.io/hashicorp/null\"]",
      "instances": []
    },
    {
      "module": "module.acm[\"0\"].module.acm_operator.module.wait_for_configsync_api.module.gcloud_kubectl",
      "mode": "managed",
      "type": "null_resource",
      "name": "gcloud_auth_google_credentials",
      "provider": "provider[\"registry.terraform.io/hashicorp/null\"]",
      "instances": []
    },
    {
      "module": "module.acm[\"0\"].module.acm_operator.module.wait_for_configsync_api.module.gcloud_kubectl",
      "mode": "managed",
      "type": "null_resource",
      "name": "gcloud_auth_service_account_key_file",
      "provider": "provider[\"registry.terraform.io/hashicorp/null\"]",
      "instances": []
    },
    {
      "module": "module.acm[\"0\"].module.acm_operator.module.wait_for_configsync_api.module.gcloud_kubectl",
      "mode": "managed",
      "type": "null_resource",
      "name": "run_command",
      "provider": "provider[\"registry.terraform.io/hashicorp/null\"]",
      "instances": []
    },
    {
      "module": "module.acm[\"0\"].module.acm_operator.module.wait_for_configsync_api.module.gcloud_kubectl",
      "mode": "managed",
      "type": "null_resource",
      "name": "run_destroy_command",
      "provider": "provider[\"registry.terraform.io/hashicorp/null\"]",
      "instances": []
    },
    {
      "module": "module.acm[\"0\"].module.acm_operator.module.wait_for_gatekeeper.module.gcloud_kubectl",
      "mode": "data",
      "type": "external",
      "name": "env_override",
      "provider": "provider[\"registry.terraform.io/hashicorp/external\"]",
      "instances": [
        {
          "index_key": 0,
          "schema_version": 0,
          "attributes": {
            "id": "-",
            "program": [
              ".terraform/modules/acm.acm_operator.wait_for_gatekeeper/scripts/check_env.sh"
            ],
            "query": null,
            "result": {
              "download": ""
            },
            "working_dir": null
          },
          "sensitive_attributes": []
        }
      ]
    },
    {
      "module": "module.acm[\"0\"].module.acm_operator.module.wait_for_gatekeeper.module.gcloud_kubectl",
      "mode": "managed",
      "type": "null_resource",
      "name": "additional_components",
      "provider": "provider[\"registry.terraform.io/hashicorp/null\"]",
      "instances": [
        {
          "index_key": 0,
          "schema_version": 0,
          "attributes": {
            "id": "385722990305704643",
            "triggers": {
              "additional_components_command": ".terraform/modules/acm.acm_operator.wait_for_gatekeeper/scripts/check_components.sh gcloud kubectl",
              "arguments": "3db927219ae1523d57cf53317fbb521c",
              "md5": "715b89377c19e7ade7bab1ecfc66c9b9",
              "script_sha1": "e1780a62dcd319cb88616007c9c22324f63a6375"
            }
          },
          "sensitive_attributes": [],
          "private": "bnVsbA==",
          "dependencies": [
            "data.google_project.project",
            "module.acm.module.acm_operator.module.k8s_operator.module.gcloud_kubectl.null_resource.gcloud_auth_service_account_key_file",
            "module.acm.module.acm_operator.module.k8s_operator.module.gcloud_kubectl.data.external.env_override",
            "module.acm.module.acm_operator.module.k8s_operator.module.gcloud_kubectl.null_resource.additional_components",
            "module.acm.module.acm_operator.module.k8s_operator.module.gcloud_kubectl.null_resource.gcloud_auth_google_credentials",
            "module.acm.module.acm_operator.module.k8s_operator.module.gcloud_kubectl.null_resource.decompress",
            "module.acm.module.acm_operator.module.k8s_operator.module.gcloud_kubectl.null_resource.download_jq",
            "module.acm.module.acm_operator.data.template_file.k8sop_config",
            "module.acm.module.acm_operator.module.k8s_operator.module.gcloud_kubectl.null_resource.download_gcloud",
            "module.acm.module.acm_operator.module.k8s_operator.module.gcloud_kubectl.null_resource.module_depends_on",
            "module.acm.module.acm_operator.module.k8s_operator.module.gcloud_kubectl.null_resource.run_command",
            "module.acm.module.acm_operator.module.k8s_operator.module.gcloud_kubectl.null_resource.run_destroy_command",
            "module.acm.module.acm_operator.module.k8s_operator.module.gcloud_kubectl.null_resource.upgrade",
            "module.acm.module.acm_operator.module.k8s_operator.module.gcloud_kubectl.random_id.cache",
            "module.acm.module.acm_operator.module.k8sop_config.module.gcloud_kubectl.data.external.env_override",
            "module.acm.module.acm_operator.module.k8sop_config.module.gcloud_kubectl.null_resource.additional_components",
            "module.acm.module.acm_operator.module.k8sop_config.module.gcloud_kubectl.null_resource.decompress",
            "module.acm.module.acm_operator.module.k8sop_config.module.gcloud_kubectl.null_resource.download_gcloud",
            "module.acm.module.acm_operator.module.k8sop_config.module.gcloud_kubectl.null_resource.download_jq",
            "module.acm.module.acm_operator.module.k8sop_config.module.gcloud_kubectl.null_resource.gcloud_auth_google_credentials",
            "module.acm.module.acm_operator.module.k8sop_config.module.gcloud_kubectl.null_resource.gcloud_auth_service_account_key_file",
            "module.acm.module.acm_operator.module.k8s_operator.module.gcloud_kubectl.null_resource.prepare_cache",
            "module.acm.module.acm_operator.module.k8sop_config.module.gcloud_kubectl.null_resource.module_depends_on",
            "module.acm.module.acm_operator.module.k8sop_config.module.gcloud_kubectl.null_resource.prepare_cache",
            "module.acm.module.acm_operator.module.k8sop_config.module.gcloud_kubectl.null_resource.run_command",
            "module.acm.module.acm_operator.module.k8sop_config.module.gcloud_kubectl.null_resource.run_destroy_command",
            "module.acm.module.acm_operator.module.k8sop_config.module.gcloud_kubectl.null_resource.upgrade",
            "module.acm.module.acm_operator.module.k8sop_config.module.gcloud_kubectl.random_id.cache",
            "module.acm.module.acm_operator.module.k8sop_creds_secret.module.gcloud_kubectl.data.external.env_override",
            "module.acm.module.acm_operator.module.k8sop_creds_secret.module.gcloud_kubectl.null_resource.additional_components",
            "module.acm.module.acm_operator.module.k8sop_creds_secret.module.gcloud_kubectl.null_resource.decompress",
            "module.acm.module.acm_operator.module.k8sop_creds_secret.module.gcloud_kubectl.null_resource.download_gcloud",
            "module.acm.module.acm_operator.module.k8sop_creds_secret.module.gcloud_kubectl.null_resource.gcloud_auth_google_credentials",
            "module.acm.module.acm_operator.module.k8sop_creds_secret.module.gcloud_kubectl.null_resource.gcloud_auth_service_account_key_file",
            "module.acm.module.acm_operator.module.k8sop_creds_secret.module.gcloud_kubectl.null_resource.module_depends_on",
            "module.acm.module.acm_operator.module.k8sop_creds_secret.module.gcloud_kubectl.null_resource.prepare_cache",
            "module.acm.module.acm_operator.module.k8sop_creds_secret.module.gcloud_kubectl.null_resource.run_command",
            "module.acm.module.acm_operator.module.k8sop_creds_secret.module.gcloud_kubectl.null_resource.run_destroy_command",
            "module.acm.module.acm_operator.module.k8sop_creds_secret.module.gcloud_kubectl.null_resource.upgrade",
            "module.acm.module.acm_operator.module.k8sop_creds_secret.module.gcloud_kubectl.random_id.cache",
            "module.acm.module.acm_operator.module.k8sop_manifest.data.external.env_override",
            "module.acm.module.acm_operator.module.k8sop_manifest.null_resource.additional_components",
            "module.acm.module.acm_operator.module.k8sop_manifest.null_resource.decompress",
            "module.acm.module.acm_operator.module.k8sop_manifest.null_resource.download_gcloud",
            "module.acm.module.acm_operator.module.k8sop_manifest.null_resource.download_jq",
            "module.acm.module.acm_operator.module.k8sop_manifest.null_resource.gcloud_auth_google_credentials",
            "module.acm.module.acm_operator.module.k8sop_manifest.null_resource.gcloud_auth_service_account_key_file",
            "module.acm.module.acm_operator.module.k8sop_manifest.null_resource.module_depends_on",
            "module.acm.module.acm_operator.module.k8sop_manifest.null_resource.prepare_cache",
            "module.acm.module.acm_operator.module.k8sop_manifest.null_resource.run_command",
            "module.acm.module.acm_operator.module.k8sop_manifest.null_resource.run_destroy_command",
            "module.acm.module.acm_operator.module.k8sop_manifest.null_resource.upgrade",
            "module.acm.module.acm_operator.module.k8sop_manifest.random_id.cache",
            "module.acm.module.acm_operator.module.wait_for_gatekeeper.module.gcloud_kubectl.data.external.env_override",
            "module.acm.module.acm_operator.module.wait_for_gatekeeper.module.gcloud_kubectl.null_resource.decompress",
            "module.acm.module.acm_operator.module.wait_for_gatekeeper.module.gcloud_kubectl.null_resource.download_gcloud",
            "module.acm.module.acm_operator.module.wait_for_gatekeeper.module.gcloud_kubectl.null_resource.download_jq",
            "module.acm.module.acm_operator.module.wait_for_gatekeeper.module.gcloud_kubectl.null_resource.module_depends_on",
            "module.acm.module.acm_operator.module.wait_for_gatekeeper.module.gcloud_kubectl.null_resource.prepare_cache",
            "module.acm.module.acm_operator.module.wait_for_gatekeeper.module.gcloud_kubectl.null_resource.upgrade",
            "module.acm.module.acm_operator.module.wait_for_gatekeeper.module.gcloud_kubectl.random_id.cache",
            "module.cluster.data.google_compute_subnetwork.gke_subnetwork",
            "module.cluster.data.google_compute_zones.available",
            "module.cluster.kubernetes_config_map.kube-dns-upstream-namservers",
            "module.cluster.google_container_cluster.primary",
            "module.cluster.google_container_node_pool.pools",
            "module.cluster.module.gcloud_delete_default_kube_dns_configmap.module.gcloud_kubectl.data.external.env_override",
            "module.acm.module.acm_operator.module.k8sop_creds_secret.module.gcloud_kubectl.null_resource.download_jq",
            "module.cluster.data.google_container_engine_versions.region",
            "module.cluster.google_compute_firewall.intra_egress",
            "module.cluster.google_compute_firewall.master_webhooks",
            "module.cluster.google_compute_firewall.shadow_allow_master",
            "module.cluster.google_compute_firewall.shadow_allow_nodes",
            "module.cluster.google_compute_firewall.shadow_allow_pods",
            "module.cluster.data.google_container_engine_versions.zone",
            "module.cluster.google_project_iam_member.cluster_service_account-artifact-registry",
            "module.cluster.google_project_iam_member.cluster_service_account-gcr",
            "module.cluster.google_project_iam_member.cluster_service_account-log_writer",
            "module.cluster.google_project_iam_member.cluster_service_account-metric_writer",
            "module.cluster.google_project_iam_member.cluster_service_account-monitoring_viewer",
            "module.cluster.google_project_iam_member.cluster_service_account-resourceMetadata-writer",
            "module.cluster.google_service_account.cluster_service_account",
            "module.cluster.kubernetes_config_map.ip-masq-agent",
            "module.cluster.kubernetes_config_map.kube-dns",
            "module.cluster.kubernetes_config_map.kube-dns-upstream-nameservers-and-stub-domains",
            "module.cluster.google_container_node_pool.pools",
            "module.cluster.module.gcloud_delete_default_kube_dns_configmap.module.gcloud_kubectl.null_resource.additional_components",
            "module.cluster.module.gcloud_delete_default_kube_dns_configmap.module.gcloud_kubectl.null_resource.additional_components_destroy",
            "module.cluster.module.gcloud_delete_default_kube_dns_configmap.module.gcloud_kubectl.null_resource.decompress",
            "module.cluster.module.gcloud_delete_default_kube_dns_configmap.module.gcloud_kubectl.null_resource.decompress_destroy",
            "module.cluster.module.gcloud_delete_default_kube_dns_configmap.module.gcloud_kubectl.null_resource.download_gcloud",
            "module.cluster.module.gcloud_delete_default_kube_dns_configmap.module.gcloud_kubectl.null_resource.download_jq",
            "module.cluster.module.gcloud_delete_default_kube_dns_configmap.module.gcloud_kubectl.null_resource.gcloud_auth_google_credentials",
            "module.cluster.module.gcloud_delete_default_kube_dns_configmap.module.gcloud_kubectl.null_resource.gcloud_auth_google_credentials_destroy",
            "module.cluster.module.gcloud_delete_default_kube_dns_configmap.module.gcloud_kubectl.null_resource.gcloud_auth_service_account_key_file",
            "module.cluster.module.gcloud_delete_default_kube_dns_configmap.module.gcloud_kubectl.null_resource.gcloud_auth_service_account_key_file_destroy",
            "module.cluster.module.gcloud_delete_default_kube_dns_configmap.module.gcloud_kubectl.null_resource.module_depends_on",
            "module.cluster.module.gcloud_delete_default_kube_dns_configmap.module.gcloud_kubectl.null_resource.prepare_cache",
            "module.cluster.module.gcloud_delete_default_kube_dns_configmap.module.gcloud_kubectl.null_resource.run_command",
            "module.cluster.module.gcloud_delete_default_kube_dns_configmap.module.gcloud_kubectl.null_resource.run_destroy_command",
            "module.cluster.module.gcloud_delete_default_kube_dns_configmap.module.gcloud_kubectl.null_resource.upgrade",
            "module.cluster.module.gcloud_delete_default_kube_dns_configmap.module.gcloud_kubectl.null_resource.upgrade_destroy",
            "module.cluster.module.gcloud_delete_default_kube_dns_configmap.module.gcloud_kubectl.random_id.cache",
            "module.cluster.random_shuffle.available_zones",
            "module.cluster.random_string.cluster_service_account_suffix",
            "module.project-services.google_project_service.project_services"
          ]
        }
      ]
    },
    {
      "module": "module.acm[\"0\"].module.acm_operator.module.wait_for_gatekeeper.module.gcloud_kubectl",
      "mode": "managed",
      "type": "null_resource",
      "name": "decompress",
      "provider": "provider[\"registry.terraform.io/hashicorp/null\"]",
      "instances": []
    },
    {
      "module": "module.acm[\"0\"].module.acm_operator.module.wait_for_gatekeeper.module.gcloud_kubectl",
      "mode": "managed",
      "type": "null_resource",
      "name": "gcloud_auth_google_credentials",
      "provider": "provider[\"registry.terraform.io/hashicorp/null\"]",
      "instances": []
    },
    {
      "module": "module.acm[\"0\"].module.acm_operator.module.wait_for_gatekeeper.module.gcloud_kubectl",
      "mode": "managed",
      "type": "null_resource",
      "name": "gcloud_auth_service_account_key_file",
      "provider": "provider[\"registry.terraform.io/hashicorp/null\"]",
      "instances": []
    },
    {
      "module": "module.acm[\"0\"].module.acm_operator.module.wait_for_gatekeeper.module.gcloud_kubectl",
      "mode": "managed",
      "type": "null_resource",
      "name": "run_destroy_command",
      "provider": "provider[\"registry.terraform.io/hashicorp/null\"]",
      "instances": []
    },
    {
      "module": "module.acm[\"0\"].module.acm_operator.module.wait_for_gatekeeper.module.gcloud_kubectl",
      "mode": "managed",
      "type": "null_resource",
      "name": "upgrade",
      "provider": "provider[\"registry.terraform.io/hashicorp/null\"]",
      "instances": []
    },
    {
      "module": "module.acm[\"0\"].module.acm_operator.module.wait_for_gatekeeper.module.gcloud_kubectl",
      "mode": "managed",
      "type": "random_id",
      "name": "cache",
      "provider": "provider[\"registry.terraform.io/hashicorp/random\"]",
      "instances": []
    },
    {
      "module": "module.acm[\"0\"].module.enable_acm",
      "mode": "data",
      "type": "external",
      "name": "env_override",
      "provider": "provider[\"registry.terraform.io/hashicorp/external\"]",
      "instances": [
        {
          "index_key": 0,
          "schema_version": 0,
          "attributes": {
            "id": "-",
            "program": [
              ".terraform/modules/acm.enable_acm/scripts/check_env.sh"
            ],
            "query": null,
            "result": {
              "download": ""
            },
            "working_dir": null
          },
          "sensitive_attributes": []
        }
      ]
    },
    {
      "module": "module.acm[\"0\"].module.enable_acm",
      "mode": "managed",
      "type": "null_resource",
      "name": "additional_components",
      "provider": "provider[\"registry.terraform.io/hashicorp/null\"]",
      "instances": [
        {
          "index_key": 0,
          "schema_version": 0,
          "attributes": {
            "id": "3485777207030497815",
            "triggers": {
              "additional_components_command": ".terraform/modules/acm.enable_acm/scripts/check_components.sh gcloud alpha",
              "arguments": "97b3edfe1c76c6bd55f7ab5fd12ed994",
              "md5": "7f22bf39aaf5ce5980111c3587bef5b5"
            }
          },
          "sensitive_attributes": [],
          "private": "bnVsbA==",
          "dependencies": [
            "module.cluster.google_container_cluster.primary",
            "module.cluster.google_project_iam_member.cluster_service_account-log_writer",
            "module.cluster.kubernetes_config_map.ip-masq-agent",
            "module.cluster.module.gcloud_delete_default_kube_dns_configmap.module.gcloud_kubectl.null_resource.module_depends_on",
            "module.cluster.module.gcloud_delete_default_kube_dns_configmap.module.gcloud_kubectl.null_resource.run_command",
            "module.project-services.google_project_service.project_services",
            "module.cluster.google_compute_firewall.shadow_allow_master",
            "module.cluster.google_compute_firewall.shadow_allow_pods",
            "module.cluster.module.gcloud_delete_default_kube_dns_configmap.module.gcloud_kubectl.null_resource.gcloud_auth_google_credentials",
            "module.cluster.module.gcloud_delete_default_kube_dns_configmap.module.gcloud_kubectl.null_resource.gcloud_auth_service_account_key_file_destroy",
            "module.acm.module.enable_acm.random_id.cache",
            "module.cluster.google_service_account.cluster_service_account",
            "module.cluster.google_project_iam_member.cluster_service_account-resourceMetadata-writer",
            "module.cluster.kubernetes_config_map.kube-dns",
            "module.cluster.kubernetes_config_map.kube-dns-upstream-namservers",
            "module.cluster.module.gcloud_delete_default_kube_dns_configmap.module.gcloud_kubectl.null_resource.prepare_cache",
            "module.cluster.module.gcloud_delete_default_kube_dns_configmap.module.gcloud_kubectl.null_resource.run_destroy_command",
            "module.cluster.google_compute_firewall.intra_egress",
            "module.cluster.google_compute_firewall.shadow_allow_nodes",
            "module.cluster.module.gcloud_delete_default_kube_dns_configmap.module.gcloud_kubectl.null_resource.upgrade_destroy",
            "module.acm.module.enable_acm.null_resource.prepare_cache",
            "module.cluster.google_project_iam_member.cluster_service_account-monitoring_viewer",
            "module.acm.module.enable_acm.null_resource.download_jq",
            "module.acm.module.enable_acm.null_resource.upgrade",
            "module.cluster.data.google_compute_zones.available",
            "module.cluster.data.google_container_engine_versions.zone",
            "module.cluster.google_compute_firewall.master_webhooks",
            "module.cluster.google_project_iam_member.cluster_service_account-gcr",
            "data.google_project.project",
            "module.acm.module.enable_acm.null_resource.download_gcloud",
            "module.cluster.module.gcloud_delete_default_kube_dns_configmap.module.gcloud_kubectl.null_resource.download_jq",
            "module.cluster.data.google_compute_subnetwork.gke_subnetwork",
            "module.cluster.module.gcloud_delete_default_kube_dns_configmap.module.gcloud_kubectl.data.external.env_override",
            "module.cluster.module.gcloud_delete_default_kube_dns_configmap.module.gcloud_kubectl.null_resource.additional_components_destroy",
            "module.cluster.module.gcloud_delete_default_kube_dns_configmap.module.gcloud_kubectl.null_resource.decompress",
            "module.cluster.module.gcloud_delete_default_kube_dns_configmap.module.gcloud_kubectl.null_resource.gcloud_auth_service_account_key_file",
            "module.cluster.module.gcloud_delete_default_kube_dns_configmap.module.gcloud_kubectl.null_resource.upgrade",
            "module.acm.module.enable_acm.data.external.env_override",
            "module.acm.module.enable_acm.null_resource.decompress",
            "module.cluster.kubernetes_config_map.kube-dns-upstream-nameservers-and-stub-domains",
            "module.cluster.module.gcloud_delete_default_kube_dns_configmap.module.gcloud_kubectl.null_resource.additional_components",
            "module.cluster.module.gcloud_delete_default_kube_dns_configmap.module.gcloud_kubectl.null_resource.download_gcloud",
            "module.cluster.module.gcloud_delete_default_kube_dns_configmap.module.gcloud_kubectl.random_id.cache",
            "module.cluster.random_string.cluster_service_account_suffix",
            "module.cluster.data.google_container_engine_versions.region",
            "module.cluster.google_project_iam_member.cluster_service_account-artifact-registry",
            "module.cluster.google_project_iam_member.cluster_service_account-metric_writer",
            "module.cluster.module.gcloud_delete_default_kube_dns_configmap.module.gcloud_kubectl.null_resource.decompress_destroy",
            "module.cluster.module.gcloud_delete_default_kube_dns_configmap.module.gcloud_kubectl.null_resource.gcloud_auth_google_credentials_destroy",
            "module.cluster.random_shuffle.available_zones",
            "module.acm.module.enable_acm.null_resource.module_depends_on",
            "module.cluster.google_container_node_pool.pools"
          ]
        }
      ]
    },
    {
      "module": "module.acm[\"0\"].module.enable_acm",
      "mode": "managed",
      "type": "null_resource",
      "name": "additional_components_destroy",
      "provider": "provider[\"registry.terraform.io/hashicorp/null\"]",
      "instances": [
        {
          "index_key": 0,
          "schema_version": 0,
          "attributes": {
            "id": "4440622456741345830",
            "triggers": {
              "additional_components_command": ".terraform/modules/acm.enable_acm/scripts/check_components.sh gcloud alpha"
            }
          },
          "sensitive_attributes": [],
          "private": "bnVsbA==",
          "dependencies": [
            "module.cluster.kubernetes_config_map.ip-masq-agent",
            "module.cluster.module.gcloud_delete_default_kube_dns_configmap.module.gcloud_kubectl.null_resource.upgrade_destroy",
            "module.acm.module.enable_acm.null_resource.additional_components",
            "module.cluster.google_container_node_pool.pools",
            "module.cluster.module.gcloud_delete_default_kube_dns_configmap.module.gcloud_kubectl.null_resource.gcloud_auth_service_account_key_file",
            "module.cluster.module.gcloud_delete_default_kube_dns_configmap.module.gcloud_kubectl.null_resource.run_command",
            "module.acm.module.enable_acm.random_id.cache",
            "module.cluster.module.gcloud_delete_default_kube_dns_configmap.module.gcloud_kubectl.null_resource.download_gcloud",
            "module.cluster.kubernetes_config_map.kube-dns",
            "module.acm.module.enable_acm.null_resource.prepare_cache",
            "module.cluster.data.google_container_engine_versions.region",
            "module.cluster.module.gcloud_delete_default_kube_dns_configmap.module.gcloud_kubectl.null_resource.gcloud_auth_service_account_key_file_destroy",
            "module.cluster.module.gcloud_delete_default_kube_dns_configmap.module.gcloud_kubectl.null_resource.prepare_cache",
            "module.cluster.google_compute_firewall.intra_egress",
            "module.cluster.google_compute_firewall.shadow_allow_master",
            "module.acm.module.enable_acm.null_resource.download_jq",
            "module.cluster.data.google_compute_subnetwork.gke_subnetwork",
            "module.cluster.google_project_iam_member.cluster_service_account-monitoring_viewer",
            "module.acm.module.enable_acm.data.external.env_override",
            "module.acm.module.enable_acm.null_resource.decompress",
            "module.cluster.google_project_iam_member.cluster_service_account-artifact-registry",
            "module.acm.module.enable_acm.null_resource.module_depends_on",
            "module.cluster.google_compute_firewall.shadow_allow_nodes",
            "module.cluster.random_shuffle.available_zones",
            "module.cluster.module.gcloud_delete_default_kube_dns_configmap.module.gcloud_kubectl.null_resource.additional_components",
            "module.cluster.google_project_iam_member.cluster_service_account-log_writer",
            "module.cluster.kubernetes_config_map.kube-dns-upstream-namservers",
            "module.acm.module.enable_acm.null_resource.upgrade",
            "module.cluster.google_project_iam_member.cluster_service_account-gcr",
            "module.cluster.module.gcloud_delete_default_kube_dns_configmap.module.gcloud_kubectl.null_resource.gcloud_auth_google_credentials",
            "module.cluster.module.gcloud_delete_default_kube_dns_configmap.module.gcloud_kubectl.null_resource.gcloud_auth_google_credentials_destroy",
            "module.acm.module.enable_acm.null_resource.download_gcloud",
            "module.acm.module.enable_acm.null_resource.gcloud_auth_google_credentials",
            "module.cluster.google_compute_firewall.master_webhooks",
            "module.cluster.module.gcloud_delete_default_kube_dns_configmap.module.gcloud_kubectl.data.external.env_override",
            "module.cluster.module.gcloud_delete_default_kube_dns_configmap.module.gcloud_kubectl.null_resource.additional_components_destroy",
            "module.cluster.module.gcloud_delete_default_kube_dns_configmap.module.gcloud_kubectl.null_resource.download_jq",
            "module.acm.module.enable_acm.null_resource.gcloud_auth_service_account_key_file",
            "module.cluster.data.google_container_engine_versions.zone",
            "module.cluster.module.gcloud_delete_default_kube_dns_configmap.module.gcloud_kubectl.null_resource.upgrade",
            "module.acm.module.enable_acm.null_resource.run_destroy_command",
            "module.cluster.module.gcloud_delete_default_kube_dns_configmap.module.gcloud_kubectl.null_resource.decompress",
            "module.cluster.google_service_account.cluster_service_account",
            "module.cluster.module.gcloud_delete_default_kube_dns_configmap.module.gcloud_kubectl.random_id.cache",
            "module.cluster.google_project_iam_member.cluster_service_account-metric_writer",
            "module.cluster.google_project_iam_member.cluster_service_account-resourceMetadata-writer",
            "module.cluster.google_container_cluster.primary",
            "module.project-services.google_project_service.project_services",
            "module.cluster.data.google_compute_zones.available",
            "module.cluster.google_compute_firewall.shadow_allow_pods",
            "module.cluster.module.gcloud_delete_default_kube_dns_configmap.module.gcloud_kubectl.null_resource.decompress_destroy",
            "module.cluster.module.gcloud_delete_default_kube_dns_configmap.module.gcloud_kubectl.null_resource.module_depends_on",
            "module.cluster.module.gcloud_delete_default_kube_dns_configmap.module.gcloud_kubectl.null_resource.run_destroy_command",
            "module.cluster.random_string.cluster_service_account_suffix",
            "data.google_project.project",
            "module.cluster.kubernetes_config_map.kube-dns-upstream-nameservers-and-stub-domains"
          ]
        }
      ]
    },
    {
      "module": "module.acm[\"0\"].module.enable_acm",
      "mode": "managed",
      "type": "null_resource",
      "name": "run_command",
      "provider": "provider[\"registry.terraform.io/hashicorp/null\"]",
      "instances": [
        {
          "index_key": 0,
          "schema_version": 0,
          "attributes": {
            "id": "7179153666611402281",
            "triggers": {
              "arguments": "97b3edfe1c76c6bd55f7ab5fd12ed994",
              "create_cmd_body": "alpha container hub config-management enable --project anthos-lab-310709",
              "create_cmd_entrypoint": "gcloud",
              "gcloud_bin_abs_path": "/google-cloud-sdk/bin",
              "md5": "7f22bf39aaf5ce5980111c3587bef5b5"
            }
          },
          "sensitive_attributes": [],
          "private": "bnVsbA==",
          "dependencies": [
            "data.google_project.project",
            "module.acm.module.enable_acm.data.external.env_override",
            "module.acm.module.enable_acm.null_resource.additional_components",
            "module.acm.module.enable_acm.null_resource.decompress",
            "module.acm.module.enable_acm.null_resource.gcloud_auth_google_credentials",
            "module.acm.module.enable_acm.null_resource.gcloud_auth_service_account_key_file",
            "module.acm.module.enable_acm.null_resource.module_depends_on",
            "module.acm.module.enable_acm.random_id.cache",
            "module.cluster.data.google_compute_subnetwork.gke_subnetwork",
            "module.cluster.data.google_compute_zones.available",
            "module.cluster.data.google_container_engine_versions.region",
            "module.cluster.data.google_container_engine_versions.zone",
            "module.cluster.google_compute_firewall.intra_egress",
            "module.cluster.google_compute_firewall.master_webhooks",
            "module.cluster.google_compute_firewall.shadow_allow_master",
            "module.cluster.google_compute_firewall.shadow_allow_nodes",
            "module.cluster.google_compute_firewall.shadow_allow_pods",
            "module.cluster.google_container_cluster.primary",
            "module.cluster.google_container_node_pool.pools",
            "module.cluster.google_project_iam_member.cluster_service_account-artifact-registry",
            "module.cluster.google_project_iam_member.cluster_service_account-gcr",
            "module.cluster.google_project_iam_member.cluster_service_account-log_writer",
            "module.cluster.google_project_iam_member.cluster_service_account-metric_writer",
            "module.cluster.google_project_iam_member.cluster_service_account-monitoring_viewer",
            "module.cluster.google_project_iam_member.cluster_service_account-resourceMetadata-writer",
            "module.cluster.google_service_account.cluster_service_account",
            "module.cluster.kubernetes_config_map.ip-masq-agent",
            "module.cluster.kubernetes_config_map.kube-dns",
            "module.cluster.kubernetes_config_map.kube-dns-upstream-nameservers-and-stub-domains",
            "module.cluster.kubernetes_config_map.kube-dns-upstream-namservers",
            "module.cluster.module.gcloud_delete_default_kube_dns_configmap.module.gcloud_kubectl.data.external.env_override",
            "module.cluster.module.gcloud_delete_default_kube_dns_configmap.module.gcloud_kubectl.null_resource.additional_components",
            "module.cluster.module.gcloud_delete_default_kube_dns_configmap.module.gcloud_kubectl.null_resource.additional_components_destroy",
            "module.cluster.module.gcloud_delete_default_kube_dns_configmap.module.gcloud_kubectl.null_resource.decompress",
            "module.cluster.module.gcloud_delete_default_kube_dns_configmap.module.gcloud_kubectl.null_resource.decompress_destroy",
            "module.cluster.module.gcloud_delete_default_kube_dns_configmap.module.gcloud_kubectl.null_resource.download_gcloud",
            "module.cluster.module.gcloud_delete_default_kube_dns_configmap.module.gcloud_kubectl.null_resource.download_jq",
            "module.cluster.module.gcloud_delete_default_kube_dns_configmap.module.gcloud_kubectl.null_resource.gcloud_auth_google_credentials",
            "module.cluster.module.gcloud_delete_default_kube_dns_configmap.module.gcloud_kubectl.null_resource.gcloud_auth_google_credentials_destroy",
            "module.cluster.module.gcloud_delete_default_kube_dns_configmap.module.gcloud_kubectl.null_resource.gcloud_auth_service_account_key_file",
            "module.cluster.module.gcloud_delete_default_kube_dns_configmap.module.gcloud_kubectl.null_resource.gcloud_auth_service_account_key_file_destroy",
            "module.cluster.module.gcloud_delete_default_kube_dns_configmap.module.gcloud_kubectl.null_resource.module_depends_on",
            "module.cluster.module.gcloud_delete_default_kube_dns_configmap.module.gcloud_kubectl.null_resource.prepare_cache",
            "module.cluster.module.gcloud_delete_default_kube_dns_configmap.module.gcloud_kubectl.null_resource.run_command",
            "module.cluster.module.gcloud_delete_default_kube_dns_configmap.module.gcloud_kubectl.null_resource.run_destroy_command",
            "module.cluster.module.gcloud_delete_default_kube_dns_configmap.module.gcloud_kubectl.null_resource.upgrade",
            "module.cluster.module.gcloud_delete_default_kube_dns_configmap.module.gcloud_kubectl.null_resource.upgrade_destroy",
            "module.cluster.module.gcloud_delete_default_kube_dns_configmap.module.gcloud_kubectl.random_id.cache",
            "module.cluster.random_shuffle.available_zones",
            "module.cluster.random_string.cluster_service_account_suffix",
            "module.project-services.google_project_service.project_services"
          ]
        }
      ]
    },
    {
      "module": "module.acm[\"0\"].module.enable_acm",
      "mode": "managed",
      "type": "null_resource",
      "name": "run_destroy_command",
      "provider": "provider[\"registry.terraform.io/hashicorp/null\"]",
      "instances": [
        {
          "index_key": 0,
          "schema_version": 0,
          "attributes": {
            "id": "675737458503612468",
            "triggers": {
              "destroy_cmd_body": "alpha container hub config-management disable --force --project anthos-lab-310709",
              "destroy_cmd_entrypoint": "gcloud",
              "gcloud_bin_abs_path": "/google-cloud-sdk/bin"
            }
          },
          "sensitive_attributes": [],
          "private": "bnVsbA==",
          "dependencies": [
            "module.cluster.google_project_iam_member.cluster_service_account-monitoring_viewer",
            "module.acm.module.enable_acm.data.external.env_override",
            "module.acm.module.enable_acm.null_resource.additional_components",
            "module.acm.module.enable_acm.null_resource.decompress",
            "module.acm.module.enable_acm.null_resource.download_gcloud",
            "module.acm.module.enable_acm.null_resource.download_jq",
            "data.google_project.project",
            "module.acm.module.enable_acm.null_resource.gcloud_auth_service_account_key_file",
            "module.acm.module.enable_acm.null_resource.module_depends_on",
            "module.acm.module.enable_acm.null_resource.prepare_cache",
            "module.acm.module.enable_acm.null_resource.upgrade",
            "module.acm.module.enable_acm.random_id.cache",
            "module.cluster.data.google_compute_subnetwork.gke_subnetwork",
            "module.cluster.data.google_compute_zones.available",
            "module.cluster.data.google_container_engine_versions.region",
            "module.cluster.data.google_container_engine_versions.zone",
            "module.cluster.google_compute_firewall.intra_egress",
            "module.cluster.google_compute_firewall.master_webhooks",
            "module.cluster.google_compute_firewall.shadow_allow_master",
            "module.cluster.google_compute_firewall.shadow_allow_nodes",
            "module.cluster.google_compute_firewall.shadow_allow_pods",
            "module.cluster.google_container_cluster.primary",
            "module.cluster.google_container_node_pool.pools",
            "module.cluster.google_project_iam_member.cluster_service_account-artifact-registry",
            "module.cluster.google_project_iam_member.cluster_service_account-gcr",
            "module.cluster.google_project_iam_member.cluster_service_account-log_writer",
            "module.cluster.google_project_iam_member.cluster_service_account-metric_writer",
            "module.acm.module.enable_acm.null_resource.gcloud_auth_google_credentials",
            "module.cluster.google_service_account.cluster_service_account",
            "module.cluster.kubernetes_config_map.ip-masq-agent",
            "module.cluster.kubernetes_config_map.kube-dns",
            "module.cluster.kubernetes_config_map.kube-dns-upstream-nameservers-and-stub-domains",
            "module.cluster.google_project_iam_member.cluster_service_account-resourceMetadata-writer",
            "module.cluster.kubernetes_config_map.kube-dns-upstream-namservers",
            "module.cluster.module.gcloud_delete_default_kube_dns_configmap.module.gcloud_kubectl.data.external.env_override",
            "module.cluster.module.gcloud_delete_default_kube_dns_configmap.module.gcloud_kubectl.null_resource.additional_components",
            "module.cluster.module.gcloud_delete_default_kube_dns_configmap.module.gcloud_kubectl.null_resource.additional_components_destroy",
            "module.cluster.module.gcloud_delete_default_kube_dns_configmap.module.gcloud_kubectl.null_resource.decompress",
            "module.cluster.module.gcloud_delete_default_kube_dns_configmap.module.gcloud_kubectl.null_resource.decompress_destroy",
            "module.cluster.module.gcloud_delete_default_kube_dns_configmap.module.gcloud_kubectl.null_resource.download_gcloud",
            "module.cluster.module.gcloud_delete_default_kube_dns_configmap.module.gcloud_kubectl.null_resource.download_jq",
            "module.cluster.module.gcloud_delete_default_kube_dns_configmap.module.gcloud_kubectl.null_resource.gcloud_auth_google_credentials",
            "module.project-services.google_project_service.project_services",
            "module.cluster.module.gcloud_delete_default_kube_dns_configmap.module.gcloud_kubectl.null_resource.gcloud_auth_service_account_key_file",
            "module.cluster.module.gcloud_delete_default_kube_dns_configmap.module.gcloud_kubectl.null_resource.gcloud_auth_service_account_key_file_destroy",
            "module.cluster.module.gcloud_delete_default_kube_dns_configmap.module.gcloud_kubectl.null_resource.module_depends_on",
            "module.cluster.module.gcloud_delete_default_kube_dns_configmap.module.gcloud_kubectl.null_resource.prepare_cache",
            "module.cluster.module.gcloud_delete_default_kube_dns_configmap.module.gcloud_kubectl.null_resource.run_command",
            "module.cluster.module.gcloud_delete_default_kube_dns_configmap.module.gcloud_kubectl.null_resource.gcloud_auth_google_credentials_destroy",
            "module.cluster.module.gcloud_delete_default_kube_dns_configmap.module.gcloud_kubectl.null_resource.upgrade",
            "module.cluster.module.gcloud_delete_default_kube_dns_configmap.module.gcloud_kubectl.null_resource.upgrade_destroy",
            "module.cluster.module.gcloud_delete_default_kube_dns_configmap.module.gcloud_kubectl.random_id.cache",
            "module.cluster.random_shuffle.available_zones",
            "module.cluster.random_string.cluster_service_account_suffix",
            "module.cluster.module.gcloud_delete_default_kube_dns_configmap.module.gcloud_kubectl.null_resource.run_destroy_command"
          ]
        }
      ]
    },
    {
      "module": "module.acm[\"1\"].module.acm_operator",
      "mode": "data",
      "type": "template_file",
      "name": "k8sop_config",
      "provider": "provider[\"registry.terraform.io/hashicorp/template\"]",
      "instances": [
        {
          "schema_version": 0,
          "attributes": {
            "filename": null,
            "id": "7811c1801f2fe4a202c1eed2a6b4be9d14930246e2a269cd30ddef9590372331",
            "rendered": "apiVersion: configmanagement.gke.io/v1\nkind: ConfigManagement\nmetadata:\n  name: config-management\nspec:\n  # clusterName is required and must be unique among all managed clusters\n  clusterName: gke-anthos-north\n  policyController:\n    enabled: true\n    templateLibraryInstalled: true\n    logDeniesEnabled: false\n  git:\n    syncRepo: git@github.com:Francesco-cloud24/anthos-lab.git\n    secretType: ssh\n    \n    syncBranch: master\n    \n  \n  \n",
            "template": "apiVersion: configmanagement.gke.io/v1\nkind: ConfigManagement\nmetadata:\n  name: config-management\nspec:\n  # clusterName is required and must be unique among all managed clusters\n  clusterName: ${cluster_name}\n  policyController:\n    enabled: ${enable_policy_controller}\n    templateLibraryInstalled: ${install_template_library}\n    logDeniesEnabled: ${enable_log_denies}\n%{ if enable_multi_repo ~}\n  enableMultiRepo: true\n%{ else ~}\n  git:\n    syncRepo: ${sync_repo}\n    secretType: ${secret_type}\n    ${policy_dir_node}\n    ${sync_branch_node}\n    ${sync_revision_node}\n  ${source_format_node}\n%{ endif ~}\n  ${hierarchy_controller_map_node}\n",
            "vars": {
              "cluster_name": "gke-anthos-north",
              "enable_log_denies": "false",
              "enable_multi_repo": "false",
              "enable_policy_controller": "true",
              "hierarchy_controller_map_node": "",
              "install_template_library": "true",
              "policy_dir_node": "",
              "secret_type": "ssh",
              "source_format_node": "",
              "sync_branch_node": "syncBranch: master",
              "sync_repo": "git@github.com:Francesco-cloud24/anthos-lab.git",
              "sync_revision_node": ""
            }
          },
          "sensitive_attributes": []
        }
      ]
    },
    {
      "module": "module.acm[\"1\"].module.acm_operator",
      "mode": "data",
      "type": "template_file",
      "name": "rootsync_config",
      "provider": "provider[\"registry.terraform.io/hashicorp/template\"]",
      "instances": [
        {
          "schema_version": 0,
          "attributes": {
            "filename": null,
            "id": "125697d74346cb79d6080d0d806ec1c9898563fff44ef38b74cafd9404563658",
            "rendered": "apiVersion: configsync.gke.io/v1beta1\nkind: RootSync\nmetadata:\n  name: root-sync\n  namespace: config-management-system\nspec:\n  \n  git:\n    repo: git@github.com:Francesco-cloud24/anthos-lab.git\n    auth: ssh\n    \n    syncBranch: master\n    \n    secretRef:\n      name: git-creds\n",
            "template": "apiVersion: configsync.gke.io/v1beta1\nkind: RootSync\nmetadata:\n  name: root-sync\n  namespace: config-management-system\nspec:\n  ${source_format_node}\n  git:\n    repo: ${sync_repo}\n    auth: ${secret_type}\n    ${policy_dir_node}\n    ${sync_branch_node}\n    ${sync_revision_node}\n    ${secret_ref_node}\n",
            "vars": {
              "policy_dir_node": "",
              "secret_ref_node": "secretRef:\n      name: git-creds",
              "secret_type": "ssh",
              "source_format_node": "",
              "sync_branch_node": "syncBranch: master",
              "sync_repo": "git@github.com:Francesco-cloud24/anthos-lab.git",
              "sync_revision_node": ""
            }
          },
          "sensitive_attributes": []
        }
      ]
    },
    {
      "module": "module.acm[\"1\"].module.acm_operator",
      "mode": "managed",
      "type": "tls_private_key",
      "name": "k8sop_creds",
      "provider": "provider[\"registry.terraform.io/hashicorp/tls\"]",
      "instances": [
        {
          "index_key": 0,
          "schema_version": 0,
          "attributes": {
            "algorithm": "RSA",
            "ecdsa_curve": "P224",
            "id": "88f0ea6d1a2e966d380b505de2c6ba78b85ba05c",
            "private_key_pem": "-----BEGIN RSA PRIVATE KEY-----\nMIIJKQIBAAKCAgEA3oNirD2dI2qfFk5feUUHSCyERzFfR2jfs/wpkrkqNQt1cm9P\ndHJmRSxH2dIoApCcCcIslHr/U6tu05yeVGYioypwRdOein6jVX7axnVpSxFZyzNO\n5okytWhx5VahLr9iiYtRa7/jUYjDL68nLuEuGKnI/Rr+zn5cwsvUwvo3GWlom6nY\nlil/Hwp6D6k+HGxvWk2QKqjX5mVP3VwedShI4+vSMHWQ5uAIa0pmSuw7t2gFk39+\nMmuSYcTHn9x+jeI8SyJ+2uVA4HmGZsJICFJHQ8M1CuPj00gou26YaHL7p0jG2HYw\ntiHDNSQwF8rjoj9DSaFMBQiUEJw0a2ZGfUVX53VunxACoj3TjG0cj0H5mE7drUeM\n2OF1a7qQ7a7xoX9suHzXITSw5pRpbyRbmgQhRhEfGDO340XaCt+/wemqTlBSmTQJ\nhmTuxuEqj5P/9Sf79DbK3TvvUrvbLc3Ijy4YgNlgy3DRp1omxmht1ydzpda/JIhi\n40+/d0pm7CDbhxpDM6zqC3h2dyuqcsflee0xIDSyFnLX59XHfJnRqBb+OPmwoi6h\nHwjklPIKfELVXojZhptXmInWsk+eX3NmbGKyjiknf8QWivgWxQ4dBijr/x4yJ2ph\n56MZl0B3+wz4EU7wEj/r7ID6NH0Pbv1g+LZhK4QEk+JX/Scb8EB86OOaZq0CAwEA\nAQKCAgEAjffZ/vcYyT3/3qWGeMM4EC6G/z1bAx7Ai/95LuoBKfLzrl2injNXWQ8V\nkL5rVKebRwailuGbAnFAtrcYtdSsiNpM4+BPKSH/aE8VmsXStliNp/5GewRSXDgV\nYzPQhxkI76T5//tgN+dAUa45G8oENSwu1n5g0LMC0C5owzYN7aK5YYgOblBvkQiI\nNHHQ9SWiLkWKlA1CIvfE6wEZVbqsNu+BHfYEy6lo9bt0ZJ0wxKYT2LXheJ31uXdp\nvm9aN4B+45lQwqy+pfojbHDMsLJ+UZe8wgQAmg9SHbREfW/PbD4c0IMoNSx5dfBu\n1t9WOXCPp+zHqfZ9MdPYBiYtF0Qk/pGiMgntmYap8Q0VTf4QC7/tBohHomhPND3E\npKUrEZ3Sv0HIfbbJyqE26MpSgoQwEycs3WgGaOq1w5appb8gVUohMLJgjZPQ6jIy\nHECi4ZqCyZGVMt9eP54Ph4z2mMKyoj0jof3oLMIc9uTMXmSNNR9wfWxrOZ8Cx6LS\n2sJGRbOXXRbUxu3euNV6D2S0o8up82l1IcGjigtH5VSRIwFKSWGXG1uLbmDw3BVa\nkTsVQgS+EzIfPyiaNjF1GFJEVznZJp8AVbb3RQcUXu9+sTtciv3BFTEQIRbOQ+et\nXkcEYmDo7mM2ITFkHKA2R/13xMqU01vUthPYS5kj52ap/XqKKQECggEBAOOjPaST\nCP4Y8wQJlfI3rMCL/CkUuxNK770V84F/YtRnRpUzXMa/kbkA38+lbzbRsmaHsIVO\nORuQYbkNnk8RjlSQv+1sfbMyaKS54+pjXtnosVJmY/X5o7R1zVJkN37TUfCsGNkG\nYqcl2bY2fVIWz4XhbpPz1xE4g2OuTacr2spcZ3+5KBTa6frpR9W5Lb4aNKjp8qbH\nEREZnwO2qO0mP1z2d9uGdxk6HXC++M6p7NZKKDpGLblbAyGyDvh2EKHcnCxmZWJh\nA4jOaMD3F0QGDeaQwRdpUJxBnjeAFxE7v2XbddLImB24xzaCGWR2s+dttjSMaTsh\n+CdGh7Qzms4RxA0CggEBAPo8se2GnzwoHhy9C9RUpkmuzDuo2JxhoZAtwncctfNS\n8oH5NsM+CS27fkQ45hSYjAriN3Gn2YuavkuOnVxIbBFRNGQtPXd49gCcUfcsx37k\neUsI/aKSX4WrKW1Cu4UgsDPERBZar72b9fql7O+IMpmpxpPbGEeDJyXTzgoCGsW8\n8OWuxwnkj/gB06L2O/ITYxUaUZ/UeXiKvnhAALposOqKD/Ux1e/wn2jDzUd8XNUg\nUmPxXXGwQhfmNKPCOTW1h9lsKDwWXDVxPtqKP+R7t6DvOKNi3Fzd269RKr49GehT\nWE7j8tZMfvea3Q/ftlbSETr+7q/8+ZD1/PyvJ9QTZSECggEBAKHjpiM0rmCHPczR\nRGJOVf1ZkKtmouTFllnTEqo1/gMwr3HMZV6zPt9jT8hMzxsdZtKkDVXAm7yOofEJ\nTlzND3v0tYoUbhDS+LituvkmUn6GjhUb3FtCfroITU0bGJyJjOysd79gWyikMoDz\nn4yRzGRaPlnaQElu94Ico/0PoznnHXQoKekrBtv6q6vDVlSsLmcyee9CA1E193Cc\npuaBHO7wGa11o529RtK3/hp7noOHmbRX1IzNvRxplVv+GzYBvs+UwuWEOQ9CPB1/\nnHw0Eg63Q5tyunFl+S9fWQhYhXXa7aBKKGR61LJfM8/O24Lq83nLocr8DY9hCYGO\ncbm7yMECggEAAdUv+G1j/SzOC6fWzldQYHnHRSiXbY3JgSTUp8quCnoxDIKmxAdQ\nSeV1p0pDZSM441uEzHBOR5d6jVMeE+7z26yclZ8/NADOzHJYp1bMn0FNIh+OvAIW\ncQQv6XzzoqX6pGZrmT5QyzK5Ony8n4R/2mBD9BFGvD9Zqg1DFQ+u4oPfv87n5kqm\nQ0rAIhFrnvpFX4Ix1tnXiep6Oqc9WiAqK42XUFRtHLTGdh35Au0GQQlbkR/Tb2G7\nGjG1cP2bLamGtTD1mnsPcdTCgRdCIIpHbgZSg9/VfViio0YU6g/IgMsbenhw7uDg\njS+1LsiUrU4ckjILzX4s1cL3d2JRCFycAQKCAQB9oHVC3V2w4MQGY9xz68DPDpSW\nGvbUNIxEIvmqgqjcqJaAHKeYejFoCV42gZv/ykxw7jA+r64YsJq5q1wZi3Ed0FF8\nvSKPHbqC0LYJzF0ixDg7ldGu10ZZJfLiBJdMNLi5JYeFSIUGf0dQmDcyWYWbdTCk\nF+L54cRBfFdZae55xR8CwS8vHW+0jR45u2Y8NxmTsniTawt914tWtv1i46BJyNZK\nVO+rqrAms7tzJJn9s9ogi+qgOxm94fF7sL+o1Fv/1OuEsmSBkvNOlvesbBQ1qQWI\nqJuGYQ8o4M35VFdHMoZBtPcbA9q4BeCkHOE+GvXic0RtNbGfRYW0LL+lPNcp\n-----END RSA PRIVATE KEY-----\n",
            "public_key_fingerprint_md5": "2d:d3:73:7f:e9:55:58:40:fe:ba:57:a0:be:da:12:c1",
            "public_key_openssh": "ssh-rsa AAAAB3NzaC1yc2EAAAADAQABAAACAQDeg2KsPZ0jap8WTl95RQdILIRHMV9HaN+z/CmSuSo1C3Vyb090cmZFLEfZ0igCkJwJwiyUev9Tq27TnJ5UZiKjKnBF056KfqNVftrGdWlLEVnLM07miTK1aHHlVqEuv2KJi1Frv+NRiMMvrycu4S4Yqcj9Gv7OflzCy9TC+jcZaWibqdiWKX8fCnoPqT4cbG9aTZAqqNfmZU/dXB51KEjj69IwdZDm4AhrSmZK7Du3aAWTf34ya5JhxMef3H6N4jxLIn7a5UDgeYZmwkgIUkdDwzUK4+PTSCi7bphocvunSMbYdjC2IcM1JDAXyuOiP0NJoUwFCJQQnDRrZkZ9RVfndW6fEAKiPdOMbRyPQfmYTt2tR4zY4XVrupDtrvGhf2y4fNchNLDmlGlvJFuaBCFGER8YM7fjRdoK37/B6apOUFKZNAmGZO7G4SqPk//1J/v0NsrdO+9Su9stzciPLhiA2WDLcNGnWibGaG3XJ3Ol1r8kiGLjT793SmbsINuHGkMzrOoLeHZ3K6pyx+V57TEgNLIWctfn1cd8mdGoFv44+bCiLqEfCOSU8gp8QtVeiNmGm1eYidayT55fc2ZsYrKOKSd/xBaK+BbFDh0GKOv/HjInamHnoxmXQHf7DPgRTvASP+vsgPo0fQ9u/WD4tmErhAST4lf9JxvwQHzo45pmrQ==\n",
            "public_key_pem": "-----BEGIN PUBLIC KEY-----\nMIICIjANBgkqhkiG9w0BAQEFAAOCAg8AMIICCgKCAgEA3oNirD2dI2qfFk5feUUH\nSCyERzFfR2jfs/wpkrkqNQt1cm9PdHJmRSxH2dIoApCcCcIslHr/U6tu05yeVGYi\noypwRdOein6jVX7axnVpSxFZyzNO5okytWhx5VahLr9iiYtRa7/jUYjDL68nLuEu\nGKnI/Rr+zn5cwsvUwvo3GWlom6nYlil/Hwp6D6k+HGxvWk2QKqjX5mVP3VwedShI\n4+vSMHWQ5uAIa0pmSuw7t2gFk39+MmuSYcTHn9x+jeI8SyJ+2uVA4HmGZsJICFJH\nQ8M1CuPj00gou26YaHL7p0jG2HYwtiHDNSQwF8rjoj9DSaFMBQiUEJw0a2ZGfUVX\n53VunxACoj3TjG0cj0H5mE7drUeM2OF1a7qQ7a7xoX9suHzXITSw5pRpbyRbmgQh\nRhEfGDO340XaCt+/wemqTlBSmTQJhmTuxuEqj5P/9Sf79DbK3TvvUrvbLc3Ijy4Y\ngNlgy3DRp1omxmht1ydzpda/JIhi40+/d0pm7CDbhxpDM6zqC3h2dyuqcsflee0x\nIDSyFnLX59XHfJnRqBb+OPmwoi6hHwjklPIKfELVXojZhptXmInWsk+eX3NmbGKy\njiknf8QWivgWxQ4dBijr/x4yJ2ph56MZl0B3+wz4EU7wEj/r7ID6NH0Pbv1g+LZh\nK4QEk+JX/Scb8EB86OOaZq0CAwEAAQ==\n-----END PUBLIC KEY-----\n",
            "rsa_bits": 4096
          },
          "sensitive_attributes": [],
          "private": "bnVsbA==",
          "dependencies": [
            "module.cluster.google_compute_firewall.shadow_allow_pods",
            "module.cluster.google_service_account.cluster_service_account",
            "module.cluster.module.gcloud_delete_default_kube_dns_configmap.module.gcloud_kubectl.null_resource.decompress",
            "module.cluster.module.gcloud_delete_default_kube_dns_configmap.module.gcloud_kubectl.null_resource.decompress_destroy",
            "module.cluster.module.gcloud_delete_default_kube_dns_configmap.module.gcloud_kubectl.null_resource.gcloud_auth_service_account_key_file",
            "data.google_project.project",
            "module.cluster.google_container_cluster.primary",
            "module.cluster.google_project_iam_member.cluster_service_account-metric_writer",
            "module.cluster.kubernetes_config_map.ip-masq-agent",
            "module.cluster.kubernetes_config_map.kube-dns",
            "module.cluster.kubernetes_config_map.kube-dns-upstream-namservers",
            "module.cluster.module.gcloud_delete_default_kube_dns_configmap.module.gcloud_kubectl.null_resource.prepare_cache",
            "module.cluster.module.gcloud_delete_default_kube_dns_configmap.module.gcloud_kubectl.null_resource.run_destroy_command",
            "module.cluster.google_compute_firewall.shadow_allow_nodes",
            "module.project-services.google_project_service.project_services",
            "module.cluster.random_shuffle.available_zones",
            "module.cluster.google_project_iam_member.cluster_service_account-gcr",
            "module.cluster.google_project_iam_member.cluster_service_account-log_writer",
            "module.cluster.module.gcloud_delete_default_kube_dns_configmap.module.gcloud_kubectl.null_resource.gcloud_auth_google_credentials",
            "module.cluster.module.gcloud_delete_default_kube_dns_configmap.module.gcloud_kubectl.null_resource.gcloud_auth_google_credentials_destroy",
            "module.cluster.module.gcloud_delete_default_kube_dns_configmap.module.gcloud_kubectl.null_resource.run_command",
            "module.cluster.google_container_node_pool.pools",
            "module.cluster.google_compute_firewall.shadow_allow_master",
            "module.cluster.module.gcloud_delete_default_kube_dns_configmap.module.gcloud_kubectl.null_resource.download_gcloud",
            "module.cluster.module.gcloud_delete_default_kube_dns_configmap.module.gcloud_kubectl.null_resource.upgrade",
            "module.cluster.data.google_compute_subnetwork.gke_subnetwork",
            "module.cluster.google_compute_firewall.master_webhooks",
            "module.cluster.google_project_iam_member.cluster_service_account-artifact-registry",
            "module.cluster.module.gcloud_delete_default_kube_dns_configmap.module.gcloud_kubectl.data.external.env_override",
            "module.cluster.module.gcloud_delete_default_kube_dns_configmap.module.gcloud_kubectl.null_resource.download_jq",
            "module.cluster.module.gcloud_delete_default_kube_dns_configmap.module.gcloud_kubectl.null_resource.gcloud_auth_service_account_key_file_destroy",
            "module.cluster.module.gcloud_delete_default_kube_dns_configmap.module.gcloud_kubectl.random_id.cache",
            "module.cluster.random_string.cluster_service_account_suffix",
            "module.cluster.data.google_container_engine_versions.region",
            "module.cluster.module.gcloud_delete_default_kube_dns_configmap.module.gcloud_kubectl.null_resource.additional_components_destroy",
            "module.cluster.module.gcloud_delete_default_kube_dns_configmap.module.gcloud_kubectl.null_resource.module_depends_on",
            "module.cluster.data.google_container_engine_versions.zone",
            "module.cluster.module.gcloud_delete_default_kube_dns_configmap.module.gcloud_kubectl.null_resource.upgrade_destroy",
            "module.cluster.module.gcloud_delete_default_kube_dns_configmap.module.gcloud_kubectl.null_resource.additional_components",
            "module.cluster.google_compute_firewall.intra_egress",
            "module.cluster.google_project_iam_member.cluster_service_account-monitoring_viewer",
            "module.cluster.google_project_iam_member.cluster_service_account-resourceMetadata-writer",
            "module.cluster.kubernetes_config_map.kube-dns-upstream-nameservers-and-stub-domains",
            "module.cluster.data.google_compute_zones.available"
          ]
        }
      ]
    },
    {
      "module": "module.acm[\"1\"].module.acm_operator.module.k8s_operator.module.gcloud_kubectl",
      "mode": "data",
      "type": "external",
      "name": "env_override",
      "provider": "provider[\"registry.terraform.io/hashicorp/external\"]",
      "instances": [
        {
          "index_key": 0,
          "schema_version": 0,
          "attributes": {
            "id": "-",
            "program": [
              ".terraform/modules/acm.acm_operator.k8s_operator/scripts/check_env.sh"
            ],
            "query": null,
            "result": {
              "download": ""
            },
            "working_dir": null
          },
          "sensitive_attributes": []
        }
      ]
    },
    {
      "module": "module.acm[\"1\"].module.acm_operator.module.k8s_operator.module.gcloud_kubectl",
      "mode": "managed",
      "type": "null_resource",
      "name": "additional_components",
      "provider": "provider[\"registry.terraform.io/hashicorp/null\"]",
      "instances": [
        {
          "index_key": 0,
          "schema_version": 0,
          "attributes": {
            "id": "9077189293189177444",
            "triggers": {
              "additional_components_command": ".terraform/modules/acm.acm_operator.k8s_operator/scripts/check_components.sh gcloud kubectl",
              "arguments": "c12c01591812e14524fc7d82c30cb74a",
              "md5": "b9e6ac4c0c60b9da4b93cfa39468acf5"
            }
          },
          "sensitive_attributes": [],
          "private": "bnVsbA==",
          "dependencies": [
            "module.acm.module.acm_operator.module.k8s_operator.module.gcloud_kubectl.data.external.env_override",
            "module.acm.module.acm_operator.module.k8s_operator.module.gcloud_kubectl.null_resource.download_gcloud",
            "module.acm.module.acm_operator.module.k8s_operator.module.gcloud_kubectl.null_resource.download_jq",
            "module.acm.module.acm_operator.module.k8s_operator.module.gcloud_kubectl.null_resource.module_depends_on",
            "module.acm.module.acm_operator.module.k8s_operator.module.gcloud_kubectl.random_id.cache",
            "data.google_project.project",
            "module.acm.module.acm_operator.module.k8s_operator.module.gcloud_kubectl.null_resource.decompress",
            "module.acm.module.acm_operator.module.k8s_operator.module.gcloud_kubectl.null_resource.prepare_cache",
            "module.acm.module.acm_operator.module.k8s_operator.module.gcloud_kubectl.null_resource.upgrade",
            "module.acm.module.acm_operator.module.k8sop_manifest.data.external.env_override",
            "module.acm.module.acm_operator.module.k8sop_manifest.null_resource.additional_components",
            "module.acm.module.acm_operator.module.k8sop_manifest.null_resource.decompress",
            "module.acm.module.acm_operator.module.k8sop_manifest.null_resource.download_jq",
            "module.acm.module.acm_operator.module.k8sop_manifest.null_resource.gcloud_auth_google_credentials",
            "module.acm.module.acm_operator.module.k8sop_manifest.null_resource.gcloud_auth_service_account_key_file",
            "module.acm.module.acm_operator.module.k8sop_manifest.null_resource.download_gcloud",
            "module.acm.module.acm_operator.module.k8sop_manifest.null_resource.module_depends_on",
            "module.acm.module.acm_operator.module.k8sop_manifest.null_resource.prepare_cache",
            "module.acm.module.acm_operator.module.k8sop_manifest.null_resource.run_command",
            "module.acm.module.acm_operator.module.k8sop_manifest.null_resource.run_destroy_command",
            "module.acm.module.acm_operator.module.k8sop_manifest.null_resource.upgrade",
            "module.acm.module.acm_operator.module.k8sop_manifest.random_id.cache",
            "module.cluster.data.google_compute_subnetwork.gke_subnetwork",
            "module.cluster.data.google_compute_zones.available",
            "module.cluster.data.google_container_engine_versions.region",
            "module.cluster.data.google_container_engine_versions.zone",
            "module.cluster.google_compute_firewall.intra_egress",
            "module.cluster.google_compute_firewall.master_webhooks",
            "module.cluster.google_compute_firewall.shadow_allow_master",
            "module.cluster.google_compute_firewall.shadow_allow_nodes",
            "module.cluster.google_compute_firewall.shadow_allow_pods",
            "module.cluster.google_container_cluster.primary",
            "module.cluster.google_container_node_pool.pools",
            "module.cluster.google_project_iam_member.cluster_service_account-artifact-registry",
            "module.cluster.google_project_iam_member.cluster_service_account-log_writer",
            "module.cluster.google_project_iam_member.cluster_service_account-metric_writer",
            "module.cluster.google_project_iam_member.cluster_service_account-monitoring_viewer",
            "module.cluster.google_project_iam_member.cluster_service_account-resourceMetadata-writer",
            "module.cluster.google_service_account.cluster_service_account",
            "module.cluster.kubernetes_config_map.ip-masq-agent",
            "module.cluster.kubernetes_config_map.kube-dns",
            "module.cluster.google_project_iam_member.cluster_service_account-gcr",
            "module.cluster.kubernetes_config_map.kube-dns-upstream-nameservers-and-stub-domains",
            "module.cluster.kubernetes_config_map.kube-dns-upstream-namservers",
            "module.cluster.module.gcloud_delete_default_kube_dns_configmap.module.gcloud_kubectl.data.external.env_override",
            "module.cluster.module.gcloud_delete_default_kube_dns_configmap.module.gcloud_kubectl.null_resource.additional_components",
            "module.cluster.module.gcloud_delete_default_kube_dns_configmap.module.gcloud_kubectl.null_resource.additional_components_destroy",
            "module.cluster.module.gcloud_delete_default_kube_dns_configmap.module.gcloud_kubectl.null_resource.decompress",
            "module.cluster.module.gcloud_delete_default_kube_dns_configmap.module.gcloud_kubectl.null_resource.decompress_destroy",
            "module.cluster.module.gcloud_delete_default_kube_dns_configmap.module.gcloud_kubectl.null_resource.run_command",
            "module.cluster.module.gcloud_delete_default_kube_dns_configmap.module.gcloud_kubectl.null_resource.download_jq",
            "module.cluster.module.gcloud_delete_default_kube_dns_configmap.module.gcloud_kubectl.null_resource.gcloud_auth_google_credentials",
            "module.cluster.module.gcloud_delete_default_kube_dns_configmap.module.gcloud_kubectl.null_resource.gcloud_auth_google_credentials_destroy",
            "module.cluster.module.gcloud_delete_default_kube_dns_configmap.module.gcloud_kubectl.null_resource.gcloud_auth_service_account_key_file",
            "module.cluster.module.gcloud_delete_default_kube_dns_configmap.module.gcloud_kubectl.null_resource.gcloud_auth_service_account_key_file_destroy",
            "module.cluster.module.gcloud_delete_default_kube_dns_configmap.module.gcloud_kubectl.null_resource.module_depends_on",
            "module.cluster.module.gcloud_delete_default_kube_dns_configmap.module.gcloud_kubectl.null_resource.prepare_cache",
            "module.cluster.module.gcloud_delete_default_kube_dns_configmap.module.gcloud_kubectl.null_resource.download_gcloud",
            "module.cluster.module.gcloud_delete_default_kube_dns_configmap.module.gcloud_kubectl.null_resource.run_destroy_command",
            "module.cluster.module.gcloud_delete_default_kube_dns_configmap.module.gcloud_kubectl.null_resource.upgrade",
            "module.cluster.module.gcloud_delete_default_kube_dns_configmap.module.gcloud_kubectl.null_resource.upgrade_destroy",
            "module.cluster.module.gcloud_delete_default_kube_dns_configmap.module.gcloud_kubectl.random_id.cache",
            "module.cluster.random_shuffle.available_zones",
            "module.cluster.random_string.cluster_service_account_suffix",
            "module.project-services.google_project_service.project_services"
          ]
        }
      ]
    },
    {
      "module": "module.acm[\"1\"].module.acm_operator.module.k8s_operator.module.gcloud_kubectl",
      "mode": "managed",
      "type": "null_resource",
      "name": "additional_components_destroy",
      "provider": "provider[\"registry.terraform.io/hashicorp/null\"]",
      "instances": [
        {
          "index_key": 0,
          "schema_version": 0,
          "attributes": {
            "id": "5929433322168588635",
            "triggers": {
              "additional_components_command": ".terraform/modules/acm.acm_operator.k8s_operator/scripts/check_components.sh gcloud kubectl"
            }
          },
          "sensitive_attributes": [],
          "private": "bnVsbA==",
          "dependencies": [
            "module.acm.module.acm_operator.module.k8s_operator.module.gcloud_kubectl.data.external.env_override",
            "module.acm.module.acm_operator.module.k8s_operator.module.gcloud_kubectl.null_resource.additional_components",
            "module.acm.module.acm_operator.module.k8s_operator.module.gcloud_kubectl.null_resource.decompress",
            "module.acm.module.acm_operator.module.k8s_operator.module.gcloud_kubectl.null_resource.download_gcloud",
            "module.acm.module.acm_operator.module.k8s_operator.module.gcloud_kubectl.null_resource.download_jq",
            "module.acm.module.acm_operator.module.k8s_operator.module.gcloud_kubectl.null_resource.gcloud_auth_google_credentials",
            "module.acm.module.acm_operator.module.k8s_operator.module.gcloud_kubectl.null_resource.gcloud_auth_service_account_key_file",
            "module.acm.module.acm_operator.module.k8s_operator.module.gcloud_kubectl.null_resource.prepare_cache",
            "module.acm.module.acm_operator.module.k8s_operator.module.gcloud_kubectl.null_resource.run_destroy_command",
            "module.acm.module.acm_operator.module.k8s_operator.module.gcloud_kubectl.null_resource.upgrade",
            "module.acm.module.acm_operator.module.k8s_operator.module.gcloud_kubectl.random_id.cache",
            "module.acm.module.acm_operator.module.k8sop_manifest.data.external.env_override",
            "module.acm.module.acm_operator.module.k8sop_manifest.null_resource.additional_components",
            "module.acm.module.acm_operator.module.k8sop_manifest.null_resource.decompress",
            "module.acm.module.acm_operator.module.k8sop_manifest.null_resource.download_gcloud",
            "data.google_project.project",
            "module.acm.module.acm_operator.module.k8s_operator.module.gcloud_kubectl.null_resource.module_depends_on",
            "module.acm.module.acm_operator.module.k8sop_manifest.null_resource.download_jq",
            "module.acm.module.acm_operator.module.k8sop_manifest.null_resource.gcloud_auth_google_credentials",
            "module.acm.module.acm_operator.module.k8sop_manifest.null_resource.gcloud_auth_service_account_key_file",
            "module.acm.module.acm_operator.module.k8sop_manifest.null_resource.module_depends_on",
            "module.acm.module.acm_operator.module.k8sop_manifest.null_resource.prepare_cache",
            "module.acm.module.acm_operator.module.k8sop_manifest.null_resource.run_command",
            "module.acm.module.acm_operator.module.k8sop_manifest.null_resource.run_destroy_command",
            "module.acm.module.acm_operator.module.k8sop_manifest.null_resource.upgrade",
            "module.acm.module.acm_operator.module.k8sop_manifest.random_id.cache",
            "module.cluster.data.google_compute_subnetwork.gke_subnetwork",
            "module.cluster.data.google_compute_zones.available",
            "module.cluster.data.google_container_engine_versions.region",
            "module.cluster.data.google_container_engine_versions.zone",
            "module.cluster.google_compute_firewall.intra_egress",
            "module.cluster.google_compute_firewall.master_webhooks",
            "module.cluster.google_compute_firewall.shadow_allow_master",
            "module.cluster.google_compute_firewall.shadow_allow_nodes",
            "module.cluster.google_compute_firewall.shadow_allow_pods",
            "module.cluster.google_container_cluster.primary",
            "module.cluster.google_container_node_pool.pools",
            "module.cluster.google_project_iam_member.cluster_service_account-artifact-registry",
            "module.cluster.google_project_iam_member.cluster_service_account-gcr",
            "module.cluster.google_project_iam_member.cluster_service_account-log_writer",
            "module.cluster.google_project_iam_member.cluster_service_account-metric_writer",
            "module.cluster.google_project_iam_member.cluster_service_account-monitoring_viewer",
            "module.cluster.google_project_iam_member.cluster_service_account-resourceMetadata-writer",
            "module.cluster.google_service_account.cluster_service_account",
            "module.cluster.kubernetes_config_map.ip-masq-agent",
            "module.cluster.kubernetes_config_map.kube-dns",
            "module.cluster.kubernetes_config_map.kube-dns-upstream-nameservers-and-stub-domains",
            "module.cluster.kubernetes_config_map.kube-dns-upstream-namservers",
            "module.cluster.module.gcloud_delete_default_kube_dns_configmap.module.gcloud_kubectl.data.external.env_override",
            "module.cluster.module.gcloud_delete_default_kube_dns_configmap.module.gcloud_kubectl.null_resource.additional_components",
            "module.cluster.module.gcloud_delete_default_kube_dns_configmap.module.gcloud_kubectl.null_resource.additional_components_destroy",
            "module.cluster.module.gcloud_delete_default_kube_dns_configmap.module.gcloud_kubectl.null_resource.decompress",
            "module.cluster.module.gcloud_delete_default_kube_dns_configmap.module.gcloud_kubectl.null_resource.decompress_destroy",
            "module.cluster.module.gcloud_delete_default_kube_dns_configmap.module.gcloud_kubectl.null_resource.download_gcloud",
            "module.cluster.module.gcloud_delete_default_kube_dns_configmap.module.gcloud_kubectl.null_resource.download_jq",
            "module.cluster.module.gcloud_delete_default_kube_dns_configmap.module.gcloud_kubectl.null_resource.gcloud_auth_google_credentials",
            "module.cluster.module.gcloud_delete_default_kube_dns_configmap.module.gcloud_kubectl.null_resource.gcloud_auth_google_credentials_destroy",
            "module.cluster.module.gcloud_delete_default_kube_dns_configmap.module.gcloud_kubectl.null_resource.gcloud_auth_service_account_key_file",
            "module.cluster.module.gcloud_delete_default_kube_dns_configmap.module.gcloud_kubectl.null_resource.gcloud_auth_service_account_key_file_destroy",
            "module.cluster.module.gcloud_delete_default_kube_dns_configmap.module.gcloud_kubectl.null_resource.module_depends_on",
            "module.cluster.module.gcloud_delete_default_kube_dns_configmap.module.gcloud_kubectl.null_resource.prepare_cache",
            "module.cluster.module.gcloud_delete_default_kube_dns_configmap.module.gcloud_kubectl.null_resource.run_command",
            "module.cluster.module.gcloud_delete_default_kube_dns_configmap.module.gcloud_kubectl.null_resource.run_destroy_command",
            "module.cluster.module.gcloud_delete_default_kube_dns_configmap.module.gcloud_kubectl.null_resource.upgrade",
            "module.cluster.module.gcloud_delete_default_kube_dns_configmap.module.gcloud_kubectl.null_resource.upgrade_destroy",
            "module.cluster.module.gcloud_delete_default_kube_dns_configmap.module.gcloud_kubectl.random_id.cache",
            "module.cluster.random_shuffle.available_zones",
            "module.cluster.random_string.cluster_service_account_suffix",
            "module.project-services.google_project_service.project_services"
          ]
        }
      ]
    },
    {
      "module": "module.acm[\"1\"].module.acm_operator.module.k8s_operator.module.gcloud_kubectl",
      "mode": "managed",
      "type": "null_resource",
      "name": "decompress",
      "provider": "provider[\"registry.terraform.io/hashicorp/null\"]",
      "instances": []
    },
    {
      "module": "module.acm[\"1\"].module.acm_operator.module.k8s_operator.module.gcloud_kubectl",
      "mode": "managed",
      "type": "null_resource",
      "name": "gcloud_auth_google_credentials",
      "provider": "provider[\"registry.terraform.io/hashicorp/null\"]",
      "instances": []
    },
    {
      "module": "module.acm[\"1\"].module.acm_operator.module.k8s_operator.module.gcloud_kubectl",
      "mode": "managed",
      "type": "null_resource",
      "name": "gcloud_auth_service_account_key_file",
      "provider": "provider[\"registry.terraform.io/hashicorp/null\"]",
      "instances": []
    },
    {
      "module": "module.acm[\"1\"].module.acm_operator.module.k8s_operator.module.gcloud_kubectl",
      "mode": "managed",
      "type": "null_resource",
      "name": "module_depends_on",
      "provider": "provider[\"registry.terraform.io/hashicorp/null\"]",
      "instances": [
        {
          "index_key": 0,
          "schema_version": 0,
          "attributes": {
            "id": "5298361610576846700",
            "triggers": {
              "value": "2"
            }
          },
          "sensitive_attributes": [],
          "private": "bnVsbA==",
          "dependencies": [
            "data.google_project.project",
            "module.acm.module.acm_operator.module.k8sop_manifest.data.external.env_override",
            "module.acm.module.acm_operator.module.k8sop_manifest.null_resource.additional_components",
            "module.acm.module.acm_operator.module.k8sop_manifest.null_resource.decompress",
            "module.acm.module.acm_operator.module.k8sop_manifest.null_resource.download_gcloud",
            "module.acm.module.acm_operator.module.k8sop_manifest.null_resource.download_jq",
            "module.acm.module.acm_operator.module.k8sop_manifest.null_resource.gcloud_auth_google_credentials",
            "module.acm.module.acm_operator.module.k8sop_manifest.null_resource.module_depends_on",
            "module.acm.module.acm_operator.module.k8sop_manifest.null_resource.prepare_cache",
            "module.acm.module.acm_operator.module.k8sop_manifest.null_resource.run_command",
            "module.acm.module.acm_operator.module.k8sop_manifest.null_resource.run_destroy_command",
            "module.acm.module.acm_operator.module.k8sop_manifest.null_resource.upgrade",
            "module.acm.module.acm_operator.module.k8sop_manifest.random_id.cache",
            "module.cluster.google_project_iam_member.cluster_service_account-metric_writer",
            "module.cluster.data.google_compute_subnetwork.gke_subnetwork",
            "module.cluster.data.google_compute_zones.available",
            "module.cluster.data.google_container_engine_versions.region",
            "module.cluster.data.google_container_engine_versions.zone",
            "module.cluster.google_compute_firewall.intra_egress",
            "module.cluster.google_compute_firewall.master_webhooks",
            "module.cluster.google_compute_firewall.shadow_allow_master",
            "module.cluster.google_compute_firewall.shadow_allow_nodes",
            "module.cluster.google_compute_firewall.shadow_allow_pods",
            "module.cluster.google_container_cluster.primary",
            "module.cluster.google_container_node_pool.pools",
            "module.cluster.google_project_iam_member.cluster_service_account-artifact-registry",
            "module.cluster.google_project_iam_member.cluster_service_account-gcr",
            "module.cluster.google_project_iam_member.cluster_service_account-log_writer",
            "module.acm.module.acm_operator.module.k8sop_manifest.null_resource.gcloud_auth_service_account_key_file",
            "module.cluster.google_project_iam_member.cluster_service_account-monitoring_viewer",
            "module.cluster.google_project_iam_member.cluster_service_account-resourceMetadata-writer",
            "module.cluster.google_service_account.cluster_service_account",
            "module.cluster.kubernetes_config_map.ip-masq-agent",
            "module.cluster.kubernetes_config_map.kube-dns",
            "module.cluster.kubernetes_config_map.kube-dns-upstream-nameservers-and-stub-domains",
            "module.cluster.kubernetes_config_map.kube-dns-upstream-namservers",
            "module.cluster.module.gcloud_delete_default_kube_dns_configmap.module.gcloud_kubectl.data.external.env_override",
            "module.cluster.module.gcloud_delete_default_kube_dns_configmap.module.gcloud_kubectl.null_resource.additional_components",
            "module.cluster.module.gcloud_delete_default_kube_dns_configmap.module.gcloud_kubectl.null_resource.additional_components_destroy",
            "module.cluster.module.gcloud_delete_default_kube_dns_configmap.module.gcloud_kubectl.null_resource.decompress",
            "module.cluster.module.gcloud_delete_default_kube_dns_configmap.module.gcloud_kubectl.null_resource.decompress_destroy",
            "module.cluster.module.gcloud_delete_default_kube_dns_configmap.module.gcloud_kubectl.null_resource.download_gcloud",
            "module.project-services.google_project_service.project_services",
            "module.cluster.module.gcloud_delete_default_kube_dns_configmap.module.gcloud_kubectl.null_resource.gcloud_auth_google_credentials",
            "module.cluster.module.gcloud_delete_default_kube_dns_configmap.module.gcloud_kubectl.null_resource.gcloud_auth_google_credentials_destroy",
            "module.cluster.module.gcloud_delete_default_kube_dns_configmap.module.gcloud_kubectl.null_resource.gcloud_auth_service_account_key_file",
            "module.cluster.module.gcloud_delete_default_kube_dns_configmap.module.gcloud_kubectl.null_resource.gcloud_auth_service_account_key_file_destroy",
            "module.cluster.module.gcloud_delete_default_kube_dns_configmap.module.gcloud_kubectl.null_resource.module_depends_on",
            "module.cluster.module.gcloud_delete_default_kube_dns_configmap.module.gcloud_kubectl.null_resource.prepare_cache",
            "module.cluster.module.gcloud_delete_default_kube_dns_configmap.module.gcloud_kubectl.null_resource.download_jq",
            "module.cluster.module.gcloud_delete_default_kube_dns_configmap.module.gcloud_kubectl.null_resource.run_destroy_command",
            "module.cluster.module.gcloud_delete_default_kube_dns_configmap.module.gcloud_kubectl.null_resource.upgrade",
            "module.cluster.module.gcloud_delete_default_kube_dns_configmap.module.gcloud_kubectl.null_resource.upgrade_destroy",
            "module.cluster.module.gcloud_delete_default_kube_dns_configmap.module.gcloud_kubectl.random_id.cache",
            "module.cluster.random_shuffle.available_zones",
            "module.cluster.random_string.cluster_service_account_suffix",
            "module.cluster.module.gcloud_delete_default_kube_dns_configmap.module.gcloud_kubectl.null_resource.run_command"
          ]
        }
      ]
    },
    {
      "module": "module.acm[\"1\"].module.acm_operator.module.k8s_operator.module.gcloud_kubectl",
      "mode": "managed",
      "type": "null_resource",
      "name": "run_command",
      "provider": "provider[\"registry.terraform.io/hashicorp/null\"]",
      "instances": [
        {
          "index_key": 0,
          "status": "tainted",
          "schema_version": 0,
          "attributes": {
            "id": "9103166733186828761",
            "triggers": {
              "arguments": "c12c01591812e14524fc7d82c30cb74a",
              "create_cmd_body": "gke-anthos-north europe-north1 anthos-lab-310709 false false kubectl apply -f ./.terraform/tmp/anthos-lab-310709-gke-anthos-north/config-management-operator.yaml",
              "create_cmd_entrypoint": ".terraform/modules/acm.acm_operator.k8s_operator/modules/kubectl-wrapper/scripts/kubectl_wrapper.sh",
              "gcloud_bin_abs_path": "/google-cloud-sdk/bin",
              "md5": "b9e6ac4c0c60b9da4b93cfa39468acf5"
            }
          },
          "sensitive_attributes": [],
          "private": "bnVsbA==",
          "dependencies": [
            "data.google_project.project",
            "module.acm.module.acm_operator.module.k8s_operator.module.gcloud_kubectl.data.external.env_override",
            "module.acm.module.acm_operator.module.k8s_operator.module.gcloud_kubectl.null_resource.additional_components",
            "module.acm.module.acm_operator.module.k8s_operator.module.gcloud_kubectl.null_resource.decompress",
            "module.acm.module.acm_operator.module.k8s_operator.module.gcloud_kubectl.null_resource.gcloud_auth_google_credentials",
            "module.acm.module.acm_operator.module.k8s_operator.module.gcloud_kubectl.null_resource.gcloud_auth_service_account_key_file",
            "module.acm.module.acm_operator.module.k8s_operator.module.gcloud_kubectl.null_resource.module_depends_on",
            "module.acm.module.acm_operator.module.k8s_operator.module.gcloud_kubectl.random_id.cache",
            "module.acm.module.acm_operator.module.k8sop_manifest.null_resource.additional_components",
            "module.acm.module.acm_operator.module.k8sop_manifest.null_resource.gcloud_auth_google_credentials",
            "module.acm.module.acm_operator.module.k8sop_manifest.null_resource.gcloud_auth_service_account_key_file",
            "module.acm.module.acm_operator.module.k8sop_manifest.null_resource.run_command",
            "module.acm.module.acm_operator.module.k8sop_manifest.null_resource.run_destroy_command",
            "module.cluster.data.google_compute_subnetwork.gke_subnetwork",
            "module.cluster.data.google_compute_zones.available",
            "module.cluster.data.google_container_engine_versions.region",
            "module.cluster.data.google_container_engine_versions.zone",
            "module.cluster.google_compute_firewall.intra_egress",
            "module.cluster.google_compute_firewall.master_webhooks",
            "module.cluster.google_compute_firewall.shadow_allow_master",
            "module.cluster.google_compute_firewall.shadow_allow_nodes",
            "module.cluster.google_compute_firewall.shadow_allow_pods",
            "module.cluster.google_container_cluster.primary",
            "module.cluster.google_container_node_pool.pools",
            "module.cluster.google_project_iam_member.cluster_service_account-artifact-registry",
            "module.cluster.google_project_iam_member.cluster_service_account-gcr",
            "module.cluster.google_project_iam_member.cluster_service_account-log_writer",
            "module.cluster.google_project_iam_member.cluster_service_account-metric_writer",
            "module.cluster.google_project_iam_member.cluster_service_account-monitoring_viewer",
            "module.cluster.google_project_iam_member.cluster_service_account-resourceMetadata-writer",
            "module.cluster.google_service_account.cluster_service_account",
            "module.cluster.kubernetes_config_map.ip-masq-agent",
            "module.cluster.kubernetes_config_map.kube-dns",
            "module.cluster.kubernetes_config_map.kube-dns-upstream-nameservers-and-stub-domains",
            "module.cluster.kubernetes_config_map.kube-dns-upstream-namservers",
            "module.cluster.module.gcloud_delete_default_kube_dns_configmap.module.gcloud_kubectl.data.external.env_override",
            "module.cluster.module.gcloud_delete_default_kube_dns_configmap.module.gcloud_kubectl.null_resource.additional_components",
            "module.cluster.module.gcloud_delete_default_kube_dns_configmap.module.gcloud_kubectl.null_resource.additional_components_destroy",
            "module.cluster.module.gcloud_delete_default_kube_dns_configmap.module.gcloud_kubectl.null_resource.decompress",
            "module.cluster.module.gcloud_delete_default_kube_dns_configmap.module.gcloud_kubectl.null_resource.decompress_destroy",
            "module.cluster.module.gcloud_delete_default_kube_dns_configmap.module.gcloud_kubectl.null_resource.download_gcloud",
            "module.cluster.module.gcloud_delete_default_kube_dns_configmap.module.gcloud_kubectl.null_resource.download_jq",
            "module.cluster.module.gcloud_delete_default_kube_dns_configmap.module.gcloud_kubectl.null_resource.gcloud_auth_google_credentials",
            "module.cluster.module.gcloud_delete_default_kube_dns_configmap.module.gcloud_kubectl.null_resource.gcloud_auth_google_credentials_destroy",
            "module.cluster.module.gcloud_delete_default_kube_dns_configmap.module.gcloud_kubectl.null_resource.gcloud_auth_service_account_key_file",
            "module.cluster.module.gcloud_delete_default_kube_dns_configmap.module.gcloud_kubectl.null_resource.gcloud_auth_service_account_key_file_destroy",
            "module.cluster.module.gcloud_delete_default_kube_dns_configmap.module.gcloud_kubectl.null_resource.module_depends_on",
            "module.cluster.module.gcloud_delete_default_kube_dns_configmap.module.gcloud_kubectl.null_resource.prepare_cache",
            "module.cluster.module.gcloud_delete_default_kube_dns_configmap.module.gcloud_kubectl.null_resource.run_command",
            "module.cluster.module.gcloud_delete_default_kube_dns_configmap.module.gcloud_kubectl.null_resource.run_destroy_command",
            "module.cluster.module.gcloud_delete_default_kube_dns_configmap.module.gcloud_kubectl.null_resource.upgrade",
            "module.cluster.module.gcloud_delete_default_kube_dns_configmap.module.gcloud_kubectl.null_resource.upgrade_destroy",
            "module.cluster.module.gcloud_delete_default_kube_dns_configmap.module.gcloud_kubectl.random_id.cache",
            "module.cluster.random_shuffle.available_zones",
            "module.cluster.random_string.cluster_service_account_suffix",
            "module.project-services.google_project_service.project_services"
          ]
        }
      ]
    },
    {
      "module": "module.acm[\"1\"].module.acm_operator.module.k8s_operator.module.gcloud_kubectl",
      "mode": "managed",
      "type": "null_resource",
      "name": "run_destroy_command",
      "provider": "provider[\"registry.terraform.io/hashicorp/null\"]",
      "instances": [
        {
          "index_key": 0,
          "schema_version": 0,
          "attributes": {
            "id": "8619777649155550701",
            "triggers": {
              "destroy_cmd_body": "gke-anthos-north europe-north1 anthos-lab-310709 false false kubectl delete -f ./.terraform/tmp/anthos-lab-310709-gke-anthos-north/config-management-operator.yaml",
              "destroy_cmd_entrypoint": ".terraform/modules/acm.acm_operator.k8s_operator/modules/kubectl-wrapper/scripts/kubectl_wrapper.sh",
              "gcloud_bin_abs_path": "/google-cloud-sdk/bin"
            }
          },
          "sensitive_attributes": [],
          "private": "bnVsbA==",
          "dependencies": [
            "module.acm.module.acm_operator.module.k8s_operator.module.gcloud_kubectl.data.external.env_override",
            "module.acm.module.acm_operator.module.k8s_operator.module.gcloud_kubectl.null_resource.additional_components",
            "module.acm.module.acm_operator.module.k8s_operator.module.gcloud_kubectl.null_resource.decompress",
            "module.acm.module.acm_operator.module.k8s_operator.module.gcloud_kubectl.null_resource.download_gcloud",
            "module.acm.module.acm_operator.module.k8s_operator.module.gcloud_kubectl.null_resource.download_jq",
            "data.google_project.project",
            "module.acm.module.acm_operator.module.k8s_operator.module.gcloud_kubectl.null_resource.gcloud_auth_google_credentials",
            "module.acm.module.acm_operator.module.k8s_operator.module.gcloud_kubectl.null_resource.gcloud_auth_service_account_key_file",
            "module.acm.module.acm_operator.module.k8s_operator.module.gcloud_kubectl.null_resource.module_depends_on",
            "module.acm.module.acm_operator.module.k8s_operator.module.gcloud_kubectl.null_resource.prepare_cache",
            "module.acm.module.acm_operator.module.k8s_operator.module.gcloud_kubectl.null_resource.upgrade",
            "module.acm.module.acm_operator.module.k8s_operator.module.gcloud_kubectl.random_id.cache",
            "module.acm.module.acm_operator.module.k8sop_manifest.data.external.env_override",
            "module.acm.module.acm_operator.module.k8sop_manifest.null_resource.gcloud_auth_google_credentials",
            "module.acm.module.acm_operator.module.k8sop_manifest.null_resource.additional_components",
            "module.acm.module.acm_operator.module.k8sop_manifest.null_resource.decompress",
            "module.acm.module.acm_operator.module.k8sop_manifest.null_resource.download_gcloud",
            "module.acm.module.acm_operator.module.k8sop_manifest.null_resource.download_jq",
            "module.acm.module.acm_operator.module.k8sop_manifest.null_resource.gcloud_auth_service_account_key_file",
            "module.acm.module.acm_operator.module.k8sop_manifest.null_resource.module_depends_on",
            "module.acm.module.acm_operator.module.k8sop_manifest.null_resource.prepare_cache",
            "module.cluster.kubernetes_config_map.kube-dns",
            "module.acm.module.acm_operator.module.k8sop_manifest.null_resource.run_destroy_command",
            "module.acm.module.acm_operator.module.k8sop_manifest.null_resource.upgrade",
            "module.acm.module.acm_operator.module.k8sop_manifest.random_id.cache",
            "module.cluster.data.google_compute_subnetwork.gke_subnetwork",
            "module.cluster.data.google_container_engine_versions.region",
            "module.cluster.data.google_container_engine_versions.zone",
            "module.cluster.google_compute_firewall.intra_egress",
            "module.cluster.google_compute_firewall.master_webhooks",
            "module.cluster.google_compute_firewall.shadow_allow_master",
            "module.cluster.google_compute_firewall.shadow_allow_nodes",
            "module.cluster.google_compute_firewall.shadow_allow_pods",
            "module.cluster.google_container_cluster.primary",
            "module.acm.module.acm_operator.module.k8sop_manifest.null_resource.run_command",
            "module.cluster.google_container_node_pool.pools",
            "module.cluster.google_project_iam_member.cluster_service_account-artifact-registry",
            "module.cluster.google_project_iam_member.cluster_service_account-gcr",
            "module.cluster.google_project_iam_member.cluster_service_account-log_writer",
            "module.cluster.google_project_iam_member.cluster_service_account-metric_writer",
            "module.cluster.google_project_iam_member.cluster_service_account-monitoring_viewer",
            "module.cluster.google_project_iam_member.cluster_service_account-resourceMetadata-writer",
            "module.cluster.google_service_account.cluster_service_account",
            "module.cluster.kubernetes_config_map.ip-masq-agent",
            "module.cluster.data.google_compute_zones.available",
            "module.cluster.kubernetes_config_map.kube-dns-upstream-nameservers-and-stub-domains",
            "module.cluster.kubernetes_config_map.kube-dns-upstream-namservers",
            "module.cluster.module.gcloud_delete_default_kube_dns_configmap.module.gcloud_kubectl.data.external.env_override",
            "module.cluster.module.gcloud_delete_default_kube_dns_configmap.module.gcloud_kubectl.null_resource.additional_components",
            "module.cluster.module.gcloud_delete_default_kube_dns_configmap.module.gcloud_kubectl.null_resource.additional_components_destroy",
            "module.cluster.module.gcloud_delete_default_kube_dns_configmap.module.gcloud_kubectl.null_resource.decompress",
            "module.cluster.module.gcloud_delete_default_kube_dns_configmap.module.gcloud_kubectl.null_resource.download_gcloud",
            "module.cluster.module.gcloud_delete_default_kube_dns_configmap.module.gcloud_kubectl.null_resource.download_jq",
            "module.cluster.module.gcloud_delete_default_kube_dns_configmap.module.gcloud_kubectl.null_resource.gcloud_auth_google_credentials",
            "module.cluster.module.gcloud_delete_default_kube_dns_configmap.module.gcloud_kubectl.null_resource.gcloud_auth_google_credentials_destroy",
            "module.cluster.module.gcloud_delete_default_kube_dns_configmap.module.gcloud_kubectl.null_resource.gcloud_auth_service_account_key_file",
            "module.cluster.module.gcloud_delete_default_kube_dns_configmap.module.gcloud_kubectl.null_resource.gcloud_auth_service_account_key_file_destroy",
            "module.cluster.random_string.cluster_service_account_suffix",
            "module.project-services.google_project_service.project_services",
            "module.cluster.module.gcloud_delete_default_kube_dns_configmap.module.gcloud_kubectl.null_resource.prepare_cache",
            "module.cluster.module.gcloud_delete_default_kube_dns_configmap.module.gcloud_kubectl.null_resource.decompress_destroy",
            "module.cluster.module.gcloud_delete_default_kube_dns_configmap.module.gcloud_kubectl.null_resource.run_command",
            "module.cluster.module.gcloud_delete_default_kube_dns_configmap.module.gcloud_kubectl.null_resource.module_depends_on",
            "module.cluster.module.gcloud_delete_default_kube_dns_configmap.module.gcloud_kubectl.null_resource.upgrade",
            "module.cluster.module.gcloud_delete_default_kube_dns_configmap.module.gcloud_kubectl.null_resource.upgrade_destroy",
            "module.cluster.module.gcloud_delete_default_kube_dns_configmap.module.gcloud_kubectl.random_id.cache",
            "module.cluster.random_shuffle.available_zones",
            "module.cluster.module.gcloud_delete_default_kube_dns_configmap.module.gcloud_kubectl.null_resource.run_destroy_command"
          ]
        }
      ]
    },
    {
      "module": "module.acm[\"1\"].module.acm_operator.module.k8s_operator.module.gcloud_kubectl",
      "mode": "managed",
      "type": "null_resource",
      "name": "upgrade",
      "provider": "provider[\"registry.terraform.io/hashicorp/null\"]",
      "instances": []
    },
    {
      "module": "module.acm[\"1\"].module.acm_operator.module.k8s_operator.module.gcloud_kubectl",
      "mode": "managed",
      "type": "random_id",
      "name": "cache",
      "provider": "provider[\"registry.terraform.io/hashicorp/random\"]",
      "instances": []
    },
    {
      "module": "module.acm[\"1\"].module.acm_operator.module.k8sop_config.module.gcloud_kubectl",
      "mode": "data",
      "type": "external",
      "name": "env_override",
      "provider": "provider[\"registry.terraform.io/hashicorp/external\"]",
      "instances": [
        {
          "index_key": 0,
          "schema_version": 0,
          "attributes": {
            "id": "-",
            "program": [
              ".terraform/modules/acm.acm_operator.k8sop_config/scripts/check_env.sh"
            ],
            "query": null,
            "result": {
              "download": ""
            },
            "working_dir": null
          },
          "sensitive_attributes": []
        }
      ]
    },
    {
      "module": "module.acm[\"1\"].module.acm_operator.module.k8sop_config.module.gcloud_kubectl",
      "mode": "managed",
      "type": "null_resource",
      "name": "additional_components",
      "provider": "provider[\"registry.terraform.io/hashicorp/null\"]",
      "instances": [
        {
          "index_key": 0,
          "schema_version": 0,
          "attributes": {
            "id": "6024915447101835973",
            "triggers": {
              "additional_components_command": ".terraform/modules/acm.acm_operator.k8sop_config/scripts/check_components.sh gcloud kubectl",
              "arguments": "fc1c3816022baa9a01fe3ac9cbb78696",
              "configmanagement": "apiVersion: configmanagement.gke.io/v1\nkind: ConfigManagement\nmetadata:\n  name: config-management\nspec:\n  # clusterName is required and must be unique among all managed clusters\n  clusterName: gke-anthos-north\n  policyController:\n    enabled: true\n    templateLibraryInstalled: true\n    logDeniesEnabled: false\n  git:\n    syncRepo: git@github.com:Francesco-cloud24/anthos-lab.git\n    secretType: ssh\n    \n    syncBranch: master\n    \n  \n  \n",
              "md5": "147aeb32f77caec118fc73dd6c77a279"
            }
          },
          "sensitive_attributes": [],
          "private": "bnVsbA==",
          "dependencies": [
            "module.acm.module.acm_operator.module.k8s_operator.module.gcloud_kubectl.null_resource.prepare_cache",
            "data.google_project.project",
            "module.acm.module.acm_operator.module.k8s_operator.module.gcloud_kubectl.data.external.env_override",
            "module.acm.module.acm_operator.module.k8s_operator.module.gcloud_kubectl.null_resource.additional_components",
            "module.acm.module.acm_operator.module.k8s_operator.module.gcloud_kubectl.null_resource.decompress",
            "module.acm.module.acm_operator.module.k8s_operator.module.gcloud_kubectl.null_resource.download_gcloud",
            "module.acm.module.acm_operator.data.template_file.k8sop_config",
            "module.acm.module.acm_operator.module.k8s_operator.module.gcloud_kubectl.null_resource.download_jq",
            "module.acm.module.acm_operator.module.k8s_operator.module.gcloud_kubectl.null_resource.gcloud_auth_service_account_key_file",
            "module.acm.module.acm_operator.module.k8s_operator.module.gcloud_kubectl.null_resource.module_depends_on",
            "module.acm.module.acm_operator.module.k8sop_config.module.gcloud_kubectl.random_id.cache",
            "module.acm.module.acm_operator.module.k8s_operator.module.gcloud_kubectl.null_resource.gcloud_auth_google_credentials",
            "module.acm.module.acm_operator.module.k8s_operator.module.gcloud_kubectl.null_resource.run_command",
            "module.acm.module.acm_operator.module.k8s_operator.module.gcloud_kubectl.random_id.cache",
            "module.acm.module.acm_operator.module.k8sop_config.module.gcloud_kubectl.data.external.env_override",
            "module.acm.module.acm_operator.module.k8sop_config.module.gcloud_kubectl.null_resource.decompress",
            "module.acm.module.acm_operator.module.k8sop_config.module.gcloud_kubectl.null_resource.download_gcloud",
            "module.acm.module.acm_operator.module.k8sop_config.module.gcloud_kubectl.null_resource.download_jq",
            "module.acm.module.acm_operator.module.k8sop_config.module.gcloud_kubectl.null_resource.module_depends_on",
            "module.acm.module.acm_operator.module.k8sop_config.module.gcloud_kubectl.null_resource.prepare_cache",
            "module.acm.module.acm_operator.module.k8sop_config.module.gcloud_kubectl.null_resource.upgrade",
            "module.acm.module.acm_operator.module.k8s_operator.module.gcloud_kubectl.null_resource.run_destroy_command",
            "module.acm.module.acm_operator.module.k8s_operator.module.gcloud_kubectl.null_resource.upgrade",
            "module.acm.module.acm_operator.module.k8sop_creds_secret.module.gcloud_kubectl.data.external.env_override",
            "module.acm.module.acm_operator.module.k8sop_creds_secret.module.gcloud_kubectl.null_resource.additional_components",
            "module.acm.module.acm_operator.module.k8sop_creds_secret.module.gcloud_kubectl.null_resource.decompress",
            "module.acm.module.acm_operator.module.k8sop_creds_secret.module.gcloud_kubectl.null_resource.download_gcloud",
            "module.acm.module.acm_operator.module.k8sop_creds_secret.module.gcloud_kubectl.null_resource.download_jq",
            "module.acm.module.acm_operator.module.k8sop_creds_secret.module.gcloud_kubectl.null_resource.gcloud_auth_google_credentials",
            "module.acm.module.acm_operator.module.k8sop_creds_secret.module.gcloud_kubectl.null_resource.gcloud_auth_service_account_key_file",
            "module.acm.module.acm_operator.module.k8sop_creds_secret.module.gcloud_kubectl.null_resource.module_depends_on",
            "module.acm.module.acm_operator.module.k8sop_creds_secret.module.gcloud_kubectl.null_resource.prepare_cache",
            "module.acm.module.acm_operator.module.k8sop_creds_secret.module.gcloud_kubectl.null_resource.run_command",
            "module.acm.module.acm_operator.module.k8sop_creds_secret.module.gcloud_kubectl.null_resource.run_destroy_command",
            "module.acm.module.acm_operator.module.k8sop_creds_secret.module.gcloud_kubectl.null_resource.upgrade",
            "module.acm.module.acm_operator.module.k8sop_creds_secret.module.gcloud_kubectl.random_id.cache",
            "module.acm.module.acm_operator.module.k8sop_manifest.data.external.env_override",
            "module.acm.module.acm_operator.module.k8sop_manifest.null_resource.additional_components",
            "module.acm.module.acm_operator.module.k8sop_manifest.null_resource.decompress",
            "module.acm.module.acm_operator.module.k8sop_manifest.null_resource.download_gcloud",
            "module.acm.module.acm_operator.module.k8sop_manifest.null_resource.download_jq",
            "module.acm.module.acm_operator.module.k8sop_manifest.null_resource.gcloud_auth_google_credentials",
            "module.acm.module.acm_operator.module.k8sop_manifest.null_resource.gcloud_auth_service_account_key_file",
            "module.acm.module.acm_operator.module.k8sop_manifest.null_resource.module_depends_on",
            "module.acm.module.acm_operator.module.k8sop_manifest.null_resource.prepare_cache",
            "module.acm.module.acm_operator.module.k8sop_manifest.null_resource.run_command",
            "module.acm.module.acm_operator.module.k8sop_manifest.null_resource.run_destroy_command",
            "module.acm.module.acm_operator.module.k8sop_manifest.null_resource.upgrade",
            "module.acm.module.acm_operator.module.k8sop_manifest.random_id.cache",
            "module.acm.module.acm_operator.tls_private_key.k8sop_creds",
            "module.cluster.data.google_compute_subnetwork.gke_subnetwork",
            "module.cluster.data.google_compute_zones.available",
            "module.cluster.data.google_container_engine_versions.region",
            "module.cluster.data.google_container_engine_versions.zone",
            "module.cluster.google_compute_firewall.intra_egress",
            "module.cluster.google_compute_firewall.master_webhooks",
            "module.cluster.google_compute_firewall.shadow_allow_master",
            "module.cluster.google_compute_firewall.shadow_allow_nodes",
            "module.cluster.google_compute_firewall.shadow_allow_pods",
            "module.cluster.google_container_cluster.primary",
            "module.cluster.google_container_node_pool.pools",
            "module.cluster.google_project_iam_member.cluster_service_account-artifact-registry",
            "module.cluster.google_project_iam_member.cluster_service_account-gcr",
            "module.cluster.google_project_iam_member.cluster_service_account-log_writer",
            "module.cluster.google_project_iam_member.cluster_service_account-metric_writer",
            "module.cluster.google_project_iam_member.cluster_service_account-monitoring_viewer",
            "module.cluster.google_project_iam_member.cluster_service_account-resourceMetadata-writer",
            "module.cluster.google_service_account.cluster_service_account",
            "module.cluster.kubernetes_config_map.ip-masq-agent",
            "module.cluster.kubernetes_config_map.kube-dns",
            "module.project-services.google_project_service.project_services",
            "module.cluster.kubernetes_config_map.kube-dns-upstream-namservers",
            "module.cluster.module.gcloud_delete_default_kube_dns_configmap.module.gcloud_kubectl.data.external.env_override",
            "module.cluster.module.gcloud_delete_default_kube_dns_configmap.module.gcloud_kubectl.null_resource.additional_components",
            "module.cluster.module.gcloud_delete_default_kube_dns_configmap.module.gcloud_kubectl.null_resource.additional_components_destroy",
            "module.cluster.module.gcloud_delete_default_kube_dns_configmap.module.gcloud_kubectl.null_resource.decompress",
            "module.cluster.module.gcloud_delete_default_kube_dns_configmap.module.gcloud_kubectl.null_resource.decompress_destroy",
            "module.cluster.module.gcloud_delete_default_kube_dns_configmap.module.gcloud_kubectl.null_resource.download_gcloud",
            "module.cluster.module.gcloud_delete_default_kube_dns_configmap.module.gcloud_kubectl.null_resource.download_jq",
            "module.cluster.module.gcloud_delete_default_kube_dns_configmap.module.gcloud_kubectl.null_resource.gcloud_auth_google_credentials",
            "module.cluster.module.gcloud_delete_default_kube_dns_configmap.module.gcloud_kubectl.null_resource.gcloud_auth_google_credentials_destroy",
            "module.cluster.kubernetes_config_map.kube-dns-upstream-nameservers-and-stub-domains",
            "module.cluster.module.gcloud_delete_default_kube_dns_configmap.module.gcloud_kubectl.null_resource.gcloud_auth_service_account_key_file_destroy",
            "module.cluster.module.gcloud_delete_default_kube_dns_configmap.module.gcloud_kubectl.null_resource.module_depends_on",
            "module.cluster.module.gcloud_delete_default_kube_dns_configmap.module.gcloud_kubectl.null_resource.prepare_cache",
            "module.cluster.module.gcloud_delete_default_kube_dns_configmap.module.gcloud_kubectl.null_resource.run_command",
            "module.cluster.module.gcloud_delete_default_kube_dns_configmap.module.gcloud_kubectl.null_resource.run_destroy_command",
            "module.cluster.module.gcloud_delete_default_kube_dns_configmap.module.gcloud_kubectl.null_resource.upgrade",
            "module.cluster.module.gcloud_delete_default_kube_dns_configmap.module.gcloud_kubectl.null_resource.upgrade_destroy",
            "module.cluster.module.gcloud_delete_default_kube_dns_configmap.module.gcloud_kubectl.random_id.cache",
            "module.cluster.random_shuffle.available_zones",
            "module.cluster.random_string.cluster_service_account_suffix",
            "module.cluster.module.gcloud_delete_default_kube_dns_configmap.module.gcloud_kubectl.null_resource.gcloud_auth_service_account_key_file"
          ]
        }
      ]
    },
    {
      "module": "module.acm[\"1\"].module.acm_operator.module.k8sop_config.module.gcloud_kubectl",
      "mode": "managed",
      "type": "null_resource",
      "name": "decompress",
      "provider": "provider[\"registry.terraform.io/hashicorp/null\"]",
      "instances": []
    },
    {
      "module": "module.acm[\"1\"].module.acm_operator.module.k8sop_config.module.gcloud_kubectl",
      "mode": "managed",
      "type": "null_resource",
      "name": "gcloud_auth_google_credentials",
      "provider": "provider[\"registry.terraform.io/hashicorp/null\"]",
      "instances": []
    },
    {
      "module": "module.acm[\"1\"].module.acm_operator.module.k8sop_config.module.gcloud_kubectl",
      "mode": "managed",
      "type": "null_resource",
      "name": "gcloud_auth_service_account_key_file",
      "provider": "provider[\"registry.terraform.io/hashicorp/null\"]",
      "instances": []
    },
    {
      "module": "module.acm[\"1\"].module.acm_operator.module.k8sop_config.module.gcloud_kubectl",
      "mode": "managed",
      "type": "null_resource",
      "name": "run_command",
      "provider": "provider[\"registry.terraform.io/hashicorp/null\"]",
      "instances": []
    },
    {
      "module": "module.acm[\"1\"].module.acm_operator.module.k8sop_config.module.gcloud_kubectl",
      "mode": "managed",
      "type": "null_resource",
      "name": "run_destroy_command",
      "provider": "provider[\"registry.terraform.io/hashicorp/null\"]",
      "instances": []
    },
    {
      "module": "module.acm[\"1\"].module.acm_operator.module.k8sop_config.module.gcloud_kubectl",
      "mode": "managed",
      "type": "null_resource",
      "name": "upgrade",
      "provider": "provider[\"registry.terraform.io/hashicorp/null\"]",
      "instances": []
    },
    {
      "module": "module.acm[\"1\"].module.acm_operator.module.k8sop_config.module.gcloud_kubectl",
      "mode": "managed",
      "type": "random_id",
      "name": "cache",
      "provider": "provider[\"registry.terraform.io/hashicorp/random\"]",
      "instances": []
    },
    {
      "module": "module.acm[\"1\"].module.acm_operator.module.k8sop_creds_secret.module.gcloud_kubectl",
      "mode": "data",
      "type": "external",
      "name": "env_override",
      "provider": "provider[\"registry.terraform.io/hashicorp/external\"]",
      "instances": [
        {
          "index_key": 0,
          "schema_version": 0,
          "attributes": {
            "id": "-",
            "program": [
              ".terraform/modules/acm.acm_operator.k8sop_creds_secret/scripts/check_env.sh"
            ],
            "query": null,
            "result": {
              "download": ""
            },
            "working_dir": null
          },
          "sensitive_attributes": []
        }
      ]
    },
    {
      "module": "module.acm[\"1\"].module.acm_operator.module.k8sop_creds_secret.module.gcloud_kubectl",
      "mode": "managed",
      "type": "null_resource",
      "name": "additional_components",
      "provider": "provider[\"registry.terraform.io/hashicorp/null\"]",
      "instances": [
        {
          "index_key": 0,
          "schema_version": 0,
          "attributes": {
            "id": "2090093035322564372",
            "triggers": {
              "additional_components_command": ".terraform/modules/acm.acm_operator.k8sop_creds_secret/scripts/check_components.sh gcloud kubectl",
              "arguments": "d3aa81ce683255b8733456bef468b788",
              "md5": "8ee7ba6f7389035061871bd35efb2ee4"
            }
          },
          "sensitive_attributes": [
            [
              {
                "type": "get_attr",
                "value": "triggers"
              },
              {
                "type": "index",
                "value": {
                  "value": "arguments",
                  "type": "string"
                }
              }
            ]
          ],
          "private": "bnVsbA==",
          "dependencies": [
            "module.acm.module.acm_operator.module.k8s_operator.module.gcloud_kubectl.data.external.env_override",
            "module.acm.module.acm_operator.module.k8s_operator.module.gcloud_kubectl.null_resource.additional_components",
            "module.acm.module.acm_operator.module.k8s_operator.module.gcloud_kubectl.null_resource.download_gcloud",
            "module.acm.module.acm_operator.module.k8s_operator.module.gcloud_kubectl.null_resource.download_jq",
            "module.acm.module.acm_operator.module.k8s_operator.module.gcloud_kubectl.null_resource.gcloud_auth_google_credentials",
            "data.google_project.project",
            "module.acm.module.acm_operator.module.k8s_operator.module.gcloud_kubectl.null_resource.decompress",
            "module.acm.module.acm_operator.module.k8s_operator.module.gcloud_kubectl.null_resource.gcloud_auth_service_account_key_file",
            "module.acm.module.acm_operator.module.k8s_operator.module.gcloud_kubectl.null_resource.module_depends_on",
            "module.acm.module.acm_operator.module.k8s_operator.module.gcloud_kubectl.null_resource.prepare_cache",
            "module.acm.module.acm_operator.module.k8s_operator.module.gcloud_kubectl.null_resource.run_destroy_command",
            "module.acm.module.acm_operator.module.k8s_operator.module.gcloud_kubectl.null_resource.upgrade",
            "module.acm.module.acm_operator.module.k8s_operator.module.gcloud_kubectl.random_id.cache",
            "module.acm.module.acm_operator.module.k8s_operator.module.gcloud_kubectl.null_resource.run_command",
            "module.acm.module.acm_operator.module.k8sop_creds_secret.module.gcloud_kubectl.data.external.env_override",
            "module.acm.module.acm_operator.module.k8sop_creds_secret.module.gcloud_kubectl.null_resource.decompress",
            "module.acm.module.acm_operator.module.k8sop_creds_secret.module.gcloud_kubectl.null_resource.download_gcloud",
            "module.acm.module.acm_operator.module.k8sop_creds_secret.module.gcloud_kubectl.null_resource.download_jq",
            "module.acm.module.acm_operator.module.k8sop_creds_secret.module.gcloud_kubectl.null_resource.module_depends_on",
            "module.acm.module.acm_operator.module.k8sop_creds_secret.module.gcloud_kubectl.null_resource.upgrade",
            "module.acm.module.acm_operator.module.k8sop_creds_secret.module.gcloud_kubectl.random_id.cache",
            "module.acm.module.acm_operator.module.k8sop_manifest.data.external.env_override",
            "module.acm.module.acm_operator.module.k8sop_manifest.null_resource.additional_components",
            "module.acm.module.acm_operator.module.k8sop_manifest.null_resource.decompress",
            "module.acm.module.acm_operator.module.k8sop_manifest.null_resource.download_gcloud",
            "module.acm.module.acm_operator.module.k8sop_manifest.null_resource.download_jq",
            "module.acm.module.acm_operator.module.k8sop_manifest.null_resource.gcloud_auth_google_credentials",
            "module.acm.module.acm_operator.module.k8sop_manifest.null_resource.gcloud_auth_service_account_key_file",
            "module.acm.module.acm_operator.module.k8sop_manifest.null_resource.module_depends_on",
            "module.acm.module.acm_operator.module.k8sop_manifest.null_resource.prepare_cache",
            "module.acm.module.acm_operator.module.k8sop_manifest.null_resource.run_command",
            "module.acm.module.acm_operator.module.k8sop_manifest.null_resource.run_destroy_command",
            "module.acm.module.acm_operator.module.k8sop_manifest.null_resource.upgrade",
            "module.acm.module.acm_operator.module.k8sop_manifest.random_id.cache",
            "module.acm.module.acm_operator.tls_private_key.k8sop_creds",
            "module.cluster.data.google_compute_subnetwork.gke_subnetwork",
            "module.cluster.data.google_compute_zones.available",
            "module.cluster.data.google_container_engine_versions.region",
            "module.cluster.data.google_container_engine_versions.zone",
            "module.cluster.google_compute_firewall.intra_egress",
            "module.cluster.google_compute_firewall.master_webhooks",
            "module.cluster.google_compute_firewall.shadow_allow_master",
            "module.cluster.google_compute_firewall.shadow_allow_nodes",
            "module.cluster.google_compute_firewall.shadow_allow_pods",
            "module.cluster.google_container_cluster.primary",
            "module.cluster.google_container_node_pool.pools",
            "module.cluster.google_project_iam_member.cluster_service_account-artifact-registry",
            "module.cluster.google_project_iam_member.cluster_service_account-gcr",
            "module.cluster.google_project_iam_member.cluster_service_account-log_writer",
            "module.acm.module.acm_operator.module.k8sop_creds_secret.module.gcloud_kubectl.null_resource.prepare_cache",
            "module.cluster.google_project_iam_member.cluster_service_account-metric_writer",
            "module.cluster.google_project_iam_member.cluster_service_account-monitoring_viewer",
            "module.cluster.google_project_iam_member.cluster_service_account-resourceMetadata-writer",
            "module.cluster.google_service_account.cluster_service_account",
            "module.cluster.kubernetes_config_map.ip-masq-agent",
            "module.cluster.kubernetes_config_map.kube-dns",
            "module.cluster.kubernetes_config_map.kube-dns-upstream-nameservers-and-stub-domains",
            "module.cluster.kubernetes_config_map.kube-dns-upstream-namservers",
            "module.cluster.module.gcloud_delete_default_kube_dns_configmap.module.gcloud_kubectl.data.external.env_override",
            "module.cluster.module.gcloud_delete_default_kube_dns_configmap.module.gcloud_kubectl.null_resource.additional_components",
            "module.cluster.module.gcloud_delete_default_kube_dns_configmap.module.gcloud_kubectl.null_resource.additional_components_destroy",
            "module.cluster.module.gcloud_delete_default_kube_dns_configmap.module.gcloud_kubectl.null_resource.decompress",
            "module.cluster.module.gcloud_delete_default_kube_dns_configmap.module.gcloud_kubectl.null_resource.decompress_destroy",
            "module.cluster.module.gcloud_delete_default_kube_dns_configmap.module.gcloud_kubectl.null_resource.download_gcloud",
            "module.cluster.module.gcloud_delete_default_kube_dns_configmap.module.gcloud_kubectl.null_resource.download_jq",
            "module.cluster.module.gcloud_delete_default_kube_dns_configmap.module.gcloud_kubectl.null_resource.gcloud_auth_google_credentials",
            "module.cluster.module.gcloud_delete_default_kube_dns_configmap.module.gcloud_kubectl.null_resource.gcloud_auth_google_credentials_destroy",
            "module.cluster.module.gcloud_delete_default_kube_dns_configmap.module.gcloud_kubectl.null_resource.gcloud_auth_service_account_key_file",
            "module.cluster.module.gcloud_delete_default_kube_dns_configmap.module.gcloud_kubectl.null_resource.gcloud_auth_service_account_key_file_destroy",
            "module.cluster.module.gcloud_delete_default_kube_dns_configmap.module.gcloud_kubectl.null_resource.module_depends_on",
            "module.cluster.module.gcloud_delete_default_kube_dns_configmap.module.gcloud_kubectl.null_resource.prepare_cache",
            "module.cluster.module.gcloud_delete_default_kube_dns_configmap.module.gcloud_kubectl.null_resource.run_command",
            "module.cluster.module.gcloud_delete_default_kube_dns_configmap.module.gcloud_kubectl.null_resource.run_destroy_command",
            "module.cluster.module.gcloud_delete_default_kube_dns_configmap.module.gcloud_kubectl.null_resource.upgrade",
            "module.cluster.module.gcloud_delete_default_kube_dns_configmap.module.gcloud_kubectl.null_resource.upgrade_destroy",
            "module.cluster.module.gcloud_delete_default_kube_dns_configmap.module.gcloud_kubectl.random_id.cache",
            "module.cluster.random_shuffle.available_zones",
            "module.cluster.random_string.cluster_service_account_suffix",
            "module.project-services.google_project_service.project_services"
          ]
        }
      ]
    },
    {
      "module": "module.acm[\"1\"].module.acm_operator.module.k8sop_creds_secret.module.gcloud_kubectl",
      "mode": "managed",
      "type": "null_resource",
      "name": "decompress",
      "provider": "provider[\"registry.terraform.io/hashicorp/null\"]",
      "instances": []
    },
    {
      "module": "module.acm[\"1\"].module.acm_operator.module.k8sop_creds_secret.module.gcloud_kubectl",
      "mode": "managed",
      "type": "null_resource",
      "name": "gcloud_auth_google_credentials",
      "provider": "provider[\"registry.terraform.io/hashicorp/null\"]",
      "instances": []
    },
    {
      "module": "module.acm[\"1\"].module.acm_operator.module.k8sop_creds_secret.module.gcloud_kubectl",
      "mode": "managed",
      "type": "null_resource",
      "name": "gcloud_auth_service_account_key_file",
      "provider": "provider[\"registry.terraform.io/hashicorp/null\"]",
      "instances": []
    },
    {
      "module": "module.acm[\"1\"].module.acm_operator.module.k8sop_creds_secret.module.gcloud_kubectl",
      "mode": "managed",
      "type": "null_resource",
      "name": "run_command",
      "provider": "provider[\"registry.terraform.io/hashicorp/null\"]",
      "instances": []
    },
    {
      "module": "module.acm[\"1\"].module.acm_operator.module.k8sop_creds_secret.module.gcloud_kubectl",
      "mode": "managed",
      "type": "null_resource",
      "name": "run_destroy_command",
      "provider": "provider[\"registry.terraform.io/hashicorp/null\"]",
      "instances": []
    },
    {
      "module": "module.acm[\"1\"].module.acm_operator.module.k8sop_creds_secret.module.gcloud_kubectl",
      "mode": "managed",
      "type": "null_resource",
      "name": "upgrade",
      "provider": "provider[\"registry.terraform.io/hashicorp/null\"]",
      "instances": []
    },
    {
      "module": "module.acm[\"1\"].module.acm_operator.module.k8sop_creds_secret.module.gcloud_kubectl",
      "mode": "managed",
      "type": "random_id",
      "name": "cache",
      "provider": "provider[\"registry.terraform.io/hashicorp/random\"]",
      "instances": []
    },
    {
      "module": "module.acm[\"1\"].module.acm_operator.module.k8sop_manifest",
      "mode": "data",
      "type": "external",
      "name": "env_override",
      "provider": "provider[\"registry.terraform.io/hashicorp/external\"]",
      "instances": [
        {
          "index_key": 0,
          "schema_version": 0,
          "attributes": {
            "id": "-",
            "program": [
              ".terraform/modules/acm.acm_operator.k8sop_manifest/scripts/check_env.sh"
            ],
            "query": null,
            "result": {
              "download": ""
            },
            "working_dir": null
          },
          "sensitive_attributes": []
        }
      ]
    },
    {
      "module": "module.acm[\"1\"].module.acm_operator.module.k8sop_manifest",
      "mode": "managed",
      "type": "null_resource",
      "name": "run_command",
      "provider": "provider[\"registry.terraform.io/hashicorp/null\"]",
      "instances": [
        {
          "index_key": 0,
          "schema_version": 0,
          "attributes": {
            "id": "3466735984131680745",
            "triggers": {
              "arguments": "3dbd86a876ddad93c0fecf4c009264af",
              "create_cmd_body": "cp gs://config-management-release/released/latest/config-management-operator.yaml ./.terraform/tmp/anthos-lab-310709-gke-anthos-north/config-management-operator.yaml",
              "create_cmd_entrypoint": "gsutil",
              "gcloud_bin_abs_path": "/google-cloud-sdk/bin",
              "md5": "e1b4a75ce3382cf47c61b6f3983a4822"
            }
          },
          "sensitive_attributes": [],
          "private": "bnVsbA==",
          "dependencies": [
            "data.google_project.project",
            "module.acm.module.acm_operator.module.k8sop_manifest.data.external.env_override",
            "module.acm.module.acm_operator.module.k8sop_manifest.null_resource.additional_components",
            "module.acm.module.acm_operator.module.k8sop_manifest.null_resource.decompress",
            "module.acm.module.acm_operator.module.k8sop_manifest.null_resource.download_gcloud",
            "module.acm.module.acm_operator.module.k8sop_manifest.null_resource.download_jq",
            "module.acm.module.acm_operator.module.k8sop_manifest.null_resource.gcloud_auth_google_credentials",
            "module.acm.module.acm_operator.module.k8sop_manifest.null_resource.gcloud_auth_service_account_key_file",
            "module.acm.module.acm_operator.module.k8sop_manifest.null_resource.module_depends_on",
            "module.acm.module.acm_operator.module.k8sop_manifest.null_resource.prepare_cache",
            "module.acm.module.acm_operator.module.k8sop_manifest.null_resource.upgrade",
            "module.acm.module.acm_operator.module.k8sop_manifest.random_id.cache",
            "module.cluster.data.google_compute_subnetwork.gke_subnetwork",
            "module.cluster.data.google_compute_zones.available",
            "module.cluster.data.google_container_engine_versions.region",
            "module.cluster.data.google_container_engine_versions.zone",
            "module.cluster.google_compute_firewall.intra_egress",
            "module.cluster.google_compute_firewall.master_webhooks",
            "module.cluster.google_compute_firewall.shadow_allow_master",
            "module.cluster.google_compute_firewall.shadow_allow_nodes",
            "module.cluster.google_compute_firewall.shadow_allow_pods",
            "module.cluster.google_container_node_pool.pools",
            "module.cluster.google_project_iam_member.cluster_service_account-artifact-registry",
            "module.cluster.google_project_iam_member.cluster_service_account-gcr",
            "module.cluster.google_project_iam_member.cluster_service_account-log_writer",
            "module.cluster.google_project_iam_member.cluster_service_account-metric_writer",
            "module.cluster.google_project_iam_member.cluster_service_account-monitoring_viewer",
            "module.cluster.google_container_cluster.primary",
            "module.cluster.google_project_iam_member.cluster_service_account-resourceMetadata-writer",
            "module.cluster.google_service_account.cluster_service_account",
            "module.cluster.kubernetes_config_map.ip-masq-agent",
            "module.cluster.kubernetes_config_map.kube-dns",
            "module.cluster.kubernetes_config_map.kube-dns-upstream-nameservers-and-stub-domains",
            "module.cluster.kubernetes_config_map.kube-dns-upstream-namservers",
            "module.cluster.module.gcloud_delete_default_kube_dns_configmap.module.gcloud_kubectl.data.external.env_override",
            "module.cluster.module.gcloud_delete_default_kube_dns_configmap.module.gcloud_kubectl.null_resource.additional_components",
            "module.cluster.module.gcloud_delete_default_kube_dns_configmap.module.gcloud_kubectl.null_resource.additional_components_destroy",
            "module.cluster.module.gcloud_delete_default_kube_dns_configmap.module.gcloud_kubectl.null_resource.decompress",
            "module.cluster.module.gcloud_delete_default_kube_dns_configmap.module.gcloud_kubectl.null_resource.decompress_destroy",
            "module.cluster.module.gcloud_delete_default_kube_dns_configmap.module.gcloud_kubectl.null_resource.download_gcloud",
            "module.cluster.module.gcloud_delete_default_kube_dns_configmap.module.gcloud_kubectl.null_resource.download_jq",
            "module.cluster.module.gcloud_delete_default_kube_dns_configmap.module.gcloud_kubectl.null_resource.gcloud_auth_google_credentials",
            "module.cluster.module.gcloud_delete_default_kube_dns_configmap.module.gcloud_kubectl.null_resource.gcloud_auth_google_credentials_destroy",
            "module.cluster.module.gcloud_delete_default_kube_dns_configmap.module.gcloud_kubectl.null_resource.gcloud_auth_service_account_key_file",
            "module.cluster.module.gcloud_delete_default_kube_dns_configmap.module.gcloud_kubectl.null_resource.gcloud_auth_service_account_key_file_destroy",
            "module.cluster.module.gcloud_delete_default_kube_dns_configmap.module.gcloud_kubectl.null_resource.module_depends_on",
            "module.cluster.module.gcloud_delete_default_kube_dns_configmap.module.gcloud_kubectl.null_resource.prepare_cache",
            "module.cluster.module.gcloud_delete_default_kube_dns_configmap.module.gcloud_kubectl.null_resource.run_command",
            "module.cluster.module.gcloud_delete_default_kube_dns_configmap.module.gcloud_kubectl.null_resource.run_destroy_command",
            "module.cluster.module.gcloud_delete_default_kube_dns_configmap.module.gcloud_kubectl.null_resource.upgrade",
            "module.cluster.module.gcloud_delete_default_kube_dns_configmap.module.gcloud_kubectl.null_resource.upgrade_destroy",
            "module.cluster.module.gcloud_delete_default_kube_dns_configmap.module.gcloud_kubectl.random_id.cache",
            "module.cluster.random_shuffle.available_zones",
            "module.cluster.random_string.cluster_service_account_suffix",
            "module.project-services.google_project_service.project_services"
          ]
        }
      ]
    },
    {
      "module": "module.acm[\"1\"].module.acm_operator.module.k8sop_manifest",
      "mode": "managed",
      "type": "null_resource",
      "name": "run_destroy_command",
      "provider": "provider[\"registry.terraform.io/hashicorp/null\"]",
      "instances": [
        {
          "index_key": 0,
          "schema_version": 0,
          "attributes": {
            "id": "7015746884570627855",
            "triggers": {
              "destroy_cmd_body": "-f ./.terraform/tmp/anthos-lab-310709-gke-anthos-north/config-management-operator.yaml",
              "destroy_cmd_entrypoint": "rm",
              "gcloud_bin_abs_path": "/google-cloud-sdk/bin"
            }
          },
          "sensitive_attributes": [],
          "private": "bnVsbA==",
          "dependencies": [
            "module.acm.module.acm_operator.module.k8sop_manifest.null_resource.decompress",
            "module.cluster.google_compute_firewall.shadow_allow_pods",
            "module.cluster.google_project_iam_member.cluster_service_account-artifact-registry",
            "module.cluster.kubernetes_config_map.kube-dns",
            "module.cluster.module.gcloud_delete_default_kube_dns_configmap.module.gcloud_kubectl.null_resource.download_gcloud",
            "module.cluster.module.gcloud_delete_default_kube_dns_configmap.module.gcloud_kubectl.null_resource.run_destroy_command",
            "module.cluster.module.gcloud_delete_default_kube_dns_configmap.module.gcloud_kubectl.null_resource.gcloud_auth_service_account_key_file_destroy",
            "module.cluster.module.gcloud_delete_default_kube_dns_configmap.module.gcloud_kubectl.null_resource.module_depends_on",
            "module.acm.module.acm_operator.module.k8sop_manifest.null_resource.prepare_cache",
            "module.cluster.module.gcloud_delete_default_kube_dns_configmap.module.gcloud_kubectl.random_id.cache",
            "module.cluster.random_shuffle.available_zones",
            "module.project-services.google_project_service.project_services",
            "module.cluster.module.gcloud_delete_default_kube_dns_configmap.module.gcloud_kubectl.null_resource.upgrade",
            "module.cluster.google_project_iam_member.cluster_service_account-resourceMetadata-writer",
            "module.cluster.module.gcloud_delete_default_kube_dns_configmap.module.gcloud_kubectl.null_resource.download_jq",
            "module.cluster.module.gcloud_delete_default_kube_dns_configmap.module.gcloud_kubectl.null_resource.gcloud_auth_google_credentials",
            "module.cluster.google_compute_firewall.intra_egress",
            "module.cluster.google_service_account.cluster_service_account",
            "module.cluster.module.gcloud_delete_default_kube_dns_configmap.module.gcloud_kubectl.null_resource.upgrade_destroy",
            "module.cluster.google_project_iam_member.cluster_service_account-log_writer",
            "module.cluster.kubernetes_config_map.kube-dns-upstream-namservers",
            "module.cluster.module.gcloud_delete_default_kube_dns_configmap.module.gcloud_kubectl.data.external.env_override",
            "module.acm.module.acm_operator.module.k8sop_manifest.null_resource.upgrade",
            "module.cluster.google_project_iam_member.cluster_service_account-gcr",
            "module.cluster.module.gcloud_delete_default_kube_dns_configmap.module.gcloud_kubectl.null_resource.run_command",
            "module.cluster.google_compute_firewall.master_webhooks",
            "module.cluster.data.google_compute_subnetwork.gke_subnetwork",
            "module.cluster.data.google_container_engine_versions.region",
            "module.cluster.google_compute_firewall.shadow_allow_master",
            "module.cluster.google_project_iam_member.cluster_service_account-metric_writer",
            "module.cluster.google_project_iam_member.cluster_service_account-monitoring_viewer",
            "module.cluster.module.gcloud_delete_default_kube_dns_configmap.module.gcloud_kubectl.null_resource.additional_components",
            "module.cluster.module.gcloud_delete_default_kube_dns_configmap.module.gcloud_kubectl.null_resource.additional_components_destroy",
            "module.acm.module.acm_operator.module.k8sop_manifest.null_resource.download_gcloud",
            "module.cluster.module.gcloud_delete_default_kube_dns_configmap.module.gcloud_kubectl.null_resource.prepare_cache",
            "module.cluster.module.gcloud_delete_default_kube_dns_configmap.module.gcloud_kubectl.null_resource.gcloud_auth_service_account_key_file",
            "module.cluster.data.google_compute_zones.available",
            "module.cluster.google_container_cluster.primary",
            "module.cluster.module.gcloud_delete_default_kube_dns_configmap.module.gcloud_kubectl.null_resource.decompress",
            "module.acm.module.acm_operator.module.k8sop_manifest.null_resource.gcloud_auth_service_account_key_file",
            "module.acm.module.acm_operator.module.k8sop_manifest.random_id.cache",
            "data.google_project.project",
            "module.cluster.google_container_node_pool.pools",
            "module.cluster.random_string.cluster_service_account_suffix",
            "module.acm.module.acm_operator.module.k8sop_manifest.null_resource.gcloud_auth_google_credentials",
            "module.cluster.kubernetes_config_map.ip-masq-agent",
            "module.cluster.kubernetes_config_map.kube-dns-upstream-nameservers-and-stub-domains",
            "module.cluster.data.google_container_engine_versions.zone",
            "module.cluster.module.gcloud_delete_default_kube_dns_configmap.module.gcloud_kubectl.null_resource.decompress_destroy",
            "module.cluster.module.gcloud_delete_default_kube_dns_configmap.module.gcloud_kubectl.null_resource.gcloud_auth_google_credentials_destroy",
            "module.acm.module.acm_operator.module.k8sop_manifest.null_resource.download_jq",
            "module.cluster.google_compute_firewall.shadow_allow_nodes",
            "module.acm.module.acm_operator.module.k8sop_manifest.null_resource.module_depends_on",
            "module.acm.module.acm_operator.module.k8sop_manifest.null_resource.additional_components",
            "module.acm.module.acm_operator.module.k8sop_manifest.data.external.env_override"
          ]
        }
      ]
    },
    {
      "module": "module.acm[\"1\"].module.acm_operator.module.rootsync_config.module.gcloud_kubectl",
      "mode": "managed",
      "type": "null_resource",
      "name": "module_depends_on",
      "provider": "provider[\"registry.terraform.io/hashicorp/null\"]",
      "instances": [
        {
          "index_key": 0,
          "schema_version": 0,
          "attributes": {
            "id": "8886270331991014309",
            "triggers": {
              "value": "1"
            }
          },
          "sensitive_attributes": [],
          "private": "bnVsbA==",
          "dependencies": [
            "module.acm.module.acm_operator.data.template_file.k8sop_config",
            "module.acm.module.acm_operator.module.k8s_operator.module.gcloud_kubectl.null_resource.additional_components",
            "module.acm.module.acm_operator.module.k8s_operator.module.gcloud_kubectl.null_resource.decompress",
            "module.acm.module.acm_operator.module.k8s_operator.module.gcloud_kubectl.null_resource.download_gcloud",
            "module.acm.module.acm_operator.module.k8s_operator.module.gcloud_kubectl.null_resource.gcloud_auth_google_credentials",
            "module.acm.module.acm_operator.module.k8s_operator.module.gcloud_kubectl.data.external.env_override",
            "module.acm.module.acm_operator.module.k8sop_config.module.gcloud_kubectl.null_resource.gcloud_auth_google_credentials",
            "module.acm.module.acm_operator.module.k8s_operator.module.gcloud_kubectl.null_resource.gcloud_auth_service_account_key_file",
            "module.acm.module.acm_operator.module.k8sop_creds_secret.module.gcloud_kubectl.null_resource.download_gcloud",
            "module.acm.module.acm_operator.module.k8s_operator.module.gcloud_kubectl.null_resource.prepare_cache",
            "module.acm.module.acm_operator.module.k8s_operator.module.gcloud_kubectl.null_resource.run_command",
            "module.acm.module.acm_operator.module.k8s_operator.module.gcloud_kubectl.null_resource.run_destroy_command",
            "module.acm.module.acm_operator.module.k8s_operator.module.gcloud_kubectl.random_id.cache",
            "module.acm.module.acm_operator.module.k8sop_config.module.gcloud_kubectl.data.external.env_override",
            "module.acm.module.acm_operator.module.k8s_operator.module.gcloud_kubectl.null_resource.download_jq",
            "module.acm.module.acm_operator.module.k8sop_config.module.gcloud_kubectl.random_id.cache",
            "module.acm.module.acm_operator.data.template_file.rootsync_config",
            "module.acm.module.acm_operator.module.k8sop_config.module.gcloud_kubectl.null_resource.additional_components",
            "module.acm.module.acm_operator.module.k8sop_config.module.gcloud_kubectl.null_resource.decompress",
            "module.acm.module.acm_operator.module.k8sop_config.module.gcloud_kubectl.null_resource.download_gcloud",
            "module.acm.module.acm_operator.module.k8sop_config.module.gcloud_kubectl.null_resource.download_jq",
            "module.acm.module.acm_operator.module.k8sop_config.module.gcloud_kubectl.null_resource.gcloud_auth_service_account_key_file",
            "module.acm.module.acm_operator.module.k8sop_config.module.gcloud_kubectl.null_resource.module_depends_on",
            "module.acm.module.acm_operator.module.k8sop_config.module.gcloud_kubectl.null_resource.prepare_cache",
            "module.acm.module.acm_operator.module.k8sop_config.module.gcloud_kubectl.null_resource.run_command",
            "module.acm.module.acm_operator.module.k8sop_config.module.gcloud_kubectl.null_resource.run_destroy_command",
            "module.acm.module.acm_operator.module.k8sop_config.module.gcloud_kubectl.null_resource.upgrade",
            "module.acm.module.acm_operator.module.k8s_operator.module.gcloud_kubectl.null_resource.upgrade",
            "data.google_project.project",
            "module.acm.module.acm_operator.module.k8sop_creds_secret.module.gcloud_kubectl.data.external.env_override",
            "module.acm.module.acm_operator.module.k8sop_creds_secret.module.gcloud_kubectl.null_resource.additional_components",
            "module.acm.module.acm_operator.module.k8sop_creds_secret.module.gcloud_kubectl.null_resource.decompress",
            "module.acm.module.acm_operator.module.k8s_operator.module.gcloud_kubectl.null_resource.module_depends_on",
            "module.acm.module.acm_operator.module.k8sop_creds_secret.module.gcloud_kubectl.null_resource.download_jq",
            "module.acm.module.acm_operator.module.k8sop_creds_secret.module.gcloud_kubectl.null_resource.gcloud_auth_google_credentials",
            "module.acm.module.acm_operator.module.k8sop_creds_secret.module.gcloud_kubectl.null_resource.gcloud_auth_service_account_key_file",
            "module.acm.module.acm_operator.module.k8sop_creds_secret.module.gcloud_kubectl.null_resource.module_depends_on",
            "module.acm.module.acm_operator.module.k8sop_creds_secret.module.gcloud_kubectl.null_resource.prepare_cache",
            "module.acm.module.acm_operator.module.k8sop_creds_secret.module.gcloud_kubectl.null_resource.run_command",
            "module.acm.module.acm_operator.module.k8sop_creds_secret.module.gcloud_kubectl.null_resource.run_destroy_command",
            "module.acm.module.acm_operator.module.k8sop_creds_secret.module.gcloud_kubectl.null_resource.upgrade",
            "module.acm.module.acm_operator.module.wait_for_configsync_api.module.gcloud_kubectl.data.external.env_override",
            "module.acm.module.acm_operator.module.k8sop_manifest.data.external.env_override",
            "module.acm.module.acm_operator.module.k8sop_manifest.null_resource.module_depends_on",
            "module.acm.module.acm_operator.module.k8sop_manifest.null_resource.decompress",
            "module.acm.module.acm_operator.module.k8sop_manifest.null_resource.download_gcloud",
            "module.acm.module.acm_operator.module.k8sop_manifest.null_resource.download_jq",
            "module.acm.module.acm_operator.module.k8sop_manifest.null_resource.gcloud_auth_google_credentials",
            "module.acm.module.acm_operator.module.k8sop_creds_secret.module.gcloud_kubectl.random_id.cache",
            "module.acm.module.acm_operator.module.k8sop_manifest.null_resource.additional_components",
            "module.acm.module.acm_operator.module.k8sop_manifest.null_resource.prepare_cache",
            "module.acm.module.acm_operator.module.k8sop_manifest.null_resource.run_command",
            "module.acm.module.acm_operator.module.k8sop_manifest.null_resource.run_destroy_command",
            "module.acm.module.acm_operator.module.k8sop_manifest.null_resource.upgrade",
            "module.acm.module.acm_operator.module.k8sop_manifest.random_id.cache",
            "module.acm.module.acm_operator.module.k8sop_manifest.null_resource.gcloud_auth_service_account_key_file",
            "module.acm.module.acm_operator.module.wait_for_configsync_api.module.gcloud_kubectl.null_resource.additional_components",
            "module.acm.module.acm_operator.module.wait_for_configsync_api.module.gcloud_kubectl.null_resource.decompress",
            "module.acm.module.acm_operator.module.wait_for_configsync_api.module.gcloud_kubectl.null_resource.download_gcloud",
            "module.acm.module.acm_operator.module.wait_for_configsync_api.module.gcloud_kubectl.null_resource.download_jq",
            "module.acm.module.acm_operator.module.wait_for_configsync_api.module.gcloud_kubectl.null_resource.gcloud_auth_google_credentials",
            "module.acm.module.acm_operator.module.wait_for_configsync_api.module.gcloud_kubectl.null_resource.gcloud_auth_service_account_key_file",
            "module.acm.module.acm_operator.module.wait_for_configsync_api.module.gcloud_kubectl.null_resource.module_depends_on",
            "module.acm.module.acm_operator.module.wait_for_configsync_api.module.gcloud_kubectl.null_resource.prepare_cache",
            "module.acm.module.acm_operator.module.wait_for_configsync_api.module.gcloud_kubectl.null_resource.run_command",
            "module.acm.module.acm_operator.module.wait_for_configsync_api.module.gcloud_kubectl.null_resource.run_destroy_command",
            "module.acm.module.acm_operator.module.wait_for_configsync_api.module.gcloud_kubectl.null_resource.upgrade",
            "module.acm.module.acm_operator.module.wait_for_configsync_api.module.gcloud_kubectl.random_id.cache",
            "module.acm.module.acm_operator.tls_private_key.k8sop_creds",
            "module.cluster.data.google_compute_subnetwork.gke_subnetwork",
            "module.cluster.data.google_compute_zones.available",
            "module.cluster.data.google_container_engine_versions.region",
            "module.cluster.data.google_container_engine_versions.zone",
            "module.cluster.google_compute_firewall.intra_egress",
            "module.cluster.google_compute_firewall.master_webhooks",
            "module.cluster.google_compute_firewall.shadow_allow_master",
            "module.cluster.google_compute_firewall.shadow_allow_nodes",
            "module.cluster.google_compute_firewall.shadow_allow_pods",
            "module.cluster.google_container_cluster.primary",
            "module.cluster.google_container_node_pool.pools",
            "module.cluster.google_project_iam_member.cluster_service_account-artifact-registry",
            "module.cluster.google_project_iam_member.cluster_service_account-gcr",
            "module.cluster.google_project_iam_member.cluster_service_account-log_writer",
            "module.project-services.google_project_service.project_services",
            "module.cluster.google_project_iam_member.cluster_service_account-monitoring_viewer",
            "module.cluster.google_project_iam_member.cluster_service_account-resourceMetadata-writer",
            "module.cluster.google_service_account.cluster_service_account",
            "module.cluster.kubernetes_config_map.ip-masq-agent",
            "module.cluster.kubernetes_config_map.kube-dns",
            "module.cluster.kubernetes_config_map.kube-dns-upstream-nameservers-and-stub-domains",
            "module.cluster.kubernetes_config_map.kube-dns-upstream-namservers",
            "module.cluster.module.gcloud_delete_default_kube_dns_configmap.module.gcloud_kubectl.data.external.env_override",
            "module.cluster.module.gcloud_delete_default_kube_dns_configmap.module.gcloud_kubectl.null_resource.additional_components",
            "module.cluster.module.gcloud_delete_default_kube_dns_configmap.module.gcloud_kubectl.null_resource.additional_components_destroy",
            "module.cluster.module.gcloud_delete_default_kube_dns_configmap.module.gcloud_kubectl.null_resource.decompress",
            "module.cluster.module.gcloud_delete_default_kube_dns_configmap.module.gcloud_kubectl.null_resource.decompress_destroy",
            "module.cluster.module.gcloud_delete_default_kube_dns_configmap.module.gcloud_kubectl.null_resource.download_gcloud",
            "module.cluster.google_project_iam_member.cluster_service_account-metric_writer",
            "module.cluster.module.gcloud_delete_default_kube_dns_configmap.module.gcloud_kubectl.null_resource.gcloud_auth_google_credentials",
            "module.cluster.module.gcloud_delete_default_kube_dns_configmap.module.gcloud_kubectl.null_resource.gcloud_auth_google_credentials_destroy",
            "module.cluster.module.gcloud_delete_default_kube_dns_configmap.module.gcloud_kubectl.null_resource.gcloud_auth_service_account_key_file",
            "module.cluster.module.gcloud_delete_default_kube_dns_configmap.module.gcloud_kubectl.null_resource.gcloud_auth_service_account_key_file_destroy",
            "module.cluster.module.gcloud_delete_default_kube_dns_configmap.module.gcloud_kubectl.null_resource.module_depends_on",
            "module.cluster.module.gcloud_delete_default_kube_dns_configmap.module.gcloud_kubectl.null_resource.prepare_cache",
            "module.cluster.module.gcloud_delete_default_kube_dns_configmap.module.gcloud_kubectl.null_resource.run_command",
            "module.cluster.module.gcloud_delete_default_kube_dns_configmap.module.gcloud_kubectl.null_resource.run_destroy_command",
            "module.cluster.module.gcloud_delete_default_kube_dns_configmap.module.gcloud_kubectl.null_resource.upgrade",
            "module.cluster.module.gcloud_delete_default_kube_dns_configmap.module.gcloud_kubectl.null_resource.upgrade_destroy",
            "module.cluster.module.gcloud_delete_default_kube_dns_configmap.module.gcloud_kubectl.random_id.cache",
            "module.cluster.random_shuffle.available_zones",
            "module.cluster.random_string.cluster_service_account_suffix",
            "module.cluster.module.gcloud_delete_default_kube_dns_configmap.module.gcloud_kubectl.null_resource.download_jq"
          ]
        }
      ]
    },
    {
      "module": "module.acm[\"1\"].module.acm_operator.module.wait_for_configsync_api.module.gcloud_kubectl",
      "mode": "managed",
      "type": "null_resource",
      "name": "additional_components",
      "provider": "provider[\"registry.terraform.io/hashicorp/null\"]",
      "instances": []
    },
    {
      "module": "module.acm[\"1\"].module.acm_operator.module.wait_for_configsync_api.module.gcloud_kubectl",
      "mode": "managed",
      "type": "null_resource",
      "name": "gcloud_auth_google_credentials",
      "provider": "provider[\"registry.terraform.io/hashicorp/null\"]",
      "instances": []
    },
    {
      "module": "module.acm[\"1\"].module.acm_operator.module.wait_for_configsync_api.module.gcloud_kubectl",
      "mode": "managed",
      "type": "null_resource",
      "name": "gcloud_auth_service_account_key_file",
      "provider": "provider[\"registry.terraform.io/hashicorp/null\"]",
      "instances": []
    },
    {
      "module": "module.acm[\"1\"].module.acm_operator.module.wait_for_configsync_api.module.gcloud_kubectl",
      "mode": "managed",
      "type": "null_resource",
      "name": "run_command",
      "provider": "provider[\"registry.terraform.io/hashicorp/null\"]",
      "instances": []
    },
    {
      "module": "module.acm[\"1\"].module.acm_operator.module.wait_for_configsync_api.module.gcloud_kubectl",
      "mode": "managed",
      "type": "null_resource",
      "name": "run_destroy_command",
      "provider": "provider[\"registry.terraform.io/hashicorp/null\"]",
      "instances": []
    },
    {
      "module": "module.acm[\"1\"].module.acm_operator.module.wait_for_gatekeeper.module.gcloud_kubectl",
      "mode": "data",
      "type": "external",
      "name": "env_override",
      "provider": "provider[\"registry.terraform.io/hashicorp/external\"]",
      "instances": [
        {
          "index_key": 0,
          "schema_version": 0,
          "attributes": {
            "id": "-",
            "program": [
              ".terraform/modules/acm.acm_operator.wait_for_gatekeeper/scripts/check_env.sh"
            ],
            "query": null,
            "result": {
              "download": ""
            },
            "working_dir": null
          },
          "sensitive_attributes": []
        }
      ]
    },
    {
      "module": "module.acm[\"1\"].module.acm_operator.module.wait_for_gatekeeper.module.gcloud_kubectl",
      "mode": "managed",
      "type": "null_resource",
      "name": "additional_components",
      "provider": "provider[\"registry.terraform.io/hashicorp/null\"]",
      "instances": [
        {
          "index_key": 0,
          "schema_version": 0,
          "attributes": {
            "id": "6598800519408536245",
            "triggers": {
              "additional_components_command": ".terraform/modules/acm.acm_operator.wait_for_gatekeeper/scripts/check_components.sh gcloud kubectl",
              "arguments": "fe8adb19bdc13300a0b8c6d91fd9a42e",
              "md5": "715b89377c19e7ade7bab1ecfc66c9b9",
              "script_sha1": "e1780a62dcd319cb88616007c9c22324f63a6375"
            }
          },
          "sensitive_attributes": [],
          "private": "bnVsbA==",
          "dependencies": [
            "data.google_project.project",
            "module.acm.module.acm_operator.module.k8s_operator.module.gcloud_kubectl.null_resource.gcloud_auth_service_account_key_file",
            "module.acm.module.acm_operator.module.k8s_operator.module.gcloud_kubectl.data.external.env_override",
            "module.acm.module.acm_operator.module.k8s_operator.module.gcloud_kubectl.null_resource.additional_components",
            "module.acm.module.acm_operator.module.k8s_operator.module.gcloud_kubectl.null_resource.gcloud_auth_google_credentials",
            "module.acm.module.acm_operator.module.k8s_operator.module.gcloud_kubectl.null_resource.decompress",
            "module.acm.module.acm_operator.module.k8s_operator.module.gcloud_kubectl.null_resource.download_jq",
            "module.acm.module.acm_operator.data.template_file.k8sop_config",
            "module.acm.module.acm_operator.module.k8s_operator.module.gcloud_kubectl.null_resource.download_gcloud",
            "module.acm.module.acm_operator.module.k8s_operator.module.gcloud_kubectl.null_resource.module_depends_on",
            "module.acm.module.acm_operator.module.k8s_operator.module.gcloud_kubectl.null_resource.run_command",
            "module.acm.module.acm_operator.module.k8s_operator.module.gcloud_kubectl.null_resource.run_destroy_command",
            "module.acm.module.acm_operator.module.k8s_operator.module.gcloud_kubectl.null_resource.upgrade",
            "module.acm.module.acm_operator.module.k8s_operator.module.gcloud_kubectl.random_id.cache",
            "module.acm.module.acm_operator.module.k8sop_config.module.gcloud_kubectl.data.external.env_override",
            "module.acm.module.acm_operator.module.k8sop_config.module.gcloud_kubectl.null_resource.additional_components",
            "module.acm.module.acm_operator.module.k8sop_config.module.gcloud_kubectl.null_resource.decompress",
            "module.acm.module.acm_operator.module.k8sop_config.module.gcloud_kubectl.null_resource.download_gcloud",
            "module.acm.module.acm_operator.module.k8sop_config.module.gcloud_kubectl.null_resource.download_jq",
            "module.acm.module.acm_operator.module.k8sop_config.module.gcloud_kubectl.null_resource.gcloud_auth_google_credentials",
            "module.acm.module.acm_operator.module.k8sop_config.module.gcloud_kubectl.null_resource.gcloud_auth_service_account_key_file",
            "module.acm.module.acm_operator.module.k8s_operator.module.gcloud_kubectl.null_resource.prepare_cache",
            "module.acm.module.acm_operator.module.k8sop_config.module.gcloud_kubectl.null_resource.module_depends_on",
            "module.acm.module.acm_operator.module.k8sop_config.module.gcloud_kubectl.null_resource.prepare_cache",
            "module.acm.module.acm_operator.module.k8sop_config.module.gcloud_kubectl.null_resource.run_command",
            "module.acm.module.acm_operator.module.k8sop_config.module.gcloud_kubectl.null_resource.run_destroy_command",
            "module.acm.module.acm_operator.module.k8sop_config.module.gcloud_kubectl.null_resource.upgrade",
            "module.acm.module.acm_operator.module.k8sop_config.module.gcloud_kubectl.random_id.cache",
            "module.acm.module.acm_operator.module.k8sop_creds_secret.module.gcloud_kubectl.data.external.env_override",
            "module.acm.module.acm_operator.module.k8sop_creds_secret.module.gcloud_kubectl.null_resource.additional_components",
            "module.acm.module.acm_operator.module.k8sop_creds_secret.module.gcloud_kubectl.null_resource.decompress",
            "module.acm.module.acm_operator.module.k8sop_creds_secret.module.gcloud_kubectl.null_resource.download_gcloud",
            "module.acm.module.acm_operator.module.k8sop_creds_secret.module.gcloud_kubectl.null_resource.gcloud_auth_google_credentials",
            "module.acm.module.acm_operator.module.k8sop_creds_secret.module.gcloud_kubectl.null_resource.gcloud_auth_service_account_key_file",
            "module.acm.module.acm_operator.module.k8sop_creds_secret.module.gcloud_kubectl.null_resource.module_depends_on",
            "module.acm.module.acm_operator.module.k8sop_creds_secret.module.gcloud_kubectl.null_resource.prepare_cache",
            "module.acm.module.acm_operator.module.k8sop_creds_secret.module.gcloud_kubectl.null_resource.run_command",
            "module.acm.module.acm_operator.module.k8sop_creds_secret.module.gcloud_kubectl.null_resource.run_destroy_command",
            "module.acm.module.acm_operator.module.k8sop_creds_secret.module.gcloud_kubectl.null_resource.upgrade",
            "module.acm.module.acm_operator.module.k8sop_creds_secret.module.gcloud_kubectl.random_id.cache",
            "module.acm.module.acm_operator.module.k8sop_manifest.data.external.env_override",
            "module.acm.module.acm_operator.module.k8sop_manifest.null_resource.additional_components",
            "module.acm.module.acm_operator.module.k8sop_manifest.null_resource.decompress",
            "module.acm.module.acm_operator.module.k8sop_manifest.null_resource.download_gcloud",
            "module.acm.module.acm_operator.module.k8sop_manifest.null_resource.download_jq",
            "module.acm.module.acm_operator.module.k8sop_manifest.null_resource.gcloud_auth_google_credentials",
            "module.acm.module.acm_operator.module.k8sop_manifest.null_resource.gcloud_auth_service_account_key_file",
            "module.acm.module.acm_operator.module.k8sop_manifest.null_resource.module_depends_on",
            "module.acm.module.acm_operator.module.k8sop_manifest.null_resource.prepare_cache",
            "module.acm.module.acm_operator.module.k8sop_manifest.null_resource.run_command",
            "module.acm.module.acm_operator.module.k8sop_manifest.null_resource.run_destroy_command",
            "module.acm.module.acm_operator.module.k8sop_manifest.null_resource.upgrade",
            "module.acm.module.acm_operator.module.k8sop_manifest.random_id.cache",
            "module.acm.module.acm_operator.module.wait_for_gatekeeper.module.gcloud_kubectl.data.external.env_override",
            "module.acm.module.acm_operator.module.wait_for_gatekeeper.module.gcloud_kubectl.null_resource.decompress",
            "module.acm.module.acm_operator.module.wait_for_gatekeeper.module.gcloud_kubectl.null_resource.download_gcloud",
            "module.acm.module.acm_operator.module.wait_for_gatekeeper.module.gcloud_kubectl.null_resource.download_jq",
            "module.acm.module.acm_operator.module.wait_for_gatekeeper.module.gcloud_kubectl.null_resource.module_depends_on",
            "module.acm.module.acm_operator.module.wait_for_gatekeeper.module.gcloud_kubectl.null_resource.prepare_cache",
            "module.acm.module.acm_operator.module.wait_for_gatekeeper.module.gcloud_kubectl.null_resource.upgrade",
            "module.acm.module.acm_operator.module.wait_for_gatekeeper.module.gcloud_kubectl.random_id.cache",
            "module.cluster.data.google_compute_subnetwork.gke_subnetwork",
            "module.cluster.data.google_compute_zones.available",
            "module.cluster.kubernetes_config_map.kube-dns-upstream-namservers",
            "module.acm.module.acm_operator.module.k8sop_creds_secret.module.gcloud_kubectl.null_resource.download_jq",
            "module.cluster.data.google_container_engine_versions.region",
            "module.cluster.data.google_container_engine_versions.zone",
            "module.cluster.google_compute_firewall.intra_egress",
            "module.cluster.google_compute_firewall.master_webhooks",
            "module.cluster.google_compute_firewall.shadow_allow_master",
            "module.cluster.google_compute_firewall.shadow_allow_nodes",
            "module.cluster.google_compute_firewall.shadow_allow_pods",
            "module.cluster.google_container_cluster.primary",
            "module.cluster.google_container_node_pool.pools",
            "module.cluster.google_project_iam_member.cluster_service_account-artifact-registry",
            "module.cluster.google_project_iam_member.cluster_service_account-gcr",
            "module.cluster.google_project_iam_member.cluster_service_account-log_writer",
            "module.cluster.google_project_iam_member.cluster_service_account-metric_writer",
            "module.cluster.google_project_iam_member.cluster_service_account-monitoring_viewer",
            "module.cluster.google_project_iam_member.cluster_service_account-resourceMetadata-writer",
            "module.cluster.google_service_account.cluster_service_account",
            "module.cluster.kubernetes_config_map.ip-masq-agent",
            "module.cluster.kubernetes_config_map.kube-dns",
            "module.cluster.kubernetes_config_map.kube-dns-upstream-nameservers-and-stub-domains",
            "module.cluster.module.gcloud_delete_default_kube_dns_configmap.module.gcloud_kubectl.data.external.env_override",
            "module.cluster.google_container_node_pool.pools",
            "module.cluster.module.gcloud_delete_default_kube_dns_configmap.module.gcloud_kubectl.null_resource.additional_components",
            "module.cluster.module.gcloud_delete_default_kube_dns_configmap.module.gcloud_kubectl.null_resource.additional_components_destroy",
            "module.cluster.module.gcloud_delete_default_kube_dns_configmap.module.gcloud_kubectl.null_resource.decompress",
            "module.cluster.module.gcloud_delete_default_kube_dns_configmap.module.gcloud_kubectl.null_resource.decompress_destroy",
            "module.cluster.module.gcloud_delete_default_kube_dns_configmap.module.gcloud_kubectl.null_resource.download_gcloud",
            "module.cluster.module.gcloud_delete_default_kube_dns_configmap.module.gcloud_kubectl.null_resource.download_jq",
            "module.cluster.module.gcloud_delete_default_kube_dns_configmap.module.gcloud_kubectl.null_resource.gcloud_auth_google_credentials",
            "module.cluster.module.gcloud_delete_default_kube_dns_configmap.module.gcloud_kubectl.null_resource.gcloud_auth_google_credentials_destroy",
            "module.cluster.module.gcloud_delete_default_kube_dns_configmap.module.gcloud_kubectl.null_resource.gcloud_auth_service_account_key_file",
            "module.cluster.module.gcloud_delete_default_kube_dns_configmap.module.gcloud_kubectl.null_resource.gcloud_auth_service_account_key_file_destroy",
            "module.cluster.module.gcloud_delete_default_kube_dns_configmap.module.gcloud_kubectl.null_resource.module_depends_on",
            "module.cluster.module.gcloud_delete_default_kube_dns_configmap.module.gcloud_kubectl.null_resource.prepare_cache",
            "module.cluster.module.gcloud_delete_default_kube_dns_configmap.module.gcloud_kubectl.null_resource.run_command",
            "module.cluster.module.gcloud_delete_default_kube_dns_configmap.module.gcloud_kubectl.null_resource.run_destroy_command",
            "module.cluster.module.gcloud_delete_default_kube_dns_configmap.module.gcloud_kubectl.null_resource.upgrade",
            "module.cluster.module.gcloud_delete_default_kube_dns_configmap.module.gcloud_kubectl.null_resource.upgrade_destroy",
            "module.cluster.module.gcloud_delete_default_kube_dns_configmap.module.gcloud_kubectl.random_id.cache",
            "module.cluster.random_shuffle.available_zones",
            "module.cluster.random_string.cluster_service_account_suffix",
            "module.project-services.google_project_service.project_services"
          ]
        }
      ]
    },
    {
      "module": "module.acm[\"1\"].module.acm_operator.module.wait_for_gatekeeper.module.gcloud_kubectl",
      "mode": "managed",
      "type": "null_resource",
      "name": "decompress",
      "provider": "provider[\"registry.terraform.io/hashicorp/null\"]",
      "instances": []
    },
    {
      "module": "module.acm[\"1\"].module.acm_operator.module.wait_for_gatekeeper.module.gcloud_kubectl",
      "mode": "managed",
      "type": "null_resource",
      "name": "gcloud_auth_google_credentials",
      "provider": "provider[\"registry.terraform.io/hashicorp/null\"]",
      "instances": []
    },
    {
      "module": "module.acm[\"1\"].module.acm_operator.module.wait_for_gatekeeper.module.gcloud_kubectl",
      "mode": "managed",
      "type": "null_resource",
      "name": "gcloud_auth_service_account_key_file",
      "provider": "provider[\"registry.terraform.io/hashicorp/null\"]",
      "instances": []
    },
    {
      "module": "module.acm[\"1\"].module.acm_operator.module.wait_for_gatekeeper.module.gcloud_kubectl",
      "mode": "managed",
      "type": "null_resource",
      "name": "run_destroy_command",
      "provider": "provider[\"registry.terraform.io/hashicorp/null\"]",
      "instances": []
    },
    {
      "module": "module.acm[\"1\"].module.acm_operator.module.wait_for_gatekeeper.module.gcloud_kubectl",
      "mode": "managed",
      "type": "null_resource",
      "name": "upgrade",
      "provider": "provider[\"registry.terraform.io/hashicorp/null\"]",
      "instances": []
    },
    {
      "module": "module.acm[\"1\"].module.acm_operator.module.wait_for_gatekeeper.module.gcloud_kubectl",
      "mode": "managed",
      "type": "random_id",
      "name": "cache",
      "provider": "provider[\"registry.terraform.io/hashicorp/random\"]",
      "instances": []
    },
    {
      "module": "module.acm[\"1\"].module.enable_acm",
      "mode": "data",
      "type": "external",
      "name": "env_override",
      "provider": "provider[\"registry.terraform.io/hashicorp/external\"]",
      "instances": [
        {
          "index_key": 0,
          "schema_version": 0,
          "attributes": {
            "id": "-",
            "program": [
              ".terraform/modules/acm.enable_acm/scripts/check_env.sh"
            ],
            "query": null,
            "result": {
              "download": ""
            },
            "working_dir": null
          },
          "sensitive_attributes": []
        }
      ]
    },
    {
      "module": "module.acm[\"1\"].module.enable_acm",
      "mode": "managed",
      "type": "null_resource",
      "name": "additional_components",
      "provider": "provider[\"registry.terraform.io/hashicorp/null\"]",
      "instances": [
        {
          "index_key": 0,
          "schema_version": 0,
          "attributes": {
            "id": "3637895928260715580",
            "triggers": {
              "additional_components_command": ".terraform/modules/acm.enable_acm/scripts/check_components.sh gcloud alpha",
              "arguments": "97b3edfe1c76c6bd55f7ab5fd12ed994",
              "md5": "7f22bf39aaf5ce5980111c3587bef5b5"
            }
          },
          "sensitive_attributes": [],
          "private": "bnVsbA==",
          "dependencies": [
            "module.cluster.data.google_compute_subnetwork.gke_subnetwork",
            "module.cluster.google_container_cluster.primary",
            "module.acm.module.enable_acm.data.external.env_override",
            "module.acm.module.enable_acm.null_resource.download_gcloud",
            "module.acm.module.enable_acm.random_id.cache",
            "module.cluster.data.google_container_engine_versions.region",
            "module.cluster.google_compute_firewall.master_webhooks",
            "module.cluster.google_compute_firewall.shadow_allow_pods",
            "module.cluster.google_container_node_pool.pools",
            "module.cluster.kubernetes_config_map.kube-dns",
            "module.cluster.module.gcloud_delete_default_kube_dns_configmap.module.gcloud_kubectl.null_resource.gcloud_auth_google_credentials_destroy",
            "module.cluster.module.gcloud_delete_default_kube_dns_configmap.module.gcloud_kubectl.null_resource.run_destroy_command",
            "module.cluster.data.google_container_engine_versions.zone",
            "module.cluster.google_project_iam_member.cluster_service_account-artifact-registry",
            "module.cluster.module.gcloud_delete_default_kube_dns_configmap.module.gcloud_kubectl.null_resource.decompress",
            "module.cluster.module.gcloud_delete_default_kube_dns_configmap.module.gcloud_kubectl.null_resource.module_depends_on",
            "module.project-services.google_project_service.project_services",
            "module.acm.module.enable_acm.null_resource.upgrade",
            "module.cluster.data.google_compute_zones.available",
            "module.cluster.google_service_account.cluster_service_account",
            "module.cluster.module.gcloud_delete_default_kube_dns_configmap.module.gcloud_kubectl.null_resource.decompress_destroy",
            "module.cluster.module.gcloud_delete_default_kube_dns_configmap.module.gcloud_kubectl.null_resource.download_jq",
            "module.cluster.module.gcloud_delete_default_kube_dns_configmap.module.gcloud_kubectl.null_resource.gcloud_auth_service_account_key_file",
            "module.cluster.module.gcloud_delete_default_kube_dns_configmap.module.gcloud_kubectl.null_resource.run_command",
            "module.cluster.module.gcloud_delete_default_kube_dns_configmap.module.gcloud_kubectl.random_id.cache",
            "data.google_project.project",
            "module.acm.module.enable_acm.null_resource.download_jq",
            "module.cluster.google_compute_firewall.shadow_allow_nodes",
            "module.cluster.google_project_iam_member.cluster_service_account-monitoring_viewer",
            "module.cluster.google_project_iam_member.cluster_service_account-resourceMetadata-writer",
            "module.cluster.kubernetes_config_map.kube-dns-upstream-namservers",
            "module.cluster.module.gcloud_delete_default_kube_dns_configmap.module.gcloud_kubectl.data.external.env_override",
            "module.cluster.module.gcloud_delete_default_kube_dns_configmap.module.gcloud_kubectl.null_resource.additional_components",
            "module.cluster.module.gcloud_delete_default_kube_dns_configmap.module.gcloud_kubectl.null_resource.additional_components_destroy",
            "module.cluster.module.gcloud_delete_default_kube_dns_configmap.module.gcloud_kubectl.null_resource.gcloud_auth_google_credentials",
            "module.cluster.module.gcloud_delete_default_kube_dns_configmap.module.gcloud_kubectl.null_resource.prepare_cache",
            "module.cluster.google_project_iam_member.cluster_service_account-log_writer",
            "module.cluster.kubernetes_config_map.ip-masq-agent",
            "module.cluster.module.gcloud_delete_default_kube_dns_configmap.module.gcloud_kubectl.null_resource.upgrade",
            "module.cluster.module.gcloud_delete_default_kube_dns_configmap.module.gcloud_kubectl.null_resource.upgrade_destroy",
            "module.acm.module.enable_acm.null_resource.decompress",
            "module.acm.module.enable_acm.null_resource.module_depends_on",
            "module.cluster.google_project_iam_member.cluster_service_account-metric_writer",
            "module.cluster.module.gcloud_delete_default_kube_dns_configmap.module.gcloud_kubectl.null_resource.download_gcloud",
            "module.cluster.module.gcloud_delete_default_kube_dns_configmap.module.gcloud_kubectl.null_resource.gcloud_auth_service_account_key_file_destroy",
            "module.acm.module.enable_acm.null_resource.prepare_cache",
            "module.cluster.google_compute_firewall.intra_egress",
            "module.cluster.google_compute_firewall.shadow_allow_master",
            "module.cluster.google_project_iam_member.cluster_service_account-gcr",
            "module.cluster.kubernetes_config_map.kube-dns-upstream-nameservers-and-stub-domains",
            "module.cluster.random_shuffle.available_zones",
            "module.cluster.random_string.cluster_service_account_suffix"
          ]
        }
      ]
    },
    {
      "module": "module.acm[\"1\"].module.enable_acm",
      "mode": "managed",
      "type": "null_resource",
      "name": "additional_components_destroy",
      "provider": "provider[\"registry.terraform.io/hashicorp/null\"]",
      "instances": [
        {
          "index_key": 0,
          "schema_version": 0,
          "attributes": {
            "id": "6263836955369411549",
            "triggers": {
              "additional_components_command": ".terraform/modules/acm.enable_acm/scripts/check_components.sh gcloud alpha"
            }
          },
          "sensitive_attributes": [],
          "private": "bnVsbA==",
          "dependencies": [
            "data.google_project.project",
            "module.acm.module.enable_acm.null_resource.additional_components",
            "module.acm.module.enable_acm.null_resource.decompress",
            "module.acm.module.enable_acm.null_resource.download_gcloud",
            "module.acm.module.enable_acm.null_resource.download_jq",
            "module.acm.module.enable_acm.null_resource.gcloud_auth_service_account_key_file",
            "module.acm.module.enable_acm.null_resource.gcloud_auth_google_credentials",
            "module.acm.module.enable_acm.data.external.env_override",
            "module.acm.module.enable_acm.null_resource.module_depends_on",
            "module.acm.module.enable_acm.null_resource.prepare_cache",
            "module.acm.module.enable_acm.random_id.cache",
            "module.acm.module.enable_acm.null_resource.run_destroy_command",
            "module.cluster.data.google_compute_subnetwork.gke_subnetwork",
            "module.acm.module.enable_acm.null_resource.upgrade",
            "module.cluster.data.google_compute_zones.available",
            "module.cluster.data.google_container_engine_versions.region",
            "module.cluster.data.google_container_engine_versions.zone",
            "module.cluster.google_compute_firewall.intra_egress",
            "module.cluster.google_compute_firewall.master_webhooks",
            "module.cluster.google_compute_firewall.shadow_allow_master",
            "module.cluster.google_compute_firewall.shadow_allow_nodes",
            "module.cluster.google_compute_firewall.shadow_allow_pods",
            "module.cluster.google_container_cluster.primary",
            "module.cluster.google_container_node_pool.pools",
            "module.cluster.google_project_iam_member.cluster_service_account-artifact-registry",
            "module.cluster.google_project_iam_member.cluster_service_account-gcr",
            "module.cluster.google_project_iam_member.cluster_service_account-log_writer",
            "module.cluster.google_project_iam_member.cluster_service_account-metric_writer",
            "module.cluster.google_project_iam_member.cluster_service_account-monitoring_viewer",
            "module.cluster.google_project_iam_member.cluster_service_account-resourceMetadata-writer",
            "module.cluster.google_service_account.cluster_service_account",
            "module.cluster.kubernetes_config_map.ip-masq-agent",
            "module.cluster.kubernetes_config_map.kube-dns",
            "module.cluster.kubernetes_config_map.kube-dns-upstream-nameservers-and-stub-domains",
            "module.cluster.kubernetes_config_map.kube-dns-upstream-namservers",
            "module.cluster.module.gcloud_delete_default_kube_dns_configmap.module.gcloud_kubectl.data.external.env_override",
            "module.cluster.module.gcloud_delete_default_kube_dns_configmap.module.gcloud_kubectl.null_resource.additional_components",
            "module.cluster.module.gcloud_delete_default_kube_dns_configmap.module.gcloud_kubectl.null_resource.decompress_destroy",
            "module.cluster.module.gcloud_delete_default_kube_dns_configmap.module.gcloud_kubectl.null_resource.additional_components_destroy",
            "module.cluster.module.gcloud_delete_default_kube_dns_configmap.module.gcloud_kubectl.null_resource.decompress",
            "module.cluster.module.gcloud_delete_default_kube_dns_configmap.module.gcloud_kubectl.null_resource.download_gcloud",
            "module.cluster.module.gcloud_delete_default_kube_dns_configmap.module.gcloud_kubectl.null_resource.download_jq",
            "module.cluster.module.gcloud_delete_default_kube_dns_configmap.module.gcloud_kubectl.null_resource.gcloud_auth_google_credentials",
            "module.cluster.module.gcloud_delete_default_kube_dns_configmap.module.gcloud_kubectl.null_resource.gcloud_auth_google_credentials_destroy",
            "module.cluster.module.gcloud_delete_default_kube_dns_configmap.module.gcloud_kubectl.null_resource.gcloud_auth_service_account_key_file",
            "module.cluster.module.gcloud_delete_default_kube_dns_configmap.module.gcloud_kubectl.null_resource.gcloud_auth_service_account_key_file_destroy",
            "module.cluster.module.gcloud_delete_default_kube_dns_configmap.module.gcloud_kubectl.null_resource.module_depends_on",
            "module.cluster.module.gcloud_delete_default_kube_dns_configmap.module.gcloud_kubectl.null_resource.prepare_cache",
            "module.cluster.module.gcloud_delete_default_kube_dns_configmap.module.gcloud_kubectl.null_resource.run_command",
            "module.cluster.module.gcloud_delete_default_kube_dns_configmap.module.gcloud_kubectl.null_resource.run_destroy_command",
            "module.cluster.module.gcloud_delete_default_kube_dns_configmap.module.gcloud_kubectl.null_resource.upgrade",
            "module.cluster.module.gcloud_delete_default_kube_dns_configmap.module.gcloud_kubectl.null_resource.upgrade_destroy",
            "module.cluster.module.gcloud_delete_default_kube_dns_configmap.module.gcloud_kubectl.random_id.cache",
            "module.cluster.random_shuffle.available_zones",
            "module.cluster.random_string.cluster_service_account_suffix",
            "module.project-services.google_project_service.project_services"
          ]
        }
      ]
    },
    {
      "module": "module.acm[\"1\"].module.enable_acm",
      "mode": "managed",
      "type": "null_resource",
      "name": "run_command",
      "provider": "provider[\"registry.terraform.io/hashicorp/null\"]",
      "instances": [
        {
          "index_key": 0,
          "schema_version": 0,
          "attributes": {
            "id": "4768206847845985721",
            "triggers": {
              "arguments": "97b3edfe1c76c6bd55f7ab5fd12ed994",
              "create_cmd_body": "alpha container hub config-management enable --project anthos-lab-310709",
              "create_cmd_entrypoint": "gcloud",
              "gcloud_bin_abs_path": "/google-cloud-sdk/bin",
              "md5": "7f22bf39aaf5ce5980111c3587bef5b5"
            }
          },
          "sensitive_attributes": [],
          "private": "bnVsbA==",
          "dependencies": [
            "data.google_project.project",
            "module.acm.module.enable_acm.data.external.env_override",
            "module.acm.module.enable_acm.null_resource.additional_components",
            "module.acm.module.enable_acm.null_resource.decompress",
            "module.acm.module.enable_acm.null_resource.gcloud_auth_google_credentials",
            "module.acm.module.enable_acm.null_resource.gcloud_auth_service_account_key_file",
            "module.acm.module.enable_acm.null_resource.module_depends_on",
            "module.acm.module.enable_acm.random_id.cache",
            "module.cluster.data.google_compute_subnetwork.gke_subnetwork",
            "module.cluster.data.google_compute_zones.available",
            "module.cluster.data.google_container_engine_versions.region",
            "module.cluster.data.google_container_engine_versions.zone",
            "module.cluster.google_compute_firewall.intra_egress",
            "module.cluster.google_compute_firewall.master_webhooks",
            "module.cluster.google_compute_firewall.shadow_allow_master",
            "module.cluster.google_compute_firewall.shadow_allow_nodes",
            "module.cluster.google_compute_firewall.shadow_allow_pods",
            "module.cluster.google_container_cluster.primary",
            "module.cluster.google_container_node_pool.pools",
            "module.cluster.google_project_iam_member.cluster_service_account-artifact-registry",
            "module.cluster.google_project_iam_member.cluster_service_account-gcr",
            "module.cluster.google_project_iam_member.cluster_service_account-log_writer",
            "module.cluster.google_project_iam_member.cluster_service_account-metric_writer",
            "module.cluster.google_project_iam_member.cluster_service_account-monitoring_viewer",
            "module.cluster.google_project_iam_member.cluster_service_account-resourceMetadata-writer",
            "module.cluster.google_service_account.cluster_service_account",
            "module.cluster.kubernetes_config_map.ip-masq-agent",
            "module.cluster.kubernetes_config_map.kube-dns",
            "module.cluster.kubernetes_config_map.kube-dns-upstream-nameservers-and-stub-domains",
            "module.cluster.kubernetes_config_map.kube-dns-upstream-namservers",
            "module.cluster.module.gcloud_delete_default_kube_dns_configmap.module.gcloud_kubectl.data.external.env_override",
            "module.cluster.module.gcloud_delete_default_kube_dns_configmap.module.gcloud_kubectl.null_resource.additional_components",
            "module.cluster.module.gcloud_delete_default_kube_dns_configmap.module.gcloud_kubectl.null_resource.additional_components_destroy",
            "module.cluster.module.gcloud_delete_default_kube_dns_configmap.module.gcloud_kubectl.null_resource.decompress",
            "module.cluster.module.gcloud_delete_default_kube_dns_configmap.module.gcloud_kubectl.null_resource.decompress_destroy",
            "module.cluster.module.gcloud_delete_default_kube_dns_configmap.module.gcloud_kubectl.null_resource.download_gcloud",
            "module.cluster.module.gcloud_delete_default_kube_dns_configmap.module.gcloud_kubectl.null_resource.download_jq",
            "module.cluster.module.gcloud_delete_default_kube_dns_configmap.module.gcloud_kubectl.null_resource.gcloud_auth_google_credentials",
            "module.cluster.module.gcloud_delete_default_kube_dns_configmap.module.gcloud_kubectl.null_resource.gcloud_auth_google_credentials_destroy",
            "module.cluster.module.gcloud_delete_default_kube_dns_configmap.module.gcloud_kubectl.null_resource.gcloud_auth_service_account_key_file",
            "module.cluster.module.gcloud_delete_default_kube_dns_configmap.module.gcloud_kubectl.null_resource.gcloud_auth_service_account_key_file_destroy",
            "module.cluster.module.gcloud_delete_default_kube_dns_configmap.module.gcloud_kubectl.null_resource.module_depends_on",
            "module.cluster.module.gcloud_delete_default_kube_dns_configmap.module.gcloud_kubectl.null_resource.prepare_cache",
            "module.cluster.module.gcloud_delete_default_kube_dns_configmap.module.gcloud_kubectl.null_resource.run_command",
            "module.cluster.module.gcloud_delete_default_kube_dns_configmap.module.gcloud_kubectl.null_resource.run_destroy_command",
            "module.cluster.module.gcloud_delete_default_kube_dns_configmap.module.gcloud_kubectl.null_resource.upgrade",
            "module.cluster.module.gcloud_delete_default_kube_dns_configmap.module.gcloud_kubectl.null_resource.upgrade_destroy",
            "module.cluster.module.gcloud_delete_default_kube_dns_configmap.module.gcloud_kubectl.random_id.cache",
            "module.cluster.random_shuffle.available_zones",
            "module.cluster.random_string.cluster_service_account_suffix",
            "module.project-services.google_project_service.project_services"
          ]
        }
      ]
    },
    {
      "module": "module.acm[\"1\"].module.enable_acm",
      "mode": "managed",
      "type": "null_resource",
      "name": "run_destroy_command",
      "provider": "provider[\"registry.terraform.io/hashicorp/null\"]",
      "instances": [
        {
          "index_key": 0,
          "schema_version": 0,
          "attributes": {
            "id": "5031291023540664593",
            "triggers": {
              "destroy_cmd_body": "alpha container hub config-management disable --force --project anthos-lab-310709",
              "destroy_cmd_entrypoint": "gcloud",
              "gcloud_bin_abs_path": "/google-cloud-sdk/bin"
            }
          },
          "sensitive_attributes": [],
          "private": "bnVsbA==",
          "dependencies": [
            "module.cluster.google_project_iam_member.cluster_service_account-log_writer",
            "module.cluster.module.gcloud_delete_default_kube_dns_configmap.module.gcloud_kubectl.null_resource.run_command",
            "module.cluster.module.gcloud_delete_default_kube_dns_configmap.module.gcloud_kubectl.null_resource.run_destroy_command",
            "module.acm.module.enable_acm.null_resource.additional_components",
            "module.cluster.google_compute_firewall.master_webhooks",
            "module.cluster.google_container_cluster.primary",
            "module.cluster.google_project_iam_member.cluster_service_account-resourceMetadata-writer",
            "module.cluster.module.gcloud_delete_default_kube_dns_configmap.module.gcloud_kubectl.random_id.cache",
            "module.acm.module.enable_acm.null_resource.prepare_cache",
            "module.cluster.google_compute_firewall.intra_egress",
            "module.cluster.google_service_account.cluster_service_account",
            "module.cluster.kubernetes_config_map.ip-masq-agent",
            "module.cluster.module.gcloud_delete_default_kube_dns_configmap.module.gcloud_kubectl.null_resource.additional_components",
            "module.cluster.module.gcloud_delete_default_kube_dns_configmap.module.gcloud_kubectl.null_resource.upgrade_destroy",
            "module.cluster.random_string.cluster_service_account_suffix",
            "module.cluster.data.google_container_engine_versions.region",
            "module.cluster.google_container_node_pool.pools",
            "module.cluster.module.gcloud_delete_default_kube_dns_configmap.module.gcloud_kubectl.null_resource.gcloud_auth_service_account_key_file_destroy",
            "module.cluster.google_compute_firewall.shadow_allow_master",
            "module.acm.module.enable_acm.data.external.env_override",
            "module.acm.module.enable_acm.null_resource.module_depends_on",
            "module.cluster.module.gcloud_delete_default_kube_dns_configmap.module.gcloud_kubectl.null_resource.download_jq",
            "module.cluster.module.gcloud_delete_default_kube_dns_configmap.module.gcloud_kubectl.null_resource.prepare_cache",
            "module.cluster.google_compute_firewall.shadow_allow_pods",
            "module.cluster.module.gcloud_delete_default_kube_dns_configmap.module.gcloud_kubectl.null_resource.additional_components_destroy",
            "module.acm.module.enable_acm.random_id.cache",
            "module.cluster.data.google_compute_zones.available",
            "module.cluster.google_project_iam_member.cluster_service_account-artifact-registry",
            "module.cluster.module.gcloud_delete_default_kube_dns_configmap.module.gcloud_kubectl.null_resource.gcloud_auth_google_credentials_destroy",
            "module.cluster.random_shuffle.available_zones",
            "module.acm.module.enable_acm.null_resource.download_gcloud",
            "module.acm.module.enable_acm.null_resource.gcloud_auth_google_credentials",
            "module.cluster.google_compute_firewall.shadow_allow_nodes",
            "module.cluster.google_project_iam_member.cluster_service_account-monitoring_viewer",
            "module.acm.module.enable_acm.null_resource.download_jq",
            "module.acm.module.enable_acm.null_resource.gcloud_auth_service_account_key_file",
            "module.cluster.google_project_iam_member.cluster_service_account-metric_writer",
            "module.cluster.module.gcloud_delete_default_kube_dns_configmap.module.gcloud_kubectl.null_resource.upgrade",
            "data.google_project.project",
            "module.cluster.data.google_compute_subnetwork.gke_subnetwork",
            "module.cluster.kubernetes_config_map.kube-dns-upstream-namservers",
            "module.cluster.module.gcloud_delete_default_kube_dns_configmap.module.gcloud_kubectl.null_resource.gcloud_auth_google_credentials",
            "module.project-services.google_project_service.project_services",
            "module.cluster.module.gcloud_delete_default_kube_dns_configmap.module.gcloud_kubectl.data.external.env_override",
            "module.cluster.module.gcloud_delete_default_kube_dns_configmap.module.gcloud_kubectl.null_resource.decompress_destroy",
            "module.cluster.module.gcloud_delete_default_kube_dns_configmap.module.gcloud_kubectl.null_resource.gcloud_auth_service_account_key_file",
            "module.cluster.module.gcloud_delete_default_kube_dns_configmap.module.gcloud_kubectl.null_resource.download_gcloud",
            "module.acm.module.enable_acm.null_resource.decompress",
            "module.acm.module.enable_acm.null_resource.upgrade",
            "module.cluster.data.google_container_engine_versions.zone",
            "module.cluster.google_project_iam_member.cluster_service_account-gcr",
            "module.cluster.kubernetes_config_map.kube-dns",
            "module.cluster.kubernetes_config_map.kube-dns-upstream-nameservers-and-stub-domains",
            "module.cluster.module.gcloud_delete_default_kube_dns_configmap.module.gcloud_kubectl.null_resource.decompress",
            "module.cluster.module.gcloud_delete_default_kube_dns_configmap.module.gcloud_kubectl.null_resource.module_depends_on"
          ]
        }
      ]
    },
    {
      "module": "module.acm[\"2\"].module.acm_operator",
      "mode": "data",
      "type": "template_file",
      "name": "k8sop_config",
      "provider": "provider[\"registry.terraform.io/hashicorp/template\"]",
      "instances": [
        {
          "schema_version": 0,
          "attributes": {
            "filename": null,
            "id": "454a76e1ed6641ab9068a3f117a6d50eb676ea3e543240c4803fe21f24887a70",
            "rendered": "apiVersion: configmanagement.gke.io/v1\nkind: ConfigManagement\nmetadata:\n  name: config-management\nspec:\n  # clusterName is required and must be unique among all managed clusters\n  clusterName: gke-ingress\n  policyController:\n    enabled: true\n    templateLibraryInstalled: true\n    logDeniesEnabled: false\n  git:\n    syncRepo: git@github.com:Francesco-cloud24/anthos-lab.git\n    secretType: ssh\n    \n    syncBranch: master\n    \n  \n  \n",
            "template": "apiVersion: configmanagement.gke.io/v1\nkind: ConfigManagement\nmetadata:\n  name: config-management\nspec:\n  # clusterName is required and must be unique among all managed clusters\n  clusterName: ${cluster_name}\n  policyController:\n    enabled: ${enable_policy_controller}\n    templateLibraryInstalled: ${install_template_library}\n    logDeniesEnabled: ${enable_log_denies}\n%{ if enable_multi_repo ~}\n  enableMultiRepo: true\n%{ else ~}\n  git:\n    syncRepo: ${sync_repo}\n    secretType: ${secret_type}\n    ${policy_dir_node}\n    ${sync_branch_node}\n    ${sync_revision_node}\n  ${source_format_node}\n%{ endif ~}\n  ${hierarchy_controller_map_node}\n",
            "vars": {
              "cluster_name": "gke-ingress",
              "enable_log_denies": "false",
              "enable_multi_repo": "false",
              "enable_policy_controller": "true",
              "hierarchy_controller_map_node": "",
              "install_template_library": "true",
              "policy_dir_node": "",
              "secret_type": "ssh",
              "source_format_node": "",
              "sync_branch_node": "syncBranch: master",
              "sync_repo": "git@github.com:Francesco-cloud24/anthos-lab.git",
              "sync_revision_node": ""
            }
          },
          "sensitive_attributes": []
        }
      ]
    },
    {
      "module": "module.acm[\"2\"].module.acm_operator",
      "mode": "data",
      "type": "template_file",
      "name": "rootsync_config",
      "provider": "provider[\"registry.terraform.io/hashicorp/template\"]",
      "instances": [
        {
          "schema_version": 0,
          "attributes": {
            "filename": null,
            "id": "125697d74346cb79d6080d0d806ec1c9898563fff44ef38b74cafd9404563658",
            "rendered": "apiVersion: configsync.gke.io/v1beta1\nkind: RootSync\nmetadata:\n  name: root-sync\n  namespace: config-management-system\nspec:\n  \n  git:\n    repo: git@github.com:Francesco-cloud24/anthos-lab.git\n    auth: ssh\n    \n    syncBranch: master\n    \n    secretRef:\n      name: git-creds\n",
            "template": "apiVersion: configsync.gke.io/v1beta1\nkind: RootSync\nmetadata:\n  name: root-sync\n  namespace: config-management-system\nspec:\n  ${source_format_node}\n  git:\n    repo: ${sync_repo}\n    auth: ${secret_type}\n    ${policy_dir_node}\n    ${sync_branch_node}\n    ${sync_revision_node}\n    ${secret_ref_node}\n",
            "vars": {
              "policy_dir_node": "",
              "secret_ref_node": "secretRef:\n      name: git-creds",
              "secret_type": "ssh",
              "source_format_node": "",
              "sync_branch_node": "syncBranch: master",
              "sync_repo": "git@github.com:Francesco-cloud24/anthos-lab.git",
              "sync_revision_node": ""
            }
          },
          "sensitive_attributes": []
        }
      ]
    },
    {
      "module": "module.acm[\"2\"].module.acm_operator",
      "mode": "managed",
      "type": "tls_private_key",
      "name": "k8sop_creds",
      "provider": "provider[\"registry.terraform.io/hashicorp/tls\"]",
      "instances": [
        {
          "index_key": 0,
          "schema_version": 0,
          "attributes": {
            "algorithm": "RSA",
            "ecdsa_curve": "P224",
            "id": "df5ef478da0d3e9c03066b90ccc05f054858458f",
            "private_key_pem": "-----BEGIN RSA PRIVATE KEY-----\nMIIJKgIBAAKCAgEAx7rew/HvoiEHXhgeW/+yUQ4cjK10aNGwoFsqgOnD42TQ7e8X\nUeKVNtiHXDYBMVec19BG/eW7WQoM7enjZMxVTSCYmizSTAQPKTaRdXRoe96qgGL2\nkgQtfOhrBIMwbbYblwni0oKHOAKBgyp62k3qEf0FvAz4+2Zi8sz+298qygtdnkRL\nM1oVLrRa7GcoXtgswuAnNO8p98InMm+JBhG0fRNTF3UbIoN3YF9+r+xdoIDIge8f\nPAldtHZlfoaCVh6vqUTuv4dT0pMY6+0Mi6mh7V2SWOQG6StB2Qt1XUM9blF07DAl\nNW0qrzHJJvnhOoVShHixqtGLQxgWhlOK0EemDwR4J/zJlYgfgafvAyLUnctkhDat\nqPY3FyC4K6kgw+tFvxvzqTLacy8InWhVFpjxGS06sYCAYMuJJqAjke0A7MCgbVMB\nQCmJK8L64F6wgouy2MiGz8Wdb3rdZyn08nI2eANHUuWoTgMgLbjY9+SbQ1UG7+Sg\n+BS/b5MbswOZtKdsjY8DQhTdy5oDdq51bUG/5mOuClFNgqxhd2vrZyILW+s8s2S1\norjPveodH4QuYtPmY34m6Iqj38iJasyR9cMhjgrgAUWHxe7NkwCCIJjjzD1AShFx\nPKZY4+YbVLAidwAZDOT7d4oPvgzSqneazEe1BYBONyHbiOzGivHJ3VTAr1cCAwEA\nAQKCAgBZycJXaC4IPrznKgSL6zkogyWGgHuym4HBtPo4ld6AHVRngnKDV08pJtJD\nO+vxWKejxXgEsAA3GPOTCPA24jz+vUadGMU5cyG1r1hY6woFlaYkrViXb9VbL8jc\ncHWW/KUOk10qsY9EOKwsYS51cU1m5M5tKY/MxMx6xnlUMtEzn0Ro397GqRqYsm+l\nkwJtENWejdJSU6oUPW4NmGKLHe57w/I4u2aFb4B9DLEROTsl6n85Glx6SuObOxaJ\neMKjIIxrlheWdqnSIlqzxQ88wfePk980ot4QeGfTwPj0AkRdkbT0cPhpOjhUJhd9\ntBvyiPj9oJyOZEEs2mlV3byrwWn+zraGdLoHm2NdAgpJ9MLTQTLMn+1t7UG2oUyd\nipXeAEklX8EplgkykykSe9gCZ55l53xRO4cACRMCM8PHgVrRP9+PCnXMu9zs94IJ\nOUqzOG8ubd0SMBhInGSMP422Vk6vX/FbKrum8LKRV2uJ3yx53NNoawYzr9j1w2DA\nEsQ+ESnvTngDyWGcHE1yZ5uJgiWFiVRPe/Xmql2EtdMEiRWKeK6Hx8hESVRaijKk\nPKyyTVr4EAQ0NOA1E30p9Om8YLdv9mscp0osJwXzWAsL8T3WUic7PCx+0eK+P0pM\n5Oo17hbvDgCb54cibaKEA2mS+/B4rhiPY4+ih0yCyrIryHkm4QKCAQEA1oQ8RriI\nAtBALVrP/uqGkjPyLLKExVB6eKWbhaETdG048K99GbpWIT6yiIbb6Z9wRqtNDPVd\nJNw8SRpzuKl6gw3OVw6jF4pVN3jas0UbO7cV0Zm+RRS9U0errLDo+KFw+TA1lFg0\n0TeB5GmG8StCqSLl0yMxmP1ESDt/YCjwZpY8viyS0QqLby9npkJ/m4Lynka6vhjz\np1/cIrS3sQ1hwlu8KElnQDhh//XuzBy/jzqf8DcTWAW8vafau6iFzQiKiE2TwBDA\nCQy2xhw2yug2APrJq4tl+/Tk+6NnFoblBYFmohniOFQRiaWT4osQHfV+JASWe8pE\nuZI+YEpxE4qzGQKCAQEA7lqdz4n8Uj5gw9Wp9s+WsXJ86wMr4jcFvAMSWA5TUKxM\nmqyNWqtuHt/r6LLxcD7/5cJAos9d8rs051P0ktMfW3lK+ir2CGfUpZ5pdjUyNjms\nS01YA18IsVmh8TtL8mMnjH2ngl1g17yvtI5LO9mVky9l9gupwbNZSjpzu98lfXhY\n108qkcE710KGy1K9Apy+iK9fJMV9B9rPD8xKyQetmzO3oPBFrPbEY2iiHlUKLqQ+\nf1qnx19d589ANkclvA5EnEhVsTLwi+gUduN9OO5L1sTErsADwk6Vo0PGMVzp/1i2\nbq1uh5jLxPHiIpgU9ABy4kfyQZgw3gG6Nw14FXGz7wKCAQEAq2iIfX4P+CeNUHBj\nCO8/Tm3BkiOnYb73zZWO2s0lrX9k4zVmgftZvUDLCbqw2FG1NlLEw5j/r2dnqIZB\nd4m8wiFzAi9I9JNtmmCwaFTM+P9HqO7vkWWMDpKTQ+8siRb/Ha5+8aU1twNigDAu\nSmDl6B5hhD937yZYvFsGYcD0rxRXPyKAwhZp6hL4AGrcalfNI9mieCmZ7+DyFq1O\npmPp/JKum4ZjwXYMIKnUATbrfjg6+ogXpdsXwHfymMaE+5tajqVmbS81M0X8efqr\ncaDxHgFGyhMeD6DUo5oi0mZBdA+9AcQq9hV+2fz7WScDXtz9ySv9TrcGCT4pJ2n0\nRsgqaQKCAQEAn1hbKhUAZ2cmP6XGw6aSAr0cP+zV2JyaK9AN4mppToRxjfIPae8z\nZlaimuWOPVEQuGQ929ov34dB3eill8amrvuOoWI5KvNnGPWnYYw8rj2uLoVdcpuE\n7zOR7PiMVFXvaZ/TbXbJuFB/UoDSUQesVEKasnunmEQzTEl5d769jHz5P6/AMMLz\nI3xpKuJ8U5PAWRaMz8NrS+X/CXu0/2IvsJNJjsEyg2hRcHfR8d8+OGI7Gd7cTZA2\n8jL+pYq48ljDi4tcJmN8pruXeseovneoocLYDk9189+fcA9uHzATi06eX614OBRx\nHY/rct8jGuB17UrV7P42pSSYfhd2ETf7ZwKCAQEAp2oXZXP8wrdZlxN16ejVmusB\nlkI8TDXGDMa/fmfNXxfnD0o8WLNsXlNhmhAwO1XFegZDfQg8+fUxP1fvEafbxZJJ\nheJ3KIOKmUdUMt1iha+oKdltZ/fCjJN3/Qk9FhGivFbJ10dmV+xbDGiT6Z41ngLC\nntfRlT8RqjQoTNCZ6xvBoib/WzrGVn2rta1r5Z2IegNtwH6mnI7T7bMCVF2erqXT\nkVorjzVEo97n+bb0ZrbmQrMD+DibSjFkxgLetRT3ZbZarwLgtNsGtzofifDys84Q\nv46aB60BbO/98UDWsvUpODt0hvz5usNhtsL1fup2BrLPLvIRZ5xO5adRpwvOlA==\n-----END RSA PRIVATE KEY-----\n",
            "public_key_fingerprint_md5": "e2:98:de:90:9c:c9:59:11:a0:91:07:5f:12:da:30:87",
            "public_key_openssh": "ssh-rsa AAAAB3NzaC1yc2EAAAADAQABAAACAQDHut7D8e+iIQdeGB5b/7JRDhyMrXRo0bCgWyqA6cPjZNDt7xdR4pU22IdcNgExV5zX0Eb95btZCgzt6eNkzFVNIJiaLNJMBA8pNpF1dGh73qqAYvaSBC186GsEgzBtthuXCeLSgoc4AoGDKnraTeoR/QW8DPj7ZmLyzP7b3yrKC12eREszWhUutFrsZyhe2CzC4Cc07yn3wicyb4kGEbR9E1MXdRsig3dgX36v7F2ggMiB7x88CV20dmV+hoJWHq+pRO6/h1PSkxjr7QyLqaHtXZJY5AbpK0HZC3VdQz1uUXTsMCU1bSqvMckm+eE6hVKEeLGq0YtDGBaGU4rQR6YPBHgn/MmViB+Bp+8DItSdy2SENq2o9jcXILgrqSDD60W/G/OpMtpzLwidaFUWmPEZLTqxgIBgy4kmoCOR7QDswKBtUwFAKYkrwvrgXrCCi7LYyIbPxZ1vet1nKfTycjZ4A0dS5ahOAyAtuNj35JtDVQbv5KD4FL9vkxuzA5m0p2yNjwNCFN3LmgN2rnVtQb/mY64KUU2CrGF3a+tnIgtb6zyzZLWiuM+96h0fhC5i0+ZjfiboiqPfyIlqzJH1wyGOCuABRYfF7s2TAIIgmOPMPUBKEXE8pljj5htUsCJ3ABkM5Pt3ig++DNKqd5rMR7UFgE43IduI7MaK8cndVMCvVw==\n",
            "public_key_pem": "-----BEGIN PUBLIC KEY-----\nMIICIjANBgkqhkiG9w0BAQEFAAOCAg8AMIICCgKCAgEAx7rew/HvoiEHXhgeW/+y\nUQ4cjK10aNGwoFsqgOnD42TQ7e8XUeKVNtiHXDYBMVec19BG/eW7WQoM7enjZMxV\nTSCYmizSTAQPKTaRdXRoe96qgGL2kgQtfOhrBIMwbbYblwni0oKHOAKBgyp62k3q\nEf0FvAz4+2Zi8sz+298qygtdnkRLM1oVLrRa7GcoXtgswuAnNO8p98InMm+JBhG0\nfRNTF3UbIoN3YF9+r+xdoIDIge8fPAldtHZlfoaCVh6vqUTuv4dT0pMY6+0Mi6mh\n7V2SWOQG6StB2Qt1XUM9blF07DAlNW0qrzHJJvnhOoVShHixqtGLQxgWhlOK0Eem\nDwR4J/zJlYgfgafvAyLUnctkhDatqPY3FyC4K6kgw+tFvxvzqTLacy8InWhVFpjx\nGS06sYCAYMuJJqAjke0A7MCgbVMBQCmJK8L64F6wgouy2MiGz8Wdb3rdZyn08nI2\neANHUuWoTgMgLbjY9+SbQ1UG7+Sg+BS/b5MbswOZtKdsjY8DQhTdy5oDdq51bUG/\n5mOuClFNgqxhd2vrZyILW+s8s2S1orjPveodH4QuYtPmY34m6Iqj38iJasyR9cMh\njgrgAUWHxe7NkwCCIJjjzD1AShFxPKZY4+YbVLAidwAZDOT7d4oPvgzSqneazEe1\nBYBONyHbiOzGivHJ3VTAr1cCAwEAAQ==\n-----END PUBLIC KEY-----\n",
            "rsa_bits": 4096
          },
          "sensitive_attributes": [],
          "private": "bnVsbA==",
          "dependencies": [
            "data.google_project.project",
            "module.cluster.data.google_compute_subnetwork.gke_subnetwork",
            "module.cluster.data.google_compute_zones.available",
            "module.cluster.data.google_container_engine_versions.region",
            "module.cluster.data.google_container_engine_versions.zone",
            "module.cluster.google_compute_firewall.intra_egress",
            "module.cluster.google_compute_firewall.master_webhooks",
            "module.cluster.google_compute_firewall.shadow_allow_master",
            "module.cluster.google_compute_firewall.shadow_allow_nodes",
            "module.cluster.google_compute_firewall.shadow_allow_pods",
            "module.cluster.google_container_cluster.primary",
            "module.cluster.google_container_node_pool.pools",
            "module.cluster.google_project_iam_member.cluster_service_account-artifact-registry",
            "module.cluster.google_project_iam_member.cluster_service_account-gcr",
            "module.cluster.google_project_iam_member.cluster_service_account-log_writer",
            "module.cluster.google_project_iam_member.cluster_service_account-metric_writer",
            "module.cluster.google_project_iam_member.cluster_service_account-monitoring_viewer",
            "module.cluster.google_project_iam_member.cluster_service_account-resourceMetadata-writer",
            "module.cluster.google_service_account.cluster_service_account",
            "module.cluster.kubernetes_config_map.kube-dns",
            "module.cluster.kubernetes_config_map.kube-dns-upstream-nameservers-and-stub-domains",
            "module.cluster.kubernetes_config_map.kube-dns-upstream-namservers",
            "module.cluster.kubernetes_config_map.ip-masq-agent",
            "module.cluster.module.gcloud_delete_default_kube_dns_configmap.module.gcloud_kubectl.data.external.env_override",
            "module.cluster.module.gcloud_delete_default_kube_dns_configmap.module.gcloud_kubectl.null_resource.additional_components",
            "module.cluster.module.gcloud_delete_default_kube_dns_configmap.module.gcloud_kubectl.null_resource.additional_components_destroy",
            "module.cluster.module.gcloud_delete_default_kube_dns_configmap.module.gcloud_kubectl.null_resource.decompress",
            "module.cluster.module.gcloud_delete_default_kube_dns_configmap.module.gcloud_kubectl.null_resource.decompress_destroy",
            "module.cluster.module.gcloud_delete_default_kube_dns_configmap.module.gcloud_kubectl.null_resource.download_gcloud",
            "module.cluster.module.gcloud_delete_default_kube_dns_configmap.module.gcloud_kubectl.null_resource.download_jq",
            "module.cluster.module.gcloud_delete_default_kube_dns_configmap.module.gcloud_kubectl.null_resource.gcloud_auth_google_credentials",
            "module.cluster.module.gcloud_delete_default_kube_dns_configmap.module.gcloud_kubectl.null_resource.gcloud_auth_google_credentials_destroy",
            "module.cluster.module.gcloud_delete_default_kube_dns_configmap.module.gcloud_kubectl.null_resource.gcloud_auth_service_account_key_file",
            "module.cluster.module.gcloud_delete_default_kube_dns_configmap.module.gcloud_kubectl.null_resource.gcloud_auth_service_account_key_file_destroy",
            "module.cluster.module.gcloud_delete_default_kube_dns_configmap.module.gcloud_kubectl.null_resource.module_depends_on",
            "module.cluster.module.gcloud_delete_default_kube_dns_configmap.module.gcloud_kubectl.null_resource.prepare_cache",
            "module.cluster.module.gcloud_delete_default_kube_dns_configmap.module.gcloud_kubectl.null_resource.run_command",
            "module.cluster.module.gcloud_delete_default_kube_dns_configmap.module.gcloud_kubectl.null_resource.run_destroy_command",
            "module.cluster.module.gcloud_delete_default_kube_dns_configmap.module.gcloud_kubectl.null_resource.upgrade",
            "module.cluster.module.gcloud_delete_default_kube_dns_configmap.module.gcloud_kubectl.null_resource.upgrade_destroy",
            "module.cluster.module.gcloud_delete_default_kube_dns_configmap.module.gcloud_kubectl.random_id.cache",
            "module.cluster.random_shuffle.available_zones",
            "module.cluster.random_string.cluster_service_account_suffix",
            "module.project-services.google_project_service.project_services"
          ]
        }
      ]
    },
    {
      "module": "module.acm[\"2\"].module.acm_operator.module.k8s_operator.module.gcloud_kubectl",
      "mode": "data",
      "type": "external",
      "name": "env_override",
      "provider": "provider[\"registry.terraform.io/hashicorp/external\"]",
      "instances": [
        {
          "index_key": 0,
          "schema_version": 0,
          "attributes": {
            "id": "-",
            "program": [
              ".terraform/modules/acm.acm_operator.k8s_operator/scripts/check_env.sh"
            ],
            "query": null,
            "result": {
              "download": ""
            },
            "working_dir": null
          },
          "sensitive_attributes": []
        }
      ]
    },
    {
      "module": "module.acm[\"2\"].module.acm_operator.module.k8s_operator.module.gcloud_kubectl",
      "mode": "managed",
      "type": "null_resource",
      "name": "additional_components",
      "provider": "provider[\"registry.terraform.io/hashicorp/null\"]",
      "instances": [
        {
          "index_key": 0,
          "schema_version": 0,
          "attributes": {
            "id": "8517554930832518818",
            "triggers": {
              "additional_components_command": ".terraform/modules/acm.acm_operator.k8s_operator/scripts/check_components.sh gcloud kubectl",
              "arguments": "4a372164e2bf12b9c57e6710226bc5f6",
              "md5": "b9e6ac4c0c60b9da4b93cfa39468acf5"
            }
          },
          "sensitive_attributes": [],
          "private": "bnVsbA==",
          "dependencies": [
            "module.acm.module.acm_operator.module.k8s_operator.module.gcloud_kubectl.data.external.env_override",
            "module.acm.module.acm_operator.module.k8s_operator.module.gcloud_kubectl.null_resource.download_gcloud",
            "module.acm.module.acm_operator.module.k8s_operator.module.gcloud_kubectl.null_resource.download_jq",
            "module.acm.module.acm_operator.module.k8s_operator.module.gcloud_kubectl.null_resource.module_depends_on",
            "module.acm.module.acm_operator.module.k8s_operator.module.gcloud_kubectl.random_id.cache",
            "data.google_project.project",
            "module.acm.module.acm_operator.module.k8s_operator.module.gcloud_kubectl.null_resource.decompress",
            "module.acm.module.acm_operator.module.k8s_operator.module.gcloud_kubectl.null_resource.prepare_cache",
            "module.acm.module.acm_operator.module.k8s_operator.module.gcloud_kubectl.null_resource.upgrade",
            "module.acm.module.acm_operator.module.k8sop_manifest.data.external.env_override",
            "module.acm.module.acm_operator.module.k8sop_manifest.null_resource.additional_components",
            "module.acm.module.acm_operator.module.k8sop_manifest.null_resource.decompress",
            "module.acm.module.acm_operator.module.k8sop_manifest.null_resource.download_jq",
            "module.acm.module.acm_operator.module.k8sop_manifest.null_resource.gcloud_auth_google_credentials",
            "module.acm.module.acm_operator.module.k8sop_manifest.null_resource.gcloud_auth_service_account_key_file",
            "module.acm.module.acm_operator.module.k8sop_manifest.null_resource.download_gcloud",
            "module.acm.module.acm_operator.module.k8sop_manifest.null_resource.module_depends_on",
            "module.acm.module.acm_operator.module.k8sop_manifest.null_resource.prepare_cache",
            "module.acm.module.acm_operator.module.k8sop_manifest.null_resource.run_command",
            "module.acm.module.acm_operator.module.k8sop_manifest.null_resource.run_destroy_command",
            "module.acm.module.acm_operator.module.k8sop_manifest.null_resource.upgrade",
            "module.acm.module.acm_operator.module.k8sop_manifest.random_id.cache",
            "module.cluster.data.google_compute_subnetwork.gke_subnetwork",
            "module.cluster.data.google_compute_zones.available",
            "module.cluster.data.google_container_engine_versions.region",
            "module.cluster.data.google_container_engine_versions.zone",
            "module.cluster.google_compute_firewall.intra_egress",
            "module.cluster.google_compute_firewall.master_webhooks",
            "module.cluster.google_compute_firewall.shadow_allow_master",
            "module.cluster.google_compute_firewall.shadow_allow_nodes",
            "module.cluster.google_compute_firewall.shadow_allow_pods",
            "module.cluster.google_container_cluster.primary",
            "module.cluster.google_container_node_pool.pools",
            "module.cluster.google_project_iam_member.cluster_service_account-artifact-registry",
            "module.cluster.google_project_iam_member.cluster_service_account-gcr",
            "module.cluster.google_project_iam_member.cluster_service_account-log_writer",
            "module.cluster.google_project_iam_member.cluster_service_account-metric_writer",
            "module.cluster.google_project_iam_member.cluster_service_account-monitoring_viewer",
            "module.cluster.google_project_iam_member.cluster_service_account-resourceMetadata-writer",
            "module.cluster.google_service_account.cluster_service_account",
            "module.cluster.kubernetes_config_map.ip-masq-agent",
            "module.cluster.kubernetes_config_map.kube-dns",
            "module.cluster.kubernetes_config_map.kube-dns-upstream-nameservers-and-stub-domains",
            "module.cluster.kubernetes_config_map.kube-dns-upstream-namservers",
            "module.cluster.module.gcloud_delete_default_kube_dns_configmap.module.gcloud_kubectl.data.external.env_override",
            "module.cluster.module.gcloud_delete_default_kube_dns_configmap.module.gcloud_kubectl.null_resource.additional_components",
            "module.cluster.module.gcloud_delete_default_kube_dns_configmap.module.gcloud_kubectl.null_resource.additional_components_destroy",
            "module.cluster.module.gcloud_delete_default_kube_dns_configmap.module.gcloud_kubectl.null_resource.decompress",
            "module.cluster.module.gcloud_delete_default_kube_dns_configmap.module.gcloud_kubectl.null_resource.decompress_destroy",
            "module.cluster.module.gcloud_delete_default_kube_dns_configmap.module.gcloud_kubectl.null_resource.download_gcloud",
            "module.cluster.module.gcloud_delete_default_kube_dns_configmap.module.gcloud_kubectl.null_resource.download_jq",
            "module.cluster.module.gcloud_delete_default_kube_dns_configmap.module.gcloud_kubectl.null_resource.gcloud_auth_google_credentials",
            "module.cluster.module.gcloud_delete_default_kube_dns_configmap.module.gcloud_kubectl.null_resource.gcloud_auth_google_credentials_destroy",
            "module.cluster.module.gcloud_delete_default_kube_dns_configmap.module.gcloud_kubectl.null_resource.gcloud_auth_service_account_key_file",
            "module.cluster.module.gcloud_delete_default_kube_dns_configmap.module.gcloud_kubectl.null_resource.gcloud_auth_service_account_key_file_destroy",
            "module.cluster.module.gcloud_delete_default_kube_dns_configmap.module.gcloud_kubectl.null_resource.module_depends_on",
            "module.cluster.module.gcloud_delete_default_kube_dns_configmap.module.gcloud_kubectl.null_resource.prepare_cache",
            "module.cluster.module.gcloud_delete_default_kube_dns_configmap.module.gcloud_kubectl.null_resource.run_command",
            "module.cluster.module.gcloud_delete_default_kube_dns_configmap.module.gcloud_kubectl.null_resource.run_destroy_command",
            "module.cluster.module.gcloud_delete_default_kube_dns_configmap.module.gcloud_kubectl.null_resource.upgrade",
            "module.cluster.module.gcloud_delete_default_kube_dns_configmap.module.gcloud_kubectl.null_resource.upgrade_destroy",
            "module.cluster.module.gcloud_delete_default_kube_dns_configmap.module.gcloud_kubectl.random_id.cache",
            "module.cluster.random_shuffle.available_zones",
            "module.cluster.random_string.cluster_service_account_suffix",
            "module.project-services.google_project_service.project_services"
          ]
        }
      ]
    },
    {
      "module": "module.acm[\"2\"].module.acm_operator.module.k8s_operator.module.gcloud_kubectl",
      "mode": "managed",
      "type": "null_resource",
      "name": "additional_components_destroy",
      "provider": "provider[\"registry.terraform.io/hashicorp/null\"]",
      "instances": [
        {
          "index_key": 0,
          "schema_version": 0,
          "attributes": {
            "id": "2987809659579780466",
            "triggers": {
              "additional_components_command": ".terraform/modules/acm.acm_operator.k8s_operator/scripts/check_components.sh gcloud kubectl"
            }
          },
          "sensitive_attributes": [],
          "private": "bnVsbA==",
          "dependencies": [
            "module.cluster.module.gcloud_delete_default_kube_dns_configmap.module.gcloud_kubectl.null_resource.upgrade_destroy",
            "module.acm.module.acm_operator.module.k8sop_manifest.null_resource.module_depends_on",
            "module.acm.module.acm_operator.module.k8sop_manifest.null_resource.upgrade",
            "module.cluster.google_service_account.cluster_service_account",
            "module.cluster.kubernetes_config_map.kube-dns-upstream-namservers",
            "module.cluster.module.gcloud_delete_default_kube_dns_configmap.module.gcloud_kubectl.null_resource.download_jq",
            "module.cluster.module.gcloud_delete_default_kube_dns_configmap.module.gcloud_kubectl.null_resource.gcloud_auth_google_credentials_destroy",
            "module.acm.module.acm_operator.module.k8s_operator.module.gcloud_kubectl.null_resource.additional_components",
            "module.acm.module.acm_operator.module.k8sop_manifest.null_resource.run_destroy_command",
            "module.cluster.google_project_iam_member.cluster_service_account-gcr",
            "module.acm.module.acm_operator.module.k8s_operator.module.gcloud_kubectl.null_resource.download_gcloud",
            "module.cluster.module.gcloud_delete_default_kube_dns_configmap.module.gcloud_kubectl.null_resource.prepare_cache",
            "module.cluster.module.gcloud_delete_default_kube_dns_configmap.module.gcloud_kubectl.null_resource.upgrade",
            "module.acm.module.acm_operator.module.k8s_operator.module.gcloud_kubectl.null_resource.gcloud_auth_google_credentials",
            "module.acm.module.acm_operator.module.k8s_operator.module.gcloud_kubectl.random_id.cache",
            "module.acm.module.acm_operator.module.k8sop_manifest.random_id.cache",
            "module.acm.module.acm_operator.module.k8s_operator.module.gcloud_kubectl.data.external.env_override",
            "module.acm.module.acm_operator.module.k8s_operator.module.gcloud_kubectl.null_resource.module_depends_on",
            "module.cluster.google_project_iam_member.cluster_service_account-log_writer",
            "module.cluster.module.gcloud_delete_default_kube_dns_configmap.module.gcloud_kubectl.null_resource.gcloud_auth_google_credentials",
            "module.cluster.module.gcloud_delete_default_kube_dns_configmap.module.gcloud_kubectl.null_resource.run_command",
            "module.cluster.module.gcloud_delete_default_kube_dns_configmap.module.gcloud_kubectl.null_resource.run_destroy_command",
            "module.acm.module.acm_operator.module.k8sop_manifest.null_resource.download_gcloud",
            "module.acm.module.acm_operator.module.k8sop_manifest.null_resource.gcloud_auth_service_account_key_file",
            "module.cluster.data.google_container_engine_versions.region",
            "module.cluster.module.gcloud_delete_default_kube_dns_configmap.module.gcloud_kubectl.null_resource.download_gcloud",
            "module.cluster.google_compute_firewall.intra_egress",
            "module.cluster.google_container_cluster.primary",
            "module.cluster.google_project_iam_member.cluster_service_account-metric_writer",
            "module.acm.module.acm_operator.module.k8sop_manifest.null_resource.run_command",
            "module.acm.module.acm_operator.module.k8s_operator.module.gcloud_kubectl.null_resource.decompress",
            "module.acm.module.acm_operator.module.k8sop_manifest.null_resource.additional_components",
            "module.acm.module.acm_operator.module.k8sop_manifest.null_resource.decompress",
            "module.cluster.google_project_iam_member.cluster_service_account-resourceMetadata-writer",
            "module.cluster.module.gcloud_delete_default_kube_dns_configmap.module.gcloud_kubectl.null_resource.decompress",
            "module.cluster.module.gcloud_delete_default_kube_dns_configmap.module.gcloud_kubectl.null_resource.decompress_destroy",
            "module.cluster.random_shuffle.available_zones",
            "module.acm.module.acm_operator.module.k8sop_manifest.null_resource.download_jq",
            "module.cluster.google_compute_firewall.shadow_allow_nodes",
            "module.cluster.google_project_iam_member.cluster_service_account-artifact-registry",
            "module.cluster.google_compute_firewall.shadow_allow_pods",
            "module.cluster.module.gcloud_delete_default_kube_dns_configmap.module.gcloud_kubectl.data.external.env_override",
            "module.cluster.module.gcloud_delete_default_kube_dns_configmap.module.gcloud_kubectl.null_resource.gcloud_auth_service_account_key_file_destroy",
            "module.acm.module.acm_operator.module.k8s_operator.module.gcloud_kubectl.null_resource.run_destroy_command",
            "module.project-services.google_project_service.project_services",
            "module.cluster.kubernetes_config_map.kube-dns",
            "module.cluster.module.gcloud_delete_default_kube_dns_configmap.module.gcloud_kubectl.null_resource.additional_components_destroy",
            "module.acm.module.acm_operator.module.k8sop_manifest.null_resource.prepare_cache",
            "module.cluster.data.google_compute_subnetwork.gke_subnetwork",
            "module.cluster.kubernetes_config_map.ip-masq-agent",
            "module.cluster.google_compute_firewall.master_webhooks",
            "module.cluster.google_container_node_pool.pools",
            "module.cluster.random_string.cluster_service_account_suffix",
            "module.acm.module.acm_operator.module.k8s_operator.module.gcloud_kubectl.null_resource.download_jq",
            "module.acm.module.acm_operator.module.k8s_operator.module.gcloud_kubectl.null_resource.gcloud_auth_service_account_key_file",
            "module.acm.module.acm_operator.module.k8sop_manifest.data.external.env_override",
            "module.cluster.data.google_container_engine_versions.zone",
            "module.cluster.kubernetes_config_map.kube-dns-upstream-nameservers-and-stub-domains",
            "module.cluster.module.gcloud_delete_default_kube_dns_configmap.module.gcloud_kubectl.null_resource.gcloud_auth_service_account_key_file",
            "data.google_project.project",
            "module.acm.module.acm_operator.module.k8s_operator.module.gcloud_kubectl.null_resource.upgrade",
            "module.cluster.data.google_compute_zones.available",
            "module.cluster.module.gcloud_delete_default_kube_dns_configmap.module.gcloud_kubectl.random_id.cache",
            "module.acm.module.acm_operator.module.k8sop_manifest.null_resource.gcloud_auth_google_credentials",
            "module.cluster.google_compute_firewall.shadow_allow_master",
            "module.cluster.google_project_iam_member.cluster_service_account-monitoring_viewer",
            "module.acm.module.acm_operator.module.k8s_operator.module.gcloud_kubectl.null_resource.prepare_cache",
            "module.cluster.module.gcloud_delete_default_kube_dns_configmap.module.gcloud_kubectl.null_resource.additional_components",
            "module.cluster.module.gcloud_delete_default_kube_dns_configmap.module.gcloud_kubectl.null_resource.module_depends_on"
          ]
        }
      ]
    },
    {
      "module": "module.acm[\"2\"].module.acm_operator.module.k8s_operator.module.gcloud_kubectl",
      "mode": "managed",
      "type": "null_resource",
      "name": "decompress",
      "provider": "provider[\"registry.terraform.io/hashicorp/null\"]",
      "instances": []
    },
    {
      "module": "module.acm[\"2\"].module.acm_operator.module.k8s_operator.module.gcloud_kubectl",
      "mode": "managed",
      "type": "null_resource",
      "name": "gcloud_auth_google_credentials",
      "provider": "provider[\"registry.terraform.io/hashicorp/null\"]",
      "instances": []
    },
    {
      "module": "module.acm[\"2\"].module.acm_operator.module.k8s_operator.module.gcloud_kubectl",
      "mode": "managed",
      "type": "null_resource",
      "name": "gcloud_auth_service_account_key_file",
      "provider": "provider[\"registry.terraform.io/hashicorp/null\"]",
      "instances": []
    },
    {
      "module": "module.acm[\"2\"].module.acm_operator.module.k8s_operator.module.gcloud_kubectl",
      "mode": "managed",
      "type": "null_resource",
      "name": "module_depends_on",
      "provider": "provider[\"registry.terraform.io/hashicorp/null\"]",
      "instances": [
        {
          "index_key": 0,
          "schema_version": 0,
          "attributes": {
            "id": "7185951224680517939",
            "triggers": {
              "value": "2"
            }
          },
          "sensitive_attributes": [],
          "private": "bnVsbA==",
          "dependencies": [
            "module.acm.module.acm_operator.module.k8sop_manifest.data.external.env_override",
            "module.acm.module.acm_operator.module.k8sop_manifest.null_resource.additional_components",
            "module.acm.module.acm_operator.module.k8sop_manifest.null_resource.decompress",
            "module.acm.module.acm_operator.module.k8sop_manifest.null_resource.download_gcloud",
            "module.acm.module.acm_operator.module.k8sop_manifest.null_resource.download_jq",
            "data.google_project.project",
            "module.acm.module.acm_operator.module.k8sop_manifest.null_resource.gcloud_auth_google_credentials",
            "module.acm.module.acm_operator.module.k8sop_manifest.null_resource.gcloud_auth_service_account_key_file",
            "module.acm.module.acm_operator.module.k8sop_manifest.null_resource.module_depends_on",
            "module.acm.module.acm_operator.module.k8sop_manifest.null_resource.prepare_cache",
            "module.acm.module.acm_operator.module.k8sop_manifest.null_resource.run_command",
            "module.acm.module.acm_operator.module.k8sop_manifest.null_resource.run_destroy_command",
            "module.acm.module.acm_operator.module.k8sop_manifest.null_resource.upgrade",
            "module.acm.module.acm_operator.module.k8sop_manifest.random_id.cache",
            "module.cluster.data.google_compute_subnetwork.gke_subnetwork",
            "module.cluster.data.google_compute_zones.available",
            "module.cluster.data.google_container_engine_versions.region",
            "module.cluster.data.google_container_engine_versions.zone",
            "module.cluster.google_compute_firewall.intra_egress",
            "module.cluster.google_compute_firewall.master_webhooks",
            "module.cluster.google_compute_firewall.shadow_allow_master",
            "module.cluster.google_compute_firewall.shadow_allow_nodes",
            "module.cluster.google_compute_firewall.shadow_allow_pods",
            "module.cluster.google_container_cluster.primary",
            "module.cluster.google_container_node_pool.pools",
            "module.cluster.google_project_iam_member.cluster_service_account-artifact-registry",
            "module.cluster.google_project_iam_member.cluster_service_account-gcr",
            "module.cluster.google_project_iam_member.cluster_service_account-log_writer",
            "module.cluster.google_project_iam_member.cluster_service_account-metric_writer",
            "module.cluster.google_project_iam_member.cluster_service_account-monitoring_viewer",
            "module.cluster.google_project_iam_member.cluster_service_account-resourceMetadata-writer",
            "module.cluster.google_service_account.cluster_service_account",
            "module.cluster.kubernetes_config_map.ip-masq-agent",
            "module.cluster.kubernetes_config_map.kube-dns",
            "module.cluster.kubernetes_config_map.kube-dns-upstream-nameservers-and-stub-domains",
            "module.cluster.kubernetes_config_map.kube-dns-upstream-namservers",
            "module.cluster.module.gcloud_delete_default_kube_dns_configmap.module.gcloud_kubectl.data.external.env_override",
            "module.cluster.module.gcloud_delete_default_kube_dns_configmap.module.gcloud_kubectl.null_resource.additional_components",
            "module.cluster.module.gcloud_delete_default_kube_dns_configmap.module.gcloud_kubectl.null_resource.additional_components_destroy",
            "module.cluster.module.gcloud_delete_default_kube_dns_configmap.module.gcloud_kubectl.null_resource.decompress",
            "module.cluster.module.gcloud_delete_default_kube_dns_configmap.module.gcloud_kubectl.null_resource.decompress_destroy",
            "module.cluster.module.gcloud_delete_default_kube_dns_configmap.module.gcloud_kubectl.null_resource.download_gcloud",
            "module.cluster.module.gcloud_delete_default_kube_dns_configmap.module.gcloud_kubectl.null_resource.download_jq",
            "module.cluster.module.gcloud_delete_default_kube_dns_configmap.module.gcloud_kubectl.null_resource.gcloud_auth_google_credentials",
            "module.cluster.module.gcloud_delete_default_kube_dns_configmap.module.gcloud_kubectl.null_resource.gcloud_auth_google_credentials_destroy",
            "module.cluster.module.gcloud_delete_default_kube_dns_configmap.module.gcloud_kubectl.null_resource.gcloud_auth_service_account_key_file",
            "module.cluster.module.gcloud_delete_default_kube_dns_configmap.module.gcloud_kubectl.null_resource.gcloud_auth_service_account_key_file_destroy",
            "module.cluster.module.gcloud_delete_default_kube_dns_configmap.module.gcloud_kubectl.null_resource.module_depends_on",
            "module.cluster.module.gcloud_delete_default_kube_dns_configmap.module.gcloud_kubectl.null_resource.prepare_cache",
            "module.cluster.module.gcloud_delete_default_kube_dns_configmap.module.gcloud_kubectl.null_resource.run_command",
            "module.cluster.module.gcloud_delete_default_kube_dns_configmap.module.gcloud_kubectl.null_resource.run_destroy_command",
            "module.cluster.module.gcloud_delete_default_kube_dns_configmap.module.gcloud_kubectl.null_resource.upgrade",
            "module.cluster.module.gcloud_delete_default_kube_dns_configmap.module.gcloud_kubectl.null_resource.upgrade_destroy",
            "module.cluster.module.gcloud_delete_default_kube_dns_configmap.module.gcloud_kubectl.random_id.cache",
            "module.cluster.random_shuffle.available_zones",
            "module.cluster.random_string.cluster_service_account_suffix",
            "module.project-services.google_project_service.project_services"
          ]
        }
      ]
    },
    {
      "module": "module.acm[\"2\"].module.acm_operator.module.k8s_operator.module.gcloud_kubectl",
      "mode": "managed",
      "type": "null_resource",
      "name": "run_command",
      "provider": "provider[\"registry.terraform.io/hashicorp/null\"]",
      "instances": [
        {
          "index_key": 0,
          "status": "tainted",
          "schema_version": 0,
          "attributes": {
            "id": "5839966418118717313",
            "triggers": {
              "arguments": "4a372164e2bf12b9c57e6710226bc5f6",
              "create_cmd_body": "gke-ingress europe-west1 anthos-lab-310709 false false kubectl apply -f ./.terraform/tmp/anthos-lab-310709-gke-ingress/config-management-operator.yaml",
              "create_cmd_entrypoint": ".terraform/modules/acm.acm_operator.k8s_operator/modules/kubectl-wrapper/scripts/kubectl_wrapper.sh",
              "gcloud_bin_abs_path": "/google-cloud-sdk/bin",
              "md5": "b9e6ac4c0c60b9da4b93cfa39468acf5"
            }
          },
          "sensitive_attributes": [],
          "private": "bnVsbA==",
          "dependencies": [
            "data.google_project.project",
            "module.acm.module.acm_operator.module.k8s_operator.module.gcloud_kubectl.data.external.env_override",
            "module.acm.module.acm_operator.module.k8s_operator.module.gcloud_kubectl.null_resource.additional_components",
            "module.acm.module.acm_operator.module.k8s_operator.module.gcloud_kubectl.null_resource.decompress",
            "module.acm.module.acm_operator.module.k8s_operator.module.gcloud_kubectl.null_resource.gcloud_auth_google_credentials",
            "module.acm.module.acm_operator.module.k8s_operator.module.gcloud_kubectl.null_resource.gcloud_auth_service_account_key_file",
            "module.acm.module.acm_operator.module.k8s_operator.module.gcloud_kubectl.null_resource.module_depends_on",
            "module.acm.module.acm_operator.module.k8s_operator.module.gcloud_kubectl.random_id.cache",
            "module.acm.module.acm_operator.module.k8sop_manifest.null_resource.additional_components",
            "module.acm.module.acm_operator.module.k8sop_manifest.null_resource.gcloud_auth_google_credentials",
            "module.acm.module.acm_operator.module.k8sop_manifest.null_resource.gcloud_auth_service_account_key_file",
            "module.acm.module.acm_operator.module.k8sop_manifest.null_resource.run_command",
            "module.acm.module.acm_operator.module.k8sop_manifest.null_resource.run_destroy_command",
            "module.cluster.data.google_compute_subnetwork.gke_subnetwork",
            "module.cluster.data.google_compute_zones.available",
            "module.cluster.data.google_container_engine_versions.region",
            "module.cluster.data.google_container_engine_versions.zone",
            "module.cluster.google_compute_firewall.intra_egress",
            "module.cluster.google_compute_firewall.master_webhooks",
            "module.cluster.google_compute_firewall.shadow_allow_master",
            "module.cluster.google_compute_firewall.shadow_allow_nodes",
            "module.cluster.google_compute_firewall.shadow_allow_pods",
            "module.cluster.google_container_cluster.primary",
            "module.cluster.google_container_node_pool.pools",
            "module.cluster.google_project_iam_member.cluster_service_account-artifact-registry",
            "module.cluster.google_project_iam_member.cluster_service_account-gcr",
            "module.cluster.google_project_iam_member.cluster_service_account-log_writer",
            "module.cluster.google_project_iam_member.cluster_service_account-metric_writer",
            "module.cluster.google_project_iam_member.cluster_service_account-monitoring_viewer",
            "module.cluster.google_project_iam_member.cluster_service_account-resourceMetadata-writer",
            "module.cluster.google_service_account.cluster_service_account",
            "module.cluster.kubernetes_config_map.ip-masq-agent",
            "module.cluster.kubernetes_config_map.kube-dns",
            "module.cluster.kubernetes_config_map.kube-dns-upstream-nameservers-and-stub-domains",
            "module.cluster.kubernetes_config_map.kube-dns-upstream-namservers",
            "module.cluster.module.gcloud_delete_default_kube_dns_configmap.module.gcloud_kubectl.data.external.env_override",
            "module.cluster.module.gcloud_delete_default_kube_dns_configmap.module.gcloud_kubectl.null_resource.additional_components",
            "module.cluster.module.gcloud_delete_default_kube_dns_configmap.module.gcloud_kubectl.null_resource.additional_components_destroy",
            "module.cluster.module.gcloud_delete_default_kube_dns_configmap.module.gcloud_kubectl.null_resource.decompress",
            "module.cluster.module.gcloud_delete_default_kube_dns_configmap.module.gcloud_kubectl.null_resource.decompress_destroy",
            "module.cluster.module.gcloud_delete_default_kube_dns_configmap.module.gcloud_kubectl.null_resource.download_gcloud",
            "module.cluster.module.gcloud_delete_default_kube_dns_configmap.module.gcloud_kubectl.null_resource.download_jq",
            "module.cluster.module.gcloud_delete_default_kube_dns_configmap.module.gcloud_kubectl.null_resource.gcloud_auth_google_credentials",
            "module.cluster.module.gcloud_delete_default_kube_dns_configmap.module.gcloud_kubectl.null_resource.gcloud_auth_google_credentials_destroy",
            "module.cluster.module.gcloud_delete_default_kube_dns_configmap.module.gcloud_kubectl.null_resource.gcloud_auth_service_account_key_file",
            "module.cluster.module.gcloud_delete_default_kube_dns_configmap.module.gcloud_kubectl.null_resource.gcloud_auth_service_account_key_file_destroy",
            "module.cluster.module.gcloud_delete_default_kube_dns_configmap.module.gcloud_kubectl.null_resource.module_depends_on",
            "module.cluster.module.gcloud_delete_default_kube_dns_configmap.module.gcloud_kubectl.null_resource.prepare_cache",
            "module.cluster.module.gcloud_delete_default_kube_dns_configmap.module.gcloud_kubectl.null_resource.run_command",
            "module.cluster.module.gcloud_delete_default_kube_dns_configmap.module.gcloud_kubectl.null_resource.run_destroy_command",
            "module.cluster.module.gcloud_delete_default_kube_dns_configmap.module.gcloud_kubectl.null_resource.upgrade",
            "module.cluster.module.gcloud_delete_default_kube_dns_configmap.module.gcloud_kubectl.null_resource.upgrade_destroy",
            "module.cluster.module.gcloud_delete_default_kube_dns_configmap.module.gcloud_kubectl.random_id.cache",
            "module.cluster.random_shuffle.available_zones",
            "module.cluster.random_string.cluster_service_account_suffix",
            "module.project-services.google_project_service.project_services"
          ]
        }
      ]
    },
    {
      "module": "module.acm[\"2\"].module.acm_operator.module.k8s_operator.module.gcloud_kubectl",
      "mode": "managed",
      "type": "null_resource",
      "name": "run_destroy_command",
      "provider": "provider[\"registry.terraform.io/hashicorp/null\"]",
      "instances": [
        {
          "index_key": 0,
          "schema_version": 0,
          "attributes": {
            "id": "5614516682889015005",
            "triggers": {
              "destroy_cmd_body": "gke-ingress europe-west1 anthos-lab-310709 false false kubectl delete -f ./.terraform/tmp/anthos-lab-310709-gke-ingress/config-management-operator.yaml",
              "destroy_cmd_entrypoint": ".terraform/modules/acm.acm_operator.k8s_operator/modules/kubectl-wrapper/scripts/kubectl_wrapper.sh",
              "gcloud_bin_abs_path": "/google-cloud-sdk/bin"
            }
          },
          "sensitive_attributes": [],
          "private": "bnVsbA==",
          "dependencies": [
            "module.acm.module.acm_operator.module.k8s_operator.module.gcloud_kubectl.data.external.env_override",
            "module.acm.module.acm_operator.module.k8s_operator.module.gcloud_kubectl.null_resource.additional_components",
            "module.acm.module.acm_operator.module.k8s_operator.module.gcloud_kubectl.null_resource.decompress",
            "module.acm.module.acm_operator.module.k8s_operator.module.gcloud_kubectl.null_resource.download_gcloud",
            "module.acm.module.acm_operator.module.k8s_operator.module.gcloud_kubectl.null_resource.download_jq",
            "data.google_project.project",
            "module.acm.module.acm_operator.module.k8s_operator.module.gcloud_kubectl.null_resource.gcloud_auth_google_credentials",
            "module.acm.module.acm_operator.module.k8s_operator.module.gcloud_kubectl.null_resource.gcloud_auth_service_account_key_file",
            "module.acm.module.acm_operator.module.k8s_operator.module.gcloud_kubectl.null_resource.module_depends_on",
            "module.acm.module.acm_operator.module.k8s_operator.module.gcloud_kubectl.null_resource.prepare_cache",
            "module.acm.module.acm_operator.module.k8s_operator.module.gcloud_kubectl.null_resource.upgrade",
            "module.acm.module.acm_operator.module.k8s_operator.module.gcloud_kubectl.random_id.cache",
            "module.acm.module.acm_operator.module.k8sop_manifest.null_resource.gcloud_auth_google_credentials",
            "module.acm.module.acm_operator.module.k8sop_manifest.data.external.env_override",
            "module.acm.module.acm_operator.module.k8sop_manifest.null_resource.additional_components",
            "module.acm.module.acm_operator.module.k8sop_manifest.null_resource.decompress",
            "module.acm.module.acm_operator.module.k8sop_manifest.null_resource.download_gcloud",
            "module.acm.module.acm_operator.module.k8sop_manifest.null_resource.download_jq",
            "module.acm.module.acm_operator.module.k8sop_manifest.null_resource.module_depends_on",
            "module.acm.module.acm_operator.module.k8sop_manifest.null_resource.prepare_cache",
            "module.acm.module.acm_operator.module.k8sop_manifest.null_resource.gcloud_auth_service_account_key_file",
            "module.acm.module.acm_operator.module.k8sop_manifest.null_resource.run_destroy_command",
            "module.acm.module.acm_operator.module.k8sop_manifest.random_id.cache",
            "module.cluster.google_compute_firewall.shadow_allow_master",
            "module.acm.module.acm_operator.module.k8sop_manifest.null_resource.upgrade",
            "module.cluster.data.google_compute_subnetwork.gke_subnetwork",
            "module.cluster.data.google_compute_zones.available",
            "module.cluster.data.google_container_engine_versions.region",
            "module.cluster.data.google_container_engine_versions.zone",
            "module.cluster.google_compute_firewall.intra_egress",
            "module.cluster.google_compute_firewall.master_webhooks",
            "module.cluster.google_compute_firewall.shadow_allow_nodes",
            "module.cluster.google_container_cluster.primary",
            "module.cluster.google_compute_firewall.shadow_allow_pods",
            "module.acm.module.acm_operator.module.k8sop_manifest.null_resource.run_command",
            "module.cluster.google_container_node_pool.pools",
            "module.cluster.google_project_iam_member.cluster_service_account-artifact-registry",
            "module.cluster.google_project_iam_member.cluster_service_account-gcr",
            "module.cluster.google_project_iam_member.cluster_service_account-log_writer",
            "module.cluster.google_project_iam_member.cluster_service_account-metric_writer",
            "module.cluster.google_project_iam_member.cluster_service_account-monitoring_viewer",
            "module.cluster.google_project_iam_member.cluster_service_account-resourceMetadata-writer",
            "module.cluster.google_service_account.cluster_service_account",
            "module.cluster.kubernetes_config_map.ip-masq-agent",
            "module.cluster.kubernetes_config_map.kube-dns",
            "module.cluster.kubernetes_config_map.kube-dns-upstream-nameservers-and-stub-domains",
            "module.cluster.kubernetes_config_map.kube-dns-upstream-namservers",
            "module.cluster.module.gcloud_delete_default_kube_dns_configmap.module.gcloud_kubectl.data.external.env_override",
            "module.cluster.module.gcloud_delete_default_kube_dns_configmap.module.gcloud_kubectl.null_resource.additional_components",
            "module.cluster.module.gcloud_delete_default_kube_dns_configmap.module.gcloud_kubectl.null_resource.additional_components_destroy",
            "module.cluster.module.gcloud_delete_default_kube_dns_configmap.module.gcloud_kubectl.null_resource.decompress",
            "module.cluster.module.gcloud_delete_default_kube_dns_configmap.module.gcloud_kubectl.null_resource.download_gcloud",
            "module.cluster.module.gcloud_delete_default_kube_dns_configmap.module.gcloud_kubectl.null_resource.download_jq",
            "module.cluster.module.gcloud_delete_default_kube_dns_configmap.module.gcloud_kubectl.null_resource.gcloud_auth_google_credentials",
            "module.cluster.module.gcloud_delete_default_kube_dns_configmap.module.gcloud_kubectl.null_resource.gcloud_auth_google_credentials_destroy",
            "module.cluster.module.gcloud_delete_default_kube_dns_configmap.module.gcloud_kubectl.null_resource.gcloud_auth_service_account_key_file",
            "module.cluster.module.gcloud_delete_default_kube_dns_configmap.module.gcloud_kubectl.null_resource.gcloud_auth_service_account_key_file_destroy",
            "module.cluster.module.gcloud_delete_default_kube_dns_configmap.module.gcloud_kubectl.null_resource.module_depends_on",
            "module.project-services.google_project_service.project_services",
            "module.cluster.module.gcloud_delete_default_kube_dns_configmap.module.gcloud_kubectl.null_resource.prepare_cache",
            "module.cluster.module.gcloud_delete_default_kube_dns_configmap.module.gcloud_kubectl.null_resource.decompress_destroy",
            "module.cluster.module.gcloud_delete_default_kube_dns_configmap.module.gcloud_kubectl.null_resource.run_command",
            "module.cluster.module.gcloud_delete_default_kube_dns_configmap.module.gcloud_kubectl.null_resource.run_destroy_command",
            "module.cluster.module.gcloud_delete_default_kube_dns_configmap.module.gcloud_kubectl.null_resource.upgrade",
            "module.cluster.module.gcloud_delete_default_kube_dns_configmap.module.gcloud_kubectl.null_resource.upgrade_destroy",
            "module.cluster.module.gcloud_delete_default_kube_dns_configmap.module.gcloud_kubectl.random_id.cache",
            "module.cluster.random_shuffle.available_zones",
            "module.cluster.random_string.cluster_service_account_suffix"
          ]
        }
      ]
    },
    {
      "module": "module.acm[\"2\"].module.acm_operator.module.k8s_operator.module.gcloud_kubectl",
      "mode": "managed",
      "type": "null_resource",
      "name": "upgrade",
      "provider": "provider[\"registry.terraform.io/hashicorp/null\"]",
      "instances": []
    },
    {
      "module": "module.acm[\"2\"].module.acm_operator.module.k8s_operator.module.gcloud_kubectl",
      "mode": "managed",
      "type": "random_id",
      "name": "cache",
      "provider": "provider[\"registry.terraform.io/hashicorp/random\"]",
      "instances": []
    },
    {
      "module": "module.acm[\"2\"].module.acm_operator.module.k8sop_config.module.gcloud_kubectl",
      "mode": "data",
      "type": "external",
      "name": "env_override",
      "provider": "provider[\"registry.terraform.io/hashicorp/external\"]",
      "instances": [
        {
          "index_key": 0,
          "schema_version": 0,
          "attributes": {
            "id": "-",
            "program": [
              ".terraform/modules/acm.acm_operator.k8sop_config/scripts/check_env.sh"
            ],
            "query": null,
            "result": {
              "download": ""
            },
            "working_dir": null
          },
          "sensitive_attributes": []
        }
      ]
    },
    {
      "module": "module.acm[\"2\"].module.acm_operator.module.k8sop_config.module.gcloud_kubectl",
      "mode": "managed",
      "type": "null_resource",
      "name": "additional_components",
      "provider": "provider[\"registry.terraform.io/hashicorp/null\"]",
      "instances": [
        {
          "index_key": 0,
          "schema_version": 0,
          "attributes": {
            "id": "1618723699200381414",
            "triggers": {
              "additional_components_command": ".terraform/modules/acm.acm_operator.k8sop_config/scripts/check_components.sh gcloud kubectl",
              "arguments": "9bbcd4d13c06b9e31a96b9ff89eefbe2",
              "configmanagement": "apiVersion: configmanagement.gke.io/v1\nkind: ConfigManagement\nmetadata:\n  name: config-management\nspec:\n  # clusterName is required and must be unique among all managed clusters\n  clusterName: gke-ingress\n  policyController:\n    enabled: true\n    templateLibraryInstalled: true\n    logDeniesEnabled: false\n  git:\n    syncRepo: git@github.com:Francesco-cloud24/anthos-lab.git\n    secretType: ssh\n    \n    syncBranch: master\n    \n  \n  \n",
              "md5": "147aeb32f77caec118fc73dd6c77a279"
            }
          },
          "sensitive_attributes": [],
          "private": "bnVsbA==",
          "dependencies": [
            "module.acm.module.acm_operator.module.k8sop_manifest.null_resource.decompress",
            "module.cluster.module.gcloud_delete_default_kube_dns_configmap.module.gcloud_kubectl.null_resource.download_jq",
            "module.cluster.module.gcloud_delete_default_kube_dns_configmap.module.gcloud_kubectl.null_resource.gcloud_auth_service_account_key_file_destroy",
            "module.project-services.google_project_service.project_services",
            "module.acm.module.acm_operator.module.k8sop_creds_secret.module.gcloud_kubectl.null_resource.run_command",
            "module.acm.module.acm_operator.module.k8sop_manifest.null_resource.download_jq",
            "module.cluster.kubernetes_config_map.kube-dns-upstream-nameservers-and-stub-domains",
            "module.cluster.module.gcloud_delete_default_kube_dns_configmap.module.gcloud_kubectl.null_resource.gcloud_auth_service_account_key_file",
            "module.acm.module.acm_operator.module.k8s_operator.module.gcloud_kubectl.data.external.env_override",
            "module.acm.module.acm_operator.module.k8sop_config.module.gcloud_kubectl.null_resource.download_jq",
            "module.cluster.google_container_cluster.primary",
            "module.cluster.module.gcloud_delete_default_kube_dns_configmap.module.gcloud_kubectl.null_resource.additional_components",
            "module.acm.module.acm_operator.module.k8s_operator.module.gcloud_kubectl.null_resource.module_depends_on",
            "module.acm.module.acm_operator.module.k8s_operator.module.gcloud_kubectl.null_resource.prepare_cache",
            "module.acm.module.acm_operator.module.k8sop_config.module.gcloud_kubectl.null_resource.download_gcloud",
            "module.acm.module.acm_operator.module.k8sop_config.module.gcloud_kubectl.random_id.cache",
            "module.acm.module.acm_operator.tls_private_key.k8sop_creds",
            "module.cluster.google_compute_firewall.shadow_allow_pods",
            "module.cluster.google_project_iam_member.cluster_service_account-gcr",
            "module.cluster.kubernetes_config_map.kube-dns",
            "module.acm.module.acm_operator.module.k8sop_config.module.gcloud_kubectl.null_resource.prepare_cache",
            "module.acm.module.acm_operator.module.k8sop_config.module.gcloud_kubectl.null_resource.upgrade",
            "module.acm.module.acm_operator.module.k8sop_manifest.null_resource.additional_components",
            "module.acm.module.acm_operator.module.k8sop_manifest.null_resource.download_gcloud",
            "module.acm.module.acm_operator.module.k8sop_manifest.null_resource.run_command",
            "module.cluster.data.google_container_engine_versions.zone",
            "module.cluster.kubernetes_config_map.ip-masq-agent",
            "module.cluster.module.gcloud_delete_default_kube_dns_configmap.module.gcloud_kubectl.null_resource.run_command",
            "module.acm.module.acm_operator.module.k8sop_creds_secret.module.gcloud_kubectl.null_resource.gcloud_auth_service_account_key_file",
            "module.acm.module.acm_operator.module.k8sop_manifest.null_resource.prepare_cache",
            "module.acm.module.acm_operator.module.k8sop_manifest.random_id.cache",
            "module.cluster.module.gcloud_delete_default_kube_dns_configmap.module.gcloud_kubectl.null_resource.run_destroy_command",
            "module.cluster.module.gcloud_delete_default_kube_dns_configmap.module.gcloud_kubectl.random_id.cache",
            "module.cluster.random_shuffle.available_zones",
            "module.acm.module.acm_operator.module.k8s_operator.module.gcloud_kubectl.null_resource.additional_components",
            "module.acm.module.acm_operator.module.k8s_operator.module.gcloud_kubectl.null_resource.download_gcloud",
            "module.acm.module.acm_operator.module.k8sop_creds_secret.module.gcloud_kubectl.null_resource.upgrade",
            "module.cluster.data.google_container_engine_versions.region",
            "module.cluster.google_container_node_pool.pools",
            "module.cluster.google_project_iam_member.cluster_service_account-resourceMetadata-writer",
            "module.acm.module.acm_operator.module.k8s_operator.module.gcloud_kubectl.null_resource.run_destroy_command",
            "module.acm.module.acm_operator.module.k8sop_manifest.data.external.env_override",
            "module.cluster.google_project_iam_member.cluster_service_account-log_writer",
            "module.cluster.module.gcloud_delete_default_kube_dns_configmap.module.gcloud_kubectl.null_resource.upgrade_destroy",
            "module.cluster.google_project_iam_member.cluster_service_account-artifact-registry",
            "module.acm.module.acm_operator.module.k8s_operator.module.gcloud_kubectl.null_resource.gcloud_auth_google_credentials",
            "module.acm.module.acm_operator.module.k8sop_config.module.gcloud_kubectl.data.external.env_override",
            "module.acm.module.acm_operator.module.k8sop_config.module.gcloud_kubectl.null_resource.decompress",
            "module.acm.module.acm_operator.module.k8sop_config.module.gcloud_kubectl.null_resource.module_depends_on",
            "module.acm.module.acm_operator.module.k8sop_creds_secret.module.gcloud_kubectl.null_resource.decompress",
            "module.acm.module.acm_operator.module.k8sop_creds_secret.module.gcloud_kubectl.null_resource.run_destroy_command",
            "module.cluster.google_compute_firewall.shadow_allow_master",
            "module.cluster.kubernetes_config_map.kube-dns-upstream-namservers",
            "module.cluster.module.gcloud_delete_default_kube_dns_configmap.module.gcloud_kubectl.data.external.env_override",
            "module.cluster.random_string.cluster_service_account_suffix",
            "module.acm.module.acm_operator.module.k8s_operator.module.gcloud_kubectl.null_resource.decompress",
            "module.acm.module.acm_operator.module.k8sop_creds_secret.module.gcloud_kubectl.null_resource.additional_components",
            "module.acm.module.acm_operator.module.k8sop_creds_secret.module.gcloud_kubectl.null_resource.download_jq",
            "module.acm.module.acm_operator.module.k8s_operator.module.gcloud_kubectl.null_resource.run_command",
            "module.acm.module.acm_operator.module.k8s_operator.module.gcloud_kubectl.random_id.cache",
            "module.acm.module.acm_operator.module.k8sop_creds_secret.module.gcloud_kubectl.null_resource.download_gcloud",
            "module.acm.module.acm_operator.module.k8sop_manifest.null_resource.run_destroy_command",
            "module.acm.module.acm_operator.module.k8sop_manifest.null_resource.upgrade",
            "module.cluster.google_project_iam_member.cluster_service_account-monitoring_viewer",
            "module.acm.module.acm_operator.module.k8sop_creds_secret.module.gcloud_kubectl.null_resource.module_depends_on",
            "module.acm.module.acm_operator.module.k8sop_manifest.null_resource.gcloud_auth_google_credentials",
            "module.cluster.google_compute_firewall.shadow_allow_nodes",
            "module.cluster.google_service_account.cluster_service_account",
            "module.cluster.module.gcloud_delete_default_kube_dns_configmap.module.gcloud_kubectl.null_resource.decompress",
            "module.cluster.module.gcloud_delete_default_kube_dns_configmap.module.gcloud_kubectl.null_resource.prepare_cache",
            "module.cluster.module.gcloud_delete_default_kube_dns_configmap.module.gcloud_kubectl.null_resource.additional_components_destroy",
            "module.acm.module.acm_operator.data.template_file.k8sop_config",
            "module.acm.module.acm_operator.module.k8s_operator.module.gcloud_kubectl.null_resource.download_jq",
            "module.acm.module.acm_operator.module.k8s_operator.module.gcloud_kubectl.null_resource.upgrade",
            "module.acm.module.acm_operator.module.k8sop_creds_secret.module.gcloud_kubectl.null_resource.gcloud_auth_google_credentials",
            "module.acm.module.acm_operator.module.k8sop_manifest.null_resource.gcloud_auth_service_account_key_file",
            "module.cluster.google_compute_firewall.intra_egress",
            "module.cluster.google_compute_firewall.master_webhooks",
            "module.cluster.module.gcloud_delete_default_kube_dns_configmap.module.gcloud_kubectl.null_resource.download_gcloud",
            "data.google_project.project",
            "module.cluster.data.google_compute_subnetwork.gke_subnetwork",
            "module.cluster.data.google_compute_zones.available",
            "module.cluster.module.gcloud_delete_default_kube_dns_configmap.module.gcloud_kubectl.null_resource.gcloud_auth_google_credentials_destroy",
            "module.acm.module.acm_operator.module.k8s_operator.module.gcloud_kubectl.null_resource.gcloud_auth_service_account_key_file",
            "module.acm.module.acm_operator.module.k8sop_creds_secret.module.gcloud_kubectl.data.external.env_override",
            "module.acm.module.acm_operator.module.k8sop_creds_secret.module.gcloud_kubectl.null_resource.prepare_cache",
            "module.acm.module.acm_operator.module.k8sop_manifest.null_resource.module_depends_on",
            "module.cluster.google_project_iam_member.cluster_service_account-metric_writer",
            "module.cluster.module.gcloud_delete_default_kube_dns_configmap.module.gcloud_kubectl.null_resource.gcloud_auth_google_credentials",
            "module.cluster.module.gcloud_delete_default_kube_dns_configmap.module.gcloud_kubectl.null_resource.module_depends_on",
            "module.acm.module.acm_operator.module.k8sop_creds_secret.module.gcloud_kubectl.random_id.cache",
            "module.cluster.module.gcloud_delete_default_kube_dns_configmap.module.gcloud_kubectl.null_resource.decompress_destroy",
            "module.cluster.module.gcloud_delete_default_kube_dns_configmap.module.gcloud_kubectl.null_resource.upgrade"
          ]
        }
      ]
    },
    {
      "module": "module.acm[\"2\"].module.acm_operator.module.k8sop_config.module.gcloud_kubectl",
      "mode": "managed",
      "type": "null_resource",
      "name": "decompress",
      "provider": "provider[\"registry.terraform.io/hashicorp/null\"]",
      "instances": []
    },
    {
      "module": "module.acm[\"2\"].module.acm_operator.module.k8sop_config.module.gcloud_kubectl",
      "mode": "managed",
      "type": "null_resource",
      "name": "gcloud_auth_google_credentials",
      "provider": "provider[\"registry.terraform.io/hashicorp/null\"]",
      "instances": []
    },
    {
      "module": "module.acm[\"2\"].module.acm_operator.module.k8sop_config.module.gcloud_kubectl",
      "mode": "managed",
      "type": "null_resource",
      "name": "gcloud_auth_service_account_key_file",
      "provider": "provider[\"registry.terraform.io/hashicorp/null\"]",
      "instances": []
    },
    {
      "module": "module.acm[\"2\"].module.acm_operator.module.k8sop_config.module.gcloud_kubectl",
      "mode": "managed",
      "type": "null_resource",
      "name": "run_command",
      "provider": "provider[\"registry.terraform.io/hashicorp/null\"]",
      "instances": []
    },
    {
      "module": "module.acm[\"2\"].module.acm_operator.module.k8sop_config.module.gcloud_kubectl",
      "mode": "managed",
      "type": "null_resource",
      "name": "run_destroy_command",
      "provider": "provider[\"registry.terraform.io/hashicorp/null\"]",
      "instances": []
    },
    {
      "module": "module.acm[\"2\"].module.acm_operator.module.k8sop_config.module.gcloud_kubectl",
      "mode": "managed",
      "type": "null_resource",
      "name": "upgrade",
      "provider": "provider[\"registry.terraform.io/hashicorp/null\"]",
      "instances": []
    },
    {
      "module": "module.acm[\"2\"].module.acm_operator.module.k8sop_config.module.gcloud_kubectl",
      "mode": "managed",
      "type": "random_id",
      "name": "cache",
      "provider": "provider[\"registry.terraform.io/hashicorp/random\"]",
      "instances": []
    },
    {
      "module": "module.acm[\"2\"].module.acm_operator.module.k8sop_creds_secret.module.gcloud_kubectl",
      "mode": "data",
      "type": "external",
      "name": "env_override",
      "provider": "provider[\"registry.terraform.io/hashicorp/external\"]",
      "instances": [
        {
          "index_key": 0,
          "schema_version": 0,
          "attributes": {
            "id": "-",
            "program": [
              ".terraform/modules/acm.acm_operator.k8sop_creds_secret/scripts/check_env.sh"
            ],
            "query": null,
            "result": {
              "download": ""
            },
            "working_dir": null
          },
          "sensitive_attributes": []
        }
      ]
    },
    {
      "module": "module.acm[\"2\"].module.acm_operator.module.k8sop_creds_secret.module.gcloud_kubectl",
      "mode": "managed",
      "type": "null_resource",
      "name": "additional_components",
      "provider": "provider[\"registry.terraform.io/hashicorp/null\"]",
      "instances": [
        {
          "index_key": 0,
          "schema_version": 0,
          "attributes": {
            "id": "2800911050089564114",
            "triggers": {
              "additional_components_command": ".terraform/modules/acm.acm_operator.k8sop_creds_secret/scripts/check_components.sh gcloud kubectl",
              "arguments": "4f0170a6945fff1b8cf85c74ac92c3fc",
              "md5": "8ee7ba6f7389035061871bd35efb2ee4"
            }
          },
          "sensitive_attributes": [
            [
              {
                "type": "get_attr",
                "value": "triggers"
              },
              {
                "type": "index",
                "value": {
                  "value": "arguments",
                  "type": "string"
                }
              }
            ]
          ],
          "private": "bnVsbA==",
          "dependencies": [
            "module.acm.module.acm_operator.module.k8s_operator.module.gcloud_kubectl.null_resource.gcloud_auth_google_credentials",
            "module.acm.module.acm_operator.module.k8sop_manifest.data.external.env_override",
            "module.cluster.data.google_container_engine_versions.region",
            "module.acm.module.acm_operator.module.k8s_operator.module.gcloud_kubectl.null_resource.download_gcloud",
            "module.acm.module.acm_operator.module.k8s_operator.module.gcloud_kubectl.null_resource.gcloud_auth_service_account_key_file",
            "module.acm.module.acm_operator.module.k8s_operator.module.gcloud_kubectl.null_resource.upgrade",
            "module.acm.module.acm_operator.module.k8sop_creds_secret.module.gcloud_kubectl.data.external.env_override",
            "module.acm.module.acm_operator.module.k8sop_creds_secret.module.gcloud_kubectl.null_resource.upgrade",
            "module.acm.module.acm_operator.tls_private_key.k8sop_creds",
            "module.cluster.google_project_iam_member.cluster_service_account-artifact-registry",
            "module.cluster.module.gcloud_delete_default_kube_dns_configmap.module.gcloud_kubectl.null_resource.run_command",
            "module.acm.module.acm_operator.module.k8s_operator.module.gcloud_kubectl.null_resource.decompress",
            "module.cluster.kubernetes_config_map.ip-masq-agent",
            "module.acm.module.acm_operator.module.k8s_operator.module.gcloud_kubectl.null_resource.run_destroy_command",
            "module.acm.module.acm_operator.module.k8sop_manifest.null_resource.additional_components",
            "module.cluster.google_service_account.cluster_service_account",
            "module.cluster.module.gcloud_delete_default_kube_dns_configmap.module.gcloud_kubectl.null_resource.download_jq",
            "module.cluster.module.gcloud_delete_default_kube_dns_configmap.module.gcloud_kubectl.null_resource.upgrade",
            "module.cluster.module.gcloud_delete_default_kube_dns_configmap.module.gcloud_kubectl.random_id.cache",
            "module.acm.module.acm_operator.module.k8s_operator.module.gcloud_kubectl.null_resource.module_depends_on",
            "module.acm.module.acm_operator.module.k8s_operator.module.gcloud_kubectl.null_resource.run_command",
            "module.acm.module.acm_operator.module.k8sop_manifest.null_resource.prepare_cache",
            "module.acm.module.acm_operator.module.k8sop_manifest.null_resource.upgrade",
            "module.cluster.data.google_container_engine_versions.zone",
            "module.cluster.google_project_iam_member.cluster_service_account-log_writer",
            "module.cluster.google_project_iam_member.cluster_service_account-metric_writer",
            "module.cluster.module.gcloud_delete_default_kube_dns_configmap.module.gcloud_kubectl.null_resource.gcloud_auth_google_credentials",
            "module.acm.module.acm_operator.module.k8sop_manifest.null_resource.download_jq",
            "module.cluster.google_compute_firewall.shadow_allow_nodes",
            "module.cluster.google_container_node_pool.pools",
            "module.cluster.kubernetes_config_map.kube-dns",
            "module.cluster.module.gcloud_delete_default_kube_dns_configmap.module.gcloud_kubectl.null_resource.additional_components_destroy",
            "module.acm.module.acm_operator.module.k8s_operator.module.gcloud_kubectl.null_resource.additional_components",
            "module.acm.module.acm_operator.module.k8s_operator.module.gcloud_kubectl.random_id.cache",
            "module.cluster.google_compute_firewall.master_webhooks",
            "module.cluster.google_project_iam_member.cluster_service_account-monitoring_viewer",
            "module.cluster.module.gcloud_delete_default_kube_dns_configmap.module.gcloud_kubectl.null_resource.module_depends_on",
            "module.cluster.random_shuffle.available_zones",
            "module.acm.module.acm_operator.module.k8s_operator.module.gcloud_kubectl.null_resource.prepare_cache",
            "module.acm.module.acm_operator.module.k8sop_manifest.null_resource.gcloud_auth_service_account_key_file",
            "module.acm.module.acm_operator.module.k8sop_manifest.null_resource.run_destroy_command",
            "module.cluster.google_compute_firewall.intra_egress",
            "module.cluster.google_compute_firewall.shadow_allow_master",
            "module.cluster.module.gcloud_delete_default_kube_dns_configmap.module.gcloud_kubectl.null_resource.additional_components",
            "module.cluster.module.gcloud_delete_default_kube_dns_configmap.module.gcloud_kubectl.null_resource.gcloud_auth_google_credentials_destroy",
            "module.cluster.module.gcloud_delete_default_kube_dns_configmap.module.gcloud_kubectl.null_resource.run_destroy_command",
            "module.acm.module.acm_operator.module.k8sop_creds_secret.module.gcloud_kubectl.null_resource.download_jq",
            "module.acm.module.acm_operator.module.k8sop_creds_secret.module.gcloud_kubectl.null_resource.module_depends_on",
            "module.acm.module.acm_operator.module.k8sop_manifest.random_id.cache",
            "module.cluster.google_compute_firewall.shadow_allow_pods",
            "module.acm.module.acm_operator.module.k8sop_manifest.null_resource.gcloud_auth_google_credentials",
            "module.acm.module.acm_operator.module.k8sop_manifest.null_resource.module_depends_on",
            "module.cluster.module.gcloud_delete_default_kube_dns_configmap.module.gcloud_kubectl.null_resource.download_gcloud",
            "module.cluster.module.gcloud_delete_default_kube_dns_configmap.module.gcloud_kubectl.null_resource.upgrade_destroy",
            "data.google_project.project",
            "module.acm.module.acm_operator.module.k8s_operator.module.gcloud_kubectl.data.external.env_override",
            "module.acm.module.acm_operator.module.k8sop_creds_secret.module.gcloud_kubectl.null_resource.download_gcloud",
            "module.cluster.data.google_compute_subnetwork.gke_subnetwork",
            "module.cluster.google_container_cluster.primary",
            "module.cluster.module.gcloud_delete_default_kube_dns_configmap.module.gcloud_kubectl.null_resource.gcloud_auth_service_account_key_file",
            "module.cluster.module.gcloud_delete_default_kube_dns_configmap.module.gcloud_kubectl.null_resource.prepare_cache",
            "module.cluster.google_project_iam_member.cluster_service_account-gcr",
            "module.cluster.kubernetes_config_map.kube-dns-upstream-nameservers-and-stub-domains",
            "module.cluster.module.gcloud_delete_default_kube_dns_configmap.module.gcloud_kubectl.null_resource.decompress",
            "module.cluster.module.gcloud_delete_default_kube_dns_configmap.module.gcloud_kubectl.null_resource.decompress_destroy",
            "module.cluster.module.gcloud_delete_default_kube_dns_configmap.module.gcloud_kubectl.data.external.env_override",
            "module.cluster.random_string.cluster_service_account_suffix",
            "module.project-services.google_project_service.project_services",
            "module.acm.module.acm_operator.module.k8sop_creds_secret.module.gcloud_kubectl.null_resource.decompress",
            "module.acm.module.acm_operator.module.k8sop_creds_secret.module.gcloud_kubectl.null_resource.prepare_cache",
            "module.acm.module.acm_operator.module.k8sop_manifest.null_resource.decompress",
            "module.cluster.kubernetes_config_map.kube-dns-upstream-namservers",
            "module.acm.module.acm_operator.module.k8s_operator.module.gcloud_kubectl.null_resource.download_jq",
            "module.acm.module.acm_operator.module.k8sop_creds_secret.module.gcloud_kubectl.random_id.cache",
            "module.acm.module.acm_operator.module.k8sop_manifest.null_resource.download_gcloud",
            "module.acm.module.acm_operator.module.k8sop_manifest.null_resource.run_command",
            "module.cluster.data.google_compute_zones.available",
            "module.cluster.google_project_iam_member.cluster_service_account-resourceMetadata-writer",
            "module.cluster.module.gcloud_delete_default_kube_dns_configmap.module.gcloud_kubectl.null_resource.gcloud_auth_service_account_key_file_destroy"
          ]
        }
      ]
    },
    {
      "module": "module.acm[\"2\"].module.acm_operator.module.k8sop_creds_secret.module.gcloud_kubectl",
      "mode": "managed",
      "type": "null_resource",
      "name": "decompress",
      "provider": "provider[\"registry.terraform.io/hashicorp/null\"]",
      "instances": []
    },
    {
      "module": "module.acm[\"2\"].module.acm_operator.module.k8sop_creds_secret.module.gcloud_kubectl",
      "mode": "managed",
      "type": "null_resource",
      "name": "gcloud_auth_google_credentials",
      "provider": "provider[\"registry.terraform.io/hashicorp/null\"]",
      "instances": []
    },
    {
      "module": "module.acm[\"2\"].module.acm_operator.module.k8sop_creds_secret.module.gcloud_kubectl",
      "mode": "managed",
      "type": "null_resource",
      "name": "gcloud_auth_service_account_key_file",
      "provider": "provider[\"registry.terraform.io/hashicorp/null\"]",
      "instances": []
    },
    {
      "module": "module.acm[\"2\"].module.acm_operator.module.k8sop_creds_secret.module.gcloud_kubectl",
      "mode": "managed",
      "type": "null_resource",
      "name": "run_command",
      "provider": "provider[\"registry.terraform.io/hashicorp/null\"]",
      "instances": []
    },
    {
      "module": "module.acm[\"2\"].module.acm_operator.module.k8sop_creds_secret.module.gcloud_kubectl",
      "mode": "managed",
      "type": "null_resource",
      "name": "run_destroy_command",
      "provider": "provider[\"registry.terraform.io/hashicorp/null\"]",
      "instances": []
    },
    {
      "module": "module.acm[\"2\"].module.acm_operator.module.k8sop_creds_secret.module.gcloud_kubectl",
      "mode": "managed",
      "type": "null_resource",
      "name": "upgrade",
      "provider": "provider[\"registry.terraform.io/hashicorp/null\"]",
      "instances": []
    },
    {
      "module": "module.acm[\"2\"].module.acm_operator.module.k8sop_creds_secret.module.gcloud_kubectl",
      "mode": "managed",
      "type": "random_id",
      "name": "cache",
      "provider": "provider[\"registry.terraform.io/hashicorp/random\"]",
      "instances": []
    },
    {
      "module": "module.acm[\"2\"].module.acm_operator.module.k8sop_manifest",
      "mode": "data",
      "type": "external",
      "name": "env_override",
      "provider": "provider[\"registry.terraform.io/hashicorp/external\"]",
      "instances": [
        {
          "index_key": 0,
          "schema_version": 0,
          "attributes": {
            "id": "-",
            "program": [
              ".terraform/modules/acm.acm_operator.k8sop_manifest/scripts/check_env.sh"
            ],
            "query": null,
            "result": {
              "download": ""
            },
            "working_dir": null
          },
          "sensitive_attributes": []
        }
      ]
    },
    {
      "module": "module.acm[\"2\"].module.acm_operator.module.k8sop_manifest",
      "mode": "managed",
      "type": "null_resource",
      "name": "run_command",
      "provider": "provider[\"registry.terraform.io/hashicorp/null\"]",
      "instances": [
        {
          "index_key": 0,
          "schema_version": 0,
          "attributes": {
            "id": "5114794030735880981",
            "triggers": {
              "arguments": "5eeb016e3437dc273993cafcc0e083df",
              "create_cmd_body": "cp gs://config-management-release/released/latest/config-management-operator.yaml ./.terraform/tmp/anthos-lab-310709-gke-ingress/config-management-operator.yaml",
              "create_cmd_entrypoint": "gsutil",
              "gcloud_bin_abs_path": "/google-cloud-sdk/bin",
              "md5": "e1b4a75ce3382cf47c61b6f3983a4822"
            }
          },
          "sensitive_attributes": [],
          "private": "bnVsbA==",
          "dependencies": [
            "module.cluster.module.gcloud_delete_default_kube_dns_configmap.module.gcloud_kubectl.data.external.env_override",
            "module.cluster.data.google_container_engine_versions.zone",
            "module.cluster.google_project_iam_member.cluster_service_account-artifact-registry",
            "module.cluster.google_project_iam_member.cluster_service_account-gcr",
            "module.cluster.kubernetes_config_map.kube-dns-upstream-namservers",
            "module.cluster.module.gcloud_delete_default_kube_dns_configmap.module.gcloud_kubectl.null_resource.prepare_cache",
            "module.cluster.random_string.cluster_service_account_suffix",
            "module.cluster.module.gcloud_delete_default_kube_dns_configmap.module.gcloud_kubectl.random_id.cache",
            "module.acm.module.acm_operator.module.k8sop_manifest.null_resource.prepare_cache",
            "module.cluster.data.google_compute_subnetwork.gke_subnetwork",
            "module.cluster.google_compute_firewall.master_webhooks",
            "module.cluster.module.gcloud_delete_default_kube_dns_configmap.module.gcloud_kubectl.null_resource.additional_components_destroy",
            "module.cluster.module.gcloud_delete_default_kube_dns_configmap.module.gcloud_kubectl.null_resource.decompress_destroy",
            "module.cluster.module.gcloud_delete_default_kube_dns_configmap.module.gcloud_kubectl.null_resource.download_jq",
            "data.google_project.project",
            "module.cluster.module.gcloud_delete_default_kube_dns_configmap.module.gcloud_kubectl.null_resource.download_gcloud",
            "module.cluster.module.gcloud_delete_default_kube_dns_configmap.module.gcloud_kubectl.null_resource.run_destroy_command",
            "module.cluster.module.gcloud_delete_default_kube_dns_configmap.module.gcloud_kubectl.null_resource.upgrade_destroy",
            "module.cluster.kubernetes_config_map.ip-masq-agent",
            "module.cluster.random_shuffle.available_zones",
            "module.project-services.google_project_service.project_services",
            "module.acm.module.acm_operator.module.k8sop_manifest.null_resource.download_jq",
            "module.acm.module.acm_operator.module.k8sop_manifest.null_resource.gcloud_auth_google_credentials",
            "module.cluster.google_service_account.cluster_service_account",
            "module.cluster.module.gcloud_delete_default_kube_dns_configmap.module.gcloud_kubectl.null_resource.run_command",
            "module.acm.module.acm_operator.module.k8sop_manifest.data.external.env_override",
            "module.cluster.google_compute_firewall.shadow_allow_nodes",
            "module.cluster.google_container_node_pool.pools",
            "module.cluster.google_project_iam_member.cluster_service_account-resourceMetadata-writer",
            "module.cluster.kubernetes_config_map.kube-dns",
            "module.cluster.module.gcloud_delete_default_kube_dns_configmap.module.gcloud_kubectl.null_resource.gcloud_auth_service_account_key_file",
            "module.acm.module.acm_operator.module.k8sop_manifest.null_resource.download_gcloud",
            "module.acm.module.acm_operator.module.k8sop_manifest.null_resource.module_depends_on",
            "module.cluster.google_compute_firewall.intra_egress",
            "module.acm.module.acm_operator.module.k8sop_manifest.random_id.cache",
            "module.cluster.google_project_iam_member.cluster_service_account-log_writer",
            "module.cluster.kubernetes_config_map.kube-dns-upstream-nameservers-and-stub-domains",
            "module.acm.module.acm_operator.module.k8sop_manifest.null_resource.additional_components",
            "module.acm.module.acm_operator.module.k8sop_manifest.null_resource.decompress",
            "module.cluster.module.gcloud_delete_default_kube_dns_configmap.module.gcloud_kubectl.null_resource.gcloud_auth_service_account_key_file_destroy",
            "module.cluster.data.google_compute_zones.available",
            "module.cluster.google_project_iam_member.cluster_service_account-metric_writer",
            "module.cluster.module.gcloud_delete_default_kube_dns_configmap.module.gcloud_kubectl.null_resource.gcloud_auth_google_credentials",
            "module.cluster.module.gcloud_delete_default_kube_dns_configmap.module.gcloud_kubectl.null_resource.additional_components",
            "module.cluster.module.gcloud_delete_default_kube_dns_configmap.module.gcloud_kubectl.null_resource.decompress",
            "module.cluster.module.gcloud_delete_default_kube_dns_configmap.module.gcloud_kubectl.null_resource.upgrade",
            "module.cluster.data.google_container_engine_versions.region",
            "module.cluster.google_container_cluster.primary",
            "module.cluster.google_project_iam_member.cluster_service_account-monitoring_viewer",
            "module.acm.module.acm_operator.module.k8sop_manifest.null_resource.upgrade",
            "module.cluster.google_compute_firewall.shadow_allow_pods",
            "module.acm.module.acm_operator.module.k8sop_manifest.null_resource.gcloud_auth_service_account_key_file",
            "module.cluster.google_compute_firewall.shadow_allow_master",
            "module.cluster.module.gcloud_delete_default_kube_dns_configmap.module.gcloud_kubectl.null_resource.gcloud_auth_google_credentials_destroy",
            "module.cluster.module.gcloud_delete_default_kube_dns_configmap.module.gcloud_kubectl.null_resource.module_depends_on"
          ]
        }
      ]
    },
    {
      "module": "module.acm[\"2\"].module.acm_operator.module.k8sop_manifest",
      "mode": "managed",
      "type": "null_resource",
      "name": "run_destroy_command",
      "provider": "provider[\"registry.terraform.io/hashicorp/null\"]",
      "instances": [
        {
          "index_key": 0,
          "schema_version": 0,
          "attributes": {
            "id": "8106337292260524809",
            "triggers": {
              "destroy_cmd_body": "-f ./.terraform/tmp/anthos-lab-310709-gke-ingress/config-management-operator.yaml",
              "destroy_cmd_entrypoint": "rm",
              "gcloud_bin_abs_path": "/google-cloud-sdk/bin"
            }
          },
          "sensitive_attributes": [],
          "private": "bnVsbA==",
          "dependencies": [
            "module.acm.module.acm_operator.module.k8sop_manifest.null_resource.gcloud_auth_service_account_key_file",
            "module.cluster.google_project_iam_member.cluster_service_account-log_writer",
            "module.cluster.google_compute_firewall.shadow_allow_master",
            "module.cluster.google_project_iam_member.cluster_service_account-metric_writer",
            "module.cluster.kubernetes_config_map.kube-dns-upstream-nameservers-and-stub-domains",
            "module.cluster.kubernetes_config_map.kube-dns-upstream-namservers",
            "module.acm.module.acm_operator.module.k8sop_manifest.null_resource.download_gcloud",
            "module.cluster.google_project_iam_member.cluster_service_account-resourceMetadata-writer",
            "module.cluster.module.gcloud_delete_default_kube_dns_configmap.module.gcloud_kubectl.null_resource.gcloud_auth_service_account_key_file",
            "module.cluster.module.gcloud_delete_default_kube_dns_configmap.module.gcloud_kubectl.null_resource.module_depends_on",
            "module.project-services.google_project_service.project_services",
            "module.acm.module.acm_operator.module.k8sop_manifest.data.external.env_override",
            "module.acm.module.acm_operator.module.k8sop_manifest.null_resource.download_jq",
            "module.cluster.module.gcloud_delete_default_kube_dns_configmap.module.gcloud_kubectl.null_resource.additional_components_destroy",
            "module.cluster.module.gcloud_delete_default_kube_dns_configmap.module.gcloud_kubectl.null_resource.upgrade_destroy",
            "module.cluster.data.google_compute_zones.available",
            "module.cluster.google_service_account.cluster_service_account",
            "module.cluster.module.gcloud_delete_default_kube_dns_configmap.module.gcloud_kubectl.null_resource.download_jq",
            "module.cluster.data.google_compute_subnetwork.gke_subnetwork",
            "module.cluster.kubernetes_config_map.ip-masq-agent",
            "module.acm.module.acm_operator.module.k8sop_manifest.null_resource.module_depends_on",
            "module.acm.module.acm_operator.module.k8sop_manifest.null_resource.prepare_cache",
            "module.cluster.google_compute_firewall.intra_egress",
            "module.acm.module.acm_operator.module.k8sop_manifest.null_resource.additional_components",
            "module.cluster.data.google_container_engine_versions.region",
            "module.cluster.module.gcloud_delete_default_kube_dns_configmap.module.gcloud_kubectl.null_resource.gcloud_auth_google_credentials_destroy",
            "module.cluster.module.gcloud_delete_default_kube_dns_configmap.module.gcloud_kubectl.random_id.cache",
            "data.google_project.project",
            "module.acm.module.acm_operator.module.k8sop_manifest.null_resource.decompress",
            "module.cluster.google_compute_firewall.shadow_allow_pods",
            "module.cluster.kubernetes_config_map.kube-dns",
            "module.cluster.module.gcloud_delete_default_kube_dns_configmap.module.gcloud_kubectl.null_resource.additional_components",
            "module.cluster.module.gcloud_delete_default_kube_dns_configmap.module.gcloud_kubectl.null_resource.decompress",
            "module.acm.module.acm_operator.module.k8sop_manifest.null_resource.upgrade",
            "module.cluster.module.gcloud_delete_default_kube_dns_configmap.module.gcloud_kubectl.null_resource.prepare_cache",
            "module.cluster.module.gcloud_delete_default_kube_dns_configmap.module.gcloud_kubectl.null_resource.run_destroy_command",
            "module.acm.module.acm_operator.module.k8sop_manifest.null_resource.gcloud_auth_google_credentials",
            "module.cluster.module.gcloud_delete_default_kube_dns_configmap.module.gcloud_kubectl.null_resource.gcloud_auth_google_credentials",
            "module.cluster.module.gcloud_delete_default_kube_dns_configmap.module.gcloud_kubectl.null_resource.run_command",
            "module.acm.module.acm_operator.module.k8sop_manifest.random_id.cache",
            "module.cluster.google_compute_firewall.shadow_allow_nodes",
            "module.cluster.google_container_node_pool.pools",
            "module.cluster.google_project_iam_member.cluster_service_account-monitoring_viewer",
            "module.cluster.module.gcloud_delete_default_kube_dns_configmap.module.gcloud_kubectl.null_resource.download_gcloud",
            "module.cluster.random_shuffle.available_zones",
            "module.cluster.random_string.cluster_service_account_suffix",
            "module.cluster.data.google_container_engine_versions.zone",
            "module.cluster.google_container_cluster.primary",
            "module.cluster.google_project_iam_member.cluster_service_account-artifact-registry",
            "module.cluster.module.gcloud_delete_default_kube_dns_configmap.module.gcloud_kubectl.null_resource.decompress_destroy",
            "module.cluster.google_compute_firewall.master_webhooks",
            "module.cluster.google_project_iam_member.cluster_service_account-gcr",
            "module.cluster.module.gcloud_delete_default_kube_dns_configmap.module.gcloud_kubectl.data.external.env_override",
            "module.cluster.module.gcloud_delete_default_kube_dns_configmap.module.gcloud_kubectl.null_resource.gcloud_auth_service_account_key_file_destroy",
            "module.cluster.module.gcloud_delete_default_kube_dns_configmap.module.gcloud_kubectl.null_resource.upgrade"
          ]
        }
      ]
    },
    {
      "module": "module.acm[\"2\"].module.acm_operator.module.rootsync_config.module.gcloud_kubectl",
      "mode": "managed",
      "type": "null_resource",
      "name": "module_depends_on",
      "provider": "provider[\"registry.terraform.io/hashicorp/null\"]",
      "instances": [
        {
          "index_key": 0,
          "schema_version": 0,
          "attributes": {
            "id": "4172095622400346984",
            "triggers": {
              "value": "1"
            }
          },
          "sensitive_attributes": [],
          "private": "bnVsbA==",
          "dependencies": [
            "module.acm.module.acm_operator.data.template_file.k8sop_config",
            "module.acm.module.acm_operator.module.k8s_operator.module.gcloud_kubectl.null_resource.additional_components",
            "module.acm.module.acm_operator.module.k8s_operator.module.gcloud_kubectl.null_resource.decompress",
            "module.acm.module.acm_operator.module.k8s_operator.module.gcloud_kubectl.null_resource.download_gcloud",
            "module.acm.module.acm_operator.module.k8s_operator.module.gcloud_kubectl.null_resource.gcloud_auth_google_credentials",
            "module.acm.module.acm_operator.module.k8s_operator.module.gcloud_kubectl.data.external.env_override",
            "module.acm.module.acm_operator.data.template_file.rootsync_config",
            "module.acm.module.acm_operator.module.k8s_operator.module.gcloud_kubectl.null_resource.download_jq",
            "data.google_project.project",
            "module.acm.module.acm_operator.module.k8s_operator.module.gcloud_kubectl.null_resource.gcloud_auth_service_account_key_file",
            "module.acm.module.acm_operator.module.k8s_operator.module.gcloud_kubectl.null_resource.prepare_cache",
            "module.acm.module.acm_operator.module.k8s_operator.module.gcloud_kubectl.null_resource.run_command",
            "module.acm.module.acm_operator.module.k8s_operator.module.gcloud_kubectl.null_resource.run_destroy_command",
            "module.acm.module.acm_operator.module.k8s_operator.module.gcloud_kubectl.null_resource.upgrade",
            "module.acm.module.acm_operator.module.k8s_operator.module.gcloud_kubectl.random_id.cache",
            "module.acm.module.acm_operator.module.k8sop_config.module.gcloud_kubectl.data.external.env_override",
            "module.acm.module.acm_operator.module.k8sop_config.module.gcloud_kubectl.null_resource.additional_components",
            "module.acm.module.acm_operator.module.k8sop_config.module.gcloud_kubectl.null_resource.decompress",
            "module.acm.module.acm_operator.module.k8sop_config.module.gcloud_kubectl.null_resource.download_gcloud",
            "module.acm.module.acm_operator.module.k8sop_config.module.gcloud_kubectl.null_resource.gcloud_auth_google_credentials",
            "module.acm.module.acm_operator.module.k8sop_config.module.gcloud_kubectl.null_resource.module_depends_on",
            "module.acm.module.acm_operator.module.k8sop_config.module.gcloud_kubectl.null_resource.download_jq",
            "module.acm.module.acm_operator.module.k8sop_config.module.gcloud_kubectl.null_resource.prepare_cache",
            "module.acm.module.acm_operator.module.k8sop_config.module.gcloud_kubectl.null_resource.run_command",
            "module.acm.module.acm_operator.module.k8sop_config.module.gcloud_kubectl.null_resource.run_destroy_command",
            "module.acm.module.acm_operator.module.k8sop_config.module.gcloud_kubectl.null_resource.upgrade",
            "module.acm.module.acm_operator.module.k8sop_config.module.gcloud_kubectl.random_id.cache",
            "module.acm.module.acm_operator.module.k8sop_creds_secret.module.gcloud_kubectl.null_resource.download_gcloud",
            "module.acm.module.acm_operator.module.k8s_operator.module.gcloud_kubectl.null_resource.module_depends_on",
            "module.acm.module.acm_operator.module.k8sop_config.module.gcloud_kubectl.null_resource.gcloud_auth_service_account_key_file",
            "module.acm.module.acm_operator.module.k8sop_creds_secret.module.gcloud_kubectl.null_resource.additional_components",
            "module.acm.module.acm_operator.module.k8sop_creds_secret.module.gcloud_kubectl.null_resource.decompress",
            "module.acm.module.acm_operator.module.k8sop_creds_secret.module.gcloud_kubectl.null_resource.download_jq",
            "module.acm.module.acm_operator.module.k8sop_creds_secret.module.gcloud_kubectl.null_resource.run_destroy_command",
            "module.acm.module.acm_operator.module.k8sop_creds_secret.module.gcloud_kubectl.null_resource.gcloud_auth_google_credentials",
            "module.acm.module.acm_operator.module.k8sop_creds_secret.module.gcloud_kubectl.null_resource.gcloud_auth_service_account_key_file",
            "module.acm.module.acm_operator.module.k8sop_creds_secret.module.gcloud_kubectl.null_resource.module_depends_on",
            "module.acm.module.acm_operator.module.k8sop_creds_secret.module.gcloud_kubectl.null_resource.prepare_cache",
            "module.acm.module.acm_operator.module.k8sop_creds_secret.module.gcloud_kubectl.null_resource.run_command",
            "module.acm.module.acm_operator.module.k8sop_creds_secret.module.gcloud_kubectl.null_resource.upgrade",
            "module.acm.module.acm_operator.module.k8sop_creds_secret.module.gcloud_kubectl.random_id.cache",
            "module.acm.module.acm_operator.module.k8sop_manifest.data.external.env_override",
            "module.acm.module.acm_operator.module.k8sop_manifest.null_resource.additional_components",
            "module.acm.module.acm_operator.module.k8sop_manifest.null_resource.decompress",
            "module.acm.module.acm_operator.module.k8sop_manifest.null_resource.download_gcloud",
            "module.acm.module.acm_operator.module.k8sop_manifest.null_resource.download_jq",
            "module.acm.module.acm_operator.module.k8sop_manifest.null_resource.gcloud_auth_google_credentials",
            "module.acm.module.acm_operator.module.k8sop_manifest.null_resource.gcloud_auth_service_account_key_file",
            "module.acm.module.acm_operator.module.k8sop_manifest.null_resource.module_depends_on",
            "module.acm.module.acm_operator.module.k8sop_manifest.null_resource.prepare_cache",
            "module.acm.module.acm_operator.module.k8sop_manifest.null_resource.run_command",
            "module.acm.module.acm_operator.module.k8sop_manifest.null_resource.run_destroy_command",
            "module.acm.module.acm_operator.module.k8sop_manifest.null_resource.upgrade",
            "module.acm.module.acm_operator.module.k8sop_manifest.random_id.cache",
            "module.acm.module.acm_operator.module.wait_for_configsync_api.module.gcloud_kubectl.data.external.env_override",
            "module.cluster.data.google_compute_zones.available",
            "module.acm.module.acm_operator.module.wait_for_configsync_api.module.gcloud_kubectl.null_resource.additional_components",
            "module.acm.module.acm_operator.module.wait_for_configsync_api.module.gcloud_kubectl.null_resource.decompress",
            "module.acm.module.acm_operator.module.wait_for_configsync_api.module.gcloud_kubectl.null_resource.download_gcloud",
            "module.acm.module.acm_operator.module.wait_for_configsync_api.module.gcloud_kubectl.null_resource.download_jq",
            "module.acm.module.acm_operator.module.wait_for_configsync_api.module.gcloud_kubectl.null_resource.gcloud_auth_google_credentials",
            "module.acm.module.acm_operator.module.wait_for_configsync_api.module.gcloud_kubectl.null_resource.gcloud_auth_service_account_key_file",
            "module.acm.module.acm_operator.module.wait_for_configsync_api.module.gcloud_kubectl.null_resource.module_depends_on",
            "module.acm.module.acm_operator.module.wait_for_configsync_api.module.gcloud_kubectl.null_resource.prepare_cache",
            "module.acm.module.acm_operator.module.wait_for_configsync_api.module.gcloud_kubectl.null_resource.run_command",
            "module.acm.module.acm_operator.module.wait_for_configsync_api.module.gcloud_kubectl.null_resource.run_destroy_command",
            "module.acm.module.acm_operator.module.wait_for_configsync_api.module.gcloud_kubectl.null_resource.upgrade",
            "module.acm.module.acm_operator.module.wait_for_configsync_api.module.gcloud_kubectl.random_id.cache",
            "module.acm.module.acm_operator.tls_private_key.k8sop_creds",
            "module.cluster.data.google_compute_subnetwork.gke_subnetwork",
            "module.acm.module.acm_operator.module.k8sop_creds_secret.module.gcloud_kubectl.data.external.env_override",
            "module.cluster.google_project_iam_member.cluster_service_account-metric_writer",
            "module.cluster.data.google_container_engine_versions.zone",
            "module.cluster.google_compute_firewall.intra_egress",
            "module.cluster.google_compute_firewall.master_webhooks",
            "module.cluster.google_compute_firewall.shadow_allow_master",
            "module.cluster.data.google_container_engine_versions.region",
            "module.cluster.google_compute_firewall.shadow_allow_pods",
            "module.cluster.google_container_cluster.primary",
            "module.cluster.google_container_node_pool.pools",
            "module.cluster.google_project_iam_member.cluster_service_account-artifact-registry",
            "module.cluster.google_project_iam_member.cluster_service_account-gcr",
            "module.cluster.google_project_iam_member.cluster_service_account-log_writer",
            "module.cluster.module.gcloud_delete_default_kube_dns_configmap.module.gcloud_kubectl.data.external.env_override",
            "module.cluster.google_project_iam_member.cluster_service_account-monitoring_viewer",
            "module.cluster.google_project_iam_member.cluster_service_account-resourceMetadata-writer",
            "module.cluster.google_service_account.cluster_service_account",
            "module.cluster.kubernetes_config_map.ip-masq-agent",
            "module.cluster.kubernetes_config_map.kube-dns",
            "module.cluster.kubernetes_config_map.kube-dns-upstream-nameservers-and-stub-domains",
            "module.cluster.kubernetes_config_map.kube-dns-upstream-namservers",
            "module.cluster.google_compute_firewall.shadow_allow_nodes",
            "module.cluster.module.gcloud_delete_default_kube_dns_configmap.module.gcloud_kubectl.null_resource.additional_components",
            "module.cluster.module.gcloud_delete_default_kube_dns_configmap.module.gcloud_kubectl.null_resource.additional_components_destroy",
            "module.cluster.module.gcloud_delete_default_kube_dns_configmap.module.gcloud_kubectl.null_resource.decompress",
            "module.cluster.module.gcloud_delete_default_kube_dns_configmap.module.gcloud_kubectl.null_resource.decompress_destroy",
            "module.cluster.module.gcloud_delete_default_kube_dns_configmap.module.gcloud_kubectl.null_resource.download_gcloud",
            "module.cluster.module.gcloud_delete_default_kube_dns_configmap.module.gcloud_kubectl.null_resource.download_jq",
            "module.cluster.module.gcloud_delete_default_kube_dns_configmap.module.gcloud_kubectl.null_resource.gcloud_auth_google_credentials",
            "module.cluster.module.gcloud_delete_default_kube_dns_configmap.module.gcloud_kubectl.null_resource.gcloud_auth_google_credentials_destroy",
            "module.cluster.module.gcloud_delete_default_kube_dns_configmap.module.gcloud_kubectl.null_resource.gcloud_auth_service_account_key_file",
            "module.cluster.module.gcloud_delete_default_kube_dns_configmap.module.gcloud_kubectl.null_resource.gcloud_auth_service_account_key_file_destroy",
            "module.cluster.module.gcloud_delete_default_kube_dns_configmap.module.gcloud_kubectl.null_resource.module_depends_on",
            "module.cluster.module.gcloud_delete_default_kube_dns_configmap.module.gcloud_kubectl.null_resource.prepare_cache",
            "module.cluster.module.gcloud_delete_default_kube_dns_configmap.module.gcloud_kubectl.null_resource.run_command",
            "module.cluster.module.gcloud_delete_default_kube_dns_configmap.module.gcloud_kubectl.null_resource.run_destroy_command",
            "module.cluster.module.gcloud_delete_default_kube_dns_configmap.module.gcloud_kubectl.null_resource.upgrade",
            "module.cluster.module.gcloud_delete_default_kube_dns_configmap.module.gcloud_kubectl.null_resource.upgrade_destroy",
            "module.cluster.module.gcloud_delete_default_kube_dns_configmap.module.gcloud_kubectl.random_id.cache",
            "module.cluster.random_shuffle.available_zones",
            "module.cluster.random_string.cluster_service_account_suffix",
            "module.project-services.google_project_service.project_services"
          ]
        }
      ]
    },
    {
      "module": "module.acm[\"2\"].module.acm_operator.module.wait_for_configsync_api.module.gcloud_kubectl",
      "mode": "managed",
      "type": "null_resource",
      "name": "additional_components",
      "provider": "provider[\"registry.terraform.io/hashicorp/null\"]",
      "instances": []
    },
    {
      "module": "module.acm[\"2\"].module.acm_operator.module.wait_for_configsync_api.module.gcloud_kubectl",
      "mode": "managed",
      "type": "null_resource",
      "name": "gcloud_auth_google_credentials",
      "provider": "provider[\"registry.terraform.io/hashicorp/null\"]",
      "instances": []
    },
    {
      "module": "module.acm[\"2\"].module.acm_operator.module.wait_for_configsync_api.module.gcloud_kubectl",
      "mode": "managed",
      "type": "null_resource",
      "name": "gcloud_auth_service_account_key_file",
      "provider": "provider[\"registry.terraform.io/hashicorp/null\"]",
      "instances": []
    },
    {
      "module": "module.acm[\"2\"].module.acm_operator.module.wait_for_configsync_api.module.gcloud_kubectl",
      "mode": "managed",
      "type": "null_resource",
      "name": "run_command",
      "provider": "provider[\"registry.terraform.io/hashicorp/null\"]",
      "instances": []
    },
    {
      "module": "module.acm[\"2\"].module.acm_operator.module.wait_for_configsync_api.module.gcloud_kubectl",
      "mode": "managed",
      "type": "null_resource",
      "name": "run_destroy_command",
      "provider": "provider[\"registry.terraform.io/hashicorp/null\"]",
      "instances": []
    },
    {
      "module": "module.acm[\"2\"].module.acm_operator.module.wait_for_gatekeeper.module.gcloud_kubectl",
      "mode": "data",
      "type": "external",
      "name": "env_override",
      "provider": "provider[\"registry.terraform.io/hashicorp/external\"]",
      "instances": [
        {
          "index_key": 0,
          "schema_version": 0,
          "attributes": {
            "id": "-",
            "program": [
              ".terraform/modules/acm.acm_operator.wait_for_gatekeeper/scripts/check_env.sh"
            ],
            "query": null,
            "result": {
              "download": ""
            },
            "working_dir": null
          },
          "sensitive_attributes": []
        }
      ]
    },
    {
      "module": "module.acm[\"2\"].module.acm_operator.module.wait_for_gatekeeper.module.gcloud_kubectl",
      "mode": "managed",
      "type": "null_resource",
      "name": "additional_components",
      "provider": "provider[\"registry.terraform.io/hashicorp/null\"]",
      "instances": [
        {
          "index_key": 0,
          "schema_version": 0,
          "attributes": {
            "id": "2631526380401207242",
            "triggers": {
              "additional_components_command": ".terraform/modules/acm.acm_operator.wait_for_gatekeeper/scripts/check_components.sh gcloud kubectl",
              "arguments": "5dbdc831d5e625213237f63760f6f311",
              "md5": "715b89377c19e7ade7bab1ecfc66c9b9",
              "script_sha1": "e1780a62dcd319cb88616007c9c22324f63a6375"
            }
          },
          "sensitive_attributes": [],
          "private": "bnVsbA==",
          "dependencies": [
            "data.google_project.project",
            "module.acm.module.acm_operator.module.k8s_operator.module.gcloud_kubectl.null_resource.gcloud_auth_service_account_key_file",
            "module.acm.module.acm_operator.module.k8s_operator.module.gcloud_kubectl.data.external.env_override",
            "module.acm.module.acm_operator.module.k8s_operator.module.gcloud_kubectl.null_resource.additional_components",
            "module.acm.module.acm_operator.module.k8s_operator.module.gcloud_kubectl.null_resource.gcloud_auth_google_credentials",
            "module.acm.module.acm_operator.module.k8s_operator.module.gcloud_kubectl.null_resource.decompress",
            "module.acm.module.acm_operator.module.k8s_operator.module.gcloud_kubectl.null_resource.download_jq",
            "module.acm.module.acm_operator.data.template_file.k8sop_config",
            "module.acm.module.acm_operator.module.k8s_operator.module.gcloud_kubectl.null_resource.download_gcloud",
            "module.acm.module.acm_operator.module.k8s_operator.module.gcloud_kubectl.null_resource.module_depends_on",
            "module.acm.module.acm_operator.module.k8s_operator.module.gcloud_kubectl.null_resource.run_command",
            "module.acm.module.acm_operator.module.k8s_operator.module.gcloud_kubectl.null_resource.run_destroy_command",
            "module.acm.module.acm_operator.module.k8s_operator.module.gcloud_kubectl.null_resource.upgrade",
            "module.acm.module.acm_operator.module.k8s_operator.module.gcloud_kubectl.random_id.cache",
            "module.acm.module.acm_operator.module.k8sop_config.module.gcloud_kubectl.data.external.env_override",
            "module.acm.module.acm_operator.module.k8sop_config.module.gcloud_kubectl.null_resource.additional_components",
            "module.acm.module.acm_operator.module.k8sop_config.module.gcloud_kubectl.null_resource.decompress",
            "module.acm.module.acm_operator.module.k8sop_config.module.gcloud_kubectl.null_resource.download_gcloud",
            "module.acm.module.acm_operator.module.k8sop_config.module.gcloud_kubectl.null_resource.download_jq",
            "module.acm.module.acm_operator.module.k8sop_config.module.gcloud_kubectl.null_resource.gcloud_auth_google_credentials",
            "module.acm.module.acm_operator.module.k8sop_config.module.gcloud_kubectl.null_resource.gcloud_auth_service_account_key_file",
            "module.acm.module.acm_operator.module.k8s_operator.module.gcloud_kubectl.null_resource.prepare_cache",
            "module.acm.module.acm_operator.module.k8sop_config.module.gcloud_kubectl.null_resource.module_depends_on",
            "module.acm.module.acm_operator.module.k8sop_config.module.gcloud_kubectl.null_resource.prepare_cache",
            "module.acm.module.acm_operator.module.k8sop_config.module.gcloud_kubectl.null_resource.run_command",
            "module.acm.module.acm_operator.module.k8sop_config.module.gcloud_kubectl.null_resource.run_destroy_command",
            "module.acm.module.acm_operator.module.k8sop_config.module.gcloud_kubectl.null_resource.upgrade",
            "module.acm.module.acm_operator.module.k8sop_config.module.gcloud_kubectl.random_id.cache",
            "module.acm.module.acm_operator.module.k8sop_creds_secret.module.gcloud_kubectl.data.external.env_override",
            "module.acm.module.acm_operator.module.k8sop_creds_secret.module.gcloud_kubectl.null_resource.additional_components",
            "module.acm.module.acm_operator.module.k8sop_creds_secret.module.gcloud_kubectl.null_resource.decompress",
            "module.acm.module.acm_operator.module.k8sop_creds_secret.module.gcloud_kubectl.null_resource.download_gcloud",
            "module.acm.module.acm_operator.module.k8sop_creds_secret.module.gcloud_kubectl.null_resource.gcloud_auth_google_credentials",
            "module.acm.module.acm_operator.module.k8sop_creds_secret.module.gcloud_kubectl.null_resource.gcloud_auth_service_account_key_file",
            "module.acm.module.acm_operator.module.k8sop_creds_secret.module.gcloud_kubectl.null_resource.module_depends_on",
            "module.acm.module.acm_operator.module.k8sop_creds_secret.module.gcloud_kubectl.null_resource.prepare_cache",
            "module.acm.module.acm_operator.module.k8sop_creds_secret.module.gcloud_kubectl.null_resource.run_command",
            "module.acm.module.acm_operator.module.k8sop_creds_secret.module.gcloud_kubectl.null_resource.run_destroy_command",
            "module.acm.module.acm_operator.module.k8sop_creds_secret.module.gcloud_kubectl.null_resource.upgrade",
            "module.acm.module.acm_operator.module.k8sop_creds_secret.module.gcloud_kubectl.random_id.cache",
            "module.acm.module.acm_operator.module.k8sop_manifest.data.external.env_override",
            "module.acm.module.acm_operator.module.k8sop_manifest.null_resource.additional_components",
            "module.acm.module.acm_operator.module.k8sop_manifest.null_resource.decompress",
            "module.acm.module.acm_operator.module.k8sop_manifest.null_resource.download_gcloud",
            "module.acm.module.acm_operator.module.k8sop_manifest.null_resource.download_jq",
            "module.acm.module.acm_operator.module.k8sop_manifest.null_resource.gcloud_auth_google_credentials",
            "module.acm.module.acm_operator.module.k8sop_manifest.null_resource.gcloud_auth_service_account_key_file",
            "module.acm.module.acm_operator.module.k8sop_manifest.null_resource.module_depends_on",
            "module.acm.module.acm_operator.module.k8sop_manifest.null_resource.prepare_cache",
            "module.acm.module.acm_operator.module.k8sop_manifest.null_resource.run_command",
            "module.acm.module.acm_operator.module.k8sop_manifest.null_resource.run_destroy_command",
            "module.acm.module.acm_operator.module.k8sop_manifest.null_resource.upgrade",
            "module.acm.module.acm_operator.module.k8sop_manifest.random_id.cache",
            "module.acm.module.acm_operator.module.wait_for_gatekeeper.module.gcloud_kubectl.data.external.env_override",
            "module.acm.module.acm_operator.module.wait_for_gatekeeper.module.gcloud_kubectl.null_resource.decompress",
            "module.acm.module.acm_operator.module.wait_for_gatekeeper.module.gcloud_kubectl.null_resource.download_gcloud",
            "module.acm.module.acm_operator.module.wait_for_gatekeeper.module.gcloud_kubectl.null_resource.download_jq",
            "module.acm.module.acm_operator.module.wait_for_gatekeeper.module.gcloud_kubectl.null_resource.module_depends_on",
            "module.acm.module.acm_operator.module.wait_for_gatekeeper.module.gcloud_kubectl.null_resource.prepare_cache",
            "module.acm.module.acm_operator.module.wait_for_gatekeeper.module.gcloud_kubectl.null_resource.upgrade",
            "module.acm.module.acm_operator.module.wait_for_gatekeeper.module.gcloud_kubectl.random_id.cache",
            "module.cluster.data.google_compute_subnetwork.gke_subnetwork",
            "module.cluster.data.google_compute_zones.available",
            "module.cluster.kubernetes_config_map.kube-dns-upstream-namservers",
            "module.cluster.data.google_container_engine_versions.zone",
            "module.cluster.google_container_node_pool.pools",
            "module.cluster.module.gcloud_delete_default_kube_dns_configmap.module.gcloud_kubectl.data.external.env_override",
            "module.acm.module.acm_operator.module.k8sop_creds_secret.module.gcloud_kubectl.null_resource.download_jq",
            "module.cluster.data.google_container_engine_versions.region",
            "module.cluster.google_compute_firewall.intra_egress",
            "module.cluster.google_compute_firewall.master_webhooks",
            "module.cluster.google_compute_firewall.shadow_allow_master",
            "module.cluster.google_compute_firewall.shadow_allow_nodes",
            "module.cluster.google_compute_firewall.shadow_allow_pods",
            "module.cluster.google_container_cluster.primary",
            "module.cluster.google_project_iam_member.cluster_service_account-artifact-registry",
            "module.cluster.google_project_iam_member.cluster_service_account-gcr",
            "module.cluster.google_project_iam_member.cluster_service_account-log_writer",
            "module.cluster.google_project_iam_member.cluster_service_account-metric_writer",
            "module.cluster.google_project_iam_member.cluster_service_account-monitoring_viewer",
            "module.cluster.google_project_iam_member.cluster_service_account-resourceMetadata-writer",
            "module.cluster.google_service_account.cluster_service_account",
            "module.cluster.kubernetes_config_map.ip-masq-agent",
            "module.cluster.kubernetes_config_map.kube-dns",
            "module.cluster.kubernetes_config_map.kube-dns-upstream-nameservers-and-stub-domains",
            "module.cluster.google_container_node_pool.pools",
            "module.cluster.module.gcloud_delete_default_kube_dns_configmap.module.gcloud_kubectl.null_resource.additional_components",
            "module.cluster.module.gcloud_delete_default_kube_dns_configmap.module.gcloud_kubectl.null_resource.additional_components_destroy",
            "module.cluster.module.gcloud_delete_default_kube_dns_configmap.module.gcloud_kubectl.null_resource.decompress",
            "module.cluster.module.gcloud_delete_default_kube_dns_configmap.module.gcloud_kubectl.null_resource.decompress_destroy",
            "module.cluster.module.gcloud_delete_default_kube_dns_configmap.module.gcloud_kubectl.null_resource.download_gcloud",
            "module.cluster.module.gcloud_delete_default_kube_dns_configmap.module.gcloud_kubectl.null_resource.download_jq",
            "module.cluster.module.gcloud_delete_default_kube_dns_configmap.module.gcloud_kubectl.null_resource.gcloud_auth_google_credentials",
            "module.cluster.module.gcloud_delete_default_kube_dns_configmap.module.gcloud_kubectl.null_resource.gcloud_auth_google_credentials_destroy",
            "module.cluster.module.gcloud_delete_default_kube_dns_configmap.module.gcloud_kubectl.null_resource.gcloud_auth_service_account_key_file",
            "module.cluster.module.gcloud_delete_default_kube_dns_configmap.module.gcloud_kubectl.null_resource.gcloud_auth_service_account_key_file_destroy",
            "module.cluster.module.gcloud_delete_default_kube_dns_configmap.module.gcloud_kubectl.null_resource.module_depends_on",
            "module.cluster.module.gcloud_delete_default_kube_dns_configmap.module.gcloud_kubectl.null_resource.prepare_cache",
            "module.cluster.module.gcloud_delete_default_kube_dns_configmap.module.gcloud_kubectl.null_resource.run_command",
            "module.cluster.module.gcloud_delete_default_kube_dns_configmap.module.gcloud_kubectl.null_resource.run_destroy_command",
            "module.cluster.module.gcloud_delete_default_kube_dns_configmap.module.gcloud_kubectl.null_resource.upgrade_destroy",
            "module.cluster.module.gcloud_delete_default_kube_dns_configmap.module.gcloud_kubectl.random_id.cache",
            "module.cluster.module.gcloud_delete_default_kube_dns_configmap.module.gcloud_kubectl.null_resource.upgrade",
            "module.cluster.random_shuffle.available_zones",
            "module.cluster.random_string.cluster_service_account_suffix",
            "module.project-services.google_project_service.project_services"
          ]
        }
      ]
    },
    {
      "module": "module.acm[\"2\"].module.acm_operator.module.wait_for_gatekeeper.module.gcloud_kubectl",
      "mode": "managed",
      "type": "null_resource",
      "name": "decompress",
      "provider": "provider[\"registry.terraform.io/hashicorp/null\"]",
      "instances": []
    },
    {
      "module": "module.acm[\"2\"].module.acm_operator.module.wait_for_gatekeeper.module.gcloud_kubectl",
      "mode": "managed",
      "type": "null_resource",
      "name": "gcloud_auth_google_credentials",
      "provider": "provider[\"registry.terraform.io/hashicorp/null\"]",
      "instances": []
    },
    {
      "module": "module.acm[\"2\"].module.acm_operator.module.wait_for_gatekeeper.module.gcloud_kubectl",
      "mode": "managed",
      "type": "null_resource",
      "name": "gcloud_auth_service_account_key_file",
      "provider": "provider[\"registry.terraform.io/hashicorp/null\"]",
      "instances": []
    },
    {
      "module": "module.acm[\"2\"].module.acm_operator.module.wait_for_gatekeeper.module.gcloud_kubectl",
      "mode": "managed",
      "type": "null_resource",
      "name": "run_destroy_command",
      "provider": "provider[\"registry.terraform.io/hashicorp/null\"]",
      "instances": []
    },
    {
      "module": "module.acm[\"2\"].module.acm_operator.module.wait_for_gatekeeper.module.gcloud_kubectl",
      "mode": "managed",
      "type": "null_resource",
      "name": "upgrade",
      "provider": "provider[\"registry.terraform.io/hashicorp/null\"]",
      "instances": []
    },
    {
      "module": "module.acm[\"2\"].module.acm_operator.module.wait_for_gatekeeper.module.gcloud_kubectl",
      "mode": "managed",
      "type": "random_id",
      "name": "cache",
      "provider": "provider[\"registry.terraform.io/hashicorp/random\"]",
      "instances": []
    },
    {
      "module": "module.acm[\"2\"].module.enable_acm",
      "mode": "data",
      "type": "external",
      "name": "env_override",
      "provider": "provider[\"registry.terraform.io/hashicorp/external\"]",
      "instances": [
        {
          "index_key": 0,
          "schema_version": 0,
          "attributes": {
            "id": "-",
            "program": [
              ".terraform/modules/acm.enable_acm/scripts/check_env.sh"
            ],
            "query": null,
            "result": {
              "download": ""
            },
            "working_dir": null
          },
          "sensitive_attributes": []
        }
      ]
    },
    {
      "module": "module.acm[\"2\"].module.enable_acm",
      "mode": "managed",
      "type": "null_resource",
      "name": "additional_components",
      "provider": "provider[\"registry.terraform.io/hashicorp/null\"]",
      "instances": [
        {
          "index_key": 0,
          "schema_version": 0,
          "attributes": {
            "id": "180330377303350009",
            "triggers": {
              "additional_components_command": ".terraform/modules/acm.enable_acm/scripts/check_components.sh gcloud alpha",
              "arguments": "97b3edfe1c76c6bd55f7ab5fd12ed994",
              "md5": "7f22bf39aaf5ce5980111c3587bef5b5"
            }
          },
          "sensitive_attributes": [],
          "private": "bnVsbA==",
          "dependencies": [
            "module.cluster.module.gcloud_delete_default_kube_dns_configmap.module.gcloud_kubectl.null_resource.download_gcloud",
            "module.cluster.random_string.cluster_service_account_suffix",
            "module.acm.module.enable_acm.null_resource.download_jq",
            "module.cluster.data.google_compute_subnetwork.gke_subnetwork",
            "module.cluster.data.google_compute_zones.available",
            "module.cluster.google_compute_firewall.shadow_allow_nodes",
            "module.cluster.kubernetes_config_map.ip-masq-agent",
            "module.cluster.module.gcloud_delete_default_kube_dns_configmap.module.gcloud_kubectl.null_resource.module_depends_on",
            "module.cluster.module.gcloud_delete_default_kube_dns_configmap.module.gcloud_kubectl.null_resource.upgrade_destroy",
            "module.acm.module.enable_acm.data.external.env_override",
            "module.cluster.google_compute_firewall.shadow_allow_master",
            "module.cluster.module.gcloud_delete_default_kube_dns_configmap.module.gcloud_kubectl.data.external.env_override",
            "module.cluster.module.gcloud_delete_default_kube_dns_configmap.module.gcloud_kubectl.null_resource.decompress_destroy",
            "module.cluster.module.gcloud_delete_default_kube_dns_configmap.module.gcloud_kubectl.null_resource.gcloud_auth_google_credentials",
            "module.cluster.kubernetes_config_map.kube-dns",
            "data.google_project.project",
            "module.acm.module.enable_acm.null_resource.prepare_cache",
            "module.acm.module.enable_acm.random_id.cache",
            "module.cluster.google_compute_firewall.shadow_allow_pods",
            "module.cluster.google_project_iam_member.cluster_service_account-monitoring_viewer",
            "module.cluster.google_project_iam_member.cluster_service_account-resourceMetadata-writer",
            "module.cluster.module.gcloud_delete_default_kube_dns_configmap.module.gcloud_kubectl.null_resource.additional_components",
            "module.cluster.module.gcloud_delete_default_kube_dns_configmap.module.gcloud_kubectl.null_resource.gcloud_auth_service_account_key_file",
            "module.acm.module.enable_acm.null_resource.decompress",
            "module.acm.module.enable_acm.null_resource.upgrade",
            "module.cluster.data.google_container_engine_versions.region",
            "module.cluster.google_compute_firewall.intra_egress",
            "module.cluster.google_project_iam_member.cluster_service_account-log_writer",
            "module.cluster.module.gcloud_delete_default_kube_dns_configmap.module.gcloud_kubectl.null_resource.prepare_cache",
            "module.cluster.module.gcloud_delete_default_kube_dns_configmap.module.gcloud_kubectl.null_resource.decompress",
            "module.cluster.module.gcloud_delete_default_kube_dns_configmap.module.gcloud_kubectl.null_resource.download_jq",
            "module.cluster.module.gcloud_delete_default_kube_dns_configmap.module.gcloud_kubectl.null_resource.upgrade",
            "module.acm.module.enable_acm.null_resource.module_depends_on",
            "module.cluster.google_compute_firewall.master_webhooks",
            "module.cluster.google_project_iam_member.cluster_service_account-artifact-registry",
            "module.cluster.google_service_account.cluster_service_account",
            "module.cluster.kubernetes_config_map.kube-dns-upstream-namservers",
            "module.cluster.module.gcloud_delete_default_kube_dns_configmap.module.gcloud_kubectl.random_id.cache",
            "module.acm.module.enable_acm.null_resource.download_gcloud",
            "module.cluster.data.google_container_engine_versions.zone",
            "module.cluster.google_container_cluster.primary",
            "module.cluster.module.gcloud_delete_default_kube_dns_configmap.module.gcloud_kubectl.null_resource.additional_components_destroy",
            "module.cluster.module.gcloud_delete_default_kube_dns_configmap.module.gcloud_kubectl.null_resource.run_command",
            "module.cluster.module.gcloud_delete_default_kube_dns_configmap.module.gcloud_kubectl.null_resource.run_destroy_command",
            "module.cluster.random_shuffle.available_zones",
            "module.project-services.google_project_service.project_services",
            "module.cluster.google_container_node_pool.pools",
            "module.cluster.google_project_iam_member.cluster_service_account-gcr",
            "module.cluster.google_project_iam_member.cluster_service_account-metric_writer",
            "module.cluster.module.gcloud_delete_default_kube_dns_configmap.module.gcloud_kubectl.null_resource.gcloud_auth_google_credentials_destroy",
            "module.cluster.module.gcloud_delete_default_kube_dns_configmap.module.gcloud_kubectl.null_resource.gcloud_auth_service_account_key_file_destroy",
            "module.cluster.kubernetes_config_map.kube-dns-upstream-nameservers-and-stub-domains"
          ]
        }
      ]
    },
    {
      "module": "module.acm[\"2\"].module.enable_acm",
      "mode": "managed",
      "type": "null_resource",
      "name": "additional_components_destroy",
      "provider": "provider[\"registry.terraform.io/hashicorp/null\"]",
      "instances": [
        {
          "index_key": 0,
          "schema_version": 0,
          "attributes": {
            "id": "2370621850742988187",
            "triggers": {
              "additional_components_command": ".terraform/modules/acm.enable_acm/scripts/check_components.sh gcloud alpha"
            }
          },
          "sensitive_attributes": [],
          "private": "bnVsbA==",
          "dependencies": [
            "data.google_project.project",
            "module.acm.module.enable_acm.null_resource.additional_components",
            "module.acm.module.enable_acm.null_resource.decompress",
            "module.acm.module.enable_acm.null_resource.download_gcloud",
            "module.acm.module.enable_acm.null_resource.download_jq",
            "module.acm.module.enable_acm.null_resource.gcloud_auth_service_account_key_file",
            "module.acm.module.enable_acm.null_resource.gcloud_auth_google_credentials",
            "module.acm.module.enable_acm.data.external.env_override",
            "module.acm.module.enable_acm.null_resource.module_depends_on",
            "module.acm.module.enable_acm.null_resource.prepare_cache",
            "module.acm.module.enable_acm.random_id.cache",
            "module.acm.module.enable_acm.null_resource.run_destroy_command",
            "module.cluster.data.google_compute_subnetwork.gke_subnetwork",
            "module.acm.module.enable_acm.null_resource.upgrade",
            "module.cluster.data.google_compute_zones.available",
            "module.cluster.data.google_container_engine_versions.region",
            "module.cluster.data.google_container_engine_versions.zone",
            "module.cluster.google_compute_firewall.intra_egress",
            "module.cluster.google_compute_firewall.master_webhooks",
            "module.cluster.google_compute_firewall.shadow_allow_master",
            "module.cluster.google_compute_firewall.shadow_allow_nodes",
            "module.cluster.google_compute_firewall.shadow_allow_pods",
            "module.cluster.google_container_cluster.primary",
            "module.cluster.google_container_node_pool.pools",
            "module.cluster.google_project_iam_member.cluster_service_account-artifact-registry",
            "module.cluster.google_project_iam_member.cluster_service_account-gcr",
            "module.cluster.google_project_iam_member.cluster_service_account-log_writer",
            "module.cluster.google_project_iam_member.cluster_service_account-metric_writer",
            "module.cluster.google_project_iam_member.cluster_service_account-monitoring_viewer",
            "module.cluster.google_project_iam_member.cluster_service_account-resourceMetadata-writer",
            "module.cluster.google_service_account.cluster_service_account",
            "module.cluster.kubernetes_config_map.ip-masq-agent",
            "module.cluster.kubernetes_config_map.kube-dns",
            "module.cluster.kubernetes_config_map.kube-dns-upstream-nameservers-and-stub-domains",
            "module.cluster.kubernetes_config_map.kube-dns-upstream-namservers",
            "module.cluster.module.gcloud_delete_default_kube_dns_configmap.module.gcloud_kubectl.data.external.env_override",
            "module.cluster.module.gcloud_delete_default_kube_dns_configmap.module.gcloud_kubectl.null_resource.additional_components",
            "module.cluster.module.gcloud_delete_default_kube_dns_configmap.module.gcloud_kubectl.null_resource.decompress_destroy",
            "module.cluster.module.gcloud_delete_default_kube_dns_configmap.module.gcloud_kubectl.null_resource.additional_components_destroy",
            "module.cluster.module.gcloud_delete_default_kube_dns_configmap.module.gcloud_kubectl.null_resource.decompress",
            "module.cluster.module.gcloud_delete_default_kube_dns_configmap.module.gcloud_kubectl.null_resource.download_gcloud",
            "module.cluster.module.gcloud_delete_default_kube_dns_configmap.module.gcloud_kubectl.null_resource.download_jq",
            "module.cluster.module.gcloud_delete_default_kube_dns_configmap.module.gcloud_kubectl.null_resource.gcloud_auth_google_credentials",
            "module.cluster.module.gcloud_delete_default_kube_dns_configmap.module.gcloud_kubectl.null_resource.gcloud_auth_google_credentials_destroy",
            "module.cluster.module.gcloud_delete_default_kube_dns_configmap.module.gcloud_kubectl.null_resource.gcloud_auth_service_account_key_file",
            "module.cluster.module.gcloud_delete_default_kube_dns_configmap.module.gcloud_kubectl.null_resource.gcloud_auth_service_account_key_file_destroy",
            "module.cluster.module.gcloud_delete_default_kube_dns_configmap.module.gcloud_kubectl.null_resource.module_depends_on",
            "module.cluster.module.gcloud_delete_default_kube_dns_configmap.module.gcloud_kubectl.null_resource.prepare_cache",
            "module.cluster.module.gcloud_delete_default_kube_dns_configmap.module.gcloud_kubectl.null_resource.run_command",
            "module.cluster.module.gcloud_delete_default_kube_dns_configmap.module.gcloud_kubectl.null_resource.run_destroy_command",
            "module.cluster.module.gcloud_delete_default_kube_dns_configmap.module.gcloud_kubectl.null_resource.upgrade",
            "module.cluster.module.gcloud_delete_default_kube_dns_configmap.module.gcloud_kubectl.null_resource.upgrade_destroy",
            "module.cluster.module.gcloud_delete_default_kube_dns_configmap.module.gcloud_kubectl.random_id.cache",
            "module.cluster.random_shuffle.available_zones",
            "module.cluster.random_string.cluster_service_account_suffix",
            "module.project-services.google_project_service.project_services"
          ]
        }
      ]
    },
    {
      "module": "module.acm[\"2\"].module.enable_acm",
      "mode": "managed",
      "type": "null_resource",
      "name": "run_command",
      "provider": "provider[\"registry.terraform.io/hashicorp/null\"]",
      "instances": [
        {
          "index_key": 0,
          "schema_version": 0,
          "attributes": {
            "id": "7829636176754208423",
            "triggers": {
              "arguments": "97b3edfe1c76c6bd55f7ab5fd12ed994",
              "create_cmd_body": "alpha container hub config-management enable --project anthos-lab-310709",
              "create_cmd_entrypoint": "gcloud",
              "gcloud_bin_abs_path": "/google-cloud-sdk/bin",
              "md5": "7f22bf39aaf5ce5980111c3587bef5b5"
            }
          },
          "sensitive_attributes": [],
          "private": "bnVsbA==",
          "dependencies": [
            "data.google_project.project",
            "module.acm.module.enable_acm.data.external.env_override",
            "module.acm.module.enable_acm.null_resource.additional_components",
            "module.acm.module.enable_acm.null_resource.decompress",
            "module.acm.module.enable_acm.null_resource.gcloud_auth_google_credentials",
            "module.acm.module.enable_acm.null_resource.gcloud_auth_service_account_key_file",
            "module.acm.module.enable_acm.null_resource.module_depends_on",
            "module.acm.module.enable_acm.random_id.cache",
            "module.cluster.data.google_compute_subnetwork.gke_subnetwork",
            "module.cluster.data.google_compute_zones.available",
            "module.cluster.data.google_container_engine_versions.region",
            "module.cluster.data.google_container_engine_versions.zone",
            "module.cluster.google_compute_firewall.intra_egress",
            "module.cluster.google_compute_firewall.master_webhooks",
            "module.cluster.google_compute_firewall.shadow_allow_master",
            "module.cluster.google_compute_firewall.shadow_allow_nodes",
            "module.cluster.google_compute_firewall.shadow_allow_pods",
            "module.cluster.google_container_cluster.primary",
            "module.cluster.google_container_node_pool.pools",
            "module.cluster.google_project_iam_member.cluster_service_account-artifact-registry",
            "module.cluster.google_project_iam_member.cluster_service_account-gcr",
            "module.cluster.google_project_iam_member.cluster_service_account-log_writer",
            "module.cluster.google_project_iam_member.cluster_service_account-metric_writer",
            "module.cluster.google_project_iam_member.cluster_service_account-monitoring_viewer",
            "module.cluster.google_project_iam_member.cluster_service_account-resourceMetadata-writer",
            "module.cluster.google_service_account.cluster_service_account",
            "module.cluster.kubernetes_config_map.ip-masq-agent",
            "module.cluster.kubernetes_config_map.kube-dns",
            "module.cluster.kubernetes_config_map.kube-dns-upstream-nameservers-and-stub-domains",
            "module.cluster.kubernetes_config_map.kube-dns-upstream-namservers",
            "module.cluster.module.gcloud_delete_default_kube_dns_configmap.module.gcloud_kubectl.data.external.env_override",
            "module.cluster.module.gcloud_delete_default_kube_dns_configmap.module.gcloud_kubectl.null_resource.additional_components",
            "module.cluster.module.gcloud_delete_default_kube_dns_configmap.module.gcloud_kubectl.null_resource.additional_components_destroy",
            "module.cluster.module.gcloud_delete_default_kube_dns_configmap.module.gcloud_kubectl.null_resource.decompress",
            "module.cluster.module.gcloud_delete_default_kube_dns_configmap.module.gcloud_kubectl.null_resource.decompress_destroy",
            "module.cluster.module.gcloud_delete_default_kube_dns_configmap.module.gcloud_kubectl.null_resource.download_gcloud",
            "module.cluster.module.gcloud_delete_default_kube_dns_configmap.module.gcloud_kubectl.null_resource.download_jq",
            "module.cluster.module.gcloud_delete_default_kube_dns_configmap.module.gcloud_kubectl.null_resource.gcloud_auth_google_credentials",
            "module.cluster.module.gcloud_delete_default_kube_dns_configmap.module.gcloud_kubectl.null_resource.gcloud_auth_google_credentials_destroy",
            "module.cluster.module.gcloud_delete_default_kube_dns_configmap.module.gcloud_kubectl.null_resource.gcloud_auth_service_account_key_file",
            "module.cluster.module.gcloud_delete_default_kube_dns_configmap.module.gcloud_kubectl.null_resource.gcloud_auth_service_account_key_file_destroy",
            "module.cluster.module.gcloud_delete_default_kube_dns_configmap.module.gcloud_kubectl.null_resource.module_depends_on",
            "module.cluster.module.gcloud_delete_default_kube_dns_configmap.module.gcloud_kubectl.null_resource.prepare_cache",
            "module.cluster.module.gcloud_delete_default_kube_dns_configmap.module.gcloud_kubectl.null_resource.run_command",
            "module.cluster.module.gcloud_delete_default_kube_dns_configmap.module.gcloud_kubectl.null_resource.run_destroy_command",
            "module.cluster.module.gcloud_delete_default_kube_dns_configmap.module.gcloud_kubectl.null_resource.upgrade",
            "module.cluster.module.gcloud_delete_default_kube_dns_configmap.module.gcloud_kubectl.null_resource.upgrade_destroy",
            "module.cluster.module.gcloud_delete_default_kube_dns_configmap.module.gcloud_kubectl.random_id.cache",
            "module.cluster.random_shuffle.available_zones",
            "module.cluster.random_string.cluster_service_account_suffix",
            "module.project-services.google_project_service.project_services"
          ]
        }
      ]
    },
    {
      "module": "module.acm[\"2\"].module.enable_acm",
      "mode": "managed",
      "type": "null_resource",
      "name": "run_destroy_command",
      "provider": "provider[\"registry.terraform.io/hashicorp/null\"]",
      "instances": [
        {
          "index_key": 0,
          "schema_version": 0,
          "attributes": {
            "id": "5241806696265125119",
            "triggers": {
              "destroy_cmd_body": "alpha container hub config-management disable --force --project anthos-lab-310709",
              "destroy_cmd_entrypoint": "gcloud",
              "gcloud_bin_abs_path": "/google-cloud-sdk/bin"
            }
          },
          "sensitive_attributes": [],
          "private": "bnVsbA==",
          "dependencies": [
            "module.cluster.module.gcloud_delete_default_kube_dns_configmap.module.gcloud_kubectl.data.external.env_override",
            "module.cluster.google_compute_firewall.intra_egress",
            "module.cluster.google_compute_firewall.master_webhooks",
            "module.cluster.google_compute_firewall.shadow_allow_pods",
            "module.cluster.kubernetes_config_map.kube-dns",
            "module.cluster.module.gcloud_delete_default_kube_dns_configmap.module.gcloud_kubectl.null_resource.additional_components_destroy",
            "module.cluster.module.gcloud_delete_default_kube_dns_configmap.module.gcloud_kubectl.null_resource.gcloud_auth_google_credentials",
            "module.cluster.random_shuffle.available_zones",
            "module.acm.module.enable_acm.null_resource.gcloud_auth_google_credentials",
            "module.acm.module.enable_acm.null_resource.gcloud_auth_service_account_key_file",
            "module.acm.module.enable_acm.null_resource.prepare_cache",
            "module.cluster.data.google_compute_subnetwork.gke_subnetwork",
            "module.cluster.module.gcloud_delete_default_kube_dns_configmap.module.gcloud_kubectl.null_resource.download_gcloud",
            "module.cluster.module.gcloud_delete_default_kube_dns_configmap.module.gcloud_kubectl.null_resource.download_jq",
            "module.cluster.module.gcloud_delete_default_kube_dns_configmap.module.gcloud_kubectl.null_resource.module_depends_on",
            "module.cluster.module.gcloud_delete_default_kube_dns_configmap.module.gcloud_kubectl.null_resource.upgrade",
            "module.acm.module.enable_acm.null_resource.download_gcloud",
            "module.acm.module.enable_acm.null_resource.download_jq",
            "data.google_project.project",
            "module.cluster.google_project_iam_member.cluster_service_account-gcr",
            "module.cluster.google_project_iam_member.cluster_service_account-log_writer",
            "module.cluster.module.gcloud_delete_default_kube_dns_configmap.module.gcloud_kubectl.null_resource.gcloud_auth_service_account_key_file",
            "module.cluster.data.google_container_engine_versions.region",
            "module.cluster.random_string.cluster_service_account_suffix",
            "module.cluster.module.gcloud_delete_default_kube_dns_configmap.module.gcloud_kubectl.null_resource.additional_components",
            "module.cluster.module.gcloud_delete_default_kube_dns_configmap.module.gcloud_kubectl.null_resource.upgrade_destroy",
            "module.project-services.google_project_service.project_services",
            "module.cluster.google_project_iam_member.cluster_service_account-resourceMetadata-writer",
            "module.cluster.google_project_iam_member.cluster_service_account-metric_writer",
            "module.cluster.google_service_account.cluster_service_account",
            "module.cluster.module.gcloud_delete_default_kube_dns_configmap.module.gcloud_kubectl.null_resource.prepare_cache",
            "module.acm.module.enable_acm.null_resource.additional_components",
            "module.cluster.google_project_iam_member.cluster_service_account-monitoring_viewer",
            "module.cluster.module.gcloud_delete_default_kube_dns_configmap.module.gcloud_kubectl.null_resource.decompress",
            "module.cluster.module.gcloud_delete_default_kube_dns_configmap.module.gcloud_kubectl.null_resource.gcloud_auth_service_account_key_file_destroy",
            "module.cluster.module.gcloud_delete_default_kube_dns_configmap.module.gcloud_kubectl.null_resource.run_command",
            "module.cluster.google_compute_firewall.shadow_allow_master",
            "module.cluster.data.google_compute_zones.available",
            "module.cluster.data.google_container_engine_versions.zone",
            "module.cluster.google_container_node_pool.pools",
            "module.cluster.kubernetes_config_map.ip-masq-agent",
            "module.acm.module.enable_acm.data.external.env_override",
            "module.cluster.google_compute_firewall.shadow_allow_nodes",
            "module.cluster.kubernetes_config_map.kube-dns-upstream-nameservers-and-stub-domains",
            "module.cluster.module.gcloud_delete_default_kube_dns_configmap.module.gcloud_kubectl.null_resource.decompress_destroy",
            "module.acm.module.enable_acm.null_resource.upgrade",
            "module.acm.module.enable_acm.random_id.cache",
            "module.cluster.kubernetes_config_map.kube-dns-upstream-namservers",
            "module.cluster.module.gcloud_delete_default_kube_dns_configmap.module.gcloud_kubectl.random_id.cache",
            "module.cluster.google_project_iam_member.cluster_service_account-artifact-registry",
            "module.acm.module.enable_acm.null_resource.module_depends_on",
            "module.cluster.google_container_cluster.primary",
            "module.cluster.module.gcloud_delete_default_kube_dns_configmap.module.gcloud_kubectl.null_resource.gcloud_auth_google_credentials_destroy",
            "module.cluster.module.gcloud_delete_default_kube_dns_configmap.module.gcloud_kubectl.null_resource.run_destroy_command",
            "module.acm.module.enable_acm.null_resource.decompress"
          ]
        }
      ]
    },
    {
      "module": "module.asm[\"0\"]",
      "mode": "data",
      "type": "google_project",
      "name": "asm_project",
      "provider": "provider[\"registry.terraform.io/hashicorp/google\"]",
      "instances": [
        {
          "schema_version": 0,
          "attributes": {
            "auto_create_network": null,
            "billing_account": "012367-3DB5FD-6C3D7D",
            "folder_id": "971134663124",
            "id": "projects/anthos-lab-310709",
            "labels": {
              "ambiente": "test9",
              "descrizione_applicazione": "test7",
              "destinazione_duso": "test8",
              "nome_applicazione": "test6",
              "service_line": "opensource",
              "tipo_progetto": "test10"
            },
            "name": "Anthos-Lab",
            "number": "963943038361",
            "org_id": "",
            "project_id": "anthos-lab-310709",
            "skip_delete": null
          },
          "sensitive_attributes": []
        }
      ]
    },
    {
      "module": "module.asm[\"0\"]",
      "mode": "managed",
      "type": "google_project_iam_member",
      "name": "asm_iam",
      "provider": "provider[\"registry.terraform.io/hashicorp/google\"]",
      "instances": []
    },
    {
      "module": "module.asm[\"0\"].module.asm_install.module.gcloud_kubectl",
      "mode": "data",
      "type": "external",
      "name": "env_override",
      "provider": "provider[\"registry.terraform.io/hashicorp/external\"]",
      "instances": [
        {
          "index_key": 0,
          "schema_version": 0,
          "attributes": {
            "id": "-",
            "program": [
              ".terraform/modules/asm.asm_install/scripts/check_env.sh"
            ],
            "query": null,
            "result": {
              "download": ""
            },
            "working_dir": null
          },
          "sensitive_attributes": []
        }
      ]
    },
    {
      "module": "module.asm[\"0\"].module.asm_install.module.gcloud_kubectl",
      "mode": "managed",
      "type": "null_resource",
      "name": "additional_components",
      "provider": "provider[\"registry.terraform.io/hashicorp/null\"]",
      "instances": [
        {
          "index_key": 0,
          "schema_version": 0,
          "attributes": {
            "id": "2891633160247516710",
            "triggers": {
              "additional_components_command": ".terraform/modules/asm.asm_install/scripts/check_components.sh gcloud kubectl,kpt,beta",
              "arguments": "1a272ff0f6a60e21b41730b45eca5e51",
              "md5": "e627e32153bec1f541e9280799cc792c"
            }
          },
          "sensitive_attributes": [],
          "private": "bnVsbA==",
          "dependencies": [
            "module.cluster.google_project_iam_member.cluster_service_account-log_writer",
            "module.cluster.kubernetes_config_map.kube-dns-upstream-namservers",
            "module.cluster.module.gcloud_delete_default_kube_dns_configmap.module.gcloud_kubectl.null_resource.gcloud_auth_service_account_key_file_destroy",
            "module.project-services.google_project_service.project_services",
            "module.cluster.google_container_cluster.primary",
            "module.cluster.google_project_iam_member.cluster_service_account-gcr",
            "module.cluster.module.gcloud_delete_default_kube_dns_configmap.module.gcloud_kubectl.null_resource.run_command",
            "module.cluster.google_service_account.cluster_service_account",
            "module.cluster.module.gcloud_delete_default_kube_dns_configmap.module.gcloud_kubectl.null_resource.gcloud_auth_google_credentials_destroy",
            "module.asm.module.asm_install.module.gcloud_kubectl.null_resource.prepare_cache",
            "module.cluster.google_compute_firewall.shadow_allow_nodes",
            "module.cluster.google_compute_firewall.shadow_allow_pods",
            "module.cluster.google_project_iam_member.cluster_service_account-artifact-registry",
            "module.cluster.google_project_iam_member.cluster_service_account-metric_writer",
            "module.cluster.module.gcloud_delete_default_kube_dns_configmap.module.gcloud_kubectl.null_resource.decompress_destroy",
            "module.asm.module.asm-services.google_project_service.project_services",
            "module.asm.module.asm_install.module.gcloud_kubectl.null_resource.module_depends_on",
            "module.cluster.module.gcloud_delete_default_kube_dns_configmap.module.gcloud_kubectl.null_resource.prepare_cache",
            "module.cluster.module.gcloud_delete_default_kube_dns_configmap.module.gcloud_kubectl.random_id.cache",
            "module.cluster.module.gcloud_delete_default_kube_dns_configmap.module.gcloud_kubectl.null_resource.module_depends_on",
            "module.asm.module.asm_install.module.gcloud_kubectl.random_id.cache",
            "module.cluster.google_project_iam_member.cluster_service_account-monitoring_viewer",
            "module.cluster.kubernetes_config_map.kube-dns-upstream-nameservers-and-stub-domains",
            "module.cluster.module.gcloud_delete_default_kube_dns_configmap.module.gcloud_kubectl.null_resource.decompress",
            "module.cluster.module.gcloud_delete_default_kube_dns_configmap.module.gcloud_kubectl.null_resource.gcloud_auth_service_account_key_file",
            "module.cluster.google_container_node_pool.pools",
            "module.cluster.module.gcloud_delete_default_kube_dns_configmap.module.gcloud_kubectl.null_resource.additional_components_destroy",
            "module.cluster.data.google_compute_subnetwork.gke_subnetwork",
            "module.cluster.module.gcloud_delete_default_kube_dns_configmap.module.gcloud_kubectl.null_resource.download_jq",
            "module.cluster.kubernetes_config_map.kube-dns",
            "module.cluster.module.gcloud_delete_default_kube_dns_configmap.module.gcloud_kubectl.null_resource.run_destroy_command",
            "module.cluster.random_string.cluster_service_account_suffix",
            "module.asm.module.asm_install.module.gcloud_kubectl.null_resource.decompress",
            "module.cluster.google_compute_firewall.shadow_allow_master",
            "module.cluster.google_project_iam_member.cluster_service_account-resourceMetadata-writer",
            "module.cluster.module.gcloud_delete_default_kube_dns_configmap.module.gcloud_kubectl.null_resource.upgrade",
            "module.cluster.random_shuffle.available_zones",
            "module.asm.module.asm_install.module.gcloud_kubectl.data.external.env_override",
            "module.cluster.google_compute_firewall.intra_egress",
            "module.asm.module.asm_install.module.gcloud_kubectl.null_resource.download_gcloud",
            "module.cluster.module.gcloud_delete_default_kube_dns_configmap.module.gcloud_kubectl.data.external.env_override",
            "module.cluster.data.google_compute_zones.available",
            "module.asm.module.asm_install.module.gcloud_kubectl.null_resource.download_jq",
            "module.asm.module.asm_install.module.gcloud_kubectl.null_resource.upgrade",
            "module.cluster.module.gcloud_delete_default_kube_dns_configmap.module.gcloud_kubectl.null_resource.additional_components",
            "module.cluster.module.gcloud_delete_default_kube_dns_configmap.module.gcloud_kubectl.null_resource.upgrade_destroy",
            "module.cluster.data.google_container_engine_versions.region",
            "module.cluster.kubernetes_config_map.ip-masq-agent",
            "module.cluster.module.gcloud_delete_default_kube_dns_configmap.module.gcloud_kubectl.null_resource.download_gcloud",
            "module.cluster.module.gcloud_delete_default_kube_dns_configmap.module.gcloud_kubectl.null_resource.gcloud_auth_google_credentials",
            "data.google_project.project",
            "module.asm.google_project_iam_member.asm_iam",
            "module.cluster.data.google_container_engine_versions.zone",
            "module.cluster.google_compute_firewall.master_webhooks"
          ]
        }
      ]
    },
    {
      "module": "module.asm[\"0\"].module.asm_install.module.gcloud_kubectl",
      "mode": "managed",
      "type": "null_resource",
      "name": "additional_components_destroy",
      "provider": "provider[\"registry.terraform.io/hashicorp/null\"]",
      "instances": [
        {
          "index_key": 0,
          "schema_version": 0,
          "attributes": {
            "id": "222695971274901326",
            "triggers": {
              "additional_components_command": ".terraform/modules/asm.asm_install/scripts/check_components.sh gcloud kubectl,kpt,beta"
            }
          },
          "sensitive_attributes": [],
          "private": "bnVsbA==",
          "dependencies": [
            "data.google_project.project",
            "module.asm.module.asm-services.google_project_service.project_services",
            "module.asm.module.asm_install.module.gcloud_kubectl.data.external.env_override",
            "module.asm.google_project_iam_member.asm_iam",
            "module.asm.module.asm_install.module.gcloud_kubectl.null_resource.additional_components",
            "module.asm.module.asm_install.module.gcloud_kubectl.null_resource.decompress",
            "module.asm.module.asm_install.module.gcloud_kubectl.null_resource.download_gcloud",
            "module.asm.module.asm_install.module.gcloud_kubectl.null_resource.download_jq",
            "module.asm.module.asm_install.module.gcloud_kubectl.null_resource.gcloud_auth_google_credentials",
            "module.asm.module.asm_install.module.gcloud_kubectl.null_resource.gcloud_auth_service_account_key_file",
            "module.asm.module.asm_install.module.gcloud_kubectl.null_resource.module_depends_on",
            "module.asm.module.asm_install.module.gcloud_kubectl.null_resource.prepare_cache",
            "module.asm.module.asm_install.module.gcloud_kubectl.null_resource.run_destroy_command",
            "module.asm.module.asm_install.module.gcloud_kubectl.null_resource.upgrade",
            "module.asm.module.asm_install.module.gcloud_kubectl.random_id.cache",
            "module.cluster.data.google_compute_zones.available",
            "module.cluster.data.google_container_engine_versions.region",
            "module.cluster.data.google_container_engine_versions.zone",
            "module.cluster.google_compute_firewall.intra_egress",
            "module.cluster.google_compute_firewall.master_webhooks",
            "module.cluster.google_compute_firewall.shadow_allow_master",
            "module.cluster.google_compute_firewall.shadow_allow_nodes",
            "module.cluster.google_compute_firewall.shadow_allow_pods",
            "module.cluster.google_container_cluster.primary",
            "module.cluster.google_container_node_pool.pools",
            "module.cluster.google_project_iam_member.cluster_service_account-artifact-registry",
            "module.cluster.google_project_iam_member.cluster_service_account-gcr",
            "module.cluster.google_project_iam_member.cluster_service_account-log_writer",
            "module.cluster.google_project_iam_member.cluster_service_account-metric_writer",
            "module.cluster.google_project_iam_member.cluster_service_account-monitoring_viewer",
            "module.cluster.google_project_iam_member.cluster_service_account-resourceMetadata-writer",
            "module.cluster.google_service_account.cluster_service_account",
            "module.cluster.kubernetes_config_map.ip-masq-agent",
            "module.cluster.kubernetes_config_map.kube-dns",
            "module.cluster.kubernetes_config_map.kube-dns-upstream-nameservers-and-stub-domains",
            "module.cluster.kubernetes_config_map.kube-dns-upstream-namservers",
            "module.cluster.data.google_compute_subnetwork.gke_subnetwork",
            "module.cluster.module.gcloud_delete_default_kube_dns_configmap.module.gcloud_kubectl.data.external.env_override",
            "module.cluster.module.gcloud_delete_default_kube_dns_configmap.module.gcloud_kubectl.null_resource.additional_components",
            "module.cluster.module.gcloud_delete_default_kube_dns_configmap.module.gcloud_kubectl.null_resource.additional_components_destroy",
            "module.cluster.module.gcloud_delete_default_kube_dns_configmap.module.gcloud_kubectl.null_resource.decompress",
            "module.cluster.module.gcloud_delete_default_kube_dns_configmap.module.gcloud_kubectl.null_resource.decompress_destroy",
            "module.cluster.module.gcloud_delete_default_kube_dns_configmap.module.gcloud_kubectl.null_resource.download_gcloud",
            "module.cluster.module.gcloud_delete_default_kube_dns_configmap.module.gcloud_kubectl.null_resource.download_jq",
            "module.cluster.module.gcloud_delete_default_kube_dns_configmap.module.gcloud_kubectl.null_resource.gcloud_auth_google_credentials",
            "module.cluster.module.gcloud_delete_default_kube_dns_configmap.module.gcloud_kubectl.null_resource.gcloud_auth_google_credentials_destroy",
            "module.cluster.module.gcloud_delete_default_kube_dns_configmap.module.gcloud_kubectl.null_resource.gcloud_auth_service_account_key_file",
            "module.cluster.module.gcloud_delete_default_kube_dns_configmap.module.gcloud_kubectl.null_resource.gcloud_auth_service_account_key_file_destroy",
            "module.cluster.module.gcloud_delete_default_kube_dns_configmap.module.gcloud_kubectl.null_resource.module_depends_on",
            "module.cluster.module.gcloud_delete_default_kube_dns_configmap.module.gcloud_kubectl.null_resource.prepare_cache",
            "module.cluster.module.gcloud_delete_default_kube_dns_configmap.module.gcloud_kubectl.null_resource.run_command",
            "module.cluster.module.gcloud_delete_default_kube_dns_configmap.module.gcloud_kubectl.null_resource.run_destroy_command",
            "module.cluster.module.gcloud_delete_default_kube_dns_configmap.module.gcloud_kubectl.null_resource.upgrade",
            "module.cluster.module.gcloud_delete_default_kube_dns_configmap.module.gcloud_kubectl.null_resource.upgrade_destroy",
            "module.cluster.module.gcloud_delete_default_kube_dns_configmap.module.gcloud_kubectl.random_id.cache",
            "module.cluster.random_shuffle.available_zones",
            "module.cluster.random_string.cluster_service_account_suffix",
            "module.project-services.google_project_service.project_services"
          ]
        }
      ]
    },
    {
      "module": "module.asm[\"0\"].module.asm_install.module.gcloud_kubectl",
      "mode": "managed",
      "type": "null_resource",
      "name": "decompress",
      "provider": "provider[\"registry.terraform.io/hashicorp/null\"]",
      "instances": []
    },
    {
      "module": "module.asm[\"0\"].module.asm_install.module.gcloud_kubectl",
      "mode": "managed",
      "type": "null_resource",
      "name": "gcloud_auth_google_credentials",
      "provider": "provider[\"registry.terraform.io/hashicorp/null\"]",
      "instances": []
    },
    {
      "module": "module.asm[\"0\"].module.asm_install.module.gcloud_kubectl",
      "mode": "managed",
      "type": "null_resource",
      "name": "gcloud_auth_service_account_key_file",
      "provider": "provider[\"registry.terraform.io/hashicorp/null\"]",
      "instances": []
    },
    {
      "module": "module.asm[\"0\"].module.asm_install.module.gcloud_kubectl",
      "mode": "managed",
      "type": "null_resource",
      "name": "module_depends_on",
      "provider": "provider[\"registry.terraform.io/hashicorp/null\"]",
      "instances": [
        {
          "index_key": 0,
          "schema_version": 0,
          "attributes": {
            "id": "5464691311046776197",
            "triggers": {
              "value": "1"
            }
          },
          "sensitive_attributes": [],
          "private": "bnVsbA==",
          "dependencies": [
            "module.cluster.google_project_iam_member.cluster_service_account-artifact-registry",
            "module.cluster.google_project_iam_member.cluster_service_account-monitoring_viewer",
            "module.cluster.module.gcloud_delete_default_kube_dns_configmap.module.gcloud_kubectl.null_resource.gcloud_auth_service_account_key_file",
            "module.cluster.kubernetes_config_map.kube-dns-upstream-namservers",
            "module.cluster.module.gcloud_delete_default_kube_dns_configmap.module.gcloud_kubectl.null_resource.prepare_cache",
            "module.cluster.module.gcloud_delete_default_kube_dns_configmap.module.gcloud_kubectl.null_resource.upgrade_destroy",
            "module.cluster.random_string.cluster_service_account_suffix",
            "module.cluster.google_compute_firewall.intra_egress",
            "module.cluster.google_compute_firewall.shadow_allow_master",
            "module.cluster.kubernetes_config_map.ip-masq-agent",
            "module.cluster.google_project_iam_member.cluster_service_account-resourceMetadata-writer",
            "module.cluster.module.gcloud_delete_default_kube_dns_configmap.module.gcloud_kubectl.null_resource.decompress_destroy",
            "module.cluster.module.gcloud_delete_default_kube_dns_configmap.module.gcloud_kubectl.null_resource.gcloud_auth_google_credentials",
            "module.cluster.module.gcloud_delete_default_kube_dns_configmap.module.gcloud_kubectl.null_resource.run_destroy_command",
            "module.cluster.data.google_container_engine_versions.region",
            "module.cluster.google_compute_firewall.shadow_allow_nodes",
            "module.cluster.google_project_iam_member.cluster_service_account-log_writer",
            "module.cluster.module.gcloud_delete_default_kube_dns_configmap.module.gcloud_kubectl.null_resource.additional_components_destroy",
            "module.cluster.module.gcloud_delete_default_kube_dns_configmap.module.gcloud_kubectl.null_resource.module_depends_on",
            "module.cluster.google_compute_firewall.master_webhooks",
            "module.cluster.google_container_cluster.primary",
            "module.cluster.kubernetes_config_map.kube-dns",
            "module.cluster.kubernetes_config_map.kube-dns-upstream-nameservers-and-stub-domains",
            "module.cluster.module.gcloud_delete_default_kube_dns_configmap.module.gcloud_kubectl.data.external.env_override",
            "module.cluster.module.gcloud_delete_default_kube_dns_configmap.module.gcloud_kubectl.null_resource.additional_components",
            "module.cluster.module.gcloud_delete_default_kube_dns_configmap.module.gcloud_kubectl.null_resource.upgrade",
            "module.project-services.google_project_service.project_services",
            "module.asm.google_project_iam_member.asm_iam",
            "module.asm.module.asm-services.google_project_service.project_services",
            "module.cluster.google_project_iam_member.cluster_service_account-gcr",
            "module.cluster.google_container_node_pool.pools",
            "module.cluster.module.gcloud_delete_default_kube_dns_configmap.module.gcloud_kubectl.null_resource.decompress",
            "module.cluster.google_service_account.cluster_service_account",
            "module.cluster.module.gcloud_delete_default_kube_dns_configmap.module.gcloud_kubectl.null_resource.download_gcloud",
            "module.cluster.module.gcloud_delete_default_kube_dns_configmap.module.gcloud_kubectl.null_resource.gcloud_auth_google_credentials_destroy",
            "module.cluster.module.gcloud_delete_default_kube_dns_configmap.module.gcloud_kubectl.null_resource.gcloud_auth_service_account_key_file_destroy",
            "module.cluster.module.gcloud_delete_default_kube_dns_configmap.module.gcloud_kubectl.null_resource.run_command",
            "module.cluster.data.google_compute_subnetwork.gke_subnetwork",
            "module.cluster.data.google_compute_zones.available",
            "module.cluster.data.google_container_engine_versions.zone",
            "module.cluster.module.gcloud_delete_default_kube_dns_configmap.module.gcloud_kubectl.random_id.cache",
            "module.cluster.module.gcloud_delete_default_kube_dns_configmap.module.gcloud_kubectl.null_resource.download_jq",
            "module.cluster.random_shuffle.available_zones",
            "data.google_project.project",
            "module.cluster.google_compute_firewall.shadow_allow_pods",
            "module.cluster.google_project_iam_member.cluster_service_account-metric_writer"
          ]
        }
      ]
    },
    {
      "module": "module.asm[\"0\"].module.asm_install.module.gcloud_kubectl",
      "mode": "managed",
      "type": "null_resource",
      "name": "run_command",
      "provider": "provider[\"registry.terraform.io/hashicorp/null\"]",
      "instances": [
        {
          "index_key": 0,
          "status": "tainted",
          "schema_version": 0,
          "attributes": {
            "id": "7885040912678273314",
            "triggers": {
              "arguments": "1a272ff0f6a60e21b41730b45eca5e51",
              "create_cmd_body": "gke-anthos-west europe-west3 anthos-lab-310709 false false .terraform/modules/asm/modules/asm/scripts/install_asm.sh anthos-lab-310709 gke-anthos-west europe-west3 1.10 install false false none none true false false false true none meshca none none none none none none none none false",
              "create_cmd_entrypoint": ".terraform/modules/asm.asm_install/modules/kubectl-wrapper/scripts/kubectl_wrapper.sh",
              "gcloud_bin_abs_path": "/google-cloud-sdk/bin",
              "md5": "e627e32153bec1f541e9280799cc792c"
            }
          },
          "sensitive_attributes": [],
          "private": "bnVsbA==",
          "dependencies": [
            "data.google_project.project",
            "module.asm.google_project_iam_member.asm_iam",
            "module.asm.module.asm-services.google_project_service.project_services",
            "module.asm.module.asm_install.module.gcloud_kubectl.data.external.env_override",
            "module.asm.module.asm_install.module.gcloud_kubectl.null_resource.additional_components",
            "module.asm.module.asm_install.module.gcloud_kubectl.null_resource.decompress",
            "module.asm.module.asm_install.module.gcloud_kubectl.null_resource.gcloud_auth_google_credentials",
            "module.asm.module.asm_install.module.gcloud_kubectl.null_resource.gcloud_auth_service_account_key_file",
            "module.asm.module.asm_install.module.gcloud_kubectl.null_resource.module_depends_on",
            "module.asm.module.asm_install.module.gcloud_kubectl.random_id.cache",
            "module.cluster.data.google_compute_subnetwork.gke_subnetwork",
            "module.cluster.data.google_compute_zones.available",
            "module.cluster.data.google_container_engine_versions.region",
            "module.cluster.data.google_container_engine_versions.zone",
            "module.cluster.google_compute_firewall.intra_egress",
            "module.cluster.google_compute_firewall.master_webhooks",
            "module.cluster.google_compute_firewall.shadow_allow_master",
            "module.cluster.google_compute_firewall.shadow_allow_nodes",
            "module.cluster.google_compute_firewall.shadow_allow_pods",
            "module.cluster.google_container_cluster.primary",
            "module.cluster.google_container_node_pool.pools",
            "module.cluster.google_project_iam_member.cluster_service_account-artifact-registry",
            "module.cluster.google_project_iam_member.cluster_service_account-gcr",
            "module.cluster.google_project_iam_member.cluster_service_account-log_writer",
            "module.cluster.google_project_iam_member.cluster_service_account-metric_writer",
            "module.cluster.google_project_iam_member.cluster_service_account-monitoring_viewer",
            "module.cluster.google_project_iam_member.cluster_service_account-resourceMetadata-writer",
            "module.cluster.google_service_account.cluster_service_account",
            "module.cluster.kubernetes_config_map.ip-masq-agent",
            "module.cluster.kubernetes_config_map.kube-dns",
            "module.cluster.kubernetes_config_map.kube-dns-upstream-nameservers-and-stub-domains",
            "module.cluster.kubernetes_config_map.kube-dns-upstream-namservers",
            "module.cluster.module.gcloud_delete_default_kube_dns_configmap.module.gcloud_kubectl.data.external.env_override",
            "module.cluster.module.gcloud_delete_default_kube_dns_configmap.module.gcloud_kubectl.null_resource.additional_components",
            "module.cluster.module.gcloud_delete_default_kube_dns_configmap.module.gcloud_kubectl.null_resource.additional_components_destroy",
            "module.cluster.module.gcloud_delete_default_kube_dns_configmap.module.gcloud_kubectl.null_resource.decompress",
            "module.cluster.module.gcloud_delete_default_kube_dns_configmap.module.gcloud_kubectl.null_resource.decompress_destroy",
            "module.cluster.module.gcloud_delete_default_kube_dns_configmap.module.gcloud_kubectl.null_resource.download_gcloud",
            "module.cluster.module.gcloud_delete_default_kube_dns_configmap.module.gcloud_kubectl.null_resource.download_jq",
            "module.cluster.module.gcloud_delete_default_kube_dns_configmap.module.gcloud_kubectl.null_resource.gcloud_auth_google_credentials",
            "module.cluster.module.gcloud_delete_default_kube_dns_configmap.module.gcloud_kubectl.null_resource.gcloud_auth_google_credentials_destroy",
            "module.cluster.module.gcloud_delete_default_kube_dns_configmap.module.gcloud_kubectl.null_resource.gcloud_auth_service_account_key_file",
            "module.cluster.module.gcloud_delete_default_kube_dns_configmap.module.gcloud_kubectl.null_resource.gcloud_auth_service_account_key_file_destroy",
            "module.cluster.module.gcloud_delete_default_kube_dns_configmap.module.gcloud_kubectl.null_resource.module_depends_on",
            "module.cluster.module.gcloud_delete_default_kube_dns_configmap.module.gcloud_kubectl.null_resource.prepare_cache",
            "module.cluster.module.gcloud_delete_default_kube_dns_configmap.module.gcloud_kubectl.null_resource.run_command",
            "module.cluster.module.gcloud_delete_default_kube_dns_configmap.module.gcloud_kubectl.null_resource.run_destroy_command",
            "module.cluster.module.gcloud_delete_default_kube_dns_configmap.module.gcloud_kubectl.null_resource.upgrade",
            "module.cluster.module.gcloud_delete_default_kube_dns_configmap.module.gcloud_kubectl.null_resource.upgrade_destroy",
            "module.cluster.module.gcloud_delete_default_kube_dns_configmap.module.gcloud_kubectl.random_id.cache",
            "module.cluster.random_shuffle.available_zones",
            "module.cluster.random_string.cluster_service_account_suffix",
            "module.project-services.google_project_service.project_services"
          ]
        }
      ]
    },
    {
      "module": "module.asm[\"0\"].module.asm_install.module.gcloud_kubectl",
      "mode": "managed",
      "type": "null_resource",
      "name": "run_destroy_command",
      "provider": "provider[\"registry.terraform.io/hashicorp/null\"]",
      "instances": [
        {
          "index_key": 0,
          "schema_version": 0,
          "attributes": {
            "id": "7828980051497896296",
            "triggers": {
              "destroy_cmd_body": "gke-anthos-west europe-west3 anthos-lab-310709 false false .terraform/modules/asm/modules/asm/scripts/destroy_asm.sh",
              "destroy_cmd_entrypoint": ".terraform/modules/asm.asm_install/modules/kubectl-wrapper/scripts/kubectl_wrapper.sh",
              "gcloud_bin_abs_path": "/google-cloud-sdk/bin"
            }
          },
          "sensitive_attributes": [],
          "private": "bnVsbA==",
          "dependencies": [
            "module.cluster.module.gcloud_delete_default_kube_dns_configmap.module.gcloud_kubectl.null_resource.prepare_cache",
            "module.cluster.module.gcloud_delete_default_kube_dns_configmap.module.gcloud_kubectl.null_resource.run_command",
            "module.asm.module.asm_install.module.gcloud_kubectl.null_resource.upgrade",
            "module.cluster.kubernetes_config_map.kube-dns",
            "module.cluster.google_container_node_pool.pools",
            "module.cluster.module.gcloud_delete_default_kube_dns_configmap.module.gcloud_kubectl.null_resource.upgrade_destroy",
            "module.cluster.module.gcloud_delete_default_kube_dns_configmap.module.gcloud_kubectl.random_id.cache",
            "module.asm.module.asm_install.module.gcloud_kubectl.null_resource.gcloud_auth_service_account_key_file",
            "module.cluster.data.google_compute_subnetwork.gke_subnetwork",
            "module.asm.module.asm_install.module.gcloud_kubectl.null_resource.prepare_cache",
            "module.asm.module.asm_install.module.gcloud_kubectl.random_id.cache",
            "module.cluster.module.gcloud_delete_default_kube_dns_configmap.module.gcloud_kubectl.null_resource.upgrade",
            "data.google_project.project",
            "module.asm.module.asm_install.module.gcloud_kubectl.null_resource.module_depends_on",
            "module.cluster.module.gcloud_delete_default_kube_dns_configmap.module.gcloud_kubectl.null_resource.download_gcloud",
            "module.cluster.module.gcloud_delete_default_kube_dns_configmap.module.gcloud_kubectl.null_resource.run_destroy_command",
            "module.cluster.google_compute_firewall.shadow_allow_pods",
            "module.cluster.google_service_account.cluster_service_account",
            "module.cluster.module.gcloud_delete_default_kube_dns_configmap.module.gcloud_kubectl.null_resource.module_depends_on",
            "module.cluster.google_project_iam_member.cluster_service_account-gcr",
            "module.cluster.kubernetes_config_map.kube-dns-upstream-nameservers-and-stub-domains",
            "module.cluster.kubernetes_config_map.kube-dns-upstream-namservers",
            "module.cluster.module.gcloud_delete_default_kube_dns_configmap.module.gcloud_kubectl.null_resource.decompress_destroy",
            "module.cluster.data.google_compute_zones.available",
            "module.cluster.data.google_container_engine_versions.zone",
            "module.cluster.google_container_cluster.primary",
            "module.cluster.random_string.cluster_service_account_suffix",
            "module.asm.module.asm_install.module.gcloud_kubectl.null_resource.download_gcloud",
            "module.cluster.google_compute_firewall.shadow_allow_nodes",
            "module.cluster.google_compute_firewall.master_webhooks",
            "module.cluster.google_project_iam_member.cluster_service_account-artifact-registry",
            "module.cluster.module.gcloud_delete_default_kube_dns_configmap.module.gcloud_kubectl.null_resource.additional_components",
            "module.cluster.module.gcloud_delete_default_kube_dns_configmap.module.gcloud_kubectl.null_resource.download_jq",
            "module.cluster.module.gcloud_delete_default_kube_dns_configmap.module.gcloud_kubectl.null_resource.gcloud_auth_service_account_key_file_destroy",
            "module.asm.module.asm_install.module.gcloud_kubectl.null_resource.gcloud_auth_google_credentials",
            "module.cluster.google_project_iam_member.cluster_service_account-log_writer",
            "module.asm.module.asm_install.module.gcloud_kubectl.null_resource.download_jq",
            "module.cluster.kubernetes_config_map.ip-masq-agent",
            "module.cluster.module.gcloud_delete_default_kube_dns_configmap.module.gcloud_kubectl.data.external.env_override",
            "module.cluster.module.gcloud_delete_default_kube_dns_configmap.module.gcloud_kubectl.null_resource.gcloud_auth_google_credentials_destroy",
            "module.asm.module.asm-services.google_project_service.project_services",
            "module.asm.module.asm_install.module.gcloud_kubectl.null_resource.decompress",
            "module.cluster.google_compute_firewall.shadow_allow_master",
            "module.cluster.google_project_iam_member.cluster_service_account-monitoring_viewer",
            "module.cluster.module.gcloud_delete_default_kube_dns_configmap.module.gcloud_kubectl.null_resource.additional_components_destroy",
            "module.cluster.random_shuffle.available_zones",
            "module.asm.google_project_iam_member.asm_iam",
            "module.cluster.google_compute_firewall.intra_egress",
            "module.cluster.module.gcloud_delete_default_kube_dns_configmap.module.gcloud_kubectl.null_resource.gcloud_auth_google_credentials",
            "module.project-services.google_project_service.project_services",
            "module.cluster.google_project_iam_member.cluster_service_account-resourceMetadata-writer",
            "module.cluster.module.gcloud_delete_default_kube_dns_configmap.module.gcloud_kubectl.null_resource.decompress",
            "module.asm.module.asm_install.module.gcloud_kubectl.data.external.env_override",
            "module.cluster.data.google_container_engine_versions.region",
            "module.asm.module.asm_install.module.gcloud_kubectl.null_resource.additional_components",
            "module.cluster.google_project_iam_member.cluster_service_account-metric_writer",
            "module.cluster.module.gcloud_delete_default_kube_dns_configmap.module.gcloud_kubectl.null_resource.gcloud_auth_service_account_key_file"
          ]
        }
      ]
    },
    {
      "module": "module.asm[\"0\"].module.asm_install.module.gcloud_kubectl",
      "mode": "managed",
      "type": "null_resource",
      "name": "upgrade",
      "provider": "provider[\"registry.terraform.io/hashicorp/null\"]",
      "instances": []
    },
    {
      "module": "module.asm[\"0\"].module.asm_install.module.gcloud_kubectl",
      "mode": "managed",
      "type": "random_id",
      "name": "cache",
      "provider": "provider[\"registry.terraform.io/hashicorp/random\"]",
      "instances": []
    },
    {
      "module": "module.asm[\"1\"]",
      "mode": "data",
      "type": "google_project",
      "name": "asm_project",
      "provider": "provider[\"registry.terraform.io/hashicorp/google\"]",
      "instances": [
        {
          "schema_version": 0,
          "attributes": {
            "auto_create_network": null,
            "billing_account": "012367-3DB5FD-6C3D7D",
            "folder_id": "971134663124",
            "id": "projects/anthos-lab-310709",
            "labels": {
              "ambiente": "test9",
              "descrizione_applicazione": "test7",
              "destinazione_duso": "test8",
              "nome_applicazione": "test6",
              "service_line": "opensource",
              "tipo_progetto": "test10"
            },
            "name": "Anthos-Lab",
            "number": "963943038361",
            "org_id": "",
            "project_id": "anthos-lab-310709",
            "skip_delete": null
          },
          "sensitive_attributes": []
        }
      ]
    },
    {
      "module": "module.asm[\"1\"]",
      "mode": "managed",
      "type": "google_project_iam_member",
      "name": "asm_iam",
      "provider": "provider[\"registry.terraform.io/hashicorp/google\"]",
      "instances": []
    },
    {
      "module": "module.asm[\"1\"].module.asm_install.module.gcloud_kubectl",
      "mode": "data",
      "type": "external",
      "name": "env_override",
      "provider": "provider[\"registry.terraform.io/hashicorp/external\"]",
      "instances": [
        {
          "index_key": 0,
          "schema_version": 0,
          "attributes": {
            "id": "-",
            "program": [
              ".terraform/modules/asm.asm_install/scripts/check_env.sh"
            ],
            "query": null,
            "result": {
              "download": ""
            },
            "working_dir": null
          },
          "sensitive_attributes": []
        }
      ]
    },
    {
      "module": "module.asm[\"1\"].module.asm_install.module.gcloud_kubectl",
      "mode": "managed",
      "type": "null_resource",
      "name": "additional_components",
      "provider": "provider[\"registry.terraform.io/hashicorp/null\"]",
      "instances": [
        {
          "index_key": 0,
          "schema_version": 0,
          "attributes": {
            "id": "2815513372002334883",
            "triggers": {
              "additional_components_command": ".terraform/modules/asm.asm_install/scripts/check_components.sh gcloud kubectl,kpt,beta",
              "arguments": "5c3b7224ab29f35e0b81da0002e8aba3",
              "md5": "e627e32153bec1f541e9280799cc792c"
            }
          },
          "sensitive_attributes": [],
          "private": "bnVsbA==",
          "dependencies": [
            "module.cluster.google_compute_firewall.shadow_allow_pods",
            "module.cluster.google_container_cluster.primary",
            "module.cluster.google_service_account.cluster_service_account",
            "module.cluster.module.gcloud_delete_default_kube_dns_configmap.module.gcloud_kubectl.null_resource.run_command",
            "module.asm.module.asm_install.module.gcloud_kubectl.null_resource.module_depends_on",
            "module.cluster.module.gcloud_delete_default_kube_dns_configmap.module.gcloud_kubectl.null_resource.gcloud_auth_google_credentials",
            "module.cluster.module.gcloud_delete_default_kube_dns_configmap.module.gcloud_kubectl.null_resource.upgrade_destroy",
            "module.cluster.module.gcloud_delete_default_kube_dns_configmap.module.gcloud_kubectl.null_resource.decompress",
            "module.cluster.module.gcloud_delete_default_kube_dns_configmap.module.gcloud_kubectl.null_resource.gcloud_auth_service_account_key_file",
            "module.cluster.google_compute_firewall.master_webhooks",
            "module.cluster.google_project_iam_member.cluster_service_account-artifact-registry",
            "module.cluster.google_project_iam_member.cluster_service_account-resourceMetadata-writer",
            "module.cluster.kubernetes_config_map.kube-dns-upstream-namservers",
            "module.cluster.module.gcloud_delete_default_kube_dns_configmap.module.gcloud_kubectl.null_resource.prepare_cache",
            "module.cluster.google_project_iam_member.cluster_service_account-log_writer",
            "module.cluster.random_string.cluster_service_account_suffix",
            "module.asm.module.asm_install.module.gcloud_kubectl.null_resource.decompress",
            "module.cluster.google_compute_firewall.intra_egress",
            "module.cluster.google_compute_firewall.shadow_allow_master",
            "module.cluster.google_compute_firewall.shadow_allow_nodes",
            "module.cluster.random_shuffle.available_zones",
            "module.asm.module.asm_install.module.gcloud_kubectl.data.external.env_override",
            "module.asm.module.asm_install.module.gcloud_kubectl.null_resource.download_gcloud",
            "module.asm.module.asm_install.module.gcloud_kubectl.null_resource.download_jq",
            "module.cluster.kubernetes_config_map.ip-masq-agent",
            "module.cluster.module.gcloud_delete_default_kube_dns_configmap.module.gcloud_kubectl.data.external.env_override",
            "module.cluster.module.gcloud_delete_default_kube_dns_configmap.module.gcloud_kubectl.null_resource.additional_components",
            "module.cluster.module.gcloud_delete_default_kube_dns_configmap.module.gcloud_kubectl.null_resource.additional_components_destroy",
            "module.cluster.module.gcloud_delete_default_kube_dns_configmap.module.gcloud_kubectl.null_resource.gcloud_auth_google_credentials_destroy",
            "module.cluster.module.gcloud_delete_default_kube_dns_configmap.module.gcloud_kubectl.null_resource.upgrade",
            "module.cluster.data.google_compute_subnetwork.gke_subnetwork",
            "module.cluster.data.google_container_engine_versions.region",
            "module.cluster.data.google_container_engine_versions.zone",
            "module.cluster.module.gcloud_delete_default_kube_dns_configmap.module.gcloud_kubectl.null_resource.decompress_destroy",
            "module.cluster.google_project_iam_member.cluster_service_account-metric_writer",
            "module.cluster.google_project_iam_member.cluster_service_account-gcr",
            "data.google_project.project",
            "module.asm.module.asm_install.module.gcloud_kubectl.null_resource.upgrade",
            "module.cluster.module.gcloud_delete_default_kube_dns_configmap.module.gcloud_kubectl.random_id.cache",
            "module.project-services.google_project_service.project_services",
            "module.asm.google_project_iam_member.asm_iam",
            "module.asm.module.asm-services.google_project_service.project_services",
            "module.asm.module.asm_install.module.gcloud_kubectl.random_id.cache",
            "module.cluster.google_project_iam_member.cluster_service_account-monitoring_viewer",
            "module.cluster.module.gcloud_delete_default_kube_dns_configmap.module.gcloud_kubectl.null_resource.gcloud_auth_service_account_key_file_destroy",
            "module.cluster.module.gcloud_delete_default_kube_dns_configmap.module.gcloud_kubectl.null_resource.module_depends_on",
            "module.cluster.module.gcloud_delete_default_kube_dns_configmap.module.gcloud_kubectl.null_resource.run_destroy_command",
            "module.cluster.data.google_compute_zones.available",
            "module.cluster.kubernetes_config_map.kube-dns-upstream-nameservers-and-stub-domains",
            "module.cluster.google_container_node_pool.pools",
            "module.cluster.kubernetes_config_map.kube-dns",
            "module.cluster.module.gcloud_delete_default_kube_dns_configmap.module.gcloud_kubectl.null_resource.download_jq",
            "module.asm.module.asm_install.module.gcloud_kubectl.null_resource.prepare_cache",
            "module.cluster.module.gcloud_delete_default_kube_dns_configmap.module.gcloud_kubectl.null_resource.download_gcloud"
          ]
        }
      ]
    },
    {
      "module": "module.asm[\"1\"].module.asm_install.module.gcloud_kubectl",
      "mode": "managed",
      "type": "null_resource",
      "name": "additional_components_destroy",
      "provider": "provider[\"registry.terraform.io/hashicorp/null\"]",
      "instances": [
        {
          "index_key": 0,
          "schema_version": 0,
          "attributes": {
            "id": "7756247161584897920",
            "triggers": {
              "additional_components_command": ".terraform/modules/asm.asm_install/scripts/check_components.sh gcloud kubectl,kpt,beta"
            }
          },
          "sensitive_attributes": [],
          "private": "bnVsbA==",
          "dependencies": [
            "data.google_project.project",
            "module.asm.module.asm-services.google_project_service.project_services",
            "module.asm.module.asm_install.module.gcloud_kubectl.data.external.env_override",
            "module.asm.google_project_iam_member.asm_iam",
            "module.asm.module.asm_install.module.gcloud_kubectl.null_resource.additional_components",
            "module.asm.module.asm_install.module.gcloud_kubectl.null_resource.decompress",
            "module.asm.module.asm_install.module.gcloud_kubectl.null_resource.download_gcloud",
            "module.asm.module.asm_install.module.gcloud_kubectl.null_resource.download_jq",
            "module.asm.module.asm_install.module.gcloud_kubectl.null_resource.gcloud_auth_google_credentials",
            "module.asm.module.asm_install.module.gcloud_kubectl.null_resource.gcloud_auth_service_account_key_file",
            "module.asm.module.asm_install.module.gcloud_kubectl.null_resource.module_depends_on",
            "module.asm.module.asm_install.module.gcloud_kubectl.null_resource.prepare_cache",
            "module.asm.module.asm_install.module.gcloud_kubectl.null_resource.run_destroy_command",
            "module.asm.module.asm_install.module.gcloud_kubectl.null_resource.upgrade",
            "module.asm.module.asm_install.module.gcloud_kubectl.random_id.cache",
            "module.cluster.data.google_compute_zones.available",
            "module.cluster.data.google_container_engine_versions.region",
            "module.cluster.data.google_container_engine_versions.zone",
            "module.cluster.google_compute_firewall.intra_egress",
            "module.cluster.google_compute_firewall.master_webhooks",
            "module.cluster.google_compute_firewall.shadow_allow_master",
            "module.cluster.google_compute_firewall.shadow_allow_nodes",
            "module.cluster.google_compute_firewall.shadow_allow_pods",
            "module.cluster.google_container_cluster.primary",
            "module.cluster.google_container_node_pool.pools",
            "module.cluster.google_project_iam_member.cluster_service_account-artifact-registry",
            "module.cluster.google_project_iam_member.cluster_service_account-gcr",
            "module.cluster.google_project_iam_member.cluster_service_account-log_writer",
            "module.cluster.google_project_iam_member.cluster_service_account-metric_writer",
            "module.cluster.google_project_iam_member.cluster_service_account-monitoring_viewer",
            "module.cluster.google_project_iam_member.cluster_service_account-resourceMetadata-writer",
            "module.cluster.google_service_account.cluster_service_account",
            "module.cluster.kubernetes_config_map.ip-masq-agent",
            "module.cluster.kubernetes_config_map.kube-dns",
            "module.cluster.kubernetes_config_map.kube-dns-upstream-nameservers-and-stub-domains",
            "module.cluster.kubernetes_config_map.kube-dns-upstream-namservers",
            "module.cluster.data.google_compute_subnetwork.gke_subnetwork",
            "module.cluster.module.gcloud_delete_default_kube_dns_configmap.module.gcloud_kubectl.data.external.env_override",
            "module.cluster.module.gcloud_delete_default_kube_dns_configmap.module.gcloud_kubectl.null_resource.additional_components",
            "module.cluster.module.gcloud_delete_default_kube_dns_configmap.module.gcloud_kubectl.null_resource.additional_components_destroy",
            "module.cluster.module.gcloud_delete_default_kube_dns_configmap.module.gcloud_kubectl.null_resource.decompress",
            "module.cluster.module.gcloud_delete_default_kube_dns_configmap.module.gcloud_kubectl.null_resource.decompress_destroy",
            "module.cluster.module.gcloud_delete_default_kube_dns_configmap.module.gcloud_kubectl.null_resource.download_gcloud",
            "module.cluster.module.gcloud_delete_default_kube_dns_configmap.module.gcloud_kubectl.null_resource.download_jq",
            "module.cluster.module.gcloud_delete_default_kube_dns_configmap.module.gcloud_kubectl.null_resource.gcloud_auth_google_credentials",
            "module.cluster.module.gcloud_delete_default_kube_dns_configmap.module.gcloud_kubectl.null_resource.gcloud_auth_google_credentials_destroy",
            "module.cluster.module.gcloud_delete_default_kube_dns_configmap.module.gcloud_kubectl.null_resource.gcloud_auth_service_account_key_file",
            "module.cluster.module.gcloud_delete_default_kube_dns_configmap.module.gcloud_kubectl.null_resource.gcloud_auth_service_account_key_file_destroy",
            "module.cluster.module.gcloud_delete_default_kube_dns_configmap.module.gcloud_kubectl.null_resource.module_depends_on",
            "module.cluster.module.gcloud_delete_default_kube_dns_configmap.module.gcloud_kubectl.null_resource.prepare_cache",
            "module.cluster.module.gcloud_delete_default_kube_dns_configmap.module.gcloud_kubectl.null_resource.run_command",
            "module.cluster.module.gcloud_delete_default_kube_dns_configmap.module.gcloud_kubectl.null_resource.run_destroy_command",
            "module.cluster.module.gcloud_delete_default_kube_dns_configmap.module.gcloud_kubectl.null_resource.upgrade",
            "module.cluster.module.gcloud_delete_default_kube_dns_configmap.module.gcloud_kubectl.null_resource.upgrade_destroy",
            "module.cluster.module.gcloud_delete_default_kube_dns_configmap.module.gcloud_kubectl.random_id.cache",
            "module.cluster.random_shuffle.available_zones",
            "module.cluster.random_string.cluster_service_account_suffix",
            "module.project-services.google_project_service.project_services"
          ]
        }
      ]
    },
    {
      "module": "module.asm[\"1\"].module.asm_install.module.gcloud_kubectl",
      "mode": "managed",
      "type": "null_resource",
      "name": "decompress",
      "provider": "provider[\"registry.terraform.io/hashicorp/null\"]",
      "instances": []
    },
    {
      "module": "module.asm[\"1\"].module.asm_install.module.gcloud_kubectl",
      "mode": "managed",
      "type": "null_resource",
      "name": "gcloud_auth_google_credentials",
      "provider": "provider[\"registry.terraform.io/hashicorp/null\"]",
      "instances": []
    },
    {
      "module": "module.asm[\"1\"].module.asm_install.module.gcloud_kubectl",
      "mode": "managed",
      "type": "null_resource",
      "name": "gcloud_auth_service_account_key_file",
      "provider": "provider[\"registry.terraform.io/hashicorp/null\"]",
      "instances": []
    },
    {
      "module": "module.asm[\"1\"].module.asm_install.module.gcloud_kubectl",
      "mode": "managed",
      "type": "null_resource",
      "name": "module_depends_on",
      "provider": "provider[\"registry.terraform.io/hashicorp/null\"]",
      "instances": [
        {
          "index_key": 0,
          "schema_version": 0,
          "attributes": {
            "id": "3048599087125857460",
            "triggers": {
              "value": "1"
            }
          },
          "sensitive_attributes": [],
          "private": "bnVsbA==",
          "dependencies": [
            "module.cluster.google_project_iam_member.cluster_service_account-monitoring_viewer",
            "module.cluster.google_project_iam_member.cluster_service_account-resourceMetadata-writer",
            "module.cluster.kubernetes_config_map.kube-dns-upstream-nameservers-and-stub-domains",
            "module.cluster.module.gcloud_delete_default_kube_dns_configmap.module.gcloud_kubectl.null_resource.decompress_destroy",
            "module.cluster.module.gcloud_delete_default_kube_dns_configmap.module.gcloud_kubectl.null_resource.run_command",
            "module.cluster.module.gcloud_delete_default_kube_dns_configmap.module.gcloud_kubectl.null_resource.upgrade_destroy",
            "module.cluster.google_compute_firewall.shadow_allow_nodes",
            "module.cluster.google_container_cluster.primary",
            "module.project-services.google_project_service.project_services",
            "module.cluster.google_compute_firewall.shadow_allow_master",
            "module.cluster.module.gcloud_delete_default_kube_dns_configmap.module.gcloud_kubectl.random_id.cache",
            "module.cluster.data.google_compute_zones.available",
            "module.cluster.data.google_container_engine_versions.region",
            "module.cluster.google_compute_firewall.master_webhooks",
            "module.cluster.google_service_account.cluster_service_account",
            "module.cluster.kubernetes_config_map.kube-dns-upstream-namservers",
            "module.cluster.module.gcloud_delete_default_kube_dns_configmap.module.gcloud_kubectl.null_resource.additional_components_destroy",
            "data.google_project.project",
            "module.cluster.data.google_compute_subnetwork.gke_subnetwork",
            "module.cluster.module.gcloud_delete_default_kube_dns_configmap.module.gcloud_kubectl.null_resource.prepare_cache",
            "module.cluster.google_compute_firewall.shadow_allow_pods",
            "module.cluster.module.gcloud_delete_default_kube_dns_configmap.module.gcloud_kubectl.null_resource.download_jq",
            "module.cluster.module.gcloud_delete_default_kube_dns_configmap.module.gcloud_kubectl.null_resource.gcloud_auth_google_credentials",
            "module.cluster.module.gcloud_delete_default_kube_dns_configmap.module.gcloud_kubectl.null_resource.gcloud_auth_google_credentials_destroy",
            "module.cluster.module.gcloud_delete_default_kube_dns_configmap.module.gcloud_kubectl.null_resource.gcloud_auth_service_account_key_file_destroy",
            "module.asm.google_project_iam_member.asm_iam",
            "module.asm.module.asm-services.google_project_service.project_services",
            "module.cluster.module.gcloud_delete_default_kube_dns_configmap.module.gcloud_kubectl.null_resource.decompress",
            "module.cluster.module.gcloud_delete_default_kube_dns_configmap.module.gcloud_kubectl.null_resource.gcloud_auth_service_account_key_file",
            "module.cluster.random_shuffle.available_zones",
            "module.cluster.module.gcloud_delete_default_kube_dns_configmap.module.gcloud_kubectl.data.external.env_override",
            "module.cluster.module.gcloud_delete_default_kube_dns_configmap.module.gcloud_kubectl.null_resource.additional_components",
            "module.cluster.module.gcloud_delete_default_kube_dns_configmap.module.gcloud_kubectl.null_resource.run_destroy_command",
            "module.cluster.google_project_iam_member.cluster_service_account-log_writer",
            "module.cluster.google_project_iam_member.cluster_service_account-metric_writer",
            "module.cluster.google_project_iam_member.cluster_service_account-artifact-registry",
            "module.cluster.kubernetes_config_map.ip-masq-agent",
            "module.cluster.kubernetes_config_map.kube-dns",
            "module.cluster.module.gcloud_delete_default_kube_dns_configmap.module.gcloud_kubectl.null_resource.download_gcloud",
            "module.cluster.module.gcloud_delete_default_kube_dns_configmap.module.gcloud_kubectl.null_resource.upgrade",
            "module.cluster.random_string.cluster_service_account_suffix",
            "module.cluster.google_compute_firewall.intra_egress",
            "module.cluster.google_container_node_pool.pools",
            "module.cluster.module.gcloud_delete_default_kube_dns_configmap.module.gcloud_kubectl.null_resource.module_depends_on",
            "module.cluster.data.google_container_engine_versions.zone",
            "module.cluster.google_project_iam_member.cluster_service_account-gcr"
          ]
        }
      ]
    },
    {
      "module": "module.asm[\"1\"].module.asm_install.module.gcloud_kubectl",
      "mode": "managed",
      "type": "null_resource",
      "name": "run_command",
      "provider": "provider[\"registry.terraform.io/hashicorp/null\"]",
      "instances": [
        {
          "index_key": 0,
          "status": "tainted",
          "schema_version": 0,
          "attributes": {
            "id": "3987980194999752490",
            "triggers": {
              "arguments": "5c3b7224ab29f35e0b81da0002e8aba3",
              "create_cmd_body": "gke-anthos-north europe-north1 anthos-lab-310709 false false .terraform/modules/asm/modules/asm/scripts/install_asm.sh anthos-lab-310709 gke-anthos-north europe-north1 1.10 install false false none none true false false false true none meshca none none none none none none none none false",
              "create_cmd_entrypoint": ".terraform/modules/asm.asm_install/modules/kubectl-wrapper/scripts/kubectl_wrapper.sh",
              "gcloud_bin_abs_path": "/google-cloud-sdk/bin",
              "md5": "e627e32153bec1f541e9280799cc792c"
            }
          },
          "sensitive_attributes": [],
          "private": "bnVsbA==",
          "dependencies": [
            "data.google_project.project",
            "module.asm.google_project_iam_member.asm_iam",
            "module.asm.module.asm-services.google_project_service.project_services",
            "module.asm.module.asm_install.module.gcloud_kubectl.data.external.env_override",
            "module.asm.module.asm_install.module.gcloud_kubectl.null_resource.additional_components",
            "module.asm.module.asm_install.module.gcloud_kubectl.null_resource.decompress",
            "module.asm.module.asm_install.module.gcloud_kubectl.null_resource.gcloud_auth_google_credentials",
            "module.asm.module.asm_install.module.gcloud_kubectl.null_resource.gcloud_auth_service_account_key_file",
            "module.asm.module.asm_install.module.gcloud_kubectl.null_resource.module_depends_on",
            "module.asm.module.asm_install.module.gcloud_kubectl.random_id.cache",
            "module.cluster.data.google_compute_subnetwork.gke_subnetwork",
            "module.cluster.data.google_compute_zones.available",
            "module.cluster.data.google_container_engine_versions.region",
            "module.cluster.data.google_container_engine_versions.zone",
            "module.cluster.google_compute_firewall.intra_egress",
            "module.cluster.google_compute_firewall.master_webhooks",
            "module.cluster.google_compute_firewall.shadow_allow_master",
            "module.cluster.google_compute_firewall.shadow_allow_nodes",
            "module.cluster.google_compute_firewall.shadow_allow_pods",
            "module.cluster.google_container_cluster.primary",
            "module.cluster.google_container_node_pool.pools",
            "module.cluster.google_project_iam_member.cluster_service_account-artifact-registry",
            "module.cluster.google_project_iam_member.cluster_service_account-gcr",
            "module.cluster.google_project_iam_member.cluster_service_account-log_writer",
            "module.cluster.google_project_iam_member.cluster_service_account-metric_writer",
            "module.cluster.google_project_iam_member.cluster_service_account-monitoring_viewer",
            "module.cluster.google_project_iam_member.cluster_service_account-resourceMetadata-writer",
            "module.cluster.google_service_account.cluster_service_account",
            "module.cluster.kubernetes_config_map.ip-masq-agent",
            "module.cluster.kubernetes_config_map.kube-dns",
            "module.cluster.kubernetes_config_map.kube-dns-upstream-nameservers-and-stub-domains",
            "module.cluster.kubernetes_config_map.kube-dns-upstream-namservers",
            "module.cluster.module.gcloud_delete_default_kube_dns_configmap.module.gcloud_kubectl.data.external.env_override",
            "module.cluster.module.gcloud_delete_default_kube_dns_configmap.module.gcloud_kubectl.null_resource.additional_components",
            "module.cluster.module.gcloud_delete_default_kube_dns_configmap.module.gcloud_kubectl.null_resource.additional_components_destroy",
            "module.cluster.module.gcloud_delete_default_kube_dns_configmap.module.gcloud_kubectl.null_resource.decompress",
            "module.cluster.module.gcloud_delete_default_kube_dns_configmap.module.gcloud_kubectl.null_resource.decompress_destroy",
            "module.cluster.module.gcloud_delete_default_kube_dns_configmap.module.gcloud_kubectl.null_resource.download_gcloud",
            "module.cluster.module.gcloud_delete_default_kube_dns_configmap.module.gcloud_kubectl.null_resource.download_jq",
            "module.cluster.module.gcloud_delete_default_kube_dns_configmap.module.gcloud_kubectl.null_resource.gcloud_auth_google_credentials",
            "module.cluster.module.gcloud_delete_default_kube_dns_configmap.module.gcloud_kubectl.null_resource.gcloud_auth_google_credentials_destroy",
            "module.cluster.module.gcloud_delete_default_kube_dns_configmap.module.gcloud_kubectl.null_resource.gcloud_auth_service_account_key_file",
            "module.cluster.module.gcloud_delete_default_kube_dns_configmap.module.gcloud_kubectl.null_resource.gcloud_auth_service_account_key_file_destroy",
            "module.cluster.module.gcloud_delete_default_kube_dns_configmap.module.gcloud_kubectl.null_resource.module_depends_on",
            "module.cluster.module.gcloud_delete_default_kube_dns_configmap.module.gcloud_kubectl.null_resource.prepare_cache",
            "module.cluster.module.gcloud_delete_default_kube_dns_configmap.module.gcloud_kubectl.null_resource.run_command",
            "module.cluster.module.gcloud_delete_default_kube_dns_configmap.module.gcloud_kubectl.null_resource.run_destroy_command",
            "module.cluster.module.gcloud_delete_default_kube_dns_configmap.module.gcloud_kubectl.null_resource.upgrade",
            "module.cluster.module.gcloud_delete_default_kube_dns_configmap.module.gcloud_kubectl.null_resource.upgrade_destroy",
            "module.cluster.module.gcloud_delete_default_kube_dns_configmap.module.gcloud_kubectl.random_id.cache",
            "module.cluster.random_shuffle.available_zones",
            "module.cluster.random_string.cluster_service_account_suffix",
            "module.project-services.google_project_service.project_services"
          ]
        }
      ]
    },
    {
      "module": "module.asm[\"1\"].module.asm_install.module.gcloud_kubectl",
      "mode": "managed",
      "type": "null_resource",
      "name": "run_destroy_command",
      "provider": "provider[\"registry.terraform.io/hashicorp/null\"]",
      "instances": [
        {
          "index_key": 0,
          "schema_version": 0,
          "attributes": {
            "id": "4452723550363197593",
            "triggers": {
              "destroy_cmd_body": "gke-anthos-north europe-north1 anthos-lab-310709 false false .terraform/modules/asm/modules/asm/scripts/destroy_asm.sh",
              "destroy_cmd_entrypoint": ".terraform/modules/asm.asm_install/modules/kubectl-wrapper/scripts/kubectl_wrapper.sh",
              "gcloud_bin_abs_path": "/google-cloud-sdk/bin"
            }
          },
          "sensitive_attributes": [],
          "private": "bnVsbA==",
          "dependencies": [
            "module.asm.module.asm_install.module.gcloud_kubectl.null_resource.download_gcloud",
            "module.asm.module.asm_install.module.gcloud_kubectl.null_resource.gcloud_auth_google_credentials",
            "module.cluster.google_project_iam_member.cluster_service_account-log_writer",
            "module.cluster.random_shuffle.available_zones",
            "module.cluster.random_string.cluster_service_account_suffix",
            "module.asm.module.asm_install.module.gcloud_kubectl.null_resource.upgrade",
            "module.cluster.data.google_compute_zones.available",
            "module.asm.module.asm_install.module.gcloud_kubectl.null_resource.additional_components",
            "module.cluster.kubernetes_config_map.ip-masq-agent",
            "module.cluster.kubernetes_config_map.kube-dns",
            "module.cluster.module.gcloud_delete_default_kube_dns_configmap.module.gcloud_kubectl.null_resource.module_depends_on",
            "module.asm.module.asm_install.module.gcloud_kubectl.random_id.cache",
            "module.cluster.data.google_compute_subnetwork.gke_subnetwork",
            "module.cluster.google_container_cluster.primary",
            "module.cluster.module.gcloud_delete_default_kube_dns_configmap.module.gcloud_kubectl.null_resource.run_destroy_command",
            "module.project-services.google_project_service.project_services",
            "module.cluster.module.gcloud_delete_default_kube_dns_configmap.module.gcloud_kubectl.random_id.cache",
            "module.asm.module.asm_install.module.gcloud_kubectl.data.external.env_override",
            "module.asm.module.asm_install.module.gcloud_kubectl.null_resource.prepare_cache",
            "module.cluster.module.gcloud_delete_default_kube_dns_configmap.module.gcloud_kubectl.null_resource.prepare_cache",
            "module.asm.module.asm-services.google_project_service.project_services",
            "module.cluster.google_compute_firewall.shadow_allow_nodes",
            "module.cluster.google_compute_firewall.shadow_allow_pods",
            "module.cluster.kubernetes_config_map.kube-dns-upstream-nameservers-and-stub-domains",
            "module.cluster.module.gcloud_delete_default_kube_dns_configmap.module.gcloud_kubectl.null_resource.decompress",
            "module.cluster.module.gcloud_delete_default_kube_dns_configmap.module.gcloud_kubectl.null_resource.gcloud_auth_service_account_key_file_destroy",
            "data.google_project.project",
            "module.cluster.google_container_node_pool.pools",
            "module.cluster.kubernetes_config_map.kube-dns-upstream-namservers",
            "module.cluster.module.gcloud_delete_default_kube_dns_configmap.module.gcloud_kubectl.null_resource.decompress_destroy",
            "module.cluster.module.gcloud_delete_default_kube_dns_configmap.module.gcloud_kubectl.null_resource.gcloud_auth_service_account_key_file",
            "module.cluster.data.google_container_engine_versions.zone",
            "module.cluster.google_project_iam_member.cluster_service_account-gcr",
            "module.cluster.module.gcloud_delete_default_kube_dns_configmap.module.gcloud_kubectl.null_resource.gcloud_auth_google_credentials_destroy",
            "module.asm.module.asm_install.module.gcloud_kubectl.null_resource.download_jq",
            "module.asm.module.asm_install.module.gcloud_kubectl.null_resource.module_depends_on",
            "module.cluster.google_compute_firewall.intra_egress",
            "module.cluster.module.gcloud_delete_default_kube_dns_configmap.module.gcloud_kubectl.null_resource.upgrade_destroy",
            "module.cluster.google_project_iam_member.cluster_service_account-artifact-registry",
            "module.cluster.google_project_iam_member.cluster_service_account-resourceMetadata-writer",
            "module.cluster.google_service_account.cluster_service_account",
            "module.cluster.module.gcloud_delete_default_kube_dns_configmap.module.gcloud_kubectl.null_resource.additional_components",
            "module.asm.google_project_iam_member.asm_iam",
            "module.cluster.data.google_container_engine_versions.region",
            "module.cluster.google_compute_firewall.shadow_allow_master",
            "module.cluster.google_project_iam_member.cluster_service_account-monitoring_viewer",
            "module.cluster.module.gcloud_delete_default_kube_dns_configmap.module.gcloud_kubectl.data.external.env_override",
            "module.cluster.module.gcloud_delete_default_kube_dns_configmap.module.gcloud_kubectl.null_resource.gcloud_auth_google_credentials",
            "module.cluster.module.gcloud_delete_default_kube_dns_configmap.module.gcloud_kubectl.null_resource.upgrade",
            "module.cluster.google_compute_firewall.master_webhooks",
            "module.cluster.google_project_iam_member.cluster_service_account-metric_writer",
            "module.asm.module.asm_install.module.gcloud_kubectl.null_resource.decompress",
            "module.asm.module.asm_install.module.gcloud_kubectl.null_resource.gcloud_auth_service_account_key_file",
            "module.cluster.module.gcloud_delete_default_kube_dns_configmap.module.gcloud_kubectl.null_resource.additional_components_destroy",
            "module.cluster.module.gcloud_delete_default_kube_dns_configmap.module.gcloud_kubectl.null_resource.download_gcloud",
            "module.cluster.module.gcloud_delete_default_kube_dns_configmap.module.gcloud_kubectl.null_resource.download_jq",
            "module.cluster.module.gcloud_delete_default_kube_dns_configmap.module.gcloud_kubectl.null_resource.run_command"
          ]
        }
      ]
    },
    {
      "module": "module.asm[\"1\"].module.asm_install.module.gcloud_kubectl",
      "mode": "managed",
      "type": "null_resource",
      "name": "upgrade",
      "provider": "provider[\"registry.terraform.io/hashicorp/null\"]",
      "instances": []
    },
    {
      "module": "module.asm[\"1\"].module.asm_install.module.gcloud_kubectl",
      "mode": "managed",
      "type": "random_id",
      "name": "cache",
      "provider": "provider[\"registry.terraform.io/hashicorp/random\"]",
      "instances": []
    },
    {
      "module": "module.asm[\"2\"]",
      "mode": "data",
      "type": "google_project",
      "name": "asm_project",
      "provider": "provider[\"registry.terraform.io/hashicorp/google\"]",
      "instances": [
        {
          "schema_version": 0,
          "attributes": {
            "auto_create_network": null,
            "billing_account": "012367-3DB5FD-6C3D7D",
            "folder_id": "971134663124",
            "id": "projects/anthos-lab-310709",
            "labels": {
              "ambiente": "test9",
              "descrizione_applicazione": "test7",
              "destinazione_duso": "test8",
              "nome_applicazione": "test6",
              "service_line": "opensource",
              "tipo_progetto": "test10"
            },
            "name": "Anthos-Lab",
            "number": "963943038361",
            "org_id": "",
            "project_id": "anthos-lab-310709",
            "skip_delete": null
          },
          "sensitive_attributes": []
        }
      ]
    },
    {
      "module": "module.asm[\"2\"]",
      "mode": "managed",
      "type": "google_project_iam_member",
      "name": "asm_iam",
      "provider": "provider[\"registry.terraform.io/hashicorp/google\"]",
      "instances": []
    },
    {
      "module": "module.asm[\"2\"].module.asm_install.module.gcloud_kubectl",
      "mode": "data",
      "type": "external",
      "name": "env_override",
      "provider": "provider[\"registry.terraform.io/hashicorp/external\"]",
      "instances": [
        {
          "index_key": 0,
          "schema_version": 0,
          "attributes": {
            "id": "-",
            "program": [
              ".terraform/modules/asm.asm_install/scripts/check_env.sh"
            ],
            "query": null,
            "result": {
              "download": ""
            },
            "working_dir": null
          },
          "sensitive_attributes": []
        }
      ]
    },
    {
      "module": "module.asm[\"2\"].module.asm_install.module.gcloud_kubectl",
      "mode": "managed",
      "type": "null_resource",
      "name": "additional_components",
      "provider": "provider[\"registry.terraform.io/hashicorp/null\"]",
      "instances": [
        {
          "index_key": 0,
          "schema_version": 0,
          "attributes": {
            "id": "6859610007864400140",
            "triggers": {
              "additional_components_command": ".terraform/modules/asm.asm_install/scripts/check_components.sh gcloud kubectl,kpt,beta",
              "arguments": "81e6e053e20a0ad204c1afc331095bfe",
              "md5": "e627e32153bec1f541e9280799cc792c"
            }
          },
          "sensitive_attributes": [],
          "private": "bnVsbA==",
          "dependencies": [
            "module.cluster.module.gcloud_delete_default_kube_dns_configmap.module.gcloud_kubectl.null_resource.upgrade",
            "module.cluster.kubernetes_config_map.kube-dns",
            "module.cluster.kubernetes_config_map.kube-dns-upstream-namservers",
            "module.cluster.module.gcloud_delete_default_kube_dns_configmap.module.gcloud_kubectl.null_resource.gcloud_auth_service_account_key_file",
            "module.cluster.module.gcloud_delete_default_kube_dns_configmap.module.gcloud_kubectl.null_resource.run_destroy_command",
            "module.asm.module.asm_install.module.gcloud_kubectl.null_resource.module_depends_on",
            "module.cluster.module.gcloud_delete_default_kube_dns_configmap.module.gcloud_kubectl.data.external.env_override",
            "module.cluster.google_compute_firewall.master_webhooks",
            "module.cluster.module.gcloud_delete_default_kube_dns_configmap.module.gcloud_kubectl.null_resource.additional_components",
            "module.cluster.module.gcloud_delete_default_kube_dns_configmap.module.gcloud_kubectl.null_resource.gcloud_auth_google_credentials",
            "module.cluster.module.gcloud_delete_default_kube_dns_configmap.module.gcloud_kubectl.null_resource.upgrade_destroy",
            "module.asm.google_project_iam_member.asm_iam",
            "module.asm.module.asm_install.module.gcloud_kubectl.null_resource.upgrade",
            "module.cluster.google_project_iam_member.cluster_service_account-resourceMetadata-writer",
            "module.project-services.google_project_service.project_services",
            "module.asm.module.asm_install.module.gcloud_kubectl.null_resource.decompress",
            "module.asm.module.asm_install.module.gcloud_kubectl.null_resource.download_jq",
            "module.cluster.google_project_iam_member.cluster_service_account-monitoring_viewer",
            "module.cluster.google_service_account.cluster_service_account",
            "module.cluster.kubernetes_config_map.ip-masq-agent",
            "data.google_project.project",
            "module.cluster.google_compute_firewall.shadow_allow_pods",
            "module.cluster.kubernetes_config_map.kube-dns-upstream-nameservers-and-stub-domains",
            "module.cluster.google_project_iam_member.cluster_service_account-gcr",
            "module.cluster.google_project_iam_member.cluster_service_account-log_writer",
            "module.cluster.module.gcloud_delete_default_kube_dns_configmap.module.gcloud_kubectl.null_resource.decompress_destroy",
            "module.cluster.module.gcloud_delete_default_kube_dns_configmap.module.gcloud_kubectl.null_resource.download_gcloud",
            "module.cluster.random_shuffle.available_zones",
            "module.asm.module.asm_install.module.gcloud_kubectl.null_resource.prepare_cache",
            "module.asm.module.asm_install.module.gcloud_kubectl.random_id.cache",
            "module.cluster.data.google_container_engine_versions.zone",
            "module.cluster.google_compute_firewall.shadow_allow_master",
            "module.cluster.google_compute_firewall.shadow_allow_nodes",
            "module.asm.module.asm-services.google_project_service.project_services",
            "module.asm.module.asm_install.module.gcloud_kubectl.null_resource.download_gcloud",
            "module.cluster.module.gcloud_delete_default_kube_dns_configmap.module.gcloud_kubectl.random_id.cache",
            "module.cluster.google_project_iam_member.cluster_service_account-artifact-registry",
            "module.cluster.module.gcloud_delete_default_kube_dns_configmap.module.gcloud_kubectl.null_resource.prepare_cache",
            "module.cluster.module.gcloud_delete_default_kube_dns_configmap.module.gcloud_kubectl.null_resource.module_depends_on",
            "module.cluster.data.google_compute_zones.available",
            "module.cluster.module.gcloud_delete_default_kube_dns_configmap.module.gcloud_kubectl.null_resource.gcloud_auth_google_credentials_destroy",
            "module.cluster.module.gcloud_delete_default_kube_dns_configmap.module.gcloud_kubectl.null_resource.run_command",
            "module.cluster.google_compute_firewall.intra_egress",
            "module.cluster.google_container_cluster.primary",
            "module.cluster.data.google_container_engine_versions.region",
            "module.cluster.google_container_node_pool.pools",
            "module.cluster.module.gcloud_delete_default_kube_dns_configmap.module.gcloud_kubectl.null_resource.decompress",
            "module.cluster.module.gcloud_delete_default_kube_dns_configmap.module.gcloud_kubectl.null_resource.download_jq",
            "module.cluster.random_string.cluster_service_account_suffix",
            "module.cluster.google_project_iam_member.cluster_service_account-metric_writer",
            "module.cluster.module.gcloud_delete_default_kube_dns_configmap.module.gcloud_kubectl.null_resource.additional_components_destroy",
            "module.cluster.module.gcloud_delete_default_kube_dns_configmap.module.gcloud_kubectl.null_resource.gcloud_auth_service_account_key_file_destroy",
            "module.asm.module.asm_install.module.gcloud_kubectl.data.external.env_override",
            "module.cluster.data.google_compute_subnetwork.gke_subnetwork"
          ]
        }
      ]
    },
    {
      "module": "module.asm[\"2\"].module.asm_install.module.gcloud_kubectl",
      "mode": "managed",
      "type": "null_resource",
      "name": "additional_components_destroy",
      "provider": "provider[\"registry.terraform.io/hashicorp/null\"]",
      "instances": [
        {
          "index_key": 0,
          "schema_version": 0,
          "attributes": {
            "id": "6543540483630428644",
            "triggers": {
              "additional_components_command": ".terraform/modules/asm.asm_install/scripts/check_components.sh gcloud kubectl,kpt,beta"
            }
          },
          "sensitive_attributes": [],
          "private": "bnVsbA==",
          "dependencies": [
            "module.cluster.google_project_iam_member.cluster_service_account-monitoring_viewer",
            "module.cluster.kubernetes_config_map.kube-dns",
            "module.cluster.kubernetes_config_map.kube-dns-upstream-namservers",
            "module.cluster.module.gcloud_delete_default_kube_dns_configmap.module.gcloud_kubectl.null_resource.additional_components_destroy",
            "module.cluster.module.gcloud_delete_default_kube_dns_configmap.module.gcloud_kubectl.null_resource.gcloud_auth_service_account_key_file_destroy",
            "module.asm.module.asm_install.module.gcloud_kubectl.null_resource.download_jq",
            "module.asm.module.asm_install.module.gcloud_kubectl.null_resource.gcloud_auth_google_credentials",
            "module.asm.module.asm_install.module.gcloud_kubectl.random_id.cache",
            "module.cluster.google_compute_firewall.shadow_allow_master",
            "module.asm.module.asm_install.module.gcloud_kubectl.null_resource.decompress",
            "module.asm.module.asm_install.module.gcloud_kubectl.null_resource.gcloud_auth_service_account_key_file",
            "module.cluster.module.gcloud_delete_default_kube_dns_configmap.module.gcloud_kubectl.data.external.env_override",
            "module.cluster.module.gcloud_delete_default_kube_dns_configmap.module.gcloud_kubectl.null_resource.gcloud_auth_google_credentials",
            "module.asm.google_project_iam_member.asm_iam",
            "module.cluster.data.google_container_engine_versions.region",
            "module.cluster.google_container_node_pool.pools",
            "module.cluster.google_project_iam_member.cluster_service_account-resourceMetadata-writer",
            "module.cluster.module.gcloud_delete_default_kube_dns_configmap.module.gcloud_kubectl.null_resource.decompress_destroy",
            "module.asm.module.asm_install.module.gcloud_kubectl.null_resource.prepare_cache",
            "module.cluster.module.gcloud_delete_default_kube_dns_configmap.module.gcloud_kubectl.null_resource.run_destroy_command",
            "module.cluster.google_compute_firewall.intra_egress",
            "module.cluster.google_compute_firewall.master_webhooks",
            "module.cluster.google_container_cluster.primary",
            "module.cluster.kubernetes_config_map.kube-dns-upstream-nameservers-and-stub-domains",
            "module.cluster.module.gcloud_delete_default_kube_dns_configmap.module.gcloud_kubectl.null_resource.decompress",
            "data.google_project.project",
            "module.cluster.google_project_iam_member.cluster_service_account-gcr",
            "module.cluster.module.gcloud_delete_default_kube_dns_configmap.module.gcloud_kubectl.null_resource.upgrade_destroy",
            "module.project-services.google_project_service.project_services",
            "module.asm.module.asm_install.module.gcloud_kubectl.data.external.env_override",
            "module.asm.module.asm_install.module.gcloud_kubectl.null_resource.run_destroy_command",
            "module.cluster.data.google_compute_zones.available",
            "module.cluster.google_project_iam_member.cluster_service_account-artifact-registry",
            "module.cluster.google_project_iam_member.cluster_service_account-log_writer",
            "module.cluster.google_project_iam_member.cluster_service_account-metric_writer",
            "module.cluster.kubernetes_config_map.ip-masq-agent",
            "module.cluster.module.gcloud_delete_default_kube_dns_configmap.module.gcloud_kubectl.null_resource.download_jq",
            "module.cluster.module.gcloud_delete_default_kube_dns_configmap.module.gcloud_kubectl.null_resource.run_command",
            "module.cluster.module.gcloud_delete_default_kube_dns_configmap.module.gcloud_kubectl.null_resource.upgrade",
            "module.cluster.random_shuffle.available_zones",
            "module.cluster.random_string.cluster_service_account_suffix",
            "module.asm.module.asm_install.module.gcloud_kubectl.null_resource.download_gcloud",
            "module.cluster.data.google_compute_subnetwork.gke_subnetwork",
            "module.cluster.google_service_account.cluster_service_account",
            "module.cluster.module.gcloud_delete_default_kube_dns_configmap.module.gcloud_kubectl.random_id.cache",
            "module.cluster.module.gcloud_delete_default_kube_dns_configmap.module.gcloud_kubectl.null_resource.module_depends_on",
            "module.cluster.module.gcloud_delete_default_kube_dns_configmap.module.gcloud_kubectl.null_resource.prepare_cache",
            "module.asm.module.asm-services.google_project_service.project_services",
            "module.cluster.module.gcloud_delete_default_kube_dns_configmap.module.gcloud_kubectl.null_resource.gcloud_auth_google_credentials_destroy",
            "module.cluster.module.gcloud_delete_default_kube_dns_configmap.module.gcloud_kubectl.null_resource.gcloud_auth_service_account_key_file",
            "module.asm.module.asm_install.module.gcloud_kubectl.null_resource.additional_components",
            "module.asm.module.asm_install.module.gcloud_kubectl.null_resource.module_depends_on",
            "module.cluster.google_compute_firewall.shadow_allow_nodes",
            "module.cluster.module.gcloud_delete_default_kube_dns_configmap.module.gcloud_kubectl.null_resource.additional_components",
            "module.asm.module.asm_install.module.gcloud_kubectl.null_resource.upgrade",
            "module.cluster.data.google_container_engine_versions.zone",
            "module.cluster.google_compute_firewall.shadow_allow_pods",
            "module.cluster.module.gcloud_delete_default_kube_dns_configmap.module.gcloud_kubectl.null_resource.download_gcloud"
          ]
        }
      ]
    },
    {
      "module": "module.asm[\"2\"].module.asm_install.module.gcloud_kubectl",
      "mode": "managed",
      "type": "null_resource",
      "name": "decompress",
      "provider": "provider[\"registry.terraform.io/hashicorp/null\"]",
      "instances": []
    },
    {
      "module": "module.asm[\"2\"].module.asm_install.module.gcloud_kubectl",
      "mode": "managed",
      "type": "null_resource",
      "name": "gcloud_auth_google_credentials",
      "provider": "provider[\"registry.terraform.io/hashicorp/null\"]",
      "instances": []
    },
    {
      "module": "module.asm[\"2\"].module.asm_install.module.gcloud_kubectl",
      "mode": "managed",
      "type": "null_resource",
      "name": "gcloud_auth_service_account_key_file",
      "provider": "provider[\"registry.terraform.io/hashicorp/null\"]",
      "instances": []
    },
    {
      "module": "module.asm[\"2\"].module.asm_install.module.gcloud_kubectl",
      "mode": "managed",
      "type": "null_resource",
      "name": "module_depends_on",
      "provider": "provider[\"registry.terraform.io/hashicorp/null\"]",
      "instances": [
        {
          "index_key": 0,
          "schema_version": 0,
          "attributes": {
            "id": "4527903033626987949",
            "triggers": {
              "value": "1"
            }
          },
          "sensitive_attributes": [],
          "private": "bnVsbA==",
          "dependencies": [
            "module.cluster.google_project_iam_member.cluster_service_account-metric_writer",
            "module.cluster.module.gcloud_delete_default_kube_dns_configmap.module.gcloud_kubectl.null_resource.additional_components",
            "module.cluster.module.gcloud_delete_default_kube_dns_configmap.module.gcloud_kubectl.null_resource.gcloud_auth_service_account_key_file_destroy",
            "module.cluster.module.gcloud_delete_default_kube_dns_configmap.module.gcloud_kubectl.null_resource.prepare_cache",
            "module.cluster.google_compute_firewall.shadow_allow_pods",
            "module.cluster.kubernetes_config_map.kube-dns",
            "module.cluster.kubernetes_config_map.kube-dns-upstream-nameservers-and-stub-domains",
            "module.cluster.module.gcloud_delete_default_kube_dns_configmap.module.gcloud_kubectl.null_resource.gcloud_auth_google_credentials_destroy",
            "module.cluster.module.gcloud_delete_default_kube_dns_configmap.module.gcloud_kubectl.null_resource.upgrade",
            "module.cluster.google_compute_firewall.master_webhooks",
            "module.cluster.data.google_container_engine_versions.zone",
            "module.cluster.google_compute_firewall.shadow_allow_nodes",
            "module.cluster.google_service_account.cluster_service_account",
            "module.cluster.module.gcloud_delete_default_kube_dns_configmap.module.gcloud_kubectl.data.external.env_override",
            "module.cluster.module.gcloud_delete_default_kube_dns_configmap.module.gcloud_kubectl.random_id.cache",
            "module.cluster.data.google_compute_zones.available",
            "module.cluster.google_project_iam_member.cluster_service_account-artifact-registry",
            "module.cluster.module.gcloud_delete_default_kube_dns_configmap.module.gcloud_kubectl.null_resource.decompress",
            "module.cluster.module.gcloud_delete_default_kube_dns_configmap.module.gcloud_kubectl.null_resource.gcloud_auth_google_credentials",
            "module.cluster.random_shuffle.available_zones",
            "module.cluster.data.google_container_engine_versions.region",
            "module.cluster.google_project_iam_member.cluster_service_account-monitoring_viewer",
            "module.cluster.module.gcloud_delete_default_kube_dns_configmap.module.gcloud_kubectl.null_resource.additional_components_destroy",
            "module.cluster.module.gcloud_delete_default_kube_dns_configmap.module.gcloud_kubectl.null_resource.download_gcloud",
            "module.cluster.module.gcloud_delete_default_kube_dns_configmap.module.gcloud_kubectl.null_resource.download_jq",
            "module.cluster.module.gcloud_delete_default_kube_dns_configmap.module.gcloud_kubectl.null_resource.gcloud_auth_service_account_key_file",
            "module.cluster.module.gcloud_delete_default_kube_dns_configmap.module.gcloud_kubectl.null_resource.run_destroy_command",
            "module.cluster.module.gcloud_delete_default_kube_dns_configmap.module.gcloud_kubectl.null_resource.upgrade_destroy",
            "module.asm.google_project_iam_member.asm_iam",
            "module.cluster.google_container_cluster.primary",
            "module.cluster.google_project_iam_member.cluster_service_account-gcr",
            "module.cluster.google_project_iam_member.cluster_service_account-resourceMetadata-writer",
            "module.cluster.kubernetes_config_map.ip-masq-agent",
            "module.cluster.kubernetes_config_map.kube-dns-upstream-namservers",
            "module.cluster.module.gcloud_delete_default_kube_dns_configmap.module.gcloud_kubectl.null_resource.decompress_destroy",
            "module.cluster.google_compute_firewall.intra_egress",
            "module.asm.module.asm-services.google_project_service.project_services",
            "module.cluster.google_container_node_pool.pools",
            "module.cluster.module.gcloud_delete_default_kube_dns_configmap.module.gcloud_kubectl.null_resource.module_depends_on",
            "module.cluster.random_string.cluster_service_account_suffix",
            "data.google_project.project",
            "module.cluster.google_compute_firewall.shadow_allow_master",
            "module.cluster.google_project_iam_member.cluster_service_account-log_writer",
            "module.cluster.module.gcloud_delete_default_kube_dns_configmap.module.gcloud_kubectl.null_resource.run_command",
            "module.project-services.google_project_service.project_services",
            "module.cluster.data.google_compute_subnetwork.gke_subnetwork"
          ]
        }
      ]
    },
    {
      "module": "module.asm[\"2\"].module.asm_install.module.gcloud_kubectl",
      "mode": "managed",
      "type": "null_resource",
      "name": "run_command",
      "provider": "provider[\"registry.terraform.io/hashicorp/null\"]",
      "instances": [
        {
          "index_key": 0,
          "status": "tainted",
          "schema_version": 0,
          "attributes": {
            "id": "6388682993689011257",
            "triggers": {
              "arguments": "81e6e053e20a0ad204c1afc331095bfe",
              "create_cmd_body": "gke-ingress europe-west1 anthos-lab-310709 false false .terraform/modules/asm/modules/asm/scripts/install_asm.sh anthos-lab-310709 gke-ingress europe-west1 1.10 install false false none none true false false false true none meshca none none none none none none none none false",
              "create_cmd_entrypoint": ".terraform/modules/asm.asm_install/modules/kubectl-wrapper/scripts/kubectl_wrapper.sh",
              "gcloud_bin_abs_path": "/google-cloud-sdk/bin",
              "md5": "e627e32153bec1f541e9280799cc792c"
            }
          },
          "sensitive_attributes": [],
          "private": "bnVsbA==",
          "dependencies": [
            "data.google_project.project",
            "module.asm.google_project_iam_member.asm_iam",
            "module.asm.module.asm-services.google_project_service.project_services",
            "module.asm.module.asm_install.module.gcloud_kubectl.data.external.env_override",
            "module.asm.module.asm_install.module.gcloud_kubectl.null_resource.additional_components",
            "module.asm.module.asm_install.module.gcloud_kubectl.null_resource.decompress",
            "module.asm.module.asm_install.module.gcloud_kubectl.null_resource.gcloud_auth_google_credentials",
            "module.asm.module.asm_install.module.gcloud_kubectl.null_resource.gcloud_auth_service_account_key_file",
            "module.asm.module.asm_install.module.gcloud_kubectl.null_resource.module_depends_on",
            "module.asm.module.asm_install.module.gcloud_kubectl.random_id.cache",
            "module.cluster.data.google_compute_subnetwork.gke_subnetwork",
            "module.cluster.data.google_compute_zones.available",
            "module.cluster.data.google_container_engine_versions.region",
            "module.cluster.data.google_container_engine_versions.zone",
            "module.cluster.google_compute_firewall.intra_egress",
            "module.cluster.google_compute_firewall.master_webhooks",
            "module.cluster.google_compute_firewall.shadow_allow_master",
            "module.cluster.google_compute_firewall.shadow_allow_nodes",
            "module.cluster.google_compute_firewall.shadow_allow_pods",
            "module.cluster.google_container_cluster.primary",
            "module.cluster.google_container_node_pool.pools",
            "module.cluster.google_project_iam_member.cluster_service_account-artifact-registry",
            "module.cluster.google_project_iam_member.cluster_service_account-gcr",
            "module.cluster.google_project_iam_member.cluster_service_account-log_writer",
            "module.cluster.google_project_iam_member.cluster_service_account-metric_writer",
            "module.cluster.google_project_iam_member.cluster_service_account-monitoring_viewer",
            "module.cluster.google_project_iam_member.cluster_service_account-resourceMetadata-writer",
            "module.cluster.google_service_account.cluster_service_account",
            "module.cluster.kubernetes_config_map.ip-masq-agent",
            "module.cluster.kubernetes_config_map.kube-dns",
            "module.cluster.kubernetes_config_map.kube-dns-upstream-nameservers-and-stub-domains",
            "module.cluster.kubernetes_config_map.kube-dns-upstream-namservers",
            "module.cluster.module.gcloud_delete_default_kube_dns_configmap.module.gcloud_kubectl.data.external.env_override",
            "module.cluster.module.gcloud_delete_default_kube_dns_configmap.module.gcloud_kubectl.null_resource.additional_components",
            "module.cluster.module.gcloud_delete_default_kube_dns_configmap.module.gcloud_kubectl.null_resource.additional_components_destroy",
            "module.cluster.module.gcloud_delete_default_kube_dns_configmap.module.gcloud_kubectl.null_resource.decompress",
            "module.cluster.module.gcloud_delete_default_kube_dns_configmap.module.gcloud_kubectl.null_resource.decompress_destroy",
            "module.cluster.module.gcloud_delete_default_kube_dns_configmap.module.gcloud_kubectl.null_resource.download_gcloud",
            "module.cluster.module.gcloud_delete_default_kube_dns_configmap.module.gcloud_kubectl.null_resource.download_jq",
            "module.cluster.module.gcloud_delete_default_kube_dns_configmap.module.gcloud_kubectl.null_resource.gcloud_auth_google_credentials",
            "module.cluster.module.gcloud_delete_default_kube_dns_configmap.module.gcloud_kubectl.null_resource.gcloud_auth_google_credentials_destroy",
            "module.cluster.module.gcloud_delete_default_kube_dns_configmap.module.gcloud_kubectl.null_resource.gcloud_auth_service_account_key_file",
            "module.cluster.module.gcloud_delete_default_kube_dns_configmap.module.gcloud_kubectl.null_resource.gcloud_auth_service_account_key_file_destroy",
            "module.cluster.module.gcloud_delete_default_kube_dns_configmap.module.gcloud_kubectl.null_resource.module_depends_on",
            "module.cluster.module.gcloud_delete_default_kube_dns_configmap.module.gcloud_kubectl.null_resource.prepare_cache",
            "module.cluster.module.gcloud_delete_default_kube_dns_configmap.module.gcloud_kubectl.null_resource.run_command",
            "module.cluster.module.gcloud_delete_default_kube_dns_configmap.module.gcloud_kubectl.null_resource.run_destroy_command",
            "module.cluster.module.gcloud_delete_default_kube_dns_configmap.module.gcloud_kubectl.null_resource.upgrade",
            "module.cluster.module.gcloud_delete_default_kube_dns_configmap.module.gcloud_kubectl.null_resource.upgrade_destroy",
            "module.cluster.module.gcloud_delete_default_kube_dns_configmap.module.gcloud_kubectl.random_id.cache",
            "module.cluster.random_shuffle.available_zones",
            "module.cluster.random_string.cluster_service_account_suffix",
            "module.project-services.google_project_service.project_services"
          ]
        }
      ]
    },
    {
      "module": "module.asm[\"2\"].module.asm_install.module.gcloud_kubectl",
      "mode": "managed",
      "type": "null_resource",
      "name": "run_destroy_command",
      "provider": "provider[\"registry.terraform.io/hashicorp/null\"]",
      "instances": [
        {
          "index_key": 0,
          "schema_version": 0,
          "attributes": {
            "id": "7779157339956802549",
            "triggers": {
              "destroy_cmd_body": "gke-ingress europe-west1 anthos-lab-310709 false false .terraform/modules/asm/modules/asm/scripts/destroy_asm.sh",
              "destroy_cmd_entrypoint": ".terraform/modules/asm.asm_install/modules/kubectl-wrapper/scripts/kubectl_wrapper.sh",
              "gcloud_bin_abs_path": "/google-cloud-sdk/bin"
            }
          },
          "sensitive_attributes": [],
          "private": "bnVsbA==",
          "dependencies": [
            "module.asm.module.asm_install.module.gcloud_kubectl.random_id.cache",
            "module.cluster.google_compute_firewall.intra_egress",
            "module.cluster.module.gcloud_delete_default_kube_dns_configmap.module.gcloud_kubectl.null_resource.module_depends_on",
            "module.cluster.google_service_account.cluster_service_account",
            "module.cluster.module.gcloud_delete_default_kube_dns_configmap.module.gcloud_kubectl.null_resource.download_jq",
            "module.asm.module.asm_install.module.gcloud_kubectl.null_resource.decompress",
            "module.asm.module.asm_install.module.gcloud_kubectl.null_resource.gcloud_auth_google_credentials",
            "module.cluster.data.google_container_engine_versions.region",
            "module.cluster.google_project_iam_member.cluster_service_account-artifact-registry",
            "module.asm.module.asm_install.module.gcloud_kubectl.data.external.env_override",
            "module.cluster.module.gcloud_delete_default_kube_dns_configmap.module.gcloud_kubectl.null_resource.download_gcloud",
            "module.cluster.module.gcloud_delete_default_kube_dns_configmap.module.gcloud_kubectl.null_resource.upgrade_destroy",
            "module.project-services.google_project_service.project_services",
            "module.cluster.google_project_iam_member.cluster_service_account-log_writer",
            "module.cluster.google_project_iam_member.cluster_service_account-monitoring_viewer",
            "module.cluster.kubernetes_config_map.kube-dns",
            "module.asm.module.asm_install.module.gcloud_kubectl.null_resource.prepare_cache",
            "module.cluster.google_compute_firewall.shadow_allow_nodes",
            "module.cluster.module.gcloud_delete_default_kube_dns_configmap.module.gcloud_kubectl.null_resource.additional_components_destroy",
            "module.cluster.module.gcloud_delete_default_kube_dns_configmap.module.gcloud_kubectl.null_resource.decompress_destroy",
            "module.asm.module.asm_install.module.gcloud_kubectl.null_resource.download_gcloud",
            "module.asm.module.asm_install.module.gcloud_kubectl.null_resource.module_depends_on",
            "module.cluster.google_container_node_pool.pools",
            "module.cluster.google_project_iam_member.cluster_service_account-metric_writer",
            "module.asm.module.asm_install.module.gcloud_kubectl.null_resource.additional_components",
            "module.cluster.kubernetes_config_map.ip-masq-agent",
            "module.cluster.module.gcloud_delete_default_kube_dns_configmap.module.gcloud_kubectl.null_resource.run_destroy_command",
            "module.asm.google_project_iam_member.asm_iam",
            "module.cluster.data.google_container_engine_versions.zone",
            "module.cluster.google_container_cluster.primary",
            "module.cluster.module.gcloud_delete_default_kube_dns_configmap.module.gcloud_kubectl.null_resource.prepare_cache",
            "module.cluster.module.gcloud_delete_default_kube_dns_configmap.module.gcloud_kubectl.null_resource.upgrade",
            "module.cluster.module.gcloud_delete_default_kube_dns_configmap.module.gcloud_kubectl.random_id.cache",
            "module.cluster.module.gcloud_delete_default_kube_dns_configmap.module.gcloud_kubectl.null_resource.gcloud_auth_google_credentials_destroy",
            "module.cluster.random_shuffle.available_zones",
            "module.cluster.random_string.cluster_service_account_suffix",
            "module.asm.module.asm_install.module.gcloud_kubectl.null_resource.upgrade",
            "module.cluster.data.google_compute_zones.available",
            "module.cluster.kubernetes_config_map.kube-dns-upstream-namservers",
            "module.cluster.module.gcloud_delete_default_kube_dns_configmap.module.gcloud_kubectl.null_resource.gcloud_auth_google_credentials",
            "module.asm.module.asm_install.module.gcloud_kubectl.null_resource.gcloud_auth_service_account_key_file",
            "module.cluster.google_compute_firewall.shadow_allow_master",
            "module.cluster.kubernetes_config_map.kube-dns-upstream-nameservers-and-stub-domains",
            "module.cluster.module.gcloud_delete_default_kube_dns_configmap.module.gcloud_kubectl.data.external.env_override",
            "module.asm.module.asm-services.google_project_service.project_services",
            "module.cluster.module.gcloud_delete_default_kube_dns_configmap.module.gcloud_kubectl.null_resource.decompress",
            "module.cluster.module.gcloud_delete_default_kube_dns_configmap.module.gcloud_kubectl.null_resource.gcloud_auth_service_account_key_file_destroy",
            "module.cluster.module.gcloud_delete_default_kube_dns_configmap.module.gcloud_kubectl.null_resource.run_command",
            "module.asm.module.asm_install.module.gcloud_kubectl.null_resource.download_jq",
            "module.cluster.google_compute_firewall.shadow_allow_pods",
            "module.cluster.google_project_iam_member.cluster_service_account-gcr",
            "module.cluster.module.gcloud_delete_default_kube_dns_configmap.module.gcloud_kubectl.null_resource.additional_components",
            "module.cluster.module.gcloud_delete_default_kube_dns_configmap.module.gcloud_kubectl.null_resource.gcloud_auth_service_account_key_file",
            "data.google_project.project",
            "module.cluster.data.google_compute_subnetwork.gke_subnetwork",
            "module.cluster.google_compute_firewall.master_webhooks",
            "module.cluster.google_project_iam_member.cluster_service_account-resourceMetadata-writer"
          ]
        }
      ]
    },
    {
      "module": "module.asm[\"2\"].module.asm_install.module.gcloud_kubectl",
      "mode": "managed",
      "type": "null_resource",
      "name": "upgrade",
      "provider": "provider[\"registry.terraform.io/hashicorp/null\"]",
      "instances": []
    },
    {
      "module": "module.asm[\"2\"].module.asm_install.module.gcloud_kubectl",
      "mode": "managed",
      "type": "random_id",
      "name": "cache",
      "provider": "provider[\"registry.terraform.io/hashicorp/random\"]",
      "instances": []
    },
    {
      "module": "module.cluster[\"0\"]",
      "mode": "data",
      "type": "google_compute_zones",
      "name": "available",
      "provider": "provider[\"registry.terraform.io/hashicorp/google\"]",
      "instances": [
        {
          "schema_version": 0,
          "attributes": {
            "id": "projects/anthos-lab-310709/regions/europe-west3",
            "names": [
              "europe-west3-a",
              "europe-west3-b",
              "europe-west3-c"
            ],
            "project": "anthos-lab-310709",
            "region": "europe-west3",
            "status": null
          },
          "sensitive_attributes": []
        }
      ]
    },
    {
      "module": "module.cluster[\"0\"]",
      "mode": "data",
      "type": "google_container_engine_versions",
      "name": "region",
      "provider": "provider[\"registry.terraform.io/hashicorp/google\"]",
      "instances": [
        {
          "schema_version": 0,
          "attributes": {
            "default_cluster_version": "1.21.5-gke.1302",
            "id": "2021-11-22 08:27:11.1821201 +0000 UTC",
            "latest_master_version": "1.21.5-gke.1802",
            "latest_node_version": "1.21.5-gke.1802",
            "location": "europe-west3",
            "project": "anthos-lab-310709",
            "release_channel_default_version": {
              "RAPID": "1.21.5-gke.1802",
              "REGULAR": "1.21.5-gke.1302",
              "STABLE": "1.20.10-gke.1600"
            },
            "valid_master_versions": [
              "1.21.5-gke.1802",
              "1.21.5-gke.1302",
              "1.21.5-gke.1300",
              "1.21.4-gke.2302",
              "1.21.4-gke.2300",
              "1.21.3-gke.2003",
              "1.20.11-gke.1801",
              "1.20.11-gke.1300",
              "1.20.10-gke.2100",
              "1.20.10-gke.1600",
              "1.19.15-gke.1801",
              "1.19.15-gke.1300",
              "1.19.15-gke.500",
              "1.19.14-gke.2300",
              "1.19.14-gke.1900",
              "1.19.14-gke.301",
              "1.19.13-gke.1900"
            ],
            "valid_node_versions": [
              "1.21.5-gke.1802",
              "1.21.5-gke.1302",
              "1.21.5-gke.1300",
              "1.21.4-gke.2302",
              "1.21.4-gke.2300",
              "1.21.3-gke.2003",
              "1.21.3-gke.2001",
              "1.20.11-gke.1801",
              "1.20.11-gke.1300",
              "1.20.10-gke.2100",
              "1.20.10-gke.1600",
              "1.20.10-gke.301",
              "1.20.9-gke.2100",
              "1.20.9-gke.1001",
              "1.20.9-gke.1000",
              "1.20.9-gke.701",
              "1.20.9-gke.700",
              "1.20.8-gke.2101",
              "1.20.8-gke.2100",
              "1.20.8-gke.900",
              "1.20.8-gke.700",
              "1.20.7-gke.2200",
              "1.20.7-gke.1800",
              "1.20.6-gke.1400",
              "1.20.6-gke.1000",
              "1.19.15-gke.1801",
              "1.19.15-gke.1300",
              "1.19.15-gke.500",
              "1.19.14-gke.2300",
              "1.19.14-gke.1900",
              "1.19.14-gke.301",
              "1.19.14-gke.300",
              "1.19.13-gke.1900",
              "1.19.13-gke.1200",
              "1.19.13-gke.701",
              "1.19.13-gke.700",
              "1.19.12-gke.2101",
              "1.19.12-gke.2100",
              "1.19.12-gke.1100",
              "1.19.12-gke.900",
              "1.19.12-gke.700",
              "1.19.11-gke.2101",
              "1.19.11-gke.2100",
              "1.19.11-gke.1701",
              "1.19.11-gke.1700",
              "1.19.10-gke.1701",
              "1.19.10-gke.1700",
              "1.19.10-gke.1601",
              "1.19.10-gke.1600",
              "1.19.10-gke.1001",
              "1.19.10-gke.1000",
              "1.19.9-gke.1900",
              "1.19.9-gke.1400",
              "1.19.9-gke.700",
              "1.19.9-gke.100",
              "1.19.8-gke.2000",
              "1.19.8-gke.1600",
              "1.19.8-gke.1000",
              "1.19.7-gke.2503",
              "1.19.7-gke.1500",
              "1.19.7-gke.1302",
              "1.19.7-gke.800",
              "1.19.6-gke.1700",
              "1.19.6-gke.1100",
              "1.19.6-gke.600",
              "1.18.20-gke.6000",
              "1.18.20-gke.4501",
              "1.18.20-gke.4500",
              "1.18.20-gke.4100",
              "1.18.20-gke.3300",
              "1.18.20-gke.3001",
              "1.18.20-gke.3000",
              "1.18.20-gke.2300",
              "1.18.20-gke.901",
              "1.18.20-gke.900",
              "1.18.20-gke.501",
              "1.18.19-gke.2101",
              "1.18.19-gke.2100",
              "1.18.19-gke.1701",
              "1.18.19-gke.1700",
              "1.18.18-gke.1701",
              "1.18.18-gke.1700",
              "1.18.18-gke.1101",
              "1.18.18-gke.1100",
              "1.18.17-gke.1901",
              "1.18.17-gke.1900",
              "1.18.17-gke.1201",
              "1.18.17-gke.1200",
              "1.18.17-gke.700",
              "1.18.17-gke.100",
              "1.18.16-gke.2100",
              "1.18.16-gke.1201",
              "1.18.16-gke.1200",
              "1.18.16-gke.502",
              "1.18.16-gke.500",
              "1.18.16-gke.302",
              "1.18.16-gke.300",
              "1.18.15-gke.2500",
              "1.18.15-gke.1502",
              "1.18.15-gke.1501",
              "1.18.15-gke.1500",
              "1.18.15-gke.1102",
              "1.18.15-gke.1100",
              "1.18.15-gke.800",
              "1.18.14-gke.1600",
              "1.18.14-gke.1200",
              "1.18.12-gke.1210",
              "1.18.12-gke.1206",
              "1.18.12-gke.1205",
              "1.18.12-gke.1201",
              "1.18.12-gke.1200",
              "1.18.12-gke.300",
              "1.18.10-gke.2701",
              "1.18.10-gke.2101",
              "1.18.10-gke.1500",
              "1.18.10-gke.601",
              "1.18.9-gke.2501",
              "1.18.9-gke.1501",
              "1.18.9-gke.801",
              "1.18.6-gke.4801",
              "1.18.6-gke.3504",
              "1.18.6-gke.3503",
              "1.17.17-gke.9100",
              "1.17.17-gke.8500",
              "1.17.17-gke.8200",
              "1.17.17-gke.7800",
              "1.17.17-gke.7200",
              "1.17.17-gke.6700",
              "1.17.17-gke.6000",
              "1.17.17-gke.5400",
              "1.17.17-gke.4900",
              "1.17.17-gke.4400",
              "1.17.17-gke.3700",
              "1.17.17-gke.3000",
              "1.17.17-gke.2800",
              "1.17.17-gke.2500",
              "1.17.17-gke.1500",
              "1.17.17-gke.1101",
              "1.17.17-gke.1100",
              "1.17.17-gke.600",
              "1.17.16-gke.1600",
              "1.17.16-gke.1300",
              "1.17.15-gke.800",
              "1.17.15-gke.300",
              "1.17.14-gke.1600",
              "1.17.14-gke.1200",
              "1.17.14-gke.400",
              "1.17.13-gke.2600",
              "1.17.13-gke.2001",
              "1.17.13-gke.1401",
              "1.17.13-gke.1400",
              "1.17.13-gke.600",
              "1.17.12-gke.2502",
              "1.17.12-gke.1504",
              "1.17.12-gke.1501",
              "1.17.12-gke.500",
              "1.17.9-gke.6300",
              "1.17.9-gke.1504",
              "1.16.15-gke.14800",
              "1.16.15-gke.12500",
              "1.16.15-gke.11800",
              "1.16.15-gke.10600",
              "1.16.15-gke.7801",
              "1.16.15-gke.7800",
              "1.16.15-gke.7300",
              "1.16.15-gke.6900",
              "1.16.15-gke.6000",
              "1.16.15-gke.5500",
              "1.16.15-gke.4901",
              "1.16.15-gke.4301",
              "1.16.15-gke.4300",
              "1.16.15-gke.3500",
              "1.16.15-gke.2601",
              "1.16.15-gke.1600",
              "1.16.15-gke.500",
              "1.16.13-gke.404",
              "1.16.13-gke.403",
              "1.16.13-gke.401",
              "1.16.13-gke.400",
              "1.16.13-gke.1",
              "1.16.11-gke.5",
              "1.16.10-gke.8",
              "1.16.9-gke.6",
              "1.16.9-gke.2",
              "1.16.8-gke.15",
              "1.16.8-gke.12",
              "1.16.8-gke.9",
              "1.15.12-gke.6002",
              "1.15.12-gke.6001",
              "1.15.12-gke.5000",
              "1.15.12-gke.4002",
              "1.15.12-gke.4000",
              "1.15.12-gke.20",
              "1.15.12-gke.17",
              "1.15.12-gke.16",
              "1.15.12-gke.13",
              "1.15.12-gke.9",
              "1.15.12-gke.6",
              "1.15.12-gke.3",
              "1.15.12-gke.2",
              "1.15.11-gke.17",
              "1.15.11-gke.15",
              "1.15.11-gke.13",
              "1.15.11-gke.12",
              "1.15.11-gke.11",
              "1.15.11-gke.9",
              "1.15.11-gke.5",
              "1.15.11-gke.3",
              "1.15.11-gke.1",
              "1.15.9-gke.26",
              "1.15.9-gke.24",
              "1.15.9-gke.22",
              "1.15.9-gke.12",
              "1.15.9-gke.9",
              "1.15.9-gke.8",
              "1.15.8-gke.3",
              "1.15.8-gke.2",
              "1.15.7-gke.23",
              "1.15.7-gke.2",
              "1.15.4-gke.22",
              "1.14.10-gke.1504",
              "1.14.10-gke.902",
              "1.14.10-gke.50",
              "1.14.10-gke.46",
              "1.14.10-gke.45",
              "1.14.10-gke.42",
              "1.14.10-gke.41",
              "1.14.10-gke.40",
              "1.14.10-gke.37",
              "1.14.10-gke.36",
              "1.14.10-gke.34",
              "1.14.10-gke.32",
              "1.14.10-gke.31",
              "1.14.10-gke.27",
              "1.14.10-gke.24",
              "1.14.10-gke.22",
              "1.14.10-gke.21",
              "1.14.10-gke.17",
              "1.14.10-gke.0",
              "1.14.9-gke.23",
              "1.14.9-gke.2",
              "1.14.9-gke.0",
              "1.14.8-gke.33",
              "1.14.8-gke.21",
              "1.14.8-gke.18",
              "1.14.8-gke.17",
              "1.14.8-gke.14",
              "1.14.8-gke.12",
              "1.14.8-gke.7",
              "1.14.8-gke.2",
              "1.14.7-gke.40",
              "1.14.7-gke.25",
              "1.14.7-gke.23",
              "1.14.7-gke.17",
              "1.14.7-gke.14",
              "1.14.7-gke.10",
              "1.14.6-gke.13",
              "1.14.6-gke.2",
              "1.14.6-gke.1",
              "1.14.3-gke.11",
              "1.14.3-gke.10",
              "1.14.3-gke.9",
              "1.14.2-gke.9",
              "1.14.1-gke.5",
              "1.13.12-gke.30",
              "1.13.12-gke.25",
              "1.13.12-gke.17",
              "1.13.12-gke.16",
              "1.13.12-gke.14",
              "1.13.12-gke.13",
              "1.13.12-gke.10",
              "1.13.12-gke.8",
              "1.13.12-gke.4",
              "1.13.12-gke.2",
              "1.13.11-gke.23",
              "1.13.11-gke.15",
              "1.13.11-gke.14",
              "1.13.11-gke.12",
              "1.13.11-gke.11",
              "1.13.11-gke.9",
              "1.13.11-gke.5",
              "1.13.10-gke.7",
              "1.13.10-gke.0",
              "1.13.9-gke.11",
              "1.13.9-gke.3",
              "1.13.7-gke.24",
              "1.13.7-gke.19",
              "1.13.7-gke.15",
              "1.13.7-gke.8",
              "1.13.7-gke.0",
              "1.13.6-gke.13",
              "1.13.6-gke.6",
              "1.13.6-gke.5",
              "1.13.6-gke.0",
              "1.13.5-gke.10",
              "1.12.10-gke.22",
              "1.12.10-gke.20",
              "1.12.10-gke.19",
              "1.12.10-gke.18",
              "1.12.10-gke.17",
              "1.12.10-gke.15",
              "1.12.10-gke.13",
              "1.12.10-gke.11",
              "1.12.10-gke.5",
              "1.12.9-gke.16",
              "1.12.9-gke.15",
              "1.12.9-gke.13",
              "1.12.9-gke.10",
              "1.12.9-gke.7",
              "1.12.9-gke.3",
              "1.12.8-gke.12",
              "1.12.8-gke.10",
              "1.12.8-gke.7",
              "1.12.8-gke.6",
              "1.12.7-gke.26",
              "1.12.7-gke.25",
              "1.12.7-gke.24",
              "1.12.7-gke.22",
              "1.12.7-gke.21",
              "1.12.7-gke.17",
              "1.12.7-gke.10",
              "1.12.7-gke.7",
              "1.12.6-gke.11",
              "1.12.6-gke.10",
              "1.12.6-gke.7",
              "1.12.5-gke.10",
              "1.12.5-gke.5",
              "1.11.10-gke.6",
              "1.11.10-gke.5"
            ],
            "version_prefix": null
          },
          "sensitive_attributes": []
        }
      ]
    },
    {
      "module": "module.cluster[\"0\"]",
      "mode": "data",
      "type": "google_container_engine_versions",
      "name": "zone",
      "provider": "provider[\"registry.terraform.io/hashicorp/google\"]",
      "instances": [
        {
          "schema_version": 0,
          "attributes": {
            "default_cluster_version": "1.21.5-gke.1302",
            "id": "2021-11-22 08:27:12.2047434 +0000 UTC",
            "latest_master_version": "1.21.5-gke.1802",
            "latest_node_version": "1.21.5-gke.1802",
            "location": "europe-west3-c",
            "project": "anthos-lab-310709",
            "release_channel_default_version": {
              "RAPID": "1.21.5-gke.1802",
              "REGULAR": "1.21.5-gke.1302",
              "STABLE": "1.20.10-gke.1600"
            },
            "valid_master_versions": [
              "1.21.5-gke.1802",
              "1.21.5-gke.1302",
              "1.21.5-gke.1300",
              "1.21.4-gke.2302",
              "1.21.4-gke.2300",
              "1.21.3-gke.2003",
              "1.20.11-gke.1801",
              "1.20.11-gke.1300",
              "1.20.10-gke.2100",
              "1.20.10-gke.1600",
              "1.19.15-gke.1801",
              "1.19.15-gke.1300",
              "1.19.15-gke.500",
              "1.19.14-gke.2300",
              "1.19.14-gke.1900",
              "1.19.14-gke.301",
              "1.19.13-gke.1900"
            ],
            "valid_node_versions": [
              "1.21.5-gke.1802",
              "1.21.5-gke.1302",
              "1.21.5-gke.1300",
              "1.21.4-gke.2302",
              "1.21.4-gke.2300",
              "1.21.3-gke.2003",
              "1.21.3-gke.2001",
              "1.20.11-gke.1801",
              "1.20.11-gke.1300",
              "1.20.10-gke.2100",
              "1.20.10-gke.1600",
              "1.20.10-gke.301",
              "1.20.9-gke.2100",
              "1.20.9-gke.1001",
              "1.20.9-gke.1000",
              "1.20.9-gke.701",
              "1.20.9-gke.700",
              "1.20.8-gke.2101",
              "1.20.8-gke.2100",
              "1.20.8-gke.900",
              "1.20.8-gke.700",
              "1.20.7-gke.2200",
              "1.20.7-gke.1800",
              "1.20.6-gke.1400",
              "1.20.6-gke.1000",
              "1.19.15-gke.1801",
              "1.19.15-gke.1300",
              "1.19.15-gke.500",
              "1.19.14-gke.2300",
              "1.19.14-gke.1900",
              "1.19.14-gke.301",
              "1.19.14-gke.300",
              "1.19.13-gke.1900",
              "1.19.13-gke.1200",
              "1.19.13-gke.701",
              "1.19.13-gke.700",
              "1.19.12-gke.2101",
              "1.19.12-gke.2100",
              "1.19.12-gke.1100",
              "1.19.12-gke.900",
              "1.19.12-gke.700",
              "1.19.11-gke.2101",
              "1.19.11-gke.2100",
              "1.19.11-gke.1701",
              "1.19.11-gke.1700",
              "1.19.10-gke.1701",
              "1.19.10-gke.1700",
              "1.19.10-gke.1601",
              "1.19.10-gke.1600",
              "1.19.10-gke.1001",
              "1.19.10-gke.1000",
              "1.19.9-gke.1900",
              "1.19.9-gke.1400",
              "1.19.9-gke.700",
              "1.19.9-gke.100",
              "1.19.8-gke.2000",
              "1.19.8-gke.1600",
              "1.19.8-gke.1000",
              "1.19.7-gke.2503",
              "1.19.7-gke.1500",
              "1.19.7-gke.1302",
              "1.19.7-gke.800",
              "1.19.6-gke.1700",
              "1.19.6-gke.1100",
              "1.19.6-gke.600",
              "1.18.20-gke.6000",
              "1.18.20-gke.4501",
              "1.18.20-gke.4500",
              "1.18.20-gke.4100",
              "1.18.20-gke.3300",
              "1.18.20-gke.3001",
              "1.18.20-gke.3000",
              "1.18.20-gke.2300",
              "1.18.20-gke.901",
              "1.18.20-gke.900",
              "1.18.20-gke.501",
              "1.18.19-gke.2101",
              "1.18.19-gke.2100",
              "1.18.19-gke.1701",
              "1.18.19-gke.1700",
              "1.18.18-gke.1701",
              "1.18.18-gke.1700",
              "1.18.18-gke.1101",
              "1.18.18-gke.1100",
              "1.18.17-gke.1901",
              "1.18.17-gke.1900",
              "1.18.17-gke.1201",
              "1.18.17-gke.1200",
              "1.18.17-gke.700",
              "1.18.17-gke.100",
              "1.18.16-gke.2100",
              "1.18.16-gke.1201",
              "1.18.16-gke.1200",
              "1.18.16-gke.502",
              "1.18.16-gke.500",
              "1.18.16-gke.302",
              "1.18.16-gke.300",
              "1.18.15-gke.2500",
              "1.18.15-gke.1502",
              "1.18.15-gke.1501",
              "1.18.15-gke.1500",
              "1.18.15-gke.1102",
              "1.18.15-gke.1100",
              "1.18.15-gke.800",
              "1.18.14-gke.1600",
              "1.18.14-gke.1200",
              "1.18.12-gke.1210",
              "1.18.12-gke.1206",
              "1.18.12-gke.1205",
              "1.18.12-gke.1201",
              "1.18.12-gke.1200",
              "1.18.12-gke.300",
              "1.18.10-gke.2701",
              "1.18.10-gke.2101",
              "1.18.10-gke.1500",
              "1.18.10-gke.601",
              "1.18.9-gke.2501",
              "1.18.9-gke.1501",
              "1.18.9-gke.801",
              "1.18.6-gke.4801",
              "1.18.6-gke.3504",
              "1.18.6-gke.3503",
              "1.17.17-gke.9100",
              "1.17.17-gke.8500",
              "1.17.17-gke.8200",
              "1.17.17-gke.7800",
              "1.17.17-gke.7200",
              "1.17.17-gke.6700",
              "1.17.17-gke.6000",
              "1.17.17-gke.5400",
              "1.17.17-gke.4900",
              "1.17.17-gke.4400",
              "1.17.17-gke.3700",
              "1.17.17-gke.3000",
              "1.17.17-gke.2800",
              "1.17.17-gke.2500",
              "1.17.17-gke.1500",
              "1.17.17-gke.1101",
              "1.17.17-gke.1100",
              "1.17.17-gke.600",
              "1.17.16-gke.1600",
              "1.17.16-gke.1300",
              "1.17.15-gke.800",
              "1.17.15-gke.300",
              "1.17.14-gke.1600",
              "1.17.14-gke.1200",
              "1.17.14-gke.400",
              "1.17.13-gke.2600",
              "1.17.13-gke.2001",
              "1.17.13-gke.1401",
              "1.17.13-gke.1400",
              "1.17.13-gke.600",
              "1.17.12-gke.2502",
              "1.17.12-gke.1504",
              "1.17.12-gke.1501",
              "1.17.12-gke.500",
              "1.17.9-gke.6300",
              "1.17.9-gke.1504",
              "1.16.15-gke.14800",
              "1.16.15-gke.12500",
              "1.16.15-gke.11800",
              "1.16.15-gke.10600",
              "1.16.15-gke.7801",
              "1.16.15-gke.7800",
              "1.16.15-gke.7300",
              "1.16.15-gke.6900",
              "1.16.15-gke.6000",
              "1.16.15-gke.5500",
              "1.16.15-gke.4901",
              "1.16.15-gke.4301",
              "1.16.15-gke.4300",
              "1.16.15-gke.3500",
              "1.16.15-gke.2601",
              "1.16.15-gke.1600",
              "1.16.15-gke.500",
              "1.16.13-gke.404",
              "1.16.13-gke.403",
              "1.16.13-gke.401",
              "1.16.13-gke.400",
              "1.16.13-gke.1",
              "1.16.11-gke.5",
              "1.16.10-gke.8",
              "1.16.9-gke.6",
              "1.16.9-gke.2",
              "1.16.8-gke.15",
              "1.16.8-gke.12",
              "1.16.8-gke.9",
              "1.15.12-gke.6002",
              "1.15.12-gke.6001",
              "1.15.12-gke.5000",
              "1.15.12-gke.4002",
              "1.15.12-gke.4000",
              "1.15.12-gke.20",
              "1.15.12-gke.17",
              "1.15.12-gke.16",
              "1.15.12-gke.13",
              "1.15.12-gke.9",
              "1.15.12-gke.6",
              "1.15.12-gke.3",
              "1.15.12-gke.2",
              "1.15.11-gke.17",
              "1.15.11-gke.15",
              "1.15.11-gke.13",
              "1.15.11-gke.12",
              "1.15.11-gke.11",
              "1.15.11-gke.9",
              "1.15.11-gke.5",
              "1.15.11-gke.3",
              "1.15.11-gke.1",
              "1.15.9-gke.26",
              "1.15.9-gke.24",
              "1.15.9-gke.22",
              "1.15.9-gke.12",
              "1.15.9-gke.9",
              "1.15.9-gke.8",
              "1.15.8-gke.3",
              "1.15.8-gke.2",
              "1.15.7-gke.23",
              "1.15.7-gke.2",
              "1.15.4-gke.22",
              "1.14.10-gke.1504",
              "1.14.10-gke.902",
              "1.14.10-gke.50",
              "1.14.10-gke.46",
              "1.14.10-gke.45",
              "1.14.10-gke.42",
              "1.14.10-gke.41",
              "1.14.10-gke.40",
              "1.14.10-gke.37",
              "1.14.10-gke.36",
              "1.14.10-gke.34",
              "1.14.10-gke.32",
              "1.14.10-gke.31",
              "1.14.10-gke.27",
              "1.14.10-gke.24",
              "1.14.10-gke.22",
              "1.14.10-gke.21",
              "1.14.10-gke.17",
              "1.14.10-gke.0",
              "1.14.9-gke.23",
              "1.14.9-gke.2",
              "1.14.9-gke.0",
              "1.14.8-gke.33",
              "1.14.8-gke.21",
              "1.14.8-gke.18",
              "1.14.8-gke.17",
              "1.14.8-gke.14",
              "1.14.8-gke.12",
              "1.14.8-gke.7",
              "1.14.8-gke.2",
              "1.14.7-gke.40",
              "1.14.7-gke.25",
              "1.14.7-gke.23",
              "1.14.7-gke.17",
              "1.14.7-gke.14",
              "1.14.7-gke.10",
              "1.14.6-gke.13",
              "1.14.6-gke.2",
              "1.14.6-gke.1",
              "1.14.3-gke.11",
              "1.14.3-gke.10",
              "1.14.3-gke.9",
              "1.14.2-gke.9",
              "1.14.1-gke.5",
              "1.13.12-gke.30",
              "1.13.12-gke.25",
              "1.13.12-gke.17",
              "1.13.12-gke.16",
              "1.13.12-gke.14",
              "1.13.12-gke.13",
              "1.13.12-gke.10",
              "1.13.12-gke.8",
              "1.13.12-gke.4",
              "1.13.12-gke.2",
              "1.13.11-gke.23",
              "1.13.11-gke.15",
              "1.13.11-gke.14",
              "1.13.11-gke.12",
              "1.13.11-gke.11",
              "1.13.11-gke.9",
              "1.13.11-gke.5",
              "1.13.10-gke.7",
              "1.13.10-gke.0",
              "1.13.9-gke.11",
              "1.13.9-gke.3",
              "1.13.7-gke.24",
              "1.13.7-gke.19",
              "1.13.7-gke.15",
              "1.13.7-gke.8",
              "1.13.7-gke.0",
              "1.13.6-gke.13",
              "1.13.6-gke.6",
              "1.13.6-gke.5",
              "1.13.6-gke.0",
              "1.13.5-gke.10",
              "1.12.10-gke.22",
              "1.12.10-gke.20",
              "1.12.10-gke.19",
              "1.12.10-gke.18",
              "1.12.10-gke.17",
              "1.12.10-gke.15",
              "1.12.10-gke.13",
              "1.12.10-gke.11",
              "1.12.10-gke.5",
              "1.12.9-gke.16",
              "1.12.9-gke.15",
              "1.12.9-gke.13",
              "1.12.9-gke.10",
              "1.12.9-gke.7",
              "1.12.9-gke.3",
              "1.12.8-gke.12",
              "1.12.8-gke.10",
              "1.12.8-gke.7",
              "1.12.8-gke.6",
              "1.12.7-gke.26",
              "1.12.7-gke.25",
              "1.12.7-gke.24",
              "1.12.7-gke.22",
              "1.12.7-gke.21",
              "1.12.7-gke.17",
              "1.12.7-gke.10",
              "1.12.7-gke.7",
              "1.12.6-gke.11",
              "1.12.6-gke.10",
              "1.12.6-gke.7",
              "1.12.5-gke.10",
              "1.12.5-gke.5",
              "1.11.10-gke.6",
              "1.11.10-gke.5"
            ],
            "version_prefix": null
          },
          "sensitive_attributes": []
        }
      ]
    },
    {
      "module": "module.cluster[\"0\"]",
      "mode": "managed",
      "type": "google_compute_firewall",
      "name": "master_webhooks",
      "provider": "provider[\"registry.terraform.io/hashicorp/google\"]",
      "instances": [
        {
          "index_key": 0,
          "schema_version": 1,
          "attributes": {
            "allow": [
              {
                "ports": [
                  "15017"
                ],
                "protocol": "tcp"
              }
            ],
            "creation_timestamp": "2021-11-22T00:18:22.934-08:00",
            "deny": [],
            "description": "Managed by terraform gke module: Allow master to hit pods for admission controllers/webhooks",
            "destination_ranges": [],
            "direction": "INGRESS",
            "disabled": false,
            "enable_logging": null,
            "id": "projects/anthos-lab-310709/global/firewalls/gke-gke-anthos-west-webhooks",
            "log_config": [],
            "name": "gke-gke-anthos-west-webhooks",
            "network": "https://www.googleapis.com/compute/v1/projects/anthos-lab-310709/global/networks/default",
            "priority": 1000,
            "project": "anthos-lab-310709",
            "self_link": "https://www.googleapis.com/compute/v1/projects/anthos-lab-310709/global/firewalls/gke-gke-anthos-west-webhooks",
            "source_ranges": [
              "172.16.0.0/28"
            ],
            "source_service_accounts": [],
            "source_tags": [],
            "target_service_accounts": [],
            "target_tags": [
              "gke-gke-anthos-west"
            ],
            "timeouts": null
          },
          "sensitive_attributes": [],
          "private": "eyJlMmJmYjczMC1lY2FhLTExZTYtOGY4OC0zNDM2M2JjN2M0YzAiOnsiY3JlYXRlIjoyNDAwMDAwMDAwMDAsImRlbGV0ZSI6MjQwMDAwMDAwMDAwLCJ1cGRhdGUiOjI0MDAwMDAwMDAwMH0sInNjaGVtYV92ZXJzaW9uIjoiMSJ9",
          "dependencies": [
            "module.project-services.google_project_service.project_services"
          ]
        }
      ]
    },
    {
      "module": "module.cluster[\"0\"]",
      "mode": "managed",
      "type": "google_container_cluster",
      "name": "primary",
      "provider": "provider[\"registry.terraform.io/hashicorp/google\"]",
      "instances": [
        {
          "schema_version": 1,
          "attributes": {
            "addons_config": [
              {
                "cloudrun_config": [],
                "horizontal_pod_autoscaling": [
                  {
                    "disabled": false
                  }
                ],
                "http_load_balancing": [
                  {
                    "disabled": false
                  }
                ],
                "network_policy_config": [
                  {
                    "disabled": true
                  }
                ]
              }
            ],
            "authenticator_groups_config": [],
            "cluster_autoscaling": [
              {
                "auto_provisioning_defaults": [],
                "enabled": false,
                "resource_limits": []
              }
            ],
            "cluster_ipv4_cidr": "10.8.0.0/14",
            "database_encryption": [
              {
                "key_name": "",
                "state": "DECRYPTED"
              }
            ],
            "datapath_provider": "",
            "default_max_pods_per_node": 110,
            "default_snat_status": [
              {
                "disabled": false
              }
            ],
            "description": "",
            "enable_autopilot": false,
            "enable_binary_authorization": false,
            "enable_intranode_visibility": false,
            "enable_kubernetes_alpha": false,
            "enable_legacy_abac": false,
            "enable_shielded_nodes": true,
            "enable_tpu": false,
            "endpoint": "34.89.192.122",
            "id": "projects/anthos-lab-310709/locations/europe-west3/clusters/gke-anthos-west",
            "initial_node_count": 0,
            "instance_group_urls": [
              "https://www.googleapis.com/compute/v1/projects/anthos-lab-310709/zones/europe-west3-c/instanceGroups/gke-gke-anthos-west-default-pool-a78ac107-grp",
              "https://www.googleapis.com/compute/v1/projects/anthos-lab-310709/zones/europe-west3-c/instanceGroups/gke-gke-anthos-west-default-node-pool-e92548b6-grp"
            ],
            "ip_allocation_policy": [
              {
                "cluster_ipv4_cidr_block": "10.8.0.0/14",
                "cluster_secondary_range_name": "gke-gke-anthos-west-pods-4b605983",
                "services_ipv4_cidr_block": "10.12.0.0/20",
                "services_secondary_range_name": "gke-gke-anthos-west-services-4b605983"
              }
            ],
            "label_fingerprint": "ac04a7e2",
            "location": "europe-west3",
            "logging_config": [
              {
                "enable_components": [
                  "SYSTEM_COMPONENTS",
                  "WORKLOADS"
                ]
              }
            ],
            "logging_service": "logging.googleapis.com/kubernetes",
            "maintenance_policy": [
              {
                "daily_maintenance_window": [
                  {
                    "duration": "PT4H0M0S",
                    "start_time": "05:00"
                  }
                ],
                "maintenance_exclusion": [],
                "recurring_window": []
              }
            ],
            "master_auth": [
              {
                "client_certificate": "",
                "client_certificate_config": [
                  {
                    "issue_client_certificate": false
                  }
                ],
                "client_key": "",
                "cluster_ca_certificate": "LS0tLS1CRUdJTiBDRVJUSUZJQ0FURS0tLS0tCk1JSUVMRENDQXBTZ0F3SUJBZ0lRZDlDVk9yRGFXN0dCQXB6dlhveU5WekFOQmdrcWhraUc5dzBCQVFzRkFEQXYKTVMwd0t3WURWUVFERXlRNU5UbGhNVEV5TkMweU5XVTJMVFE1TlRndFlUbGtPUzFsTVdNeE5tVTFOekJtTVRVdwpJQmNOTWpFeE1USXlNRGN4T0RJMldoZ1BNakExTVRFeE1UVXdPREU0TWpaYU1DOHhMVEFyQmdOVkJBTVRKRGsxCk9XRXhNVEkwTFRJMVpUWXRORGsxT0MxaE9XUTVMV1V4WXpFMlpUVTNNR1l4TlRDQ0FhSXdEUVlKS29aSWh2Y04KQVFFQkJRQURnZ0dQQURDQ0FZb0NnZ0dCQUs2QlVObkRUUXQzeFhsSFpIenhoKzdKcGRBZytESjZxQzFWZzhLbgpLSnF1NXZ6ZlZnYm1XdDlSYURyaUhtcUhBUVVNdFZZVWw5cEViWFRJOFhXc1NyZkFlZHkweCtSYlF5T3h3OTBwCkxCODNDbmhRZm5UL1JNTjdvYXl0ZXhKdmNjd2hzWm51V3h4MHI3K2ZxR2hGcjNVdG1KSVM5cm1kSkQ5Z3ZwdlQKUW1RRVR1ZzRCRHlFam5NeSttMzV3aDR1NFBxellFbVlSRm5FYzFwOVpuOEowMkFCTHlocUlDUC9XSTBGWHlkRQp6eXpqN2JjMVdkQzBNc2pBQzZCNXVZT0FZM1VJRzNZRWd1aUx3cmFrdEs2Y20rdUQ5dzBhTWdOUUw1TGVadXV0CnIzNHFmMXg0N0lMZHFhd2NYQkRqZDlJb3VVMkRNakNiRytrS1MyR05IYlcvVVhRS0R6em1YVVlJa2xmdjJUaWcKTjB6L0hBRnJ5bVN1TTIvUnluR0tKemdEeWFJL2NSTFNZUVg4cXJwWXl2eG8xSXpnbzNlOVBTdGFYVzlJUXNEZgpkaHZWSGhSdjVEbTYwdTZpd2M3TyticFp4QWVLYkdTZXVhV2lRTklqa2g3K0FjK2JJUE5kZWNVTEVYRTIrR3d2CjduRWZ3bjcxSUJiQ0UybEY1RXF2a0Q5V0V3SURBUUFCbzBJd1FEQU9CZ05WSFE4QkFmOEVCQU1DQWdRd0R3WUQKVlIwVEFRSC9CQVV3QXdFQi96QWRCZ05WSFE0RUZnUVVsbjVTNkZudXBlNHhaamZELzdkQzVqRzUwTHN3RFFZSgpLb1pJaHZjTkFRRUxCUUFEZ2dHQkFDenZvd2ZDV253b2VyQkJFSVI0ZS9JcmpzMlA2OHlqb1ZMSFNoS3ZUSFVmCjBYcUo1TzNBRmJyM1JONi9BZTdFczRvdTkwazhMRTlML2hBTnJSak1KUnp6dWs1cXpCUng3L1ZOSXRFV0RpUVgKMGc1Sy8wcjFkV1UzS2NRSWI3QzkrK2ZPOUk3Q1IzdHk3NVdoYk1uc1p0RmZaNEZPekNGQlMzc2lCQWMwcWZPNQpuYVBBV29aVU8vdU12SGtEL0R5MmpxeTd6NXVMak5MVGJ4cTU2N1hKaXlLNDhTTnFsRjhjZGJhNVZnTFRYWHpZCldxQlZyWnRhY09wcVpvNittK3ZqSDI4TEZuaWNJZDBUTGYzWUxrdUFGdHljbVkyU1RuR1NoQWRJMGZCbmplcHUKRmhNZ0VqT1RtUmtaQ3c2ZzY3Njg3OHpZMHp2OVRod2toNGJrc2xDSFQ2T09DMEY3WjhTT0xkRkVRaFUyL1FncwpFWEw4MDQ0YTBBOFF1ZUtXNmozM290KzVFZ3F3UXNMeEtUVEREMkZSU0phdHcrQmxxTDZBdzlsK1Y2TDk5a1E0CjlRUWVDSC9aUytwbTR0RUtTYXRJOUpnR2p0bzEwNjhXZHdSRWdKajhjY2szb3pYT2drbVZxYk1DYnRPZTZBYmoKcTZiSWpmNlpWRkYvdEVXc0k0aHJLUT09Ci0tLS0tRU5EIENFUlRJRklDQVRFLS0tLS0K",
                "password": "",
                "username": ""
              }
            ],
            "master_authorized_networks_config": [
              {
                "cidr_blocks": [
                  {
                    "cidr_block": "10.0.1.0/24",
                    "display_name": "proxy_vm"
                  },
                  {
                    "cidr_block": "34.107.73.210/32",
                    "display_name": "nat_europe_west3"
                  },
                  {
                    "cidr_block": "34.88.13.127/32",
                    "display_name": "nat_europe_north_1"
                  }
                ]
              }
            ],
            "master_version": "1.20.10-gke.1600",
            "min_master_version": null,
            "monitoring_config": [
              {
                "enable_components": [
                  "SYSTEM_COMPONENTS"
                ]
              }
            ],
            "monitoring_service": "monitoring.googleapis.com/kubernetes",
            "name": "gke-anthos-west",
            "network": "projects/anthos-lab-310709/global/networks/default",
            "network_policy": [
              {
                "enabled": false,
                "provider": "PROVIDER_UNSPECIFIED"
              }
            ],
            "networking_mode": "VPC_NATIVE",
            "node_config": [
              {
                "disk_size_gb": 100,
                "disk_type": "pd-standard",
                "guest_accelerator": [],
                "image_type": "COS_CONTAINERD",
                "labels": {},
                "local_ssd_count": 0,
                "machine_type": "e2-medium",
                "metadata": {
                  "disable-legacy-endpoints": "true"
                },
                "min_cpu_platform": "",
                "oauth_scopes": [
                  "https://www.googleapis.com/auth/logging.write",
                  "https://www.googleapis.com/auth/monitoring"
                ],
                "preemptible": false,
                "service_account": "tf-gke-gke-anthos-west-p0x3@anthos-lab-310709.iam.gserviceaccount.com",
                "shielded_instance_config": [
                  {
                    "enable_integrity_monitoring": true,
                    "enable_secure_boot": false
                  }
                ],
                "tags": [],
                "taint": [],
                "workload_metadata_config": [
                  {
                    "mode": "GKE_METADATA",
                    "node_metadata": "GKE_METADATA_SERVER"
                  }
                ]
              }
            ],
            "node_locations": [
              "europe-west3-c"
            ],
            "node_pool": [
              {
                "autoscaling": [],
                "initial_node_count": 0,
                "instance_group_urls": [
                  "https://www.googleapis.com/compute/v1/projects/anthos-lab-310709/zones/europe-west3-c/instanceGroupManagers/gke-gke-anthos-west-default-pool-a78ac107-grp"
                ],
                "management": [
                  {
                    "auto_repair": true,
                    "auto_upgrade": true
                  }
                ],
                "max_pods_per_node": 110,
                "name": "default-pool",
                "name_prefix": "",
                "node_config": [
                  {
                    "disk_size_gb": 100,
                    "disk_type": "pd-standard",
                    "guest_accelerator": [],
                    "image_type": "COS_CONTAINERD",
                    "labels": {},
                    "local_ssd_count": 0,
                    "machine_type": "e2-medium",
                    "metadata": {
                      "disable-legacy-endpoints": "true"
                    },
                    "min_cpu_platform": "",
                    "oauth_scopes": [
                      "https://www.googleapis.com/auth/logging.write",
                      "https://www.googleapis.com/auth/monitoring"
                    ],
                    "preemptible": false,
                    "service_account": "tf-gke-gke-anthos-west-p0x3@anthos-lab-310709.iam.gserviceaccount.com",
                    "shielded_instance_config": [
                      {
                        "enable_integrity_monitoring": true,
                        "enable_secure_boot": false
                      }
                    ],
                    "tags": [],
                    "taint": [],
                    "workload_metadata_config": [
                      {
                        "mode": "GKE_METADATA",
                        "node_metadata": "GKE_METADATA_SERVER"
                      }
                    ]
                  }
                ],
                "node_count": 0,
                "node_locations": [
                  "europe-west3-c"
                ],
                "upgrade_settings": [
                  {
                    "max_surge": 1,
                    "max_unavailable": 0
                  }
                ],
                "version": "1.20.10-gke.1600"
              },
              {
                "autoscaling": [],
                "initial_node_count": 3,
                "instance_group_urls": [
                  "https://www.googleapis.com/compute/v1/projects/anthos-lab-310709/zones/europe-west3-c/instanceGroupManagers/gke-gke-anthos-west-default-node-pool-e92548b6-grp"
                ],
                "management": [
                  {
                    "auto_repair": true,
                    "auto_upgrade": true
                  }
                ],
                "max_pods_per_node": 110,
                "name": "default-node-pool-gke-anthos-west",
                "name_prefix": "",
                "node_config": [
                  {
                    "disk_size_gb": 100,
                    "disk_type": "pd-standard",
                    "guest_accelerator": [],
                    "image_type": "COS",
                    "labels": {
                      "cluster_name": "gke-anthos-west",
                      "node_pool": "default-node-pool-gke-anthos-west"
                    },
                    "local_ssd_count": 0,
                    "machine_type": "e2-standard-4",
                    "metadata": {
                      "cluster_name": "gke-anthos-west",
                      "disable-legacy-endpoints": "true",
                      "node_pool": "default-node-pool-gke-anthos-west"
                    },
                    "min_cpu_platform": "",
                    "oauth_scopes": [
                      "https://www.googleapis.com/auth/cloud-platform"
                    ],
                    "preemptible": false,
                    "service_account": "tf-gke-gke-anthos-west-p0x3@anthos-lab-310709.iam.gserviceaccount.com",
                    "shielded_instance_config": [
                      {
                        "enable_integrity_monitoring": true,
                        "enable_secure_boot": false
                      }
                    ],
                    "tags": [
                      "gke-gke-anthos-west",
                      "gke-gke-anthos-west-default-node-pool-gke-anthos-west"
                    ],
                    "taint": [],
                    "workload_metadata_config": [
                      {
                        "mode": "GKE_METADATA",
                        "node_metadata": "GKE_METADATA_SERVER"
                      }
                    ]
                  }
                ],
                "node_count": 3,
                "node_locations": [
                  "europe-west3-c"
                ],
                "upgrade_settings": [
                  {
                    "max_surge": 1,
                    "max_unavailable": 0
                  }
                ],
                "version": "1.20.10-gke.1600"
              }
            ],
            "node_version": "1.20.10-gke.1600",
            "operation": null,
            "pod_security_policy_config": [],
            "private_cluster_config": [],
            "private_ipv6_google_access": "",
            "project": "anthos-lab-310709",
            "release_channel": [
              {
                "channel": "STABLE"
              }
            ],
            "remove_default_node_pool": false,
            "resource_labels": {
              "mesh_id": "proj-963943038361"
            },
            "resource_usage_export_config": [],
            "self_link": "https://container.googleapis.com/v1beta1/projects/anthos-lab-310709/locations/europe-west3/clusters/gke-anthos-west",
            "services_ipv4_cidr": "10.12.0.0/20",
            "subnetwork": "projects/anthos-lab-310709/regions/europe-west3/subnetworks/default",
            "timeouts": {
              "create": "45m",
              "delete": "45m",
              "read": null,
              "update": "45m"
            },
            "tpu_ipv4_cidr_block": "",
            "vertical_pod_autoscaling": [
              {
                "enabled": false
              }
            ],
            "workload_identity_config": [
              {
                "identity_namespace": "anthos-lab-310709.svc.id.goog",
                "workload_pool": ""
              }
            ]
          },
          "sensitive_attributes": [],
          "private": "eyJlMmJmYjczMC1lY2FhLTExZTYtOGY4OC0zNDM2M2JjN2M0YzAiOnsiY3JlYXRlIjoyNzAwMDAwMDAwMDAwLCJkZWxldGUiOjI3MDAwMDAwMDAwMDAsInJlYWQiOjI0MDAwMDAwMDAwMDAsInVwZGF0ZSI6MjcwMDAwMDAwMDAwMH0sInNjaGVtYV92ZXJzaW9uIjoiMSJ9",
          "dependencies": [
            "module.cluster.data.google_container_engine_versions.zone",
            "module.cluster.google_service_account.cluster_service_account",
            "module.cluster.random_shuffle.available_zones",
            "module.cluster.random_string.cluster_service_account_suffix",
            "module.project-services.google_project_service.project_services",
            "data.google_project.project",
            "module.cluster.data.google_compute_zones.available",
            "module.cluster.data.google_container_engine_versions.region"
          ]
        }
      ]
    },
    {
      "module": "module.cluster[\"0\"]",
      "mode": "managed",
      "type": "google_container_node_pool",
      "name": "pools",
      "provider": "provider[\"registry.terraform.io/hashicorp/google\"]",
      "instances": [
        {
          "index_key": "default-node-pool-gke-anthos-west",
          "schema_version": 1,
          "attributes": {
            "autoscaling": [],
            "cluster": "gke-anthos-west",
            "id": "projects/anthos-lab-310709/locations/europe-west3/clusters/gke-anthos-west/nodePools/default-node-pool-gke-anthos-west",
            "initial_node_count": 3,
            "instance_group_urls": [
              "https://www.googleapis.com/compute/v1/projects/anthos-lab-310709/zones/europe-west3-c/instanceGroupManagers/gke-gke-anthos-west-default-node-pool-e92548b6-grp"
            ],
            "location": "europe-west3",
            "management": [
              {
                "auto_repair": true,
                "auto_upgrade": true
              }
            ],
            "max_pods_per_node": 110,
            "name": "default-node-pool-gke-anthos-west",
            "name_prefix": "",
            "node_config": [
              {
                "disk_size_gb": 100,
                "disk_type": "pd-standard",
                "guest_accelerator": [],
                "image_type": "COS",
                "labels": {
                  "cluster_name": "gke-anthos-west",
                  "node_pool": "default-node-pool-gke-anthos-west"
                },
                "local_ssd_count": 0,
                "machine_type": "e2-standard-4",
                "metadata": {
                  "cluster_name": "gke-anthos-west",
                  "disable-legacy-endpoints": "true",
                  "node_pool": "default-node-pool-gke-anthos-west"
                },
                "min_cpu_platform": "",
                "oauth_scopes": [
                  "https://www.googleapis.com/auth/cloud-platform"
                ],
                "preemptible": false,
                "service_account": "tf-gke-gke-anthos-west-p0x3@anthos-lab-310709.iam.gserviceaccount.com",
                "shielded_instance_config": [
                  {
                    "enable_integrity_monitoring": true,
                    "enable_secure_boot": false
                  }
                ],
                "tags": [
                  "gke-gke-anthos-west",
                  "gke-gke-anthos-west-default-node-pool-gke-anthos-west"
                ],
                "taint": [],
                "workload_metadata_config": [
                  {
                    "mode": "GKE_METADATA",
                    "node_metadata": "GKE_METADATA_SERVER"
                  }
                ]
              }
            ],
            "node_count": 3,
            "node_locations": [
              "europe-west3-c"
            ],
            "operation": null,
            "project": "anthos-lab-310709",
            "timeouts": {
              "create": "45m",
              "delete": "45m",
              "update": "45m"
            },
            "upgrade_settings": [
              {
                "max_surge": 1,
                "max_unavailable": 0
              }
            ],
            "version": "1.20.10-gke.1600"
          },
          "sensitive_attributes": [],
          "private": "eyJlMmJmYjczMC1lY2FhLTExZTYtOGY4OC0zNDM2M2JjN2M0YzAiOnsiY3JlYXRlIjoyNzAwMDAwMDAwMDAwLCJkZWxldGUiOjI3MDAwMDAwMDAwMDAsInVwZGF0ZSI6MjcwMDAwMDAwMDAwMH0sInNjaGVtYV92ZXJzaW9uIjoiMSJ9",
          "dependencies": [
            "module.cluster.google_service_account.cluster_service_account",
            "module.cluster.random_string.cluster_service_account_suffix",
            "module.project-services.google_project_service.project_services",
            "module.cluster.data.google_compute_zones.available",
            "module.cluster.data.google_container_engine_versions.region",
            "module.cluster.data.google_container_engine_versions.zone",
            "data.google_project.project",
            "module.cluster.google_container_cluster.primary",
            "module.cluster.random_shuffle.available_zones"
          ]
        }
      ]
    },
    {
      "module": "module.cluster[\"0\"]",
      "mode": "managed",
      "type": "google_project_iam_member",
      "name": "cluster_service_account-log_writer",
      "provider": "provider[\"registry.terraform.io/hashicorp/google\"]",
      "instances": [
        {
          "index_key": 0,
          "schema_version": 0,
          "attributes": {
            "condition": [],
            "etag": "BwXRXEaF1IE=",
            "id": "anthos-lab-310709/roles/logging.logWriter/serviceAccount:tf-gke-gke-anthos-west-p0x3@anthos-lab-310709.iam.gserviceaccount.com",
            "member": "serviceAccount:tf-gke-gke-anthos-west-p0x3@anthos-lab-310709.iam.gserviceaccount.com",
            "project": "anthos-lab-310709",
            "role": "roles/logging.logWriter"
          },
          "sensitive_attributes": [],
          "private": "bnVsbA==",
          "dependencies": [
            "module.project-services.google_project_service.project_services",
            "module.cluster.google_service_account.cluster_service_account",
            "module.cluster.random_string.cluster_service_account_suffix"
          ]
        }
      ]
    },
    {
      "module": "module.cluster[\"0\"]",
      "mode": "managed",
      "type": "google_project_iam_member",
      "name": "cluster_service_account-metric_writer",
      "provider": "provider[\"registry.terraform.io/hashicorp/google\"]",
      "instances": [
        {
          "index_key": 0,
          "schema_version": 0,
          "attributes": {
            "condition": [],
            "etag": "BwXRXEaF1IE=",
            "id": "anthos-lab-310709/roles/monitoring.metricWriter/serviceAccount:tf-gke-gke-anthos-west-p0x3@anthos-lab-310709.iam.gserviceaccount.com",
            "member": "serviceAccount:tf-gke-gke-anthos-west-p0x3@anthos-lab-310709.iam.gserviceaccount.com",
            "project": "anthos-lab-310709",
            "role": "roles/monitoring.metricWriter"
          },
          "sensitive_attributes": [],
          "private": "bnVsbA==",
          "dependencies": [
            "module.cluster.random_string.cluster_service_account_suffix",
            "module.project-services.google_project_service.project_services",
            "module.cluster.google_project_iam_member.cluster_service_account-log_writer",
            "module.cluster.google_service_account.cluster_service_account"
          ]
        }
      ]
    },
    {
      "module": "module.cluster[\"0\"]",
      "mode": "managed",
      "type": "google_project_iam_member",
      "name": "cluster_service_account-monitoring_viewer",
      "provider": "provider[\"registry.terraform.io/hashicorp/google\"]",
      "instances": [
        {
          "index_key": 0,
          "schema_version": 0,
          "attributes": {
            "condition": [],
            "etag": "BwXRXEaF1IE=",
            "id": "anthos-lab-310709/roles/monitoring.viewer/serviceAccount:tf-gke-gke-anthos-west-p0x3@anthos-lab-310709.iam.gserviceaccount.com",
            "member": "serviceAccount:tf-gke-gke-anthos-west-p0x3@anthos-lab-310709.iam.gserviceaccount.com",
            "project": "anthos-lab-310709",
            "role": "roles/monitoring.viewer"
          },
          "sensitive_attributes": [],
          "private": "bnVsbA==",
          "dependencies": [
            "module.cluster.google_project_iam_member.cluster_service_account-log_writer",
            "module.cluster.google_project_iam_member.cluster_service_account-metric_writer",
            "module.cluster.google_service_account.cluster_service_account",
            "module.cluster.random_string.cluster_service_account_suffix",
            "module.project-services.google_project_service.project_services"
          ]
        }
      ]
    },
    {
      "module": "module.cluster[\"0\"]",
      "mode": "managed",
      "type": "google_project_iam_member",
      "name": "cluster_service_account-resourceMetadata-writer",
      "provider": "provider[\"registry.terraform.io/hashicorp/google\"]",
      "instances": [
        {
          "index_key": 0,
          "schema_version": 0,
          "attributes": {
            "condition": [],
            "etag": "BwXRXEaF1IE=",
            "id": "anthos-lab-310709/roles/stackdriver.resourceMetadata.writer/serviceAccount:tf-gke-gke-anthos-west-p0x3@anthos-lab-310709.iam.gserviceaccount.com",
            "member": "serviceAccount:tf-gke-gke-anthos-west-p0x3@anthos-lab-310709.iam.gserviceaccount.com",
            "project": "anthos-lab-310709",
            "role": "roles/stackdriver.resourceMetadata.writer"
          },
          "sensitive_attributes": [],
          "private": "bnVsbA==",
          "dependencies": [
            "module.cluster.google_service_account.cluster_service_account",
            "module.cluster.random_string.cluster_service_account_suffix",
            "module.project-services.google_project_service.project_services",
            "module.cluster.google_project_iam_member.cluster_service_account-log_writer",
            "module.cluster.google_project_iam_member.cluster_service_account-metric_writer",
            "module.cluster.google_project_iam_member.cluster_service_account-monitoring_viewer"
          ]
        }
      ]
    },
    {
      "module": "module.cluster[\"0\"]",
      "mode": "managed",
      "type": "google_service_account",
      "name": "cluster_service_account",
      "provider": "provider[\"registry.terraform.io/hashicorp/google\"]",
      "instances": [
        {
          "index_key": 0,
          "schema_version": 0,
          "attributes": {
            "account_id": "tf-gke-gke-anthos-west-p0x3",
            "description": "",
            "disabled": false,
            "display_name": "Terraform-managed service account for cluster gke-anthos-west",
            "email": "tf-gke-gke-anthos-west-p0x3@anthos-lab-310709.iam.gserviceaccount.com",
            "id": "projects/anthos-lab-310709/serviceAccounts/tf-gke-gke-anthos-west-p0x3@anthos-lab-310709.iam.gserviceaccount.com",
            "name": "projects/anthos-lab-310709/serviceAccounts/tf-gke-gke-anthos-west-p0x3@anthos-lab-310709.iam.gserviceaccount.com",
            "project": "anthos-lab-310709",
            "timeouts": null,
            "unique_id": "106783166241049948560"
          },
          "sensitive_attributes": [],
          "private": "eyJlMmJmYjczMC1lY2FhLTExZTYtOGY4OC0zNDM2M2JjN2M0YzAiOnsiY3JlYXRlIjozMDAwMDAwMDAwMDB9fQ==",
          "dependencies": [
            "module.cluster.random_string.cluster_service_account_suffix",
            "module.project-services.google_project_service.project_services"
          ]
        }
      ]
    },
    {
      "module": "module.cluster[\"0\"]",
      "mode": "managed",
      "type": "random_shuffle",
      "name": "available_zones",
      "provider": "provider[\"registry.terraform.io/hashicorp/random\"]",
      "instances": [
        {
          "schema_version": 0,
          "attributes": {
            "id": "-",
            "input": [
              "europe-west3-a",
              "europe-west3-b",
              "europe-west3-c"
            ],
            "keepers": null,
            "result": [
              "europe-west3-c",
              "europe-west3-a",
              "europe-west3-b"
            ],
            "result_count": 3,
            "seed": null
          },
          "sensitive_attributes": [],
          "private": "bnVsbA==",
          "dependencies": [
            "module.cluster.data.google_compute_zones.available",
            "module.project-services.google_project_service.project_services"
          ]
        }
      ]
    },
    {
      "module": "module.cluster[\"0\"]",
      "mode": "managed",
      "type": "random_string",
      "name": "cluster_service_account_suffix",
      "provider": "provider[\"registry.terraform.io/hashicorp/random\"]",
      "instances": [
        {
          "schema_version": 1,
          "attributes": {
            "id": "p0x3",
            "keepers": null,
            "length": 4,
            "lower": true,
            "min_lower": 0,
            "min_numeric": 0,
            "min_special": 0,
            "min_upper": 0,
            "number": true,
            "override_special": null,
            "result": "p0x3",
            "special": false,
            "upper": false
          },
          "sensitive_attributes": [],
          "private": "eyJzY2hlbWFfdmVyc2lvbiI6IjEifQ=="
        }
      ]
    },
    {
      "module": "module.cluster[\"0\"].module.gcloud_delete_default_kube_dns_configmap.module.gcloud_kubectl",
      "mode": "managed",
      "type": "null_resource",
      "name": "module_depends_on",
      "provider": "provider[\"registry.terraform.io/hashicorp/null\"]",
      "instances": [
        {
          "index_key": 0,
          "schema_version": 0,
          "attributes": {
            "id": "3473508232790756769",
            "triggers": {
              "value": "2"
            }
          },
          "sensitive_attributes": [],
          "private": "bnVsbA==",
          "dependencies": [
            "module.cluster.data.google_container_engine_versions.region",
            "data.google_project.project",
            "module.cluster.data.google_compute_zones.available",
            "module.cluster.data.google_container_engine_versions.zone",
            "module.cluster.google_container_cluster.primary",
            "module.cluster.google_container_node_pool.pools",
            "module.cluster.google_service_account.cluster_service_account",
            "module.cluster.random_shuffle.available_zones",
            "module.cluster.random_string.cluster_service_account_suffix",
            "module.project-services.google_project_service.project_services"
          ]
        }
      ]
    },
    {
      "module": "module.cluster[\"1\"]",
      "mode": "data",
      "type": "google_compute_zones",
      "name": "available",
      "provider": "provider[\"registry.terraform.io/hashicorp/google\"]",
      "instances": [
        {
          "schema_version": 0,
          "attributes": {
            "id": "projects/anthos-lab-310709/regions/europe-north1",
            "names": [
              "europe-north1-a",
              "europe-north1-b",
              "europe-north1-c"
            ],
            "project": "anthos-lab-310709",
            "region": "europe-north1",
            "status": null
          },
          "sensitive_attributes": []
        }
      ]
    },
    {
      "module": "module.cluster[\"1\"]",
      "mode": "data",
      "type": "google_container_engine_versions",
      "name": "region",
      "provider": "provider[\"registry.terraform.io/hashicorp/google\"]",
      "instances": [
        {
          "schema_version": 0,
          "attributes": {
            "default_cluster_version": "1.21.5-gke.1302",
            "id": "2021-11-22 08:27:11.2561449 +0000 UTC",
            "latest_master_version": "1.21.5-gke.1802",
            "latest_node_version": "1.21.5-gke.1802",
            "location": "europe-north1",
            "project": "anthos-lab-310709",
            "release_channel_default_version": {
              "RAPID": "1.21.5-gke.1802",
              "REGULAR": "1.21.5-gke.1302",
              "STABLE": "1.20.10-gke.1600"
            },
            "valid_master_versions": [
              "1.21.5-gke.1802",
              "1.21.5-gke.1302",
              "1.21.5-gke.1300",
              "1.21.4-gke.2302",
              "1.21.4-gke.2300",
              "1.21.3-gke.2003",
              "1.20.11-gke.1801",
              "1.20.11-gke.1300",
              "1.20.10-gke.2100",
              "1.20.10-gke.1600",
              "1.19.15-gke.1801",
              "1.19.15-gke.1300",
              "1.19.15-gke.500",
              "1.19.14-gke.2300",
              "1.19.14-gke.1900",
              "1.19.14-gke.301",
              "1.19.13-gke.1900"
            ],
            "valid_node_versions": [
              "1.21.5-gke.1802",
              "1.21.5-gke.1302",
              "1.21.5-gke.1300",
              "1.21.4-gke.2302",
              "1.21.4-gke.2300",
              "1.21.3-gke.2003",
              "1.21.3-gke.2001",
              "1.20.11-gke.1801",
              "1.20.11-gke.1300",
              "1.20.10-gke.2100",
              "1.20.10-gke.1600",
              "1.20.10-gke.301",
              "1.20.9-gke.2100",
              "1.20.9-gke.1001",
              "1.20.9-gke.1000",
              "1.20.9-gke.701",
              "1.20.9-gke.700",
              "1.20.8-gke.2101",
              "1.20.8-gke.2100",
              "1.20.8-gke.900",
              "1.20.8-gke.700",
              "1.20.7-gke.2200",
              "1.20.7-gke.1800",
              "1.20.6-gke.1400",
              "1.20.6-gke.1000",
              "1.19.15-gke.1801",
              "1.19.15-gke.1300",
              "1.19.15-gke.500",
              "1.19.14-gke.2300",
              "1.19.14-gke.1900",
              "1.19.14-gke.301",
              "1.19.14-gke.300",
              "1.19.13-gke.1900",
              "1.19.13-gke.1200",
              "1.19.13-gke.701",
              "1.19.13-gke.700",
              "1.19.12-gke.2101",
              "1.19.12-gke.2100",
              "1.19.12-gke.1100",
              "1.19.12-gke.900",
              "1.19.12-gke.700",
              "1.19.11-gke.2101",
              "1.19.11-gke.2100",
              "1.19.11-gke.1701",
              "1.19.11-gke.1700",
              "1.19.10-gke.1701",
              "1.19.10-gke.1700",
              "1.19.10-gke.1601",
              "1.19.10-gke.1600",
              "1.19.10-gke.1001",
              "1.19.10-gke.1000",
              "1.19.9-gke.1900",
              "1.19.9-gke.1400",
              "1.19.9-gke.700",
              "1.19.9-gke.100",
              "1.19.8-gke.2000",
              "1.19.8-gke.1600",
              "1.19.8-gke.1000",
              "1.19.7-gke.2503",
              "1.19.7-gke.1500",
              "1.19.7-gke.1302",
              "1.19.7-gke.800",
              "1.19.6-gke.1700",
              "1.19.6-gke.1100",
              "1.19.6-gke.600",
              "1.18.20-gke.6000",
              "1.18.20-gke.4501",
              "1.18.20-gke.4500",
              "1.18.20-gke.4100",
              "1.18.20-gke.3300",
              "1.18.20-gke.3001",
              "1.18.20-gke.3000",
              "1.18.20-gke.2300",
              "1.18.20-gke.901",
              "1.18.20-gke.900",
              "1.18.20-gke.501",
              "1.18.19-gke.2101",
              "1.18.19-gke.2100",
              "1.18.19-gke.1701",
              "1.18.19-gke.1700",
              "1.18.18-gke.1701",
              "1.18.18-gke.1700",
              "1.18.18-gke.1101",
              "1.18.18-gke.1100",
              "1.18.17-gke.1901",
              "1.18.17-gke.1900",
              "1.18.17-gke.1201",
              "1.18.17-gke.1200",
              "1.18.17-gke.700",
              "1.18.17-gke.100",
              "1.18.16-gke.2100",
              "1.18.16-gke.1201",
              "1.18.16-gke.1200",
              "1.18.16-gke.502",
              "1.18.16-gke.500",
              "1.18.16-gke.302",
              "1.18.16-gke.300",
              "1.18.15-gke.2500",
              "1.18.15-gke.1502",
              "1.18.15-gke.1501",
              "1.18.15-gke.1500",
              "1.18.15-gke.1102",
              "1.18.15-gke.1100",
              "1.18.15-gke.800",
              "1.18.14-gke.1600",
              "1.18.14-gke.1200",
              "1.18.12-gke.1210",
              "1.18.12-gke.1206",
              "1.18.12-gke.1205",
              "1.18.12-gke.1201",
              "1.18.12-gke.1200",
              "1.18.12-gke.300",
              "1.18.10-gke.2701",
              "1.18.10-gke.2101",
              "1.18.10-gke.1500",
              "1.18.10-gke.601",
              "1.18.9-gke.2501",
              "1.18.9-gke.1501",
              "1.18.9-gke.801",
              "1.18.6-gke.4801",
              "1.18.6-gke.3504",
              "1.18.6-gke.3503",
              "1.17.17-gke.9100",
              "1.17.17-gke.8500",
              "1.17.17-gke.8200",
              "1.17.17-gke.7800",
              "1.17.17-gke.7200",
              "1.17.17-gke.6700",
              "1.17.17-gke.6000",
              "1.17.17-gke.5400",
              "1.17.17-gke.4900",
              "1.17.17-gke.4400",
              "1.17.17-gke.3700",
              "1.17.17-gke.3000",
              "1.17.17-gke.2800",
              "1.17.17-gke.2500",
              "1.17.17-gke.1500",
              "1.17.17-gke.1101",
              "1.17.17-gke.1100",
              "1.17.17-gke.600",
              "1.17.16-gke.1600",
              "1.17.16-gke.1300",
              "1.17.15-gke.800",
              "1.17.15-gke.300",
              "1.17.14-gke.1600",
              "1.17.14-gke.1200",
              "1.17.14-gke.400",
              "1.17.13-gke.2600",
              "1.17.13-gke.2001",
              "1.17.13-gke.1401",
              "1.17.13-gke.1400",
              "1.17.13-gke.600",
              "1.17.12-gke.2502",
              "1.17.12-gke.1504",
              "1.17.12-gke.1501",
              "1.17.12-gke.500",
              "1.17.9-gke.6300",
              "1.17.9-gke.1504",
              "1.16.15-gke.14800",
              "1.16.15-gke.12500",
              "1.16.15-gke.11800",
              "1.16.15-gke.10600",
              "1.16.15-gke.7801",
              "1.16.15-gke.7800",
              "1.16.15-gke.7300",
              "1.16.15-gke.6900",
              "1.16.15-gke.6000",
              "1.16.15-gke.5500",
              "1.16.15-gke.4901",
              "1.16.15-gke.4301",
              "1.16.15-gke.4300",
              "1.16.15-gke.3500",
              "1.16.15-gke.2601",
              "1.16.15-gke.1600",
              "1.16.15-gke.500",
              "1.16.13-gke.404",
              "1.16.13-gke.403",
              "1.16.13-gke.401",
              "1.16.13-gke.400",
              "1.16.13-gke.1",
              "1.16.11-gke.5",
              "1.16.10-gke.8",
              "1.16.9-gke.6",
              "1.16.9-gke.2",
              "1.16.8-gke.15",
              "1.16.8-gke.12",
              "1.16.8-gke.9",
              "1.15.12-gke.6002",
              "1.15.12-gke.6001",
              "1.15.12-gke.5000",
              "1.15.12-gke.4002",
              "1.15.12-gke.4000",
              "1.15.12-gke.20",
              "1.15.12-gke.17",
              "1.15.12-gke.16",
              "1.15.12-gke.13",
              "1.15.12-gke.9",
              "1.15.12-gke.6",
              "1.15.12-gke.3",
              "1.15.12-gke.2",
              "1.15.11-gke.17",
              "1.15.11-gke.15",
              "1.15.11-gke.13",
              "1.15.11-gke.12",
              "1.15.11-gke.11",
              "1.15.11-gke.9",
              "1.15.11-gke.5",
              "1.15.11-gke.3",
              "1.15.11-gke.1",
              "1.15.9-gke.26",
              "1.15.9-gke.24",
              "1.15.9-gke.22",
              "1.15.9-gke.12",
              "1.15.9-gke.9",
              "1.15.9-gke.8",
              "1.15.8-gke.3",
              "1.15.8-gke.2",
              "1.15.7-gke.23",
              "1.15.7-gke.2",
              "1.15.4-gke.22",
              "1.14.10-gke.1504",
              "1.14.10-gke.902",
              "1.14.10-gke.50",
              "1.14.10-gke.46",
              "1.14.10-gke.45",
              "1.14.10-gke.42",
              "1.14.10-gke.41",
              "1.14.10-gke.40",
              "1.14.10-gke.37",
              "1.14.10-gke.36",
              "1.14.10-gke.34",
              "1.14.10-gke.32",
              "1.14.10-gke.31",
              "1.14.10-gke.27",
              "1.14.10-gke.24",
              "1.14.10-gke.22",
              "1.14.10-gke.21",
              "1.14.10-gke.17",
              "1.14.10-gke.0",
              "1.14.9-gke.23",
              "1.14.9-gke.2",
              "1.14.9-gke.0",
              "1.14.8-gke.33",
              "1.14.8-gke.21",
              "1.14.8-gke.18",
              "1.14.8-gke.17",
              "1.14.8-gke.14",
              "1.14.8-gke.12",
              "1.14.8-gke.7",
              "1.14.8-gke.2",
              "1.14.7-gke.40",
              "1.14.7-gke.25",
              "1.14.7-gke.23",
              "1.14.7-gke.17",
              "1.14.7-gke.14",
              "1.14.7-gke.10",
              "1.14.6-gke.13",
              "1.14.6-gke.2",
              "1.14.6-gke.1",
              "1.14.3-gke.11",
              "1.14.3-gke.10",
              "1.14.3-gke.9",
              "1.14.2-gke.9",
              "1.14.1-gke.5",
              "1.13.12-gke.30",
              "1.13.12-gke.25",
              "1.13.12-gke.17",
              "1.13.12-gke.16",
              "1.13.12-gke.14",
              "1.13.12-gke.13",
              "1.13.12-gke.10",
              "1.13.12-gke.8",
              "1.13.12-gke.4",
              "1.13.12-gke.2",
              "1.13.11-gke.23",
              "1.13.11-gke.15",
              "1.13.11-gke.14",
              "1.13.11-gke.12",
              "1.13.11-gke.11",
              "1.13.11-gke.9",
              "1.13.11-gke.5",
              "1.13.10-gke.7",
              "1.13.10-gke.0",
              "1.13.9-gke.11",
              "1.13.9-gke.3",
              "1.13.7-gke.24",
              "1.13.7-gke.19",
              "1.13.7-gke.15",
              "1.13.7-gke.8",
              "1.13.7-gke.0",
              "1.13.6-gke.13",
              "1.13.6-gke.6",
              "1.13.6-gke.5",
              "1.13.6-gke.0",
              "1.13.5-gke.10",
              "1.12.10-gke.22",
              "1.12.10-gke.20",
              "1.12.10-gke.19",
              "1.12.10-gke.18",
              "1.12.10-gke.17",
              "1.12.10-gke.15",
              "1.12.10-gke.13",
              "1.12.10-gke.11",
              "1.12.10-gke.5",
              "1.12.9-gke.16",
              "1.12.9-gke.15",
              "1.12.9-gke.13",
              "1.12.9-gke.10",
              "1.12.9-gke.7",
              "1.12.9-gke.3",
              "1.12.8-gke.12",
              "1.12.8-gke.10",
              "1.12.8-gke.7",
              "1.12.8-gke.6",
              "1.12.7-gke.26",
              "1.12.7-gke.25",
              "1.12.7-gke.24",
              "1.12.7-gke.22",
              "1.12.7-gke.21",
              "1.12.7-gke.17",
              "1.12.7-gke.10",
              "1.12.7-gke.7",
              "1.12.6-gke.11",
              "1.12.6-gke.10",
              "1.12.6-gke.7",
              "1.12.5-gke.10",
              "1.12.5-gke.5",
              "1.11.10-gke.6",
              "1.11.10-gke.5"
            ],
            "version_prefix": null
          },
          "sensitive_attributes": []
        }
      ]
    },
    {
      "module": "module.cluster[\"1\"]",
      "mode": "data",
      "type": "google_container_engine_versions",
      "name": "zone",
      "provider": "provider[\"registry.terraform.io/hashicorp/google\"]",
      "instances": [
        {
          "schema_version": 0,
          "attributes": {
            "default_cluster_version": "1.21.5-gke.1302",
            "id": "2021-11-22 08:27:12.3126916 +0000 UTC",
            "latest_master_version": "1.21.5-gke.1802",
            "latest_node_version": "1.21.5-gke.1802",
            "location": "europe-north1-a",
            "project": "anthos-lab-310709",
            "release_channel_default_version": {
              "RAPID": "1.21.5-gke.1802",
              "REGULAR": "1.21.5-gke.1302",
              "STABLE": "1.20.10-gke.1600"
            },
            "valid_master_versions": [
              "1.21.5-gke.1802",
              "1.21.5-gke.1302",
              "1.21.5-gke.1300",
              "1.21.4-gke.2302",
              "1.21.4-gke.2300",
              "1.21.3-gke.2003",
              "1.20.11-gke.1801",
              "1.20.11-gke.1300",
              "1.20.10-gke.2100",
              "1.20.10-gke.1600",
              "1.19.15-gke.1801",
              "1.19.15-gke.1300",
              "1.19.15-gke.500",
              "1.19.14-gke.2300",
              "1.19.14-gke.1900",
              "1.19.14-gke.301",
              "1.19.13-gke.1900"
            ],
            "valid_node_versions": [
              "1.21.5-gke.1802",
              "1.21.5-gke.1302",
              "1.21.5-gke.1300",
              "1.21.4-gke.2302",
              "1.21.4-gke.2300",
              "1.21.3-gke.2003",
              "1.21.3-gke.2001",
              "1.20.11-gke.1801",
              "1.20.11-gke.1300",
              "1.20.10-gke.2100",
              "1.20.10-gke.1600",
              "1.20.10-gke.301",
              "1.20.9-gke.2100",
              "1.20.9-gke.1001",
              "1.20.9-gke.1000",
              "1.20.9-gke.701",
              "1.20.9-gke.700",
              "1.20.8-gke.2101",
              "1.20.8-gke.2100",
              "1.20.8-gke.900",
              "1.20.8-gke.700",
              "1.20.7-gke.2200",
              "1.20.7-gke.1800",
              "1.20.6-gke.1400",
              "1.20.6-gke.1000",
              "1.19.15-gke.1801",
              "1.19.15-gke.1300",
              "1.19.15-gke.500",
              "1.19.14-gke.2300",
              "1.19.14-gke.1900",
              "1.19.14-gke.301",
              "1.19.14-gke.300",
              "1.19.13-gke.1900",
              "1.19.13-gke.1200",
              "1.19.13-gke.701",
              "1.19.13-gke.700",
              "1.19.12-gke.2101",
              "1.19.12-gke.2100",
              "1.19.12-gke.1100",
              "1.19.12-gke.900",
              "1.19.12-gke.700",
              "1.19.11-gke.2101",
              "1.19.11-gke.2100",
              "1.19.11-gke.1701",
              "1.19.11-gke.1700",
              "1.19.10-gke.1701",
              "1.19.10-gke.1700",
              "1.19.10-gke.1601",
              "1.19.10-gke.1600",
              "1.19.10-gke.1001",
              "1.19.10-gke.1000",
              "1.19.9-gke.1900",
              "1.19.9-gke.1400",
              "1.19.9-gke.700",
              "1.19.9-gke.100",
              "1.19.8-gke.2000",
              "1.19.8-gke.1600",
              "1.19.8-gke.1000",
              "1.19.7-gke.2503",
              "1.19.7-gke.1500",
              "1.19.7-gke.1302",
              "1.19.7-gke.800",
              "1.19.6-gke.1700",
              "1.19.6-gke.1100",
              "1.19.6-gke.600",
              "1.18.20-gke.6000",
              "1.18.20-gke.4501",
              "1.18.20-gke.4500",
              "1.18.20-gke.4100",
              "1.18.20-gke.3300",
              "1.18.20-gke.3001",
              "1.18.20-gke.3000",
              "1.18.20-gke.2300",
              "1.18.20-gke.901",
              "1.18.20-gke.900",
              "1.18.20-gke.501",
              "1.18.19-gke.2101",
              "1.18.19-gke.2100",
              "1.18.19-gke.1701",
              "1.18.19-gke.1700",
              "1.18.18-gke.1701",
              "1.18.18-gke.1700",
              "1.18.18-gke.1101",
              "1.18.18-gke.1100",
              "1.18.17-gke.1901",
              "1.18.17-gke.1900",
              "1.18.17-gke.1201",
              "1.18.17-gke.1200",
              "1.18.17-gke.700",
              "1.18.17-gke.100",
              "1.18.16-gke.2100",
              "1.18.16-gke.1201",
              "1.18.16-gke.1200",
              "1.18.16-gke.502",
              "1.18.16-gke.500",
              "1.18.16-gke.302",
              "1.18.16-gke.300",
              "1.18.15-gke.2500",
              "1.18.15-gke.1502",
              "1.18.15-gke.1501",
              "1.18.15-gke.1500",
              "1.18.15-gke.1102",
              "1.18.15-gke.1100",
              "1.18.15-gke.800",
              "1.18.14-gke.1600",
              "1.18.14-gke.1200",
              "1.18.12-gke.1210",
              "1.18.12-gke.1206",
              "1.18.12-gke.1205",
              "1.18.12-gke.1201",
              "1.18.12-gke.1200",
              "1.18.12-gke.300",
              "1.18.10-gke.2701",
              "1.18.10-gke.2101",
              "1.18.10-gke.1500",
              "1.18.10-gke.601",
              "1.18.9-gke.2501",
              "1.18.9-gke.1501",
              "1.18.9-gke.801",
              "1.18.6-gke.4801",
              "1.18.6-gke.3504",
              "1.18.6-gke.3503",
              "1.17.17-gke.9100",
              "1.17.17-gke.8500",
              "1.17.17-gke.8200",
              "1.17.17-gke.7800",
              "1.17.17-gke.7200",
              "1.17.17-gke.6700",
              "1.17.17-gke.6000",
              "1.17.17-gke.5400",
              "1.17.17-gke.4900",
              "1.17.17-gke.4400",
              "1.17.17-gke.3700",
              "1.17.17-gke.3000",
              "1.17.17-gke.2800",
              "1.17.17-gke.2500",
              "1.17.17-gke.1500",
              "1.17.17-gke.1101",
              "1.17.17-gke.1100",
              "1.17.17-gke.600",
              "1.17.16-gke.1600",
              "1.17.16-gke.1300",
              "1.17.15-gke.800",
              "1.17.15-gke.300",
              "1.17.14-gke.1600",
              "1.17.14-gke.1200",
              "1.17.14-gke.400",
              "1.17.13-gke.2600",
              "1.17.13-gke.2001",
              "1.17.13-gke.1401",
              "1.17.13-gke.1400",
              "1.17.13-gke.600",
              "1.17.12-gke.2502",
              "1.17.12-gke.1504",
              "1.17.12-gke.1501",
              "1.17.12-gke.500",
              "1.17.9-gke.6300",
              "1.17.9-gke.1504",
              "1.16.15-gke.14800",
              "1.16.15-gke.12500",
              "1.16.15-gke.11800",
              "1.16.15-gke.10600",
              "1.16.15-gke.7801",
              "1.16.15-gke.7800",
              "1.16.15-gke.7300",
              "1.16.15-gke.6900",
              "1.16.15-gke.6000",
              "1.16.15-gke.5500",
              "1.16.15-gke.4901",
              "1.16.15-gke.4301",
              "1.16.15-gke.4300",
              "1.16.15-gke.3500",
              "1.16.15-gke.2601",
              "1.16.15-gke.1600",
              "1.16.15-gke.500",
              "1.16.13-gke.404",
              "1.16.13-gke.403",
              "1.16.13-gke.401",
              "1.16.13-gke.400",
              "1.16.13-gke.1",
              "1.16.11-gke.5",
              "1.16.10-gke.8",
              "1.16.9-gke.6",
              "1.16.9-gke.2",
              "1.16.8-gke.15",
              "1.16.8-gke.12",
              "1.16.8-gke.9",
              "1.15.12-gke.6002",
              "1.15.12-gke.6001",
              "1.15.12-gke.5000",
              "1.15.12-gke.4002",
              "1.15.12-gke.4000",
              "1.15.12-gke.20",
              "1.15.12-gke.17",
              "1.15.12-gke.16",
              "1.15.12-gke.13",
              "1.15.12-gke.9",
              "1.15.12-gke.6",
              "1.15.12-gke.3",
              "1.15.12-gke.2",
              "1.15.11-gke.17",
              "1.15.11-gke.15",
              "1.15.11-gke.13",
              "1.15.11-gke.12",
              "1.15.11-gke.11",
              "1.15.11-gke.9",
              "1.15.11-gke.5",
              "1.15.11-gke.3",
              "1.15.11-gke.1",
              "1.15.9-gke.26",
              "1.15.9-gke.24",
              "1.15.9-gke.22",
              "1.15.9-gke.12",
              "1.15.9-gke.9",
              "1.15.9-gke.8",
              "1.15.8-gke.3",
              "1.15.8-gke.2",
              "1.15.7-gke.23",
              "1.15.7-gke.2",
              "1.15.4-gke.22",
              "1.14.10-gke.1504",
              "1.14.10-gke.902",
              "1.14.10-gke.50",
              "1.14.10-gke.46",
              "1.14.10-gke.45",
              "1.14.10-gke.42",
              "1.14.10-gke.41",
              "1.14.10-gke.40",
              "1.14.10-gke.37",
              "1.14.10-gke.36",
              "1.14.10-gke.34",
              "1.14.10-gke.32",
              "1.14.10-gke.31",
              "1.14.10-gke.27",
              "1.14.10-gke.24",
              "1.14.10-gke.22",
              "1.14.10-gke.21",
              "1.14.10-gke.17",
              "1.14.10-gke.0",
              "1.14.9-gke.23",
              "1.14.9-gke.2",
              "1.14.9-gke.0",
              "1.14.8-gke.33",
              "1.14.8-gke.21",
              "1.14.8-gke.18",
              "1.14.8-gke.17",
              "1.14.8-gke.14",
              "1.14.8-gke.12",
              "1.14.8-gke.7",
              "1.14.8-gke.2",
              "1.14.7-gke.40",
              "1.14.7-gke.25",
              "1.14.7-gke.23",
              "1.14.7-gke.17",
              "1.14.7-gke.14",
              "1.14.7-gke.10",
              "1.14.6-gke.13",
              "1.14.6-gke.2",
              "1.14.6-gke.1",
              "1.14.3-gke.11",
              "1.14.3-gke.10",
              "1.14.3-gke.9",
              "1.14.2-gke.9",
              "1.14.1-gke.5",
              "1.13.12-gke.30",
              "1.13.12-gke.25",
              "1.13.12-gke.17",
              "1.13.12-gke.16",
              "1.13.12-gke.14",
              "1.13.12-gke.13",
              "1.13.12-gke.10",
              "1.13.12-gke.8",
              "1.13.12-gke.4",
              "1.13.12-gke.2",
              "1.13.11-gke.23",
              "1.13.11-gke.15",
              "1.13.11-gke.14",
              "1.13.11-gke.12",
              "1.13.11-gke.11",
              "1.13.11-gke.9",
              "1.13.11-gke.5",
              "1.13.10-gke.7",
              "1.13.10-gke.0",
              "1.13.9-gke.11",
              "1.13.9-gke.3",
              "1.13.7-gke.24",
              "1.13.7-gke.19",
              "1.13.7-gke.15",
              "1.13.7-gke.8",
              "1.13.7-gke.0",
              "1.13.6-gke.13",
              "1.13.6-gke.6",
              "1.13.6-gke.5",
              "1.13.6-gke.0",
              "1.13.5-gke.10",
              "1.12.10-gke.22",
              "1.12.10-gke.20",
              "1.12.10-gke.19",
              "1.12.10-gke.18",
              "1.12.10-gke.17",
              "1.12.10-gke.15",
              "1.12.10-gke.13",
              "1.12.10-gke.11",
              "1.12.10-gke.5",
              "1.12.9-gke.16",
              "1.12.9-gke.15",
              "1.12.9-gke.13",
              "1.12.9-gke.10",
              "1.12.9-gke.7",
              "1.12.9-gke.3",
              "1.12.8-gke.12",
              "1.12.8-gke.10",
              "1.12.8-gke.7",
              "1.12.8-gke.6",
              "1.12.7-gke.26",
              "1.12.7-gke.25",
              "1.12.7-gke.24",
              "1.12.7-gke.22",
              "1.12.7-gke.21",
              "1.12.7-gke.17",
              "1.12.7-gke.10",
              "1.12.7-gke.7",
              "1.12.6-gke.11",
              "1.12.6-gke.10",
              "1.12.6-gke.7",
              "1.12.5-gke.10",
              "1.12.5-gke.5",
              "1.11.10-gke.6",
              "1.11.10-gke.5"
            ],
            "version_prefix": null
          },
          "sensitive_attributes": []
        }
      ]
    },
    {
      "module": "module.cluster[\"1\"]",
      "mode": "managed",
      "type": "google_compute_firewall",
      "name": "master_webhooks",
      "provider": "provider[\"registry.terraform.io/hashicorp/google\"]",
      "instances": [
        {
          "index_key": 0,
          "schema_version": 1,
          "attributes": {
            "allow": [
              {
                "ports": [
                  "15017"
                ],
                "protocol": "tcp"
              }
            ],
            "creation_timestamp": "2021-11-22T00:18:22.314-08:00",
            "deny": [],
            "description": "Managed by terraform gke module: Allow master to hit pods for admission controllers/webhooks",
            "destination_ranges": [],
            "direction": "INGRESS",
            "disabled": false,
            "enable_logging": null,
            "id": "projects/anthos-lab-310709/global/firewalls/gke-gke-anthos-north-webhooks",
            "log_config": [],
            "name": "gke-gke-anthos-north-webhooks",
            "network": "https://www.googleapis.com/compute/v1/projects/anthos-lab-310709/global/networks/default",
            "priority": 1000,
            "project": "anthos-lab-310709",
            "self_link": "https://www.googleapis.com/compute/v1/projects/anthos-lab-310709/global/firewalls/gke-gke-anthos-north-webhooks",
            "source_ranges": [
              "172.16.1.0/28"
            ],
            "source_service_accounts": [],
            "source_tags": [],
            "target_service_accounts": [],
            "target_tags": [
              "gke-gke-anthos-north"
            ],
            "timeouts": null
          },
          "sensitive_attributes": [],
          "private": "eyJlMmJmYjczMC1lY2FhLTExZTYtOGY4OC0zNDM2M2JjN2M0YzAiOnsiY3JlYXRlIjoyNDAwMDAwMDAwMDAsImRlbGV0ZSI6MjQwMDAwMDAwMDAwLCJ1cGRhdGUiOjI0MDAwMDAwMDAwMH0sInNjaGVtYV92ZXJzaW9uIjoiMSJ9",
          "dependencies": [
            "module.project-services.google_project_service.project_services"
          ]
        }
      ]
    },
    {
      "module": "module.cluster[\"1\"]",
      "mode": "managed",
      "type": "google_container_cluster",
      "name": "primary",
      "provider": "provider[\"registry.terraform.io/hashicorp/google\"]",
      "instances": [
        {
          "schema_version": 1,
          "attributes": {
            "addons_config": [
              {
                "cloudrun_config": [],
                "horizontal_pod_autoscaling": [
                  {
                    "disabled": false
                  }
                ],
                "http_load_balancing": [
                  {
                    "disabled": false
                  }
                ],
                "network_policy_config": [
                  {
                    "disabled": true
                  }
                ]
              }
            ],
            "authenticator_groups_config": [],
            "cluster_autoscaling": [
              {
                "auto_provisioning_defaults": [],
                "enabled": false,
                "resource_limits": []
              }
            ],
            "cluster_ipv4_cidr": "10.112.0.0/14",
            "database_encryption": [
              {
                "key_name": "",
                "state": "DECRYPTED"
              }
            ],
            "datapath_provider": "",
            "default_max_pods_per_node": 110,
            "default_snat_status": [
              {
                "disabled": false
              }
            ],
            "description": "",
            "enable_autopilot": false,
            "enable_binary_authorization": false,
            "enable_intranode_visibility": false,
            "enable_kubernetes_alpha": false,
            "enable_legacy_abac": false,
            "enable_shielded_nodes": true,
            "enable_tpu": false,
            "endpoint": "35.228.249.32",
            "id": "projects/anthos-lab-310709/locations/europe-north1/clusters/gke-anthos-north",
            "initial_node_count": 0,
            "instance_group_urls": [
              "https://www.googleapis.com/compute/v1/projects/anthos-lab-310709/zones/europe-north1-a/instanceGroups/gke-gke-anthos-north-default-pool-8c54397f-grp",
              "https://www.googleapis.com/compute/v1/projects/anthos-lab-310709/zones/europe-north1-a/instanceGroups/gke-gke-anthos-north-default-node-poo-0fa6984d-grp"
            ],
            "ip_allocation_policy": [
              {
                "cluster_ipv4_cidr_block": "10.112.0.0/14",
                "cluster_secondary_range_name": "gke-gke-anthos-north-pods-4839394d",
                "services_ipv4_cidr_block": "10.116.0.0/20",
                "services_secondary_range_name": "gke-gke-anthos-north-services-4839394d"
              }
            ],
            "label_fingerprint": "ac04a7e2",
            "location": "europe-north1",
            "logging_config": [
              {
                "enable_components": [
                  "SYSTEM_COMPONENTS",
                  "WORKLOADS"
                ]
              }
            ],
            "logging_service": "logging.googleapis.com/kubernetes",
            "maintenance_policy": [
              {
                "daily_maintenance_window": [
                  {
                    "duration": "PT4H0M0S",
                    "start_time": "05:00"
                  }
                ],
                "maintenance_exclusion": [],
                "recurring_window": []
              }
            ],
            "master_auth": [
              {
                "client_certificate": "",
                "client_certificate_config": [
                  {
                    "issue_client_certificate": false
                  }
                ],
                "client_key": "",
                "cluster_ca_certificate": "LS0tLS1CRUdJTiBDRVJUSUZJQ0FURS0tLS0tCk1JSUVMRENDQXBTZ0F3SUJBZ0lRSDR0ZHdRY2o2Rk1hVjRVTi9Zci9PVEFOQmdrcWhraUc5dzBCQVFzRkFEQXYKTVMwd0t3WURWUVFERXlSaVpHUmlNekprT1MxaU5qUXhMVFJqTW1VdFlUYzBaQzB4Wm1Zek5qaGpZbUZtTkRBdwpJQmNOTWpFeE1USXlNRGN4T0RJMldoZ1BNakExTVRFeE1UVXdPREU0TWpaYU1DOHhMVEFyQmdOVkJBTVRKR0prClpHSXpNbVE1TFdJMk5ERXROR015WlMxaE56UmtMVEZtWmpNMk9HTmlZV1kwTURDQ0FhSXdEUVlKS29aSWh2Y04KQVFFQkJRQURnZ0dQQURDQ0FZb0NnZ0dCQUpyYWFXZEhQUmR4YnV4c01neDV5UzZEZmo4U2FKaVhMTHZXMFExWAppU3BIV2gvcWdEc2xYQUZsN29kcExyaUlZNHA1NERRY3QvU1FTcHRqV1lrOFdweHZmNzVURW95cEJaQ3lYWG9VCnJBK3Vxd1FhNGlBYWZ4ZlAvbERCc2tadVVzdkV4Z3NWWmFLaTgrWkt0dHErb2JxQnVMU1VHQTJqcUNjUHBFNmMKOWNnUm1aREdNeUk2SVZzTU5wT0VEN0NlenFkMEpBT0M4dUFIYUZpaDFhWHVvM2t2YlpiR2FEWWpVYVdYWTgrLwpvRjlYTHhTemxHRDFCekxFSS9Gd2JCR1hCeTNMNkVEeURsWTU3NnNoMnREM3lDUTlDYzBnYnVFQkZMTWh5SjUyCjhxSGtzZjlVRi9LSzdGUWhKcGROTWFObEVLdjFMZVllTERQSmc3am1jS3FTbllHc2lZdGtMa09XNXB1djFnYXAKZUZybHo4VjREY1hZbS85TllVTFJ5UDU5T0lOelQrK0xOV0dNRmNRR0dVSG1oaytpaHB5d2gzWC8xbkpQYXZZWQp2ekE3cXo3bWsremNqWDM3ODZvV0FtaytpR3FsVnppSkFKK2tMdTVjcG9jMDhBd25Cb2VEMkU2QnZCWGhoZkMrCjh2dk1ac0doVG1mcWRiMmxYbVV5dE9ndVd3SURBUUFCbzBJd1FEQU9CZ05WSFE4QkFmOEVCQU1DQWdRd0R3WUQKVlIwVEFRSC9CQVV3QXdFQi96QWRCZ05WSFE0RUZnUVVpNUM4TENaS0ZHS3NGRlkzMFJuQWRzZktQcTR3RFFZSgpLb1pJaHZjTkFRRUxCUUFEZ2dHQkFFNDBVaHVYTksxM1dDRGNTQmNna0VjekM2dFNXVGNnTDBkYzYvMW5tWXUxCnRJVWMrY3A0a2hKVDlBS2hNbDk5TkM0Y3dQUXVsSzFyQVh1WmpxcmJSNEVBdHoxRkd6NjZpR29YblVYV21QVloKZlZrK1BEOFRPZTlQU0VRaTRzaVk4N2dZZStEZkxaVnpnczV1c1YrMTFlcFlHMmN5dmFXZEtRZW5xWU9ReC94RgovVXBRNDkybW9FUDBoTjVuT2E1UGdmZVJFeW4wZHF0TWxoYjAyMzNxWlFDVWo1TGlNdXA0SjFLMHRYQ1cwRnJNCmhBSHhxRmxURTUxOHJDdnFMQkw2dkt5amthYTFvRWlDTkdHQkZLTzl5R3lGR3JoeTBRa0VGTlZPOVo4YTAzTWgKUWNDTGhDRTB0VklTcmlkckkvczljbEljcE9EWlB2bXVwNEl6bHdXMEVpYWFuR0ROZHVmWEVWRm04N0FiVVhYdQp2Y3d5V0tjOFB4eXhOZ3ZWdUNaQXZqYzg2OXptSm9hRzBlUmFXWlNidjU0MU9HRU5ReklHRXg5a09rOXZlZE9iCjF0ZXErbTdVamhncDI5a0c2UGh6c0VPaHhIMWVpaEdYQ0xZSTM3VUxWV1dDQUx0K2R6b0w0T0VKY2hCemFFRloKLy9zM3p6MUozZDRSU2NtNld1eUV6Zz09Ci0tLS0tRU5EIENFUlRJRklDQVRFLS0tLS0K",
                "password": "",
                "username": ""
              }
            ],
            "master_authorized_networks_config": [
              {
                "cidr_blocks": [
                  {
                    "cidr_block": "10.0.1.0/24",
                    "display_name": "proxy_vm"
                  },
                  {
                    "cidr_block": "34.107.73.210/32",
                    "display_name": "nat_europe_west3"
                  },
                  {
                    "cidr_block": "34.88.13.127/32",
                    "display_name": "nat_europe_north_1"
                  }
                ]
              }
            ],
            "master_version": "1.20.10-gke.1600",
            "min_master_version": null,
            "monitoring_config": [
              {
                "enable_components": [
                  "SYSTEM_COMPONENTS"
                ]
              }
            ],
            "monitoring_service": "monitoring.googleapis.com/kubernetes",
            "name": "gke-anthos-north",
            "network": "projects/anthos-lab-310709/global/networks/default",
            "network_policy": [
              {
                "enabled": false,
                "provider": "PROVIDER_UNSPECIFIED"
              }
            ],
            "networking_mode": "VPC_NATIVE",
            "node_config": [
              {
                "disk_size_gb": 100,
                "disk_type": "pd-standard",
                "guest_accelerator": [],
                "image_type": "COS_CONTAINERD",
                "labels": {},
                "local_ssd_count": 0,
                "machine_type": "e2-medium",
                "metadata": {
                  "disable-legacy-endpoints": "true"
                },
                "min_cpu_platform": "",
                "oauth_scopes": [
                  "https://www.googleapis.com/auth/logging.write",
                  "https://www.googleapis.com/auth/monitoring"
                ],
                "preemptible": false,
                "service_account": "tf-gke-gke-anthos-nort-9uch@anthos-lab-310709.iam.gserviceaccount.com",
                "shielded_instance_config": [
                  {
                    "enable_integrity_monitoring": true,
                    "enable_secure_boot": false
                  }
                ],
                "tags": [],
                "taint": [],
                "workload_metadata_config": [
                  {
                    "mode": "GKE_METADATA",
                    "node_metadata": "GKE_METADATA_SERVER"
                  }
                ]
              }
            ],
            "node_locations": [
              "europe-north1-a"
            ],
            "node_pool": [
              {
                "autoscaling": [],
                "initial_node_count": 0,
                "instance_group_urls": [
                  "https://www.googleapis.com/compute/v1/projects/anthos-lab-310709/zones/europe-north1-a/instanceGroupManagers/gke-gke-anthos-north-default-pool-8c54397f-grp"
                ],
                "management": [
                  {
                    "auto_repair": true,
                    "auto_upgrade": true
                  }
                ],
                "max_pods_per_node": 110,
                "name": "default-pool",
                "name_prefix": "",
                "node_config": [
                  {
                    "disk_size_gb": 100,
                    "disk_type": "pd-standard",
                    "guest_accelerator": [],
                    "image_type": "COS_CONTAINERD",
                    "labels": {},
                    "local_ssd_count": 0,
                    "machine_type": "e2-medium",
                    "metadata": {
                      "disable-legacy-endpoints": "true"
                    },
                    "min_cpu_platform": "",
                    "oauth_scopes": [
                      "https://www.googleapis.com/auth/logging.write",
                      "https://www.googleapis.com/auth/monitoring"
                    ],
                    "preemptible": false,
                    "service_account": "tf-gke-gke-anthos-nort-9uch@anthos-lab-310709.iam.gserviceaccount.com",
                    "shielded_instance_config": [
                      {
                        "enable_integrity_monitoring": true,
                        "enable_secure_boot": false
                      }
                    ],
                    "tags": [],
                    "taint": [],
                    "workload_metadata_config": [
                      {
                        "mode": "GKE_METADATA",
                        "node_metadata": "GKE_METADATA_SERVER"
                      }
                    ]
                  }
                ],
                "node_count": 0,
                "node_locations": [
                  "europe-north1-a"
                ],
                "upgrade_settings": [
                  {
                    "max_surge": 1,
                    "max_unavailable": 0
                  }
                ],
                "version": "1.20.10-gke.1600"
              },
              {
                "autoscaling": [],
                "initial_node_count": 3,
                "instance_group_urls": [
                  "https://www.googleapis.com/compute/v1/projects/anthos-lab-310709/zones/europe-north1-a/instanceGroupManagers/gke-gke-anthos-north-default-node-poo-0fa6984d-grp"
                ],
                "management": [
                  {
                    "auto_repair": true,
                    "auto_upgrade": true
                  }
                ],
                "max_pods_per_node": 110,
                "name": "default-node-pool-gke-anthos-north",
                "name_prefix": "",
                "node_config": [
                  {
                    "disk_size_gb": 100,
                    "disk_type": "pd-standard",
                    "guest_accelerator": [],
                    "image_type": "COS",
                    "labels": {
                      "cluster_name": "gke-anthos-north",
                      "node_pool": "default-node-pool-gke-anthos-north"
                    },
                    "local_ssd_count": 0,
                    "machine_type": "e2-standard-4",
                    "metadata": {
                      "cluster_name": "gke-anthos-north",
                      "disable-legacy-endpoints": "true",
                      "node_pool": "default-node-pool-gke-anthos-north"
                    },
                    "min_cpu_platform": "",
                    "oauth_scopes": [
                      "https://www.googleapis.com/auth/cloud-platform"
                    ],
                    "preemptible": false,
                    "service_account": "tf-gke-gke-anthos-nort-9uch@anthos-lab-310709.iam.gserviceaccount.com",
                    "shielded_instance_config": [
                      {
                        "enable_integrity_monitoring": true,
                        "enable_secure_boot": false
                      }
                    ],
                    "tags": [
                      "gke-gke-anthos-north",
                      "gke-gke-anthos-north-default-node-pool-gke-anthos-north"
                    ],
                    "taint": [],
                    "workload_metadata_config": [
                      {
                        "mode": "GKE_METADATA",
                        "node_metadata": "GKE_METADATA_SERVER"
                      }
                    ]
                  }
                ],
                "node_count": 3,
                "node_locations": [
                  "europe-north1-a"
                ],
                "upgrade_settings": [
                  {
                    "max_surge": 1,
                    "max_unavailable": 0
                  }
                ],
                "version": "1.20.10-gke.1600"
              }
            ],
            "node_version": "1.20.10-gke.1600",
            "operation": null,
            "pod_security_policy_config": [],
            "private_cluster_config": [],
            "private_ipv6_google_access": "",
            "project": "anthos-lab-310709",
            "release_channel": [
              {
                "channel": "STABLE"
              }
            ],
            "remove_default_node_pool": false,
            "resource_labels": {
              "mesh_id": "proj-963943038361"
            },
            "resource_usage_export_config": [],
            "self_link": "https://container.googleapis.com/v1beta1/projects/anthos-lab-310709/locations/europe-north1/clusters/gke-anthos-north",
            "services_ipv4_cidr": "10.116.0.0/20",
            "subnetwork": "projects/anthos-lab-310709/regions/europe-north1/subnetworks/default",
            "timeouts": {
              "create": "45m",
              "delete": "45m",
              "read": null,
              "update": "45m"
            },
            "tpu_ipv4_cidr_block": "",
            "vertical_pod_autoscaling": [
              {
                "enabled": false
              }
            ],
            "workload_identity_config": [
              {
                "identity_namespace": "anthos-lab-310709.svc.id.goog",
                "workload_pool": ""
              }
            ]
          },
          "sensitive_attributes": [],
          "private": "eyJlMmJmYjczMC1lY2FhLTExZTYtOGY4OC0zNDM2M2JjN2M0YzAiOnsiY3JlYXRlIjoyNzAwMDAwMDAwMDAwLCJkZWxldGUiOjI3MDAwMDAwMDAwMDAsInJlYWQiOjI0MDAwMDAwMDAwMDAsInVwZGF0ZSI6MjcwMDAwMDAwMDAwMH0sInNjaGVtYV92ZXJzaW9uIjoiMSJ9",
          "dependencies": [
            "module.cluster.google_service_account.cluster_service_account",
            "module.cluster.random_shuffle.available_zones",
            "module.cluster.random_string.cluster_service_account_suffix",
            "module.project-services.google_project_service.project_services",
            "data.google_project.project",
            "module.cluster.data.google_compute_zones.available",
            "module.cluster.data.google_container_engine_versions.region",
            "module.cluster.data.google_container_engine_versions.zone"
          ]
        }
      ]
    },
    {
      "module": "module.cluster[\"1\"]",
      "mode": "managed",
      "type": "google_container_node_pool",
      "name": "pools",
      "provider": "provider[\"registry.terraform.io/hashicorp/google\"]",
      "instances": [
        {
          "index_key": "default-node-pool-gke-anthos-north",
          "schema_version": 1,
          "attributes": {
            "autoscaling": [],
            "cluster": "gke-anthos-north",
            "id": "projects/anthos-lab-310709/locations/europe-north1/clusters/gke-anthos-north/nodePools/default-node-pool-gke-anthos-north",
            "initial_node_count": 3,
            "instance_group_urls": [
              "https://www.googleapis.com/compute/v1/projects/anthos-lab-310709/zones/europe-north1-a/instanceGroupManagers/gke-gke-anthos-north-default-node-poo-0fa6984d-grp"
            ],
            "location": "europe-north1",
            "management": [
              {
                "auto_repair": true,
                "auto_upgrade": true
              }
            ],
            "max_pods_per_node": 110,
            "name": "default-node-pool-gke-anthos-north",
            "name_prefix": "",
            "node_config": [
              {
                "disk_size_gb": 100,
                "disk_type": "pd-standard",
                "guest_accelerator": [],
                "image_type": "COS",
                "labels": {
                  "cluster_name": "gke-anthos-north",
                  "node_pool": "default-node-pool-gke-anthos-north"
                },
                "local_ssd_count": 0,
                "machine_type": "e2-standard-4",
                "metadata": {
                  "cluster_name": "gke-anthos-north",
                  "disable-legacy-endpoints": "true",
                  "node_pool": "default-node-pool-gke-anthos-north"
                },
                "min_cpu_platform": "",
                "oauth_scopes": [
                  "https://www.googleapis.com/auth/cloud-platform"
                ],
                "preemptible": false,
                "service_account": "tf-gke-gke-anthos-nort-9uch@anthos-lab-310709.iam.gserviceaccount.com",
                "shielded_instance_config": [
                  {
                    "enable_integrity_monitoring": true,
                    "enable_secure_boot": false
                  }
                ],
                "tags": [
                  "gke-gke-anthos-north",
                  "gke-gke-anthos-north-default-node-pool-gke-anthos-north"
                ],
                "taint": [],
                "workload_metadata_config": [
                  {
                    "mode": "GKE_METADATA",
                    "node_metadata": "GKE_METADATA_SERVER"
                  }
                ]
              }
            ],
            "node_count": 3,
            "node_locations": [
              "europe-north1-a"
            ],
            "operation": null,
            "project": "anthos-lab-310709",
            "timeouts": {
              "create": "45m",
              "delete": "45m",
              "update": "45m"
            },
            "upgrade_settings": [
              {
                "max_surge": 1,
                "max_unavailable": 0
              }
            ],
            "version": "1.20.10-gke.1600"
          },
          "sensitive_attributes": [],
          "private": "eyJlMmJmYjczMC1lY2FhLTExZTYtOGY4OC0zNDM2M2JjN2M0YzAiOnsiY3JlYXRlIjoyNzAwMDAwMDAwMDAwLCJkZWxldGUiOjI3MDAwMDAwMDAwMDAsInVwZGF0ZSI6MjcwMDAwMDAwMDAwMH0sInNjaGVtYV92ZXJzaW9uIjoiMSJ9",
          "dependencies": [
            "module.cluster.random_shuffle.available_zones",
            "module.cluster.random_string.cluster_service_account_suffix",
            "data.google_project.project",
            "module.cluster.data.google_container_engine_versions.region",
            "module.cluster.google_service_account.cluster_service_account",
            "module.project-services.google_project_service.project_services",
            "module.cluster.data.google_compute_zones.available",
            "module.cluster.data.google_container_engine_versions.zone",
            "module.cluster.google_container_cluster.primary"
          ]
        }
      ]
    },
    {
      "module": "module.cluster[\"1\"]",
      "mode": "managed",
      "type": "google_project_iam_member",
      "name": "cluster_service_account-log_writer",
      "provider": "provider[\"registry.terraform.io/hashicorp/google\"]",
      "instances": [
        {
          "index_key": 0,
          "schema_version": 0,
          "attributes": {
            "condition": [],
            "etag": "BwXRXEaF1IE=",
            "id": "anthos-lab-310709/roles/logging.logWriter/serviceAccount:tf-gke-gke-anthos-nort-9uch@anthos-lab-310709.iam.gserviceaccount.com",
            "member": "serviceAccount:tf-gke-gke-anthos-nort-9uch@anthos-lab-310709.iam.gserviceaccount.com",
            "project": "anthos-lab-310709",
            "role": "roles/logging.logWriter"
          },
          "sensitive_attributes": [],
          "private": "bnVsbA==",
          "dependencies": [
            "module.cluster.google_service_account.cluster_service_account",
            "module.cluster.random_string.cluster_service_account_suffix",
            "module.project-services.google_project_service.project_services"
          ]
        }
      ]
    },
    {
      "module": "module.cluster[\"1\"]",
      "mode": "managed",
      "type": "google_project_iam_member",
      "name": "cluster_service_account-metric_writer",
      "provider": "provider[\"registry.terraform.io/hashicorp/google\"]",
      "instances": [
        {
          "index_key": 0,
          "schema_version": 0,
          "attributes": {
            "condition": [],
            "etag": "BwXRXEaF1IE=",
            "id": "anthos-lab-310709/roles/monitoring.metricWriter/serviceAccount:tf-gke-gke-anthos-nort-9uch@anthos-lab-310709.iam.gserviceaccount.com",
            "member": "serviceAccount:tf-gke-gke-anthos-nort-9uch@anthos-lab-310709.iam.gserviceaccount.com",
            "project": "anthos-lab-310709",
            "role": "roles/monitoring.metricWriter"
          },
          "sensitive_attributes": [],
          "private": "bnVsbA==",
          "dependencies": [
            "module.cluster.google_project_iam_member.cluster_service_account-log_writer",
            "module.cluster.google_service_account.cluster_service_account",
            "module.cluster.random_string.cluster_service_account_suffix",
            "module.project-services.google_project_service.project_services"
          ]
        }
      ]
    },
    {
      "module": "module.cluster[\"1\"]",
      "mode": "managed",
      "type": "google_project_iam_member",
      "name": "cluster_service_account-monitoring_viewer",
      "provider": "provider[\"registry.terraform.io/hashicorp/google\"]",
      "instances": [
        {
          "index_key": 0,
          "schema_version": 0,
          "attributes": {
            "condition": [],
            "etag": "BwXRXEaF1IE=",
            "id": "anthos-lab-310709/roles/monitoring.viewer/serviceAccount:tf-gke-gke-anthos-nort-9uch@anthos-lab-310709.iam.gserviceaccount.com",
            "member": "serviceAccount:tf-gke-gke-anthos-nort-9uch@anthos-lab-310709.iam.gserviceaccount.com",
            "project": "anthos-lab-310709",
            "role": "roles/monitoring.viewer"
          },
          "sensitive_attributes": [],
          "private": "bnVsbA==",
          "dependencies": [
            "module.cluster.google_project_iam_member.cluster_service_account-log_writer",
            "module.cluster.google_project_iam_member.cluster_service_account-metric_writer",
            "module.cluster.google_service_account.cluster_service_account",
            "module.cluster.random_string.cluster_service_account_suffix",
            "module.project-services.google_project_service.project_services"
          ]
        }
      ]
    },
    {
      "module": "module.cluster[\"1\"]",
      "mode": "managed",
      "type": "google_project_iam_member",
      "name": "cluster_service_account-resourceMetadata-writer",
      "provider": "provider[\"registry.terraform.io/hashicorp/google\"]",
      "instances": [
        {
          "index_key": 0,
          "schema_version": 0,
          "attributes": {
            "condition": [],
            "etag": "BwXRXEaF1IE=",
            "id": "anthos-lab-310709/roles/stackdriver.resourceMetadata.writer/serviceAccount:tf-gke-gke-anthos-nort-9uch@anthos-lab-310709.iam.gserviceaccount.com",
            "member": "serviceAccount:tf-gke-gke-anthos-nort-9uch@anthos-lab-310709.iam.gserviceaccount.com",
            "project": "anthos-lab-310709",
            "role": "roles/stackdriver.resourceMetadata.writer"
          },
          "sensitive_attributes": [],
          "private": "bnVsbA==",
          "dependencies": [
            "module.project-services.google_project_service.project_services",
            "module.cluster.google_project_iam_member.cluster_service_account-log_writer",
            "module.cluster.google_project_iam_member.cluster_service_account-metric_writer",
            "module.cluster.google_project_iam_member.cluster_service_account-monitoring_viewer",
            "module.cluster.google_service_account.cluster_service_account",
            "module.cluster.random_string.cluster_service_account_suffix"
          ]
        }
      ]
    },
    {
      "module": "module.cluster[\"1\"]",
      "mode": "managed",
      "type": "google_service_account",
      "name": "cluster_service_account",
      "provider": "provider[\"registry.terraform.io/hashicorp/google\"]",
      "instances": [
        {
          "index_key": 0,
          "schema_version": 0,
          "attributes": {
            "account_id": "tf-gke-gke-anthos-nort-9uch",
            "description": "",
            "disabled": false,
            "display_name": "Terraform-managed service account for cluster gke-anthos-north",
            "email": "tf-gke-gke-anthos-nort-9uch@anthos-lab-310709.iam.gserviceaccount.com",
            "id": "projects/anthos-lab-310709/serviceAccounts/tf-gke-gke-anthos-nort-9uch@anthos-lab-310709.iam.gserviceaccount.com",
            "name": "projects/anthos-lab-310709/serviceAccounts/tf-gke-gke-anthos-nort-9uch@anthos-lab-310709.iam.gserviceaccount.com",
            "project": "anthos-lab-310709",
            "timeouts": null,
            "unique_id": "112685069676937625359"
          },
          "sensitive_attributes": [],
          "private": "eyJlMmJmYjczMC1lY2FhLTExZTYtOGY4OC0zNDM2M2JjN2M0YzAiOnsiY3JlYXRlIjozMDAwMDAwMDAwMDB9fQ==",
          "dependencies": [
            "module.cluster.random_string.cluster_service_account_suffix",
            "module.project-services.google_project_service.project_services"
          ]
        }
      ]
    },
    {
      "module": "module.cluster[\"1\"]",
      "mode": "managed",
      "type": "random_shuffle",
      "name": "available_zones",
      "provider": "provider[\"registry.terraform.io/hashicorp/random\"]",
      "instances": [
        {
          "schema_version": 0,
          "attributes": {
            "id": "-",
            "input": [
              "europe-north1-a",
              "europe-north1-b",
              "europe-north1-c"
            ],
            "keepers": null,
            "result": [
              "europe-north1-b",
              "europe-north1-a",
              "europe-north1-c"
            ],
            "result_count": 3,
            "seed": null
          },
          "sensitive_attributes": [],
          "private": "bnVsbA==",
          "dependencies": [
            "module.cluster.data.google_compute_zones.available",
            "module.project-services.google_project_service.project_services"
          ]
        }
      ]
    },
    {
      "module": "module.cluster[\"1\"]",
      "mode": "managed",
      "type": "random_string",
      "name": "cluster_service_account_suffix",
      "provider": "provider[\"registry.terraform.io/hashicorp/random\"]",
      "instances": [
        {
          "schema_version": 1,
          "attributes": {
            "id": "9uch",
            "keepers": null,
            "length": 4,
            "lower": true,
            "min_lower": 0,
            "min_numeric": 0,
            "min_special": 0,
            "min_upper": 0,
            "number": true,
            "override_special": null,
            "result": "9uch",
            "special": false,
            "upper": false
          },
          "sensitive_attributes": [],
          "private": "eyJzY2hlbWFfdmVyc2lvbiI6IjEifQ=="
        }
      ]
    },
    {
      "module": "module.cluster[\"1\"].module.gcloud_delete_default_kube_dns_configmap.module.gcloud_kubectl",
      "mode": "managed",
      "type": "null_resource",
      "name": "module_depends_on",
      "provider": "provider[\"registry.terraform.io/hashicorp/null\"]",
      "instances": [
        {
          "index_key": 0,
          "schema_version": 0,
          "attributes": {
            "id": "7933687248740296704",
            "triggers": {
              "value": "2"
            }
          },
          "sensitive_attributes": [],
          "private": "bnVsbA==",
          "dependencies": [
            "module.cluster.google_container_cluster.primary",
            "module.cluster.google_container_node_pool.pools",
            "module.cluster.google_service_account.cluster_service_account",
            "data.google_project.project",
            "module.cluster.data.google_container_engine_versions.region",
            "module.cluster.random_shuffle.available_zones",
            "module.cluster.random_string.cluster_service_account_suffix",
            "module.project-services.google_project_service.project_services",
            "module.cluster.data.google_compute_zones.available",
            "module.cluster.data.google_container_engine_versions.zone"
          ]
        }
      ]
    },
    {
      "module": "module.cluster[\"2\"]",
      "mode": "data",
      "type": "google_compute_zones",
      "name": "available",
      "provider": "provider[\"registry.terraform.io/hashicorp/google\"]",
      "instances": [
        {
          "schema_version": 0,
          "attributes": {
            "id": "projects/anthos-lab-310709/regions/europe-west1",
            "names": [
              "europe-west1-b",
              "europe-west1-c",
              "europe-west1-d"
            ],
            "project": "anthos-lab-310709",
            "region": "europe-west1",
            "status": null
          },
          "sensitive_attributes": []
        }
      ]
    },
    {
      "module": "module.cluster[\"2\"]",
      "mode": "data",
      "type": "google_container_engine_versions",
      "name": "region",
      "provider": "provider[\"registry.terraform.io/hashicorp/google\"]",
      "instances": [
        {
          "schema_version": 0,
          "attributes": {
            "default_cluster_version": "1.21.5-gke.1302",
            "id": "2021-11-22 08:27:11.1896821 +0000 UTC",
            "latest_master_version": "1.21.5-gke.1802",
            "latest_node_version": "1.21.5-gke.1802",
            "location": "europe-west1",
            "project": "anthos-lab-310709",
            "release_channel_default_version": {
              "RAPID": "1.21.5-gke.1802",
              "REGULAR": "1.21.5-gke.1302",
              "STABLE": "1.20.10-gke.1600"
            },
            "valid_master_versions": [
              "1.21.5-gke.1802",
              "1.21.5-gke.1302",
              "1.21.5-gke.1300",
              "1.21.4-gke.2302",
              "1.21.4-gke.2300",
              "1.21.3-gke.2003",
              "1.20.11-gke.1801",
              "1.20.11-gke.1300",
              "1.20.10-gke.2100",
              "1.20.10-gke.1600",
              "1.19.15-gke.1801",
              "1.19.15-gke.1300",
              "1.19.15-gke.500",
              "1.19.14-gke.2300",
              "1.19.14-gke.1900",
              "1.19.14-gke.301",
              "1.19.13-gke.1900"
            ],
            "valid_node_versions": [
              "1.21.5-gke.1802",
              "1.21.5-gke.1302",
              "1.21.5-gke.1300",
              "1.21.4-gke.2302",
              "1.21.4-gke.2300",
              "1.21.3-gke.2003",
              "1.21.3-gke.2001",
              "1.20.11-gke.1801",
              "1.20.11-gke.1300",
              "1.20.10-gke.2100",
              "1.20.10-gke.1600",
              "1.20.10-gke.301",
              "1.20.9-gke.2100",
              "1.20.9-gke.1001",
              "1.20.9-gke.1000",
              "1.20.9-gke.701",
              "1.20.9-gke.700",
              "1.20.8-gke.2101",
              "1.20.8-gke.2100",
              "1.20.8-gke.900",
              "1.20.8-gke.700",
              "1.20.7-gke.2200",
              "1.20.7-gke.1800",
              "1.20.6-gke.1400",
              "1.20.6-gke.1000",
              "1.19.15-gke.1801",
              "1.19.15-gke.1300",
              "1.19.15-gke.500",
              "1.19.14-gke.2300",
              "1.19.14-gke.1900",
              "1.19.14-gke.301",
              "1.19.14-gke.300",
              "1.19.13-gke.1900",
              "1.19.13-gke.1200",
              "1.19.13-gke.701",
              "1.19.13-gke.700",
              "1.19.12-gke.2101",
              "1.19.12-gke.2100",
              "1.19.12-gke.1100",
              "1.19.12-gke.900",
              "1.19.12-gke.700",
              "1.19.11-gke.2101",
              "1.19.11-gke.2100",
              "1.19.11-gke.1701",
              "1.19.11-gke.1700",
              "1.19.10-gke.1701",
              "1.19.10-gke.1700",
              "1.19.10-gke.1601",
              "1.19.10-gke.1600",
              "1.19.10-gke.1001",
              "1.19.10-gke.1000",
              "1.19.9-gke.1900",
              "1.19.9-gke.1400",
              "1.19.9-gke.700",
              "1.19.9-gke.100",
              "1.19.8-gke.2000",
              "1.19.8-gke.1600",
              "1.19.8-gke.1000",
              "1.19.7-gke.2503",
              "1.19.7-gke.1500",
              "1.19.7-gke.1302",
              "1.19.7-gke.800",
              "1.19.6-gke.1700",
              "1.19.6-gke.1100",
              "1.19.6-gke.600",
              "1.18.20-gke.6000",
              "1.18.20-gke.4501",
              "1.18.20-gke.4500",
              "1.18.20-gke.4100",
              "1.18.20-gke.3300",
              "1.18.20-gke.3001",
              "1.18.20-gke.3000",
              "1.18.20-gke.2300",
              "1.18.20-gke.901",
              "1.18.20-gke.900",
              "1.18.20-gke.501",
              "1.18.19-gke.2101",
              "1.18.19-gke.2100",
              "1.18.19-gke.1701",
              "1.18.19-gke.1700",
              "1.18.18-gke.1701",
              "1.18.18-gke.1700",
              "1.18.18-gke.1101",
              "1.18.18-gke.1100",
              "1.18.17-gke.1901",
              "1.18.17-gke.1900",
              "1.18.17-gke.1201",
              "1.18.17-gke.1200",
              "1.18.17-gke.700",
              "1.18.17-gke.100",
              "1.18.16-gke.2100",
              "1.18.16-gke.1201",
              "1.18.16-gke.1200",
              "1.18.16-gke.502",
              "1.18.16-gke.500",
              "1.18.16-gke.302",
              "1.18.16-gke.300",
              "1.18.15-gke.2500",
              "1.18.15-gke.1502",
              "1.18.15-gke.1501",
              "1.18.15-gke.1500",
              "1.18.15-gke.1102",
              "1.18.15-gke.1100",
              "1.18.15-gke.800",
              "1.18.14-gke.1600",
              "1.18.14-gke.1200",
              "1.18.12-gke.1210",
              "1.18.12-gke.1206",
              "1.18.12-gke.1205",
              "1.18.12-gke.1201",
              "1.18.12-gke.1200",
              "1.18.12-gke.300",
              "1.18.10-gke.2701",
              "1.18.10-gke.2101",
              "1.18.10-gke.1500",
              "1.18.10-gke.601",
              "1.18.9-gke.2501",
              "1.18.9-gke.1501",
              "1.18.9-gke.801",
              "1.18.6-gke.4801",
              "1.18.6-gke.3504",
              "1.18.6-gke.3503",
              "1.17.17-gke.9100",
              "1.17.17-gke.8500",
              "1.17.17-gke.8200",
              "1.17.17-gke.7800",
              "1.17.17-gke.7200",
              "1.17.17-gke.6700",
              "1.17.17-gke.6000",
              "1.17.17-gke.5400",
              "1.17.17-gke.4900",
              "1.17.17-gke.4400",
              "1.17.17-gke.3700",
              "1.17.17-gke.3000",
              "1.17.17-gke.2800",
              "1.17.17-gke.2500",
              "1.17.17-gke.1500",
              "1.17.17-gke.1101",
              "1.17.17-gke.1100",
              "1.17.17-gke.600",
              "1.17.16-gke.1600",
              "1.17.16-gke.1300",
              "1.17.15-gke.800",
              "1.17.15-gke.300",
              "1.17.14-gke.1600",
              "1.17.14-gke.1200",
              "1.17.14-gke.400",
              "1.17.13-gke.2600",
              "1.17.13-gke.2001",
              "1.17.13-gke.1401",
              "1.17.13-gke.1400",
              "1.17.13-gke.600",
              "1.17.12-gke.2502",
              "1.17.12-gke.1504",
              "1.17.12-gke.1501",
              "1.17.12-gke.500",
              "1.17.9-gke.6300",
              "1.17.9-gke.1504",
              "1.16.15-gke.14800",
              "1.16.15-gke.12500",
              "1.16.15-gke.11800",
              "1.16.15-gke.10600",
              "1.16.15-gke.7801",
              "1.16.15-gke.7800",
              "1.16.15-gke.7300",
              "1.16.15-gke.6900",
              "1.16.15-gke.6000",
              "1.16.15-gke.5500",
              "1.16.15-gke.4901",
              "1.16.15-gke.4301",
              "1.16.15-gke.4300",
              "1.16.15-gke.3500",
              "1.16.15-gke.2601",
              "1.16.15-gke.1600",
              "1.16.15-gke.500",
              "1.16.13-gke.404",
              "1.16.13-gke.403",
              "1.16.13-gke.401",
              "1.16.13-gke.400",
              "1.16.13-gke.1",
              "1.16.11-gke.5",
              "1.16.10-gke.8",
              "1.16.9-gke.6",
              "1.16.9-gke.2",
              "1.16.8-gke.15",
              "1.16.8-gke.12",
              "1.16.8-gke.9",
              "1.15.12-gke.6002",
              "1.15.12-gke.6001",
              "1.15.12-gke.5000",
              "1.15.12-gke.4002",
              "1.15.12-gke.4000",
              "1.15.12-gke.20",
              "1.15.12-gke.17",
              "1.15.12-gke.16",
              "1.15.12-gke.13",
              "1.15.12-gke.9",
              "1.15.12-gke.6",
              "1.15.12-gke.3",
              "1.15.12-gke.2",
              "1.15.11-gke.17",
              "1.15.11-gke.15",
              "1.15.11-gke.13",
              "1.15.11-gke.12",
              "1.15.11-gke.11",
              "1.15.11-gke.9",
              "1.15.11-gke.5",
              "1.15.11-gke.3",
              "1.15.11-gke.1",
              "1.15.9-gke.26",
              "1.15.9-gke.24",
              "1.15.9-gke.22",
              "1.15.9-gke.12",
              "1.15.9-gke.9",
              "1.15.9-gke.8",
              "1.15.8-gke.3",
              "1.15.8-gke.2",
              "1.15.7-gke.23",
              "1.15.7-gke.2",
              "1.15.4-gke.22",
              "1.14.10-gke.1504",
              "1.14.10-gke.902",
              "1.14.10-gke.50",
              "1.14.10-gke.46",
              "1.14.10-gke.45",
              "1.14.10-gke.42",
              "1.14.10-gke.41",
              "1.14.10-gke.40",
              "1.14.10-gke.37",
              "1.14.10-gke.36",
              "1.14.10-gke.34",
              "1.14.10-gke.32",
              "1.14.10-gke.31",
              "1.14.10-gke.27",
              "1.14.10-gke.24",
              "1.14.10-gke.22",
              "1.14.10-gke.21",
              "1.14.10-gke.17",
              "1.14.10-gke.0",
              "1.14.9-gke.23",
              "1.14.9-gke.2",
              "1.14.9-gke.0",
              "1.14.8-gke.33",
              "1.14.8-gke.21",
              "1.14.8-gke.18",
              "1.14.8-gke.17",
              "1.14.8-gke.14",
              "1.14.8-gke.12",
              "1.14.8-gke.7",
              "1.14.8-gke.2",
              "1.14.7-gke.40",
              "1.14.7-gke.25",
              "1.14.7-gke.23",
              "1.14.7-gke.17",
              "1.14.7-gke.14",
              "1.14.7-gke.10",
              "1.14.6-gke.13",
              "1.14.6-gke.2",
              "1.14.6-gke.1",
              "1.14.3-gke.11",
              "1.14.3-gke.10",
              "1.14.3-gke.9",
              "1.14.2-gke.9",
              "1.14.1-gke.5",
              "1.13.12-gke.30",
              "1.13.12-gke.25",
              "1.13.12-gke.17",
              "1.13.12-gke.16",
              "1.13.12-gke.14",
              "1.13.12-gke.13",
              "1.13.12-gke.10",
              "1.13.12-gke.8",
              "1.13.12-gke.4",
              "1.13.12-gke.2",
              "1.13.11-gke.23",
              "1.13.11-gke.15",
              "1.13.11-gke.14",
              "1.13.11-gke.12",
              "1.13.11-gke.11",
              "1.13.11-gke.9",
              "1.13.11-gke.5",
              "1.13.10-gke.7",
              "1.13.10-gke.0",
              "1.13.9-gke.11",
              "1.13.9-gke.3",
              "1.13.7-gke.24",
              "1.13.7-gke.19",
              "1.13.7-gke.15",
              "1.13.7-gke.8",
              "1.13.7-gke.0",
              "1.13.6-gke.13",
              "1.13.6-gke.6",
              "1.13.6-gke.5",
              "1.13.6-gke.0",
              "1.13.5-gke.10",
              "1.12.10-gke.22",
              "1.12.10-gke.20",
              "1.12.10-gke.19",
              "1.12.10-gke.18",
              "1.12.10-gke.17",
              "1.12.10-gke.15",
              "1.12.10-gke.13",
              "1.12.10-gke.11",
              "1.12.10-gke.5",
              "1.12.9-gke.16",
              "1.12.9-gke.15",
              "1.12.9-gke.13",
              "1.12.9-gke.10",
              "1.12.9-gke.7",
              "1.12.9-gke.3",
              "1.12.8-gke.12",
              "1.12.8-gke.10",
              "1.12.8-gke.7",
              "1.12.8-gke.6",
              "1.12.7-gke.26",
              "1.12.7-gke.25",
              "1.12.7-gke.24",
              "1.12.7-gke.22",
              "1.12.7-gke.21",
              "1.12.7-gke.17",
              "1.12.7-gke.10",
              "1.12.7-gke.7",
              "1.12.6-gke.11",
              "1.12.6-gke.10",
              "1.12.6-gke.7",
              "1.12.5-gke.10",
              "1.12.5-gke.5",
              "1.11.10-gke.6",
              "1.11.10-gke.5"
            ],
            "version_prefix": null
          },
          "sensitive_attributes": []
        }
      ]
    },
    {
      "module": "module.cluster[\"2\"]",
      "mode": "data",
      "type": "google_container_engine_versions",
      "name": "zone",
      "provider": "provider[\"registry.terraform.io/hashicorp/google\"]",
      "instances": [
        {
          "schema_version": 0,
          "attributes": {
            "default_cluster_version": "1.21.5-gke.1302",
            "id": "2021-11-22 08:27:12.2194366 +0000 UTC",
            "latest_master_version": "1.21.5-gke.1802",
            "latest_node_version": "1.21.5-gke.1802",
            "location": "europe-west1-b",
            "project": "anthos-lab-310709",
            "release_channel_default_version": {
              "RAPID": "1.21.5-gke.1802",
              "REGULAR": "1.21.5-gke.1302",
              "STABLE": "1.20.10-gke.1600"
            },
            "valid_master_versions": [
              "1.21.5-gke.1802",
              "1.21.5-gke.1302",
              "1.21.5-gke.1300",
              "1.21.4-gke.2302",
              "1.21.4-gke.2300",
              "1.21.3-gke.2003",
              "1.20.11-gke.1801",
              "1.20.11-gke.1300",
              "1.20.10-gke.2100",
              "1.20.10-gke.1600",
              "1.19.15-gke.1801",
              "1.19.15-gke.1300",
              "1.19.15-gke.500",
              "1.19.14-gke.2300",
              "1.19.14-gke.1900",
              "1.19.14-gke.301",
              "1.19.13-gke.1900"
            ],
            "valid_node_versions": [
              "1.21.5-gke.1802",
              "1.21.5-gke.1302",
              "1.21.5-gke.1300",
              "1.21.4-gke.2302",
              "1.21.4-gke.2300",
              "1.21.3-gke.2003",
              "1.21.3-gke.2001",
              "1.20.11-gke.1801",
              "1.20.11-gke.1300",
              "1.20.10-gke.2100",
              "1.20.10-gke.1600",
              "1.20.10-gke.301",
              "1.20.9-gke.2100",
              "1.20.9-gke.1001",
              "1.20.9-gke.1000",
              "1.20.9-gke.701",
              "1.20.9-gke.700",
              "1.20.8-gke.2101",
              "1.20.8-gke.2100",
              "1.20.8-gke.900",
              "1.20.8-gke.700",
              "1.20.7-gke.2200",
              "1.20.7-gke.1800",
              "1.20.6-gke.1400",
              "1.20.6-gke.1000",
              "1.19.15-gke.1801",
              "1.19.15-gke.1300",
              "1.19.15-gke.500",
              "1.19.14-gke.2300",
              "1.19.14-gke.1900",
              "1.19.14-gke.301",
              "1.19.14-gke.300",
              "1.19.13-gke.1900",
              "1.19.13-gke.1200",
              "1.19.13-gke.701",
              "1.19.13-gke.700",
              "1.19.12-gke.2101",
              "1.19.12-gke.2100",
              "1.19.12-gke.1100",
              "1.19.12-gke.900",
              "1.19.12-gke.700",
              "1.19.11-gke.2101",
              "1.19.11-gke.2100",
              "1.19.11-gke.1701",
              "1.19.11-gke.1700",
              "1.19.10-gke.1701",
              "1.19.10-gke.1700",
              "1.19.10-gke.1601",
              "1.19.10-gke.1600",
              "1.19.10-gke.1001",
              "1.19.10-gke.1000",
              "1.19.9-gke.1900",
              "1.19.9-gke.1400",
              "1.19.9-gke.700",
              "1.19.9-gke.100",
              "1.19.8-gke.2000",
              "1.19.8-gke.1600",
              "1.19.8-gke.1000",
              "1.19.7-gke.2503",
              "1.19.7-gke.1500",
              "1.19.7-gke.1302",
              "1.19.7-gke.800",
              "1.19.6-gke.1700",
              "1.19.6-gke.1100",
              "1.19.6-gke.600",
              "1.18.20-gke.6000",
              "1.18.20-gke.4501",
              "1.18.20-gke.4500",
              "1.18.20-gke.4100",
              "1.18.20-gke.3300",
              "1.18.20-gke.3001",
              "1.18.20-gke.3000",
              "1.18.20-gke.2300",
              "1.18.20-gke.901",
              "1.18.20-gke.900",
              "1.18.20-gke.501",
              "1.18.19-gke.2101",
              "1.18.19-gke.2100",
              "1.18.19-gke.1701",
              "1.18.19-gke.1700",
              "1.18.18-gke.1701",
              "1.18.18-gke.1700",
              "1.18.18-gke.1101",
              "1.18.18-gke.1100",
              "1.18.17-gke.1901",
              "1.18.17-gke.1900",
              "1.18.17-gke.1201",
              "1.18.17-gke.1200",
              "1.18.17-gke.700",
              "1.18.17-gke.100",
              "1.18.16-gke.2100",
              "1.18.16-gke.1201",
              "1.18.16-gke.1200",
              "1.18.16-gke.502",
              "1.18.16-gke.500",
              "1.18.16-gke.302",
              "1.18.16-gke.300",
              "1.18.15-gke.2500",
              "1.18.15-gke.1502",
              "1.18.15-gke.1501",
              "1.18.15-gke.1500",
              "1.18.15-gke.1102",
              "1.18.15-gke.1100",
              "1.18.15-gke.800",
              "1.18.14-gke.1600",
              "1.18.14-gke.1200",
              "1.18.12-gke.1210",
              "1.18.12-gke.1206",
              "1.18.12-gke.1205",
              "1.18.12-gke.1201",
              "1.18.12-gke.1200",
              "1.18.12-gke.300",
              "1.18.10-gke.2701",
              "1.18.10-gke.2101",
              "1.18.10-gke.1500",
              "1.18.10-gke.601",
              "1.18.9-gke.2501",
              "1.18.9-gke.1501",
              "1.18.9-gke.801",
              "1.18.6-gke.4801",
              "1.18.6-gke.3504",
              "1.18.6-gke.3503",
              "1.17.17-gke.9100",
              "1.17.17-gke.8500",
              "1.17.17-gke.8200",
              "1.17.17-gke.7800",
              "1.17.17-gke.7200",
              "1.17.17-gke.6700",
              "1.17.17-gke.6000",
              "1.17.17-gke.5400",
              "1.17.17-gke.4900",
              "1.17.17-gke.4400",
              "1.17.17-gke.3700",
              "1.17.17-gke.3000",
              "1.17.17-gke.2800",
              "1.17.17-gke.2500",
              "1.17.17-gke.1500",
              "1.17.17-gke.1101",
              "1.17.17-gke.1100",
              "1.17.17-gke.600",
              "1.17.16-gke.1600",
              "1.17.16-gke.1300",
              "1.17.15-gke.800",
              "1.17.15-gke.300",
              "1.17.14-gke.1600",
              "1.17.14-gke.1200",
              "1.17.14-gke.400",
              "1.17.13-gke.2600",
              "1.17.13-gke.2001",
              "1.17.13-gke.1401",
              "1.17.13-gke.1400",
              "1.17.13-gke.600",
              "1.17.12-gke.2502",
              "1.17.12-gke.1504",
              "1.17.12-gke.1501",
              "1.17.12-gke.500",
              "1.17.9-gke.6300",
              "1.17.9-gke.1504",
              "1.16.15-gke.14800",
              "1.16.15-gke.12500",
              "1.16.15-gke.11800",
              "1.16.15-gke.10600",
              "1.16.15-gke.7801",
              "1.16.15-gke.7800",
              "1.16.15-gke.7300",
              "1.16.15-gke.6900",
              "1.16.15-gke.6000",
              "1.16.15-gke.5500",
              "1.16.15-gke.4901",
              "1.16.15-gke.4301",
              "1.16.15-gke.4300",
              "1.16.15-gke.3500",
              "1.16.15-gke.2601",
              "1.16.15-gke.1600",
              "1.16.15-gke.500",
              "1.16.13-gke.404",
              "1.16.13-gke.403",
              "1.16.13-gke.401",
              "1.16.13-gke.400",
              "1.16.13-gke.1",
              "1.16.11-gke.5",
              "1.16.10-gke.8",
              "1.16.9-gke.6",
              "1.16.9-gke.2",
              "1.16.8-gke.15",
              "1.16.8-gke.12",
              "1.16.8-gke.9",
              "1.15.12-gke.6002",
              "1.15.12-gke.6001",
              "1.15.12-gke.5000",
              "1.15.12-gke.4002",
              "1.15.12-gke.4000",
              "1.15.12-gke.20",
              "1.15.12-gke.17",
              "1.15.12-gke.16",
              "1.15.12-gke.13",
              "1.15.12-gke.9",
              "1.15.12-gke.6",
              "1.15.12-gke.3",
              "1.15.12-gke.2",
              "1.15.11-gke.17",
              "1.15.11-gke.15",
              "1.15.11-gke.13",
              "1.15.11-gke.12",
              "1.15.11-gke.11",
              "1.15.11-gke.9",
              "1.15.11-gke.5",
              "1.15.11-gke.3",
              "1.15.11-gke.1",
              "1.15.9-gke.26",
              "1.15.9-gke.24",
              "1.15.9-gke.22",
              "1.15.9-gke.12",
              "1.15.9-gke.9",
              "1.15.9-gke.8",
              "1.15.8-gke.3",
              "1.15.8-gke.2",
              "1.15.7-gke.23",
              "1.15.7-gke.2",
              "1.15.4-gke.22",
              "1.14.10-gke.1504",
              "1.14.10-gke.902",
              "1.14.10-gke.50",
              "1.14.10-gke.46",
              "1.14.10-gke.45",
              "1.14.10-gke.42",
              "1.14.10-gke.41",
              "1.14.10-gke.40",
              "1.14.10-gke.37",
              "1.14.10-gke.36",
              "1.14.10-gke.34",
              "1.14.10-gke.32",
              "1.14.10-gke.31",
              "1.14.10-gke.27",
              "1.14.10-gke.24",
              "1.14.10-gke.22",
              "1.14.10-gke.21",
              "1.14.10-gke.17",
              "1.14.10-gke.0",
              "1.14.9-gke.23",
              "1.14.9-gke.2",
              "1.14.9-gke.0",
              "1.14.8-gke.33",
              "1.14.8-gke.21",
              "1.14.8-gke.18",
              "1.14.8-gke.17",
              "1.14.8-gke.14",
              "1.14.8-gke.12",
              "1.14.8-gke.7",
              "1.14.8-gke.2",
              "1.14.7-gke.40",
              "1.14.7-gke.25",
              "1.14.7-gke.23",
              "1.14.7-gke.17",
              "1.14.7-gke.14",
              "1.14.7-gke.10",
              "1.14.6-gke.13",
              "1.14.6-gke.2",
              "1.14.6-gke.1",
              "1.14.3-gke.11",
              "1.14.3-gke.10",
              "1.14.3-gke.9",
              "1.14.2-gke.9",
              "1.14.1-gke.5",
              "1.13.12-gke.30",
              "1.13.12-gke.25",
              "1.13.12-gke.17",
              "1.13.12-gke.16",
              "1.13.12-gke.14",
              "1.13.12-gke.13",
              "1.13.12-gke.10",
              "1.13.12-gke.8",
              "1.13.12-gke.4",
              "1.13.12-gke.2",
              "1.13.11-gke.23",
              "1.13.11-gke.15",
              "1.13.11-gke.14",
              "1.13.11-gke.12",
              "1.13.11-gke.11",
              "1.13.11-gke.9",
              "1.13.11-gke.5",
              "1.13.10-gke.7",
              "1.13.10-gke.0",
              "1.13.9-gke.11",
              "1.13.9-gke.3",
              "1.13.7-gke.24",
              "1.13.7-gke.19",
              "1.13.7-gke.15",
              "1.13.7-gke.8",
              "1.13.7-gke.0",
              "1.13.6-gke.13",
              "1.13.6-gke.6",
              "1.13.6-gke.5",
              "1.13.6-gke.0",
              "1.13.5-gke.10",
              "1.12.10-gke.22",
              "1.12.10-gke.20",
              "1.12.10-gke.19",
              "1.12.10-gke.18",
              "1.12.10-gke.17",
              "1.12.10-gke.15",
              "1.12.10-gke.13",
              "1.12.10-gke.11",
              "1.12.10-gke.5",
              "1.12.9-gke.16",
              "1.12.9-gke.15",
              "1.12.9-gke.13",
              "1.12.9-gke.10",
              "1.12.9-gke.7",
              "1.12.9-gke.3",
              "1.12.8-gke.12",
              "1.12.8-gke.10",
              "1.12.8-gke.7",
              "1.12.8-gke.6",
              "1.12.7-gke.26",
              "1.12.7-gke.25",
              "1.12.7-gke.24",
              "1.12.7-gke.22",
              "1.12.7-gke.21",
              "1.12.7-gke.17",
              "1.12.7-gke.10",
              "1.12.7-gke.7",
              "1.12.6-gke.11",
              "1.12.6-gke.10",
              "1.12.6-gke.7",
              "1.12.5-gke.10",
              "1.12.5-gke.5",
              "1.11.10-gke.6",
              "1.11.10-gke.5"
            ],
            "version_prefix": null
          },
          "sensitive_attributes": []
        }
      ]
    },
    {
      "module": "module.cluster[\"2\"]",
      "mode": "managed",
      "type": "google_compute_firewall",
      "name": "master_webhooks",
      "provider": "provider[\"registry.terraform.io/hashicorp/google\"]",
      "instances": [
        {
          "index_key": 0,
          "schema_version": 1,
          "attributes": {
            "allow": [
              {
                "ports": [
                  "15017"
                ],
                "protocol": "tcp"
              }
            ],
            "creation_timestamp": "2021-11-22T00:18:22.807-08:00",
            "deny": [],
            "description": "Managed by terraform gke module: Allow master to hit pods for admission controllers/webhooks",
            "destination_ranges": [],
            "direction": "INGRESS",
            "disabled": false,
            "enable_logging": null,
            "id": "projects/anthos-lab-310709/global/firewalls/gke-gke-ingress-webhooks",
            "log_config": [],
            "name": "gke-gke-ingress-webhooks",
            "network": "https://www.googleapis.com/compute/v1/projects/anthos-lab-310709/global/networks/default",
            "priority": 1000,
            "project": "anthos-lab-310709",
            "self_link": "https://www.googleapis.com/compute/v1/projects/anthos-lab-310709/global/firewalls/gke-gke-ingress-webhooks",
            "source_ranges": [
              "172.16.2.0/28"
            ],
            "source_service_accounts": [],
            "source_tags": [],
            "target_service_accounts": [],
            "target_tags": [
              "gke-gke-ingress"
            ],
            "timeouts": null
          },
          "sensitive_attributes": [],
          "private": "eyJlMmJmYjczMC1lY2FhLTExZTYtOGY4OC0zNDM2M2JjN2M0YzAiOnsiY3JlYXRlIjoyNDAwMDAwMDAwMDAsImRlbGV0ZSI6MjQwMDAwMDAwMDAwLCJ1cGRhdGUiOjI0MDAwMDAwMDAwMH0sInNjaGVtYV92ZXJzaW9uIjoiMSJ9",
          "dependencies": [
            "module.project-services.google_project_service.project_services"
          ]
        }
      ]
    },
    {
      "module": "module.cluster[\"2\"]",
      "mode": "managed",
      "type": "google_container_cluster",
      "name": "primary",
      "provider": "provider[\"registry.terraform.io/hashicorp/google\"]",
      "instances": [
        {
          "schema_version": 1,
          "attributes": {
            "addons_config": [
              {
                "cloudrun_config": [],
                "horizontal_pod_autoscaling": [
                  {
                    "disabled": false
                  }
                ],
                "http_load_balancing": [
                  {
                    "disabled": false
                  }
                ],
                "network_policy_config": [
                  {
                    "disabled": true
                  }
                ]
              }
            ],
            "authenticator_groups_config": [],
            "cluster_autoscaling": [
              {
                "auto_provisioning_defaults": [],
                "enabled": false,
                "resource_limits": []
              }
            ],
            "cluster_ipv4_cidr": "10.16.0.0/14",
            "database_encryption": [
              {
                "key_name": "",
                "state": "DECRYPTED"
              }
            ],
            "datapath_provider": "",
            "default_max_pods_per_node": 110,
            "default_snat_status": [
              {
                "disabled": false
              }
            ],
            "description": "",
            "enable_autopilot": false,
            "enable_binary_authorization": false,
            "enable_intranode_visibility": false,
            "enable_kubernetes_alpha": false,
            "enable_legacy_abac": false,
            "enable_shielded_nodes": true,
            "enable_tpu": false,
            "endpoint": "35.195.8.160",
            "id": "projects/anthos-lab-310709/locations/europe-west1/clusters/gke-ingress",
            "initial_node_count": 0,
            "instance_group_urls": [
              "https://www.googleapis.com/compute/v1/projects/anthos-lab-310709/zones/europe-west1-b/instanceGroups/gke-gke-ingress-default-pool-b4ea658a-grp",
              "https://www.googleapis.com/compute/v1/projects/anthos-lab-310709/zones/europe-west1-b/instanceGroups/gke-gke-ingress-default-node-pool-gke-63bebf39-grp"
            ],
            "ip_allocation_policy": [
              {
                "cluster_ipv4_cidr_block": "10.16.0.0/14",
                "cluster_secondary_range_name": "gke-gke-ingress-pods-e71516a6",
                "services_ipv4_cidr_block": "10.12.16.0/20",
                "services_secondary_range_name": "gke-gke-ingress-services-e71516a6"
              }
            ],
            "label_fingerprint": "ac04a7e2",
            "location": "europe-west1",
            "logging_config": [
              {
                "enable_components": [
                  "SYSTEM_COMPONENTS",
                  "WORKLOADS"
                ]
              }
            ],
            "logging_service": "logging.googleapis.com/kubernetes",
            "maintenance_policy": [
              {
                "daily_maintenance_window": [
                  {
                    "duration": "PT4H0M0S",
                    "start_time": "05:00"
                  }
                ],
                "maintenance_exclusion": [],
                "recurring_window": []
              }
            ],
            "master_auth": [
              {
                "client_certificate": "",
                "client_certificate_config": [
                  {
                    "issue_client_certificate": false
                  }
                ],
                "client_key": "",
                "cluster_ca_certificate": "LS0tLS1CRUdJTiBDRVJUSUZJQ0FURS0tLS0tCk1JSUVMRENDQXBTZ0F3SUJBZ0lRTlRWaXpYZC85Yi91TExJSytCS3YzekFOQmdrcWhraUc5dzBCQVFzRkFEQXYKTVMwd0t3WURWUVFERXlRMU56aG1abVZsWmkwNU9XUmpMVFF3Tm1ZdE9UazRNaTFoWm1ReVl6UTJNekl6TVRjdwpJQmNOTWpFeE1USXlNRGN4T0RJMldoZ1BNakExTVRFeE1UVXdPREU0TWpaYU1DOHhMVEFyQmdOVkJBTVRKRFUzCk9HWm1aV1ZtTFRrNVpHTXROREEyWmkwNU9UZ3lMV0ZtWkRKak5EWXpNak14TnpDQ0FhSXdEUVlKS29aSWh2Y04KQVFFQkJRQURnZ0dQQURDQ0FZb0NnZ0dCQU1pUm05aWVQOG12Z2dlcFNnb2tuMGpkTHg5bWZYcGQ0OWFDM3lIMwpNV0hxYXBaTWV2bjlUZ2F5anZGSnJyaFhkazNoSExLY1RTZWdnck95bmxvbFJXRzk5UW1SZ0NuWVNaZFVHZHU2Ck9xNWUvUmh1aDFMbEtSWGdaWk9DUm9uWVlRc3VpTDhBb1FXQW1OQnVNVUxlRHpPN3RSMU1qM2J1cnU2MUVpU0MKeGxNc1BsTG9TY05DcXZOcUQ0bzFhKzd2cWIzVGhuWFlPTVpWTFhqRU8vQ2g3TGNVS25jUGxCdEtxVy81TWNscApxamM1S3U2UXhTNEtrT3BxL3dNOFVoZ25ua2FCanJoeE9Ud1NjNjdNVW9WWHpqS0tUUjRPTjNGajY0TXNLZmVxCnZwbFRDK3RCYXRUTy9YWHJIQXVLSUNVaUVaMmRXTWRsU2NzOGN3QXk3YXNCc0l6UjhnQkMrSXRsT0VSUlp1a2MKZ3o4TmxtR21aaWUvLzVRVjNaMk9xNFB6THBWd1pUL1lkWEkzREJWTGNORmtYY3pmZTJmUTJuOXc2akhIaGlYMwplQjQvamlNNFY1SnBaa3ZNaDNNZTlHUG1rd1Z2bHIxMDVNT2duaE5WZTJxZ3hhbU9PQk9XazZYNkcybEtsUGErCkpPNFZLWW9zOUpOSExKZnhybkx6WENLMkJRSURBUUFCbzBJd1FEQU9CZ05WSFE4QkFmOEVCQU1DQWdRd0R3WUQKVlIwVEFRSC9CQVV3QXdFQi96QWRCZ05WSFE0RUZnUVVaOFFCSTZ1aEkycG9mb1plT0ZDd3QyTjk4UGt3RFFZSgpLb1pJaHZjTkFRRUxCUUFEZ2dHQkFISG93YkdYd1R4eHFXL1JXa0o1QUI2ZVFMRzBjVzIxUFhCZlNRbVRoNWpCCnJ0OVhZVTNGUFBIRkZCdzZmclA4OGRYMDAyMUV3bmdUQXlsZ0hsNG1xS1FETXhDb1g1YytkU2REbHVXVnBXcFMKTzk5ZVJtYTY1NUlHQXdHdzJmSG1iL1dHeG9VWjExOWRDNWxxRzBuTDUrY1RnN0FoWUxMN0pLaSsyVnJRSGp1VQowRm1yU1JTNGJHaWFlampzaDBseG9DS09Uak9EWjdYMVZRNFQrekltbU84TC9JWDZ2MUYxWmdHSm00enFBRnV5CkMzOWVDNUFyZDRtTGo1SUo2eGhiWExjNGR2NUdWRnErczhzakVWa01PWk4wcE9INTUzYmtDOExIZDdmcWx2MWkKaXQ0byt4WmsxRmhCR3FNNDhVckwrOHlCZ3Vnd2lFKy9PeXhWVWFDK3VoWng1YmRxWGxmSFhJWHRLWWtKSFQzWgpXOXYyK1VLUXhJTzFwb2VGb2dTM2NERFlnNDdIL2VsSFFRbW9UYlo0T2krZUVrcHVldUNSS0ZNNU1zVmlHYi9rCklBYldmS21vV1lPS2Vpc2NybWtIWmNxb2tYa1NsTVNCcWFDWXdpb0Y0Z3p2TUlZZjJmTTcxOURneGpHc0h3L0EKenJDZXBIS0JMRjYyT0lkRzJtTUdjdz09Ci0tLS0tRU5EIENFUlRJRklDQVRFLS0tLS0K",
                "password": "",
                "username": ""
              }
            ],
            "master_authorized_networks_config": [
              {
                "cidr_blocks": [
                  {
                    "cidr_block": "10.0.1.0/24",
                    "display_name": "proxy_vm"
                  },
                  {
                    "cidr_block": "34.107.73.210/32",
                    "display_name": "nat_europe_west3"
                  },
                  {
                    "cidr_block": "34.88.13.127/32",
                    "display_name": "nat_europe_north_1"
                  }
                ]
              }
            ],
            "master_version": "1.20.10-gke.1600",
            "min_master_version": null,
            "monitoring_config": [
              {
                "enable_components": [
                  "SYSTEM_COMPONENTS"
                ]
              }
            ],
            "monitoring_service": "monitoring.googleapis.com/kubernetes",
            "name": "gke-ingress",
            "network": "projects/anthos-lab-310709/global/networks/default",
            "network_policy": [
              {
                "enabled": false,
                "provider": "PROVIDER_UNSPECIFIED"
              }
            ],
            "networking_mode": "VPC_NATIVE",
            "node_config": [
              {
                "disk_size_gb": 100,
                "disk_type": "pd-standard",
                "guest_accelerator": [],
                "image_type": "COS_CONTAINERD",
                "labels": {},
                "local_ssd_count": 0,
                "machine_type": "e2-medium",
                "metadata": {
                  "disable-legacy-endpoints": "true"
                },
                "min_cpu_platform": "",
                "oauth_scopes": [
                  "https://www.googleapis.com/auth/logging.write",
                  "https://www.googleapis.com/auth/monitoring"
                ],
                "preemptible": false,
                "service_account": "tf-gke-gke-ingress-sycb@anthos-lab-310709.iam.gserviceaccount.com",
                "shielded_instance_config": [
                  {
                    "enable_integrity_monitoring": true,
                    "enable_secure_boot": false
                  }
                ],
                "tags": [],
                "taint": [],
                "workload_metadata_config": [
                  {
                    "mode": "GKE_METADATA",
                    "node_metadata": "GKE_METADATA_SERVER"
                  }
                ]
              }
            ],
            "node_locations": [
              "europe-west1-b"
            ],
            "node_pool": [
              {
                "autoscaling": [],
                "initial_node_count": 0,
                "instance_group_urls": [
                  "https://www.googleapis.com/compute/v1/projects/anthos-lab-310709/zones/europe-west1-b/instanceGroupManagers/gke-gke-ingress-default-pool-b4ea658a-grp"
                ],
                "management": [
                  {
                    "auto_repair": true,
                    "auto_upgrade": true
                  }
                ],
                "max_pods_per_node": 110,
                "name": "default-pool",
                "name_prefix": "",
                "node_config": [
                  {
                    "disk_size_gb": 100,
                    "disk_type": "pd-standard",
                    "guest_accelerator": [],
                    "image_type": "COS_CONTAINERD",
                    "labels": {},
                    "local_ssd_count": 0,
                    "machine_type": "e2-medium",
                    "metadata": {
                      "disable-legacy-endpoints": "true"
                    },
                    "min_cpu_platform": "",
                    "oauth_scopes": [
                      "https://www.googleapis.com/auth/logging.write",
                      "https://www.googleapis.com/auth/monitoring"
                    ],
                    "preemptible": false,
                    "service_account": "tf-gke-gke-ingress-sycb@anthos-lab-310709.iam.gserviceaccount.com",
                    "shielded_instance_config": [
                      {
                        "enable_integrity_monitoring": true,
                        "enable_secure_boot": false
                      }
                    ],
                    "tags": [],
                    "taint": [],
                    "workload_metadata_config": [
                      {
                        "mode": "GKE_METADATA",
                        "node_metadata": "GKE_METADATA_SERVER"
                      }
                    ]
                  }
                ],
                "node_count": 0,
                "node_locations": [
                  "europe-west1-b"
                ],
                "upgrade_settings": [
                  {
                    "max_surge": 1,
                    "max_unavailable": 0
                  }
                ],
                "version": "1.20.10-gke.1600"
              },
              {
                "autoscaling": [],
                "initial_node_count": 3,
                "instance_group_urls": [
                  "https://www.googleapis.com/compute/v1/projects/anthos-lab-310709/zones/europe-west1-b/instanceGroupManagers/gke-gke-ingress-default-node-pool-gke-63bebf39-grp"
                ],
                "management": [
                  {
                    "auto_repair": true,
                    "auto_upgrade": true
                  }
                ],
                "max_pods_per_node": 110,
                "name": "default-node-pool-gke-ingress",
                "name_prefix": "",
                "node_config": [
                  {
                    "disk_size_gb": 100,
                    "disk_type": "pd-standard",
                    "guest_accelerator": [],
                    "image_type": "COS",
                    "labels": {
                      "cluster_name": "gke-ingress",
                      "node_pool": "default-node-pool-gke-ingress"
                    },
                    "local_ssd_count": 0,
                    "machine_type": "e2-standard-4",
                    "metadata": {
                      "cluster_name": "gke-ingress",
                      "disable-legacy-endpoints": "true",
                      "node_pool": "default-node-pool-gke-ingress"
                    },
                    "min_cpu_platform": "",
                    "oauth_scopes": [
                      "https://www.googleapis.com/auth/cloud-platform"
                    ],
                    "preemptible": false,
                    "service_account": "tf-gke-gke-ingress-sycb@anthos-lab-310709.iam.gserviceaccount.com",
                    "shielded_instance_config": [
                      {
                        "enable_integrity_monitoring": true,
                        "enable_secure_boot": false
                      }
                    ],
                    "tags": [
                      "gke-gke-ingress",
                      "gke-gke-ingress-default-node-pool-gke-ingress"
                    ],
                    "taint": [],
                    "workload_metadata_config": [
                      {
                        "mode": "GKE_METADATA",
                        "node_metadata": "GKE_METADATA_SERVER"
                      }
                    ]
                  }
                ],
                "node_count": 3,
                "node_locations": [
                  "europe-west1-b"
                ],
                "upgrade_settings": [
                  {
                    "max_surge": 1,
                    "max_unavailable": 0
                  }
                ],
                "version": "1.20.10-gke.1600"
              }
            ],
            "node_version": "1.20.10-gke.1600",
            "operation": null,
            "pod_security_policy_config": [],
            "private_cluster_config": [],
            "private_ipv6_google_access": "",
            "project": "anthos-lab-310709",
            "release_channel": [
              {
                "channel": "STABLE"
              }
            ],
            "remove_default_node_pool": false,
            "resource_labels": {
              "mesh_id": "proj-963943038361"
            },
            "resource_usage_export_config": [],
            "self_link": "https://container.googleapis.com/v1beta1/projects/anthos-lab-310709/locations/europe-west1/clusters/gke-ingress",
            "services_ipv4_cidr": "10.12.16.0/20",
            "subnetwork": "projects/anthos-lab-310709/regions/europe-west1/subnetworks/default",
            "timeouts": {
              "create": "45m",
              "delete": "45m",
              "read": null,
              "update": "45m"
            },
            "tpu_ipv4_cidr_block": "",
            "vertical_pod_autoscaling": [
              {
                "enabled": false
              }
            ],
            "workload_identity_config": [
              {
                "identity_namespace": "anthos-lab-310709.svc.id.goog",
                "workload_pool": ""
              }
            ]
          },
          "sensitive_attributes": [],
          "private": "eyJlMmJmYjczMC1lY2FhLTExZTYtOGY4OC0zNDM2M2JjN2M0YzAiOnsiY3JlYXRlIjoyNzAwMDAwMDAwMDAwLCJkZWxldGUiOjI3MDAwMDAwMDAwMDAsInJlYWQiOjI0MDAwMDAwMDAwMDAsInVwZGF0ZSI6MjcwMDAwMDAwMDAwMH0sInNjaGVtYV92ZXJzaW9uIjoiMSJ9",
          "dependencies": [
            "module.cluster.data.google_compute_zones.available",
            "module.cluster.data.google_container_engine_versions.region",
            "module.cluster.data.google_container_engine_versions.zone",
            "module.cluster.google_service_account.cluster_service_account",
            "module.cluster.random_shuffle.available_zones",
            "module.cluster.random_string.cluster_service_account_suffix",
            "module.project-services.google_project_service.project_services",
            "data.google_project.project"
          ]
        }
      ]
    },
    {
      "module": "module.cluster[\"2\"]",
      "mode": "managed",
      "type": "google_container_node_pool",
      "name": "pools",
      "provider": "provider[\"registry.terraform.io/hashicorp/google\"]",
      "instances": [
        {
          "index_key": "default-node-pool-gke-ingress",
          "schema_version": 1,
          "attributes": {
            "autoscaling": [],
            "cluster": "gke-ingress",
            "id": "projects/anthos-lab-310709/locations/europe-west1/clusters/gke-ingress/nodePools/default-node-pool-gke-ingress",
            "initial_node_count": 3,
            "instance_group_urls": [
              "https://www.googleapis.com/compute/v1/projects/anthos-lab-310709/zones/europe-west1-b/instanceGroupManagers/gke-gke-ingress-default-node-pool-gke-63bebf39-grp"
            ],
            "location": "europe-west1",
            "management": [
              {
                "auto_repair": true,
                "auto_upgrade": true
              }
            ],
            "max_pods_per_node": 110,
            "name": "default-node-pool-gke-ingress",
            "name_prefix": "",
            "node_config": [
              {
                "disk_size_gb": 100,
                "disk_type": "pd-standard",
                "guest_accelerator": [],
                "image_type": "COS",
                "labels": {
                  "cluster_name": "gke-ingress",
                  "node_pool": "default-node-pool-gke-ingress"
                },
                "local_ssd_count": 0,
                "machine_type": "e2-standard-4",
                "metadata": {
                  "cluster_name": "gke-ingress",
                  "disable-legacy-endpoints": "true",
                  "node_pool": "default-node-pool-gke-ingress"
                },
                "min_cpu_platform": "",
                "oauth_scopes": [
                  "https://www.googleapis.com/auth/cloud-platform"
                ],
                "preemptible": false,
                "service_account": "tf-gke-gke-ingress-sycb@anthos-lab-310709.iam.gserviceaccount.com",
                "shielded_instance_config": [
                  {
                    "enable_integrity_monitoring": true,
                    "enable_secure_boot": false
                  }
                ],
                "tags": [
                  "gke-gke-ingress",
                  "gke-gke-ingress-default-node-pool-gke-ingress"
                ],
                "taint": [],
                "workload_metadata_config": [
                  {
                    "mode": "GKE_METADATA",
                    "node_metadata": "GKE_METADATA_SERVER"
                  }
                ]
              }
            ],
            "node_count": 3,
            "node_locations": [
              "europe-west1-b"
            ],
            "operation": null,
            "project": "anthos-lab-310709",
            "timeouts": {
              "create": "45m",
              "delete": "45m",
              "update": "45m"
            },
            "upgrade_settings": [
              {
                "max_surge": 1,
                "max_unavailable": 0
              }
            ],
            "version": "1.20.10-gke.1600"
          },
          "sensitive_attributes": [],
          "private": "eyJlMmJmYjczMC1lY2FhLTExZTYtOGY4OC0zNDM2M2JjN2M0YzAiOnsiY3JlYXRlIjoyNzAwMDAwMDAwMDAwLCJkZWxldGUiOjI3MDAwMDAwMDAwMDAsInVwZGF0ZSI6MjcwMDAwMDAwMDAwMH0sInNjaGVtYV92ZXJzaW9uIjoiMSJ9",
          "dependencies": [
            "data.google_project.project",
            "module.cluster.data.google_container_engine_versions.region",
            "module.cluster.data.google_container_engine_versions.zone",
            "module.cluster.google_service_account.cluster_service_account",
            "module.project-services.google_project_service.project_services",
            "module.cluster.data.google_compute_zones.available",
            "module.cluster.google_container_cluster.primary",
            "module.cluster.random_shuffle.available_zones",
            "module.cluster.random_string.cluster_service_account_suffix"
          ]
        }
      ]
    },
    {
      "module": "module.cluster[\"2\"]",
      "mode": "managed",
      "type": "google_project_iam_member",
      "name": "cluster_service_account-log_writer",
      "provider": "provider[\"registry.terraform.io/hashicorp/google\"]",
      "instances": [
        {
          "index_key": 0,
          "schema_version": 0,
          "attributes": {
            "condition": [],
            "etag": "BwXRXEaF1IE=",
            "id": "anthos-lab-310709/roles/logging.logWriter/serviceAccount:tf-gke-gke-ingress-sycb@anthos-lab-310709.iam.gserviceaccount.com",
            "member": "serviceAccount:tf-gke-gke-ingress-sycb@anthos-lab-310709.iam.gserviceaccount.com",
            "project": "anthos-lab-310709",
            "role": "roles/logging.logWriter"
          },
          "sensitive_attributes": [],
          "private": "bnVsbA==",
          "dependencies": [
            "module.project-services.google_project_service.project_services",
            "module.cluster.google_service_account.cluster_service_account",
            "module.cluster.random_string.cluster_service_account_suffix"
          ]
        }
      ]
    },
    {
      "module": "module.cluster[\"2\"]",
      "mode": "managed",
      "type": "google_project_iam_member",
      "name": "cluster_service_account-metric_writer",
      "provider": "provider[\"registry.terraform.io/hashicorp/google\"]",
      "instances": [
        {
          "index_key": 0,
          "schema_version": 0,
          "attributes": {
            "condition": [],
            "etag": "BwXRXEaF1IE=",
            "id": "anthos-lab-310709/roles/monitoring.metricWriter/serviceAccount:tf-gke-gke-ingress-sycb@anthos-lab-310709.iam.gserviceaccount.com",
            "member": "serviceAccount:tf-gke-gke-ingress-sycb@anthos-lab-310709.iam.gserviceaccount.com",
            "project": "anthos-lab-310709",
            "role": "roles/monitoring.metricWriter"
          },
          "sensitive_attributes": [],
          "private": "bnVsbA==",
          "dependencies": [
            "module.cluster.random_string.cluster_service_account_suffix",
            "module.project-services.google_project_service.project_services",
            "module.cluster.google_project_iam_member.cluster_service_account-log_writer",
            "module.cluster.google_service_account.cluster_service_account"
          ]
        }
      ]
    },
    {
      "module": "module.cluster[\"2\"]",
      "mode": "managed",
      "type": "google_project_iam_member",
      "name": "cluster_service_account-monitoring_viewer",
      "provider": "provider[\"registry.terraform.io/hashicorp/google\"]",
      "instances": [
        {
          "index_key": 0,
          "schema_version": 0,
          "attributes": {
            "condition": [],
            "etag": "BwXRXEaF1IE=",
            "id": "anthos-lab-310709/roles/monitoring.viewer/serviceAccount:tf-gke-gke-ingress-sycb@anthos-lab-310709.iam.gserviceaccount.com",
            "member": "serviceAccount:tf-gke-gke-ingress-sycb@anthos-lab-310709.iam.gserviceaccount.com",
            "project": "anthos-lab-310709",
            "role": "roles/monitoring.viewer"
          },
          "sensitive_attributes": [],
          "private": "bnVsbA==",
          "dependencies": [
            "module.project-services.google_project_service.project_services",
            "module.cluster.google_project_iam_member.cluster_service_account-log_writer",
            "module.cluster.google_project_iam_member.cluster_service_account-metric_writer",
            "module.cluster.google_service_account.cluster_service_account",
            "module.cluster.random_string.cluster_service_account_suffix"
          ]
        }
      ]
    },
    {
      "module": "module.cluster[\"2\"]",
      "mode": "managed",
      "type": "google_project_iam_member",
      "name": "cluster_service_account-resourceMetadata-writer",
      "provider": "provider[\"registry.terraform.io/hashicorp/google\"]",
      "instances": [
        {
          "index_key": 0,
          "schema_version": 0,
          "attributes": {
            "condition": [],
            "etag": "BwXRXEaF1IE=",
            "id": "anthos-lab-310709/roles/stackdriver.resourceMetadata.writer/serviceAccount:tf-gke-gke-ingress-sycb@anthos-lab-310709.iam.gserviceaccount.com",
            "member": "serviceAccount:tf-gke-gke-ingress-sycb@anthos-lab-310709.iam.gserviceaccount.com",
            "project": "anthos-lab-310709",
            "role": "roles/stackdriver.resourceMetadata.writer"
          },
          "sensitive_attributes": [],
          "private": "bnVsbA==",
          "dependencies": [
            "module.cluster.google_project_iam_member.cluster_service_account-metric_writer",
            "module.cluster.google_project_iam_member.cluster_service_account-monitoring_viewer",
            "module.cluster.google_service_account.cluster_service_account",
            "module.cluster.random_string.cluster_service_account_suffix",
            "module.project-services.google_project_service.project_services",
            "module.cluster.google_project_iam_member.cluster_service_account-log_writer"
          ]
        }
      ]
    },
    {
      "module": "module.cluster[\"2\"]",
      "mode": "managed",
      "type": "google_service_account",
      "name": "cluster_service_account",
      "provider": "provider[\"registry.terraform.io/hashicorp/google\"]",
      "instances": [
        {
          "index_key": 0,
          "schema_version": 0,
          "attributes": {
            "account_id": "tf-gke-gke-ingress-sycb",
            "description": "",
            "disabled": false,
            "display_name": "Terraform-managed service account for cluster gke-ingress",
            "email": "tf-gke-gke-ingress-sycb@anthos-lab-310709.iam.gserviceaccount.com",
            "id": "projects/anthos-lab-310709/serviceAccounts/tf-gke-gke-ingress-sycb@anthos-lab-310709.iam.gserviceaccount.com",
            "name": "projects/anthos-lab-310709/serviceAccounts/tf-gke-gke-ingress-sycb@anthos-lab-310709.iam.gserviceaccount.com",
            "project": "anthos-lab-310709",
            "timeouts": null,
            "unique_id": "116706536728565085844"
          },
          "sensitive_attributes": [],
          "private": "eyJlMmJmYjczMC1lY2FhLTExZTYtOGY4OC0zNDM2M2JjN2M0YzAiOnsiY3JlYXRlIjozMDAwMDAwMDAwMDB9fQ==",
          "dependencies": [
            "module.cluster.random_string.cluster_service_account_suffix",
            "module.project-services.google_project_service.project_services"
          ]
        }
      ]
    },
    {
      "module": "module.cluster[\"2\"]",
      "mode": "managed",
      "type": "random_shuffle",
      "name": "available_zones",
      "provider": "provider[\"registry.terraform.io/hashicorp/random\"]",
      "instances": [
        {
          "schema_version": 0,
          "attributes": {
            "id": "-",
            "input": [
              "europe-west1-b",
              "europe-west1-c",
              "europe-west1-d"
            ],
            "keepers": null,
            "result": [
              "europe-west1-c",
              "europe-west1-d",
              "europe-west1-b"
            ],
            "result_count": 3,
            "seed": null
          },
          "sensitive_attributes": [],
          "private": "bnVsbA==",
          "dependencies": [
            "module.cluster.data.google_compute_zones.available",
            "module.project-services.google_project_service.project_services"
          ]
        }
      ]
    },
    {
      "module": "module.cluster[\"2\"]",
      "mode": "managed",
      "type": "random_string",
      "name": "cluster_service_account_suffix",
      "provider": "provider[\"registry.terraform.io/hashicorp/random\"]",
      "instances": [
        {
          "schema_version": 1,
          "attributes": {
            "id": "sycb",
            "keepers": null,
            "length": 4,
            "lower": true,
            "min_lower": 0,
            "min_numeric": 0,
            "min_special": 0,
            "min_upper": 0,
            "number": true,
            "override_special": null,
            "result": "sycb",
            "special": false,
            "upper": false
          },
          "sensitive_attributes": [],
          "private": "eyJzY2hlbWFfdmVyc2lvbiI6IjEifQ=="
        }
      ]
    },
    {
      "module": "module.cluster[\"2\"].module.gcloud_delete_default_kube_dns_configmap.module.gcloud_kubectl",
      "mode": "managed",
      "type": "null_resource",
      "name": "module_depends_on",
      "provider": "provider[\"registry.terraform.io/hashicorp/null\"]",
      "instances": [
        {
          "index_key": 0,
          "schema_version": 0,
          "attributes": {
            "id": "5931121635027048571",
            "triggers": {
              "value": "2"
            }
          },
          "sensitive_attributes": [],
          "private": "bnVsbA==",
          "dependencies": [
            "data.google_project.project",
            "module.cluster.data.google_compute_zones.available",
            "module.cluster.data.google_container_engine_versions.region",
            "module.cluster.data.google_container_engine_versions.zone",
            "module.cluster.random_shuffle.available_zones",
            "module.cluster.random_string.cluster_service_account_suffix",
            "module.project-services.google_project_service.project_services",
            "module.cluster.google_container_cluster.primary",
            "module.cluster.google_container_node_pool.pools",
            "module.cluster.google_service_account.cluster_service_account"
          ]
        }
      ]
    },
    {
      "module": "module.project-services",
      "mode": "managed",
      "type": "google_project_service",
      "name": "project_services",
      "provider": "provider[\"registry.terraform.io/hashicorp/google\"]",
      "instances": [
        {
          "index_key": "anthos.googleapis.com",
          "schema_version": 0,
          "attributes": {
            "disable_dependent_services": true,
            "disable_on_destroy": false,
            "id": "anthos-lab-310709/anthos.googleapis.com",
            "project": "anthos-lab-310709",
            "service": "anthos.googleapis.com",
            "timeouts": null
          },
          "sensitive_attributes": [],
          "private": "eyJlMmJmYjczMC1lY2FhLTExZTYtOGY4OC0zNDM2M2JjN2M0YzAiOnsiY3JlYXRlIjoxMjAwMDAwMDAwMDAwLCJkZWxldGUiOjEyMDAwMDAwMDAwMDAsInJlYWQiOjYwMDAwMDAwMDAwMCwidXBkYXRlIjoxMjAwMDAwMDAwMDAwfX0="
        },
        {
          "index_key": "cloudresourcemanager.googleapis.com",
          "schema_version": 0,
          "attributes": {
            "disable_dependent_services": true,
            "disable_on_destroy": false,
            "id": "anthos-lab-310709/cloudresourcemanager.googleapis.com",
            "project": "anthos-lab-310709",
            "service": "cloudresourcemanager.googleapis.com",
            "timeouts": null
          },
          "sensitive_attributes": [],
          "private": "eyJlMmJmYjczMC1lY2FhLTExZTYtOGY4OC0zNDM2M2JjN2M0YzAiOnsiY3JlYXRlIjoxMjAwMDAwMDAwMDAwLCJkZWxldGUiOjEyMDAwMDAwMDAwMDAsInJlYWQiOjYwMDAwMDAwMDAwMCwidXBkYXRlIjoxMjAwMDAwMDAwMDAwfX0="
        },
        {
          "index_key": "cloudtrace.googleapis.com",
          "schema_version": 0,
          "attributes": {
            "disable_dependent_services": true,
            "disable_on_destroy": false,
            "id": "anthos-lab-310709/cloudtrace.googleapis.com",
            "project": "anthos-lab-310709",
            "service": "cloudtrace.googleapis.com",
            "timeouts": null
          },
          "sensitive_attributes": [],
          "private": "eyJlMmJmYjczMC1lY2FhLTExZTYtOGY4OC0zNDM2M2JjN2M0YzAiOnsiY3JlYXRlIjoxMjAwMDAwMDAwMDAwLCJkZWxldGUiOjEyMDAwMDAwMDAwMDAsInJlYWQiOjYwMDAwMDAwMDAwMCwidXBkYXRlIjoxMjAwMDAwMDAwMDAwfX0="
        },
        {
          "index_key": "compute.googleapis.com",
          "schema_version": 0,
          "attributes": {
            "disable_dependent_services": true,
            "disable_on_destroy": false,
            "id": "anthos-lab-310709/compute.googleapis.com",
            "project": "anthos-lab-310709",
            "service": "compute.googleapis.com",
            "timeouts": null
          },
          "sensitive_attributes": [],
          "private": "eyJlMmJmYjczMC1lY2FhLTExZTYtOGY4OC0zNDM2M2JjN2M0YzAiOnsiY3JlYXRlIjoxMjAwMDAwMDAwMDAwLCJkZWxldGUiOjEyMDAwMDAwMDAwMDAsInJlYWQiOjYwMDAwMDAwMDAwMCwidXBkYXRlIjoxMjAwMDAwMDAwMDAwfX0="
        },
        {
          "index_key": "container.googleapis.com",
          "schema_version": 0,
          "attributes": {
            "disable_dependent_services": true,
            "disable_on_destroy": false,
            "id": "anthos-lab-310709/container.googleapis.com",
            "project": "anthos-lab-310709",
            "service": "container.googleapis.com",
            "timeouts": null
          },
          "sensitive_attributes": [],
          "private": "eyJlMmJmYjczMC1lY2FhLTExZTYtOGY4OC0zNDM2M2JjN2M0YzAiOnsiY3JlYXRlIjoxMjAwMDAwMDAwMDAwLCJkZWxldGUiOjEyMDAwMDAwMDAwMDAsInJlYWQiOjYwMDAwMDAwMDAwMCwidXBkYXRlIjoxMjAwMDAwMDAwMDAwfX0="
        },
        {
          "index_key": "gkeconnect.googleapis.com",
          "schema_version": 0,
          "attributes": {
            "disable_dependent_services": true,
            "disable_on_destroy": false,
            "id": "anthos-lab-310709/gkeconnect.googleapis.com",
            "project": "anthos-lab-310709",
            "service": "gkeconnect.googleapis.com",
            "timeouts": null
          },
          "sensitive_attributes": [],
          "private": "eyJlMmJmYjczMC1lY2FhLTExZTYtOGY4OC0zNDM2M2JjN2M0YzAiOnsiY3JlYXRlIjoxMjAwMDAwMDAwMDAwLCJkZWxldGUiOjEyMDAwMDAwMDAwMDAsInJlYWQiOjYwMDAwMDAwMDAwMCwidXBkYXRlIjoxMjAwMDAwMDAwMDAwfX0="
        },
        {
          "index_key": "gkehub.googleapis.com",
          "schema_version": 0,
          "attributes": {
            "disable_dependent_services": true,
            "disable_on_destroy": false,
            "id": "anthos-lab-310709/gkehub.googleapis.com",
            "project": "anthos-lab-310709",
            "service": "gkehub.googleapis.com",
            "timeouts": null
          },
          "sensitive_attributes": [],
          "private": "eyJlMmJmYjczMC1lY2FhLTExZTYtOGY4OC0zNDM2M2JjN2M0YzAiOnsiY3JlYXRlIjoxMjAwMDAwMDAwMDAwLCJkZWxldGUiOjEyMDAwMDAwMDAwMDAsInJlYWQiOjYwMDAwMDAwMDAwMCwidXBkYXRlIjoxMjAwMDAwMDAwMDAwfX0="
        },
        {
          "index_key": "iam.googleapis.com",
          "schema_version": 0,
          "attributes": {
            "disable_dependent_services": true,
            "disable_on_destroy": false,
            "id": "anthos-lab-310709/iam.googleapis.com",
            "project": "anthos-lab-310709",
            "service": "iam.googleapis.com",
            "timeouts": null
          },
          "sensitive_attributes": [],
          "private": "eyJlMmJmYjczMC1lY2FhLTExZTYtOGY4OC0zNDM2M2JjN2M0YzAiOnsiY3JlYXRlIjoxMjAwMDAwMDAwMDAwLCJkZWxldGUiOjEyMDAwMDAwMDAwMDAsInJlYWQiOjYwMDAwMDAwMDAwMCwidXBkYXRlIjoxMjAwMDAwMDAwMDAwfX0="
        },
        {
          "index_key": "iamcredentials.googleapis.com",
          "schema_version": 0,
          "attributes": {
            "disable_dependent_services": true,
            "disable_on_destroy": false,
            "id": "anthos-lab-310709/iamcredentials.googleapis.com",
            "project": "anthos-lab-310709",
            "service": "iamcredentials.googleapis.com",
            "timeouts": null
          },
          "sensitive_attributes": [],
          "private": "eyJlMmJmYjczMC1lY2FhLTExZTYtOGY4OC0zNDM2M2JjN2M0YzAiOnsiY3JlYXRlIjoxMjAwMDAwMDAwMDAwLCJkZWxldGUiOjEyMDAwMDAwMDAwMDAsInJlYWQiOjYwMDAwMDAwMDAwMCwidXBkYXRlIjoxMjAwMDAwMDAwMDAwfX0="
        },
        {
          "index_key": "logging.googleapis.com",
          "schema_version": 0,
          "attributes": {
            "disable_dependent_services": true,
            "disable_on_destroy": false,
            "id": "anthos-lab-310709/logging.googleapis.com",
            "project": "anthos-lab-310709",
            "service": "logging.googleapis.com",
            "timeouts": null
          },
          "sensitive_attributes": [],
          "private": "eyJlMmJmYjczMC1lY2FhLTExZTYtOGY4OC0zNDM2M2JjN2M0YzAiOnsiY3JlYXRlIjoxMjAwMDAwMDAwMDAwLCJkZWxldGUiOjEyMDAwMDAwMDAwMDAsInJlYWQiOjYwMDAwMDAwMDAwMCwidXBkYXRlIjoxMjAwMDAwMDAwMDAwfX0="
        },
        {
          "index_key": "meshca.googleapis.com",
          "schema_version": 0,
          "attributes": {
            "disable_dependent_services": true,
            "disable_on_destroy": false,
            "id": "anthos-lab-310709/meshca.googleapis.com",
            "project": "anthos-lab-310709",
            "service": "meshca.googleapis.com",
            "timeouts": null
          },
          "sensitive_attributes": [],
          "private": "eyJlMmJmYjczMC1lY2FhLTExZTYtOGY4OC0zNDM2M2JjN2M0YzAiOnsiY3JlYXRlIjoxMjAwMDAwMDAwMDAwLCJkZWxldGUiOjEyMDAwMDAwMDAwMDAsInJlYWQiOjYwMDAwMDAwMDAwMCwidXBkYXRlIjoxMjAwMDAwMDAwMDAwfX0="
        },
        {
          "index_key": "meshconfig.googleapis.com",
          "schema_version": 0,
          "attributes": {
            "disable_dependent_services": true,
            "disable_on_destroy": false,
            "id": "anthos-lab-310709/meshconfig.googleapis.com",
            "project": "anthos-lab-310709",
            "service": "meshconfig.googleapis.com",
            "timeouts": null
          },
          "sensitive_attributes": [],
          "private": "eyJlMmJmYjczMC1lY2FhLTExZTYtOGY4OC0zNDM2M2JjN2M0YzAiOnsiY3JlYXRlIjoxMjAwMDAwMDAwMDAwLCJkZWxldGUiOjEyMDAwMDAwMDAwMDAsInJlYWQiOjYwMDAwMDAwMDAwMCwidXBkYXRlIjoxMjAwMDAwMDAwMDAwfX0="
        },
        {
          "index_key": "meshtelemetry.googleapis.com",
          "schema_version": 0,
          "attributes": {
            "disable_dependent_services": true,
            "disable_on_destroy": false,
            "id": "anthos-lab-310709/meshtelemetry.googleapis.com",
            "project": "anthos-lab-310709",
            "service": "meshtelemetry.googleapis.com",
            "timeouts": null
          },
          "sensitive_attributes": [],
          "private": "eyJlMmJmYjczMC1lY2FhLTExZTYtOGY4OC0zNDM2M2JjN2M0YzAiOnsiY3JlYXRlIjoxMjAwMDAwMDAwMDAwLCJkZWxldGUiOjEyMDAwMDAwMDAwMDAsInJlYWQiOjYwMDAwMDAwMDAwMCwidXBkYXRlIjoxMjAwMDAwMDAwMDAwfX0="
        },
        {
          "index_key": "monitoring.googleapis.com",
          "schema_version": 0,
          "attributes": {
            "disable_dependent_services": true,
            "disable_on_destroy": false,
            "id": "anthos-lab-310709/monitoring.googleapis.com",
            "project": "anthos-lab-310709",
            "service": "monitoring.googleapis.com",
            "timeouts": null
          },
          "sensitive_attributes": [],
          "private": "eyJlMmJmYjczMC1lY2FhLTExZTYtOGY4OC0zNDM2M2JjN2M0YzAiOnsiY3JlYXRlIjoxMjAwMDAwMDAwMDAwLCJkZWxldGUiOjEyMDAwMDAwMDAwMDAsInJlYWQiOjYwMDAwMDAwMDAwMCwidXBkYXRlIjoxMjAwMDAwMDAwMDAwfX0="
        }
      ]
    }
  ]
}
